{
  "version": 4,
  "terraform_version": "1.9.8",
  "serial": 268,
  "lineage": "33d684a1-7a0c-ad3b-abd1-5f6ef672f5d2",
  "outputs": {
    "ami_id": {
      "value": "ami-0071c8c431eea0edb",
      "type": "string"
    },
    "ami_name": {
      "value": "ubuntu/images/hvm-ssd-gp3/ubuntu-noble-24.04-arm64-server-20251212",
      "type": "string"
    },
    "fleet_enabled": {
      "value": true,
      "type": "bool"
    },
    "fleet_id": {
      "value": "fleet-01c01e9a-90ce-464c-8ba6-120d8273ed5a",
      "type": "string"
    },
    "instance_id": {
      "value": "managed-by-fleet",
      "type": "string"
    },
    "instance_type": {
      "value": "t4g.large, t4g.xlarge, m6g.large, m6g.xlarge, m7g.large, m7g.xlarge",
      "type": "string"
    },
    "mosh_command": {
      "value": "mosh imladris",
      "type": "string"
    },
    "pricing_estimate": {
      "value": "~$0.03-0.10/hr (spot, varies by type)",
      "type": "string"
    },
    "spot_enabled": {
      "value": true,
      "type": "bool"
    },
    "ssh_command": {
      "value": "ssh imladris",
      "type": "string"
    },
    "tailscale_hostname": {
      "value": "imladris",
      "type": "string"
    },
    "volumes": {
      "value": {
        "data": "100GB (LUKS encrypted /data)",
        "root": "50GB (OS, tools)"
      },
      "type": [
        "object",
        {
          "data": "string",
          "root": "string"
        }
      ]
    },
    "vscode_remote": {
      "value": "Host imladris\n    HostName imladris\n",
      "type": "string"
    }
  },
  "resources": [
    {
      "mode": "data",
      "type": "aws_ami",
      "name": "ubuntu",
      "provider": "provider[\"registry.terraform.io/hashicorp/aws\"]",
      "instances": [
        {
          "schema_version": 0,
          "attributes": {
            "architecture": "arm64",
            "arn": "arn:aws:ec2:us-east-1::image/ami-0071c8c431eea0edb",
            "block_device_mappings": [
              {
                "device_name": "/dev/sda1",
                "ebs": {
                  "delete_on_termination": "true",
                  "encrypted": "false",
                  "iops": "0",
                  "snapshot_id": "snap-096f286f36332e08d",
                  "throughput": "0",
                  "volume_initialization_rate": "0",
                  "volume_size": "8",
                  "volume_type": "gp3"
                },
                "no_device": "",
                "virtual_name": ""
              },
              {
                "device_name": "/dev/sdb",
                "ebs": {},
                "no_device": "",
                "virtual_name": "ephemeral0"
              },
              {
                "device_name": "/dev/sdc",
                "ebs": {},
                "no_device": "",
                "virtual_name": "ephemeral1"
              }
            ],
            "boot_mode": "uefi",
            "creation_date": "2025-12-12T10:47:56.000Z",
            "deprecation_time": "2027-12-12T10:47:56.000Z",
            "description": "Canonical, Ubuntu, 24.04, arm64 noble image",
            "ena_support": true,
            "executable_users": null,
            "filter": [
              {
                "name": "architecture",
                "values": [
                  "arm64"
                ]
              },
              {
                "name": "name",
                "values": [
                  "ubuntu/images/hvm-ssd-gp3/ubuntu-noble-24.04-arm64-server-*"
                ]
              },
              {
                "name": "virtualization-type",
                "values": [
                  "hvm"
                ]
              }
            ],
            "hypervisor": "xen",
            "id": "ami-0071c8c431eea0edb",
            "image_id": "ami-0071c8c431eea0edb",
            "image_location": "amazon/ubuntu/images/hvm-ssd-gp3/ubuntu-noble-24.04-arm64-server-20251212",
            "image_owner_alias": "amazon",
            "image_type": "machine",
            "imds_support": "v2.0",
            "include_deprecated": false,
            "kernel_id": "",
            "last_launched_time": "",
            "most_recent": true,
            "name": "ubuntu/images/hvm-ssd-gp3/ubuntu-noble-24.04-arm64-server-20251212",
            "name_regex": null,
            "owner_id": "099720109477",
            "owners": [
              "099720109477"
            ],
            "platform": "",
            "platform_details": "Linux/UNIX",
            "product_codes": [],
            "public": true,
            "ramdisk_id": "",
            "root_device_name": "/dev/sda1",
            "root_device_type": "ebs",
            "root_snapshot_id": "snap-096f286f36332e08d",
            "sriov_net_support": "simple",
            "state": "available",
            "state_reason": {
              "code": "UNSET",
              "message": "UNSET"
            },
            "tags": {},
            "timeouts": null,
            "tpm_support": "",
            "uefi_data": null,
            "usage_operation": "RunInstances",
            "virtualization_type": "hvm"
          },
          "sensitive_attributes": []
        }
      ]
    },
    {
      "mode": "data",
      "type": "aws_availability_zones",
      "name": "available",
      "provider": "provider[\"registry.terraform.io/hashicorp/aws\"]",
      "instances": [
        {
          "schema_version": 0,
          "attributes": {
            "all_availability_zones": null,
            "exclude_names": null,
            "exclude_zone_ids": null,
            "filter": null,
            "group_names": [
              "us-east-1-zg-1"
            ],
            "id": "us-east-1",
            "names": [
              "us-east-1a",
              "us-east-1b",
              "us-east-1c",
              "us-east-1d",
              "us-east-1e",
              "us-east-1f"
            ],
            "state": "available",
            "timeouts": null,
            "zone_ids": [
              "use1-az1",
              "use1-az2",
              "use1-az4",
              "use1-az6",
              "use1-az3",
              "use1-az5"
            ]
          },
          "sensitive_attributes": []
        }
      ]
    },
    {
      "mode": "managed",
      "type": "aws_dlm_lifecycle_policy",
      "name": "imladris",
      "provider": "provider[\"registry.terraform.io/hashicorp/aws\"]",
      "instances": [
        {
          "schema_version": 0,
          "attributes": {
            "arn": "arn:aws:dlm:us-east-1:IMLADRIS_ACCOUNT_ID:policy/policy-093b690c04ca97793",
            "description": "Hourly snapshots for imladris volume",
            "execution_role_arn": "arn:aws:iam::IMLADRIS_ACCOUNT_ID:role/imladris-dlm-role",
            "id": "policy-093b690c04ca97793",
            "policy_details": [
              {
                "action": [],
                "event_source": [],
                "parameters": [],
                "policy_type": "EBS_SNAPSHOT_MANAGEMENT",
                "resource_locations": [
                  "CLOUD"
                ],
                "resource_types": [
                  "VOLUME"
                ],
                "schedule": [
                  {
                    "copy_tags": true,
                    "create_rule": [
                      {
                        "cron_expression": "",
                        "interval": 1,
                        "interval_unit": "HOURS",
                        "location": "CLOUD",
                        "times": [
                          "06:47"
                        ]
                      }
                    ],
                    "cross_region_copy_rule": [],
                    "deprecate_rule": [],
                    "fast_restore_rule": [],
                    "name": "Hourly snapshots",
                    "retain_rule": [
                      {
                        "count": 10,
                        "interval": 0,
                        "interval_unit": ""
                      }
                    ],
                    "share_rule": [],
                    "tags_to_add": {
                      "Project": "imladris",
                      "SnapshotCreator": "DLM"
                    },
                    "variable_tags": {}
                  }
                ],
                "target_tags": {
                  "Backup": "daily"
                }
              }
            ],
            "state": "ENABLED",
            "tags": {
              "Name": "imladris-dlm-policy"
            },
            "tags_all": {
              "Environment": "dev",
              "ManagedBy": "terraform",
              "Name": "imladris-dlm-policy",
              "Project": "aws-devbox"
            }
          },
          "sensitive_attributes": [],
          "private": "bnVsbA==",
          "dependencies": [
            "aws_iam_role.dlm"
          ]
        }
      ]
    },
    {
      "mode": "managed",
      "type": "aws_ebs_volume",
      "name": "data",
      "provider": "provider[\"registry.terraform.io/hashicorp/aws\"]",
      "instances": [
        {
          "schema_version": 0,
          "attributes": {
            "arn": "arn:aws:ec2:us-east-1:IMLADRIS_ACCOUNT_ID:volume/vol-0cfd57c9492a3779c",
            "availability_zone": "us-east-1a",
            "create_time": "2026-01-10T03:01:44Z",
            "encrypted": true,
            "final_snapshot": false,
            "id": "vol-0cfd57c9492a3779c",
            "iops": 3000,
            "kms_key_id": "arn:aws:kms:us-east-1:IMLADRIS_ACCOUNT_ID:key/3651efa1-e0b7-42c7-bd0b-618c8ea7c4f8",
            "multi_attach_enabled": false,
            "outpost_arn": "",
            "size": 100,
            "snapshot_id": "",
            "tags": {
              "Backup": "daily",
              "Name": "hall-of-fire",
              "Project": "imladris"
            },
            "tags_all": {
              "Backup": "daily",
              "Environment": "dev",
              "ManagedBy": "terraform",
              "Name": "hall-of-fire",
              "Project": "imladris"
            },
            "throughput": 250,
            "timeouts": null,
            "type": "gp3"
          },
          "sensitive_attributes": [],
          "private": "eyJlMmJmYjczMC1lY2FhLTExZTYtOGY4OC0zNDM2M2JjN2M0YzAiOnsiY3JlYXRlIjozMDAwMDAwMDAwMDAsImRlbGV0ZSI6NjAwMDAwMDAwMDAwLCJ1cGRhdGUiOjMwMDAwMDAwMDAwMH19",
          "dependencies": [
            "data.aws_availability_zones.available"
          ]
        }
      ]
    },
    {
      "mode": "managed",
      "type": "aws_ec2_fleet",
      "name": "imladris",
      "provider": "provider[\"registry.terraform.io/hashicorp/aws\"]",
      "instances": [
        {
          "index_key": 0,
          "schema_version": 0,
          "attributes": {
            "arn": "arn:aws:ec2:us-east-1:IMLADRIS_ACCOUNT_ID:fleet/fleet-01c01e9a-90ce-464c-8ba6-120d8273ed5a",
            "context": "",
            "excess_capacity_termination_policy": "termination",
            "fleet_instance_set": null,
            "fleet_state": "active",
            "fulfilled_capacity": 0,
            "fulfilled_on_demand_capacity": 0,
            "id": "fleet-01c01e9a-90ce-464c-8ba6-120d8273ed5a",
            "launch_template_config": [
              {
                "launch_template_specification": [
                  {
                    "launch_template_id": "lt-00d53cbfea96d1b57",
                    "launch_template_name": "",
                    "version": "$Latest"
                  }
                ],
                "override": [
                  {
                    "availability_zone": "us-east-1a",
                    "instance_requirements": [],
                    "instance_type": "t4g.large",
                    "max_price": "",
                    "priority": 0,
                    "subnet_id": "",
                    "weighted_capacity": 0
                  },
                  {
                    "availability_zone": "us-east-1a",
                    "instance_requirements": [],
                    "instance_type": "t4g.xlarge",
                    "max_price": "",
                    "priority": 0,
                    "subnet_id": "",
                    "weighted_capacity": 0
                  },
                  {
                    "availability_zone": "us-east-1a",
                    "instance_requirements": [],
                    "instance_type": "m6g.large",
                    "max_price": "",
                    "priority": 0,
                    "subnet_id": "",
                    "weighted_capacity": 0
                  },
                  {
                    "availability_zone": "us-east-1a",
                    "instance_requirements": [],
                    "instance_type": "m6g.xlarge",
                    "max_price": "",
                    "priority": 0,
                    "subnet_id": "",
                    "weighted_capacity": 0
                  },
                  {
                    "availability_zone": "us-east-1a",
                    "instance_requirements": [],
                    "instance_type": "m7g.large",
                    "max_price": "",
                    "priority": 0,
                    "subnet_id": "",
                    "weighted_capacity": 0
                  },
                  {
                    "availability_zone": "us-east-1a",
                    "instance_requirements": [],
                    "instance_type": "m7g.xlarge",
                    "max_price": "",
                    "priority": 0,
                    "subnet_id": "",
                    "weighted_capacity": 0
                  }
                ]
              }
            ],
            "on_demand_options": [
              {
                "allocation_strategy": "lowestPrice",
                "capacity_reservation_options": [],
                "max_total_price": "",
                "min_target_capacity": 0,
                "single_availability_zone": false,
                "single_instance_type": false
              }
            ],
            "replace_unhealthy_instances": false,
            "spot_options": [
              {
                "allocation_strategy": "capacity-optimized",
                "instance_interruption_behavior": "stop",
                "instance_pools_to_use_count": 0,
                "maintenance_strategies": [],
                "max_total_price": "",
                "min_target_capacity": 0,
                "single_availability_zone": false,
                "single_instance_type": false
              }
            ],
            "tags": {
              "Name": "imladris-fleet"
            },
            "tags_all": {
              "Environment": "dev",
              "ManagedBy": "terraform",
              "Name": "imladris-fleet",
              "Project": "aws-devbox"
            },
            "target_capacity_specification": [
              {
                "default_target_capacity_type": "spot",
                "on_demand_target_capacity": 0,
                "spot_target_capacity": 1,
                "target_capacity_unit_type": "",
                "total_target_capacity": 1
              }
            ],
            "terminate_instances": true,
            "terminate_instances_with_expiration": true,
            "timeouts": null,
            "type": "maintain",
            "valid_from": null,
            "valid_until": null
          },
          "sensitive_attributes": [],
          "private": "eyJlMmJmYjczMC1lY2FhLTExZTYtOGY4OC0zNDM2M2JjN2M0YzAiOnsiY3JlYXRlIjo2MDAwMDAwMDAwMDAsImRlbGV0ZSI6NjAwMDAwMDAwMDAwLCJ1cGRhdGUiOjYwMDAwMDAwMDAwMH19",
          "dependencies": [
            "aws_iam_instance_profile.imladris",
            "aws_iam_role.imladris_instance",
            "aws_launch_template.imladris",
            "aws_security_group.imladris",
            "aws_sns_topic.imladris",
            "aws_subnet.imladris",
            "aws_vpc.imladris",
            "data.aws_ami.ubuntu",
            "data.aws_availability_zones.available"
          ]
        }
      ]
    },
    {
      "mode": "managed",
      "type": "aws_iam_instance_profile",
      "name": "imladris",
      "provider": "provider[\"registry.terraform.io/hashicorp/aws\"]",
      "instances": [
        {
          "schema_version": 0,
          "attributes": {
            "arn": "arn:aws:iam::IMLADRIS_ACCOUNT_ID:instance-profile/imladris-instance-profile",
            "create_date": "2026-01-10T05:15:06Z",
            "id": "imladris-instance-profile",
            "name": "imladris-instance-profile",
            "name_prefix": "",
            "path": "/",
            "role": "imladris-instance-role",
            "tags": {},
            "tags_all": {
              "Environment": "dev",
              "ManagedBy": "terraform",
              "Project": "aws-devbox"
            },
            "unique_id": "AIPA3FL3YJIDINAHIJ44F"
          },
          "sensitive_attributes": [],
          "private": "bnVsbA==",
          "dependencies": [
            "aws_iam_role.imladris_instance"
          ]
        }
      ]
    },
    {
      "mode": "managed",
      "type": "aws_iam_role",
      "name": "dlm",
      "provider": "provider[\"registry.terraform.io/hashicorp/aws\"]",
      "instances": [
        {
          "schema_version": 0,
          "attributes": {
            "arn": "arn:aws:iam::IMLADRIS_ACCOUNT_ID:role/imladris-dlm-role",
            "assume_role_policy": "{\"Statement\":[{\"Action\":\"sts:AssumeRole\",\"Effect\":\"Allow\",\"Principal\":{\"Service\":\"dlm.amazonaws.com\"}}],\"Version\":\"2012-10-17\"}",
            "create_date": "2026-01-10T05:15:06Z",
            "description": "",
            "force_detach_policies": false,
            "id": "imladris-dlm-role",
            "inline_policy": [],
            "managed_policy_arns": [
              "arn:aws:iam::aws:policy/service-role/AWSDataLifecycleManagerServiceRole"
            ],
            "max_session_duration": 3600,
            "name": "imladris-dlm-role",
            "name_prefix": "",
            "path": "/",
            "permissions_boundary": "",
            "tags": {},
            "tags_all": {
              "Environment": "dev",
              "ManagedBy": "terraform",
              "Project": "aws-devbox"
            },
            "unique_id": "AROA3FL3YJIDNEA7XGGQ6"
          },
          "sensitive_attributes": [],
          "private": "bnVsbA=="
        }
      ]
    },
    {
      "mode": "managed",
      "type": "aws_iam_role",
      "name": "imladris_instance",
      "provider": "provider[\"registry.terraform.io/hashicorp/aws\"]",
      "instances": [
        {
          "schema_version": 0,
          "attributes": {
            "arn": "arn:aws:iam::IMLADRIS_ACCOUNT_ID:role/imladris-instance-role",
            "assume_role_policy": "{\"Statement\":[{\"Action\":\"sts:AssumeRole\",\"Effect\":\"Allow\",\"Principal\":{\"Service\":\"ec2.amazonaws.com\"}}],\"Version\":\"2012-10-17\"}",
            "create_date": "2026-01-10T05:15:06Z",
            "description": "",
            "force_detach_policies": false,
            "id": "imladris-instance-role",
            "inline_policy": [
              {
                "name": "imladris-ebs-attach",
                "policy": "{\"Version\":\"2012-10-17\",\"Statement\":[{\"Action\":[\"ec2:AttachVolume\",\"ec2:DetachVolume\"],\"Condition\":{\"StringEquals\":{\"ec2:ResourceTag/Project\":\"aws-imladris\"}},\"Effect\":\"Allow\",\"Resource\":[\"arn:aws:ec2:us-east-1:*:volume/*\",\"arn:aws:ec2:us-east-1:*:instance/*\"]},{\"Action\":\"ec2:DescribeVolumes\",\"Effect\":\"Allow\",\"Resource\":\"*\"}]}"
              }
            ],
            "managed_policy_arns": [],
            "max_session_duration": 3600,
            "name": "imladris-instance-role",
            "name_prefix": "",
            "path": "/",
            "permissions_boundary": "",
            "tags": {},
            "tags_all": {
              "Environment": "dev",
              "ManagedBy": "terraform",
              "Project": "aws-devbox"
            },
            "unique_id": "AROA3FL3YJIDH3AVFMVC5"
          },
          "sensitive_attributes": [],
          "private": "bnVsbA=="
        }
      ]
    },
    {
      "mode": "managed",
      "type": "aws_iam_role_policy",
      "name": "imladris_ebs",
      "provider": "provider[\"registry.terraform.io/hashicorp/aws\"]",
      "instances": [
        {
          "schema_version": 0,
          "attributes": {
            "id": "imladris-instance-role:imladris-ebs-attach",
            "name": "imladris-ebs-attach",
            "name_prefix": "",
            "policy": "{\"Version\":\"2012-10-17\",\"Statement\":[{\"Action\":[\"ec2:AttachVolume\",\"ec2:DetachVolume\"],\"Condition\":{\"StringEquals\":{\"ec2:ResourceTag/Project\":\"imladris\"}},\"Effect\":\"Allow\",\"Resource\":[\"arn:aws:ec2:us-east-1:*:volume/*\",\"arn:aws:ec2:us-east-1:*:instance/*\"]},{\"Action\":\"ec2:DescribeVolumes\",\"Effect\":\"Allow\",\"Resource\":\"*\"}]}",
            "role": "imladris-instance-role"
          },
          "sensitive_attributes": [],
          "private": "bnVsbA==",
          "dependencies": [
            "aws_iam_role.imladris_instance"
          ]
        }
      ]
    },
    {
      "mode": "managed",
      "type": "aws_iam_role_policy_attachment",
      "name": "dlm",
      "provider": "provider[\"registry.terraform.io/hashicorp/aws\"]",
      "instances": [
        {
          "schema_version": 0,
          "attributes": {
            "id": "imladris-dlm-role-20260110051507254500000001",
            "policy_arn": "arn:aws:iam::aws:policy/service-role/AWSDataLifecycleManagerServiceRole",
            "role": "imladris-dlm-role"
          },
          "sensitive_attributes": [],
          "private": "bnVsbA==",
          "dependencies": [
            "aws_iam_role.dlm"
          ]
        }
      ]
    },
    {
      "mode": "managed",
      "type": "aws_internet_gateway",
      "name": "imladris",
      "provider": "provider[\"registry.terraform.io/hashicorp/aws\"]",
      "instances": [
        {
          "schema_version": 0,
          "attributes": {
            "arn": "arn:aws:ec2:us-east-1:IMLADRIS_ACCOUNT_ID:internet-gateway/igw-04597c5f5f5953952",
            "id": "igw-04597c5f5f5953952",
            "owner_id": "IMLADRIS_ACCOUNT_ID",
            "tags": {
              "Name": "imladris-igw"
            },
            "tags_all": {
              "Environment": "dev",
              "ManagedBy": "terraform",
              "Name": "imladris-igw",
              "Project": "aws-devbox"
            },
            "timeouts": null,
            "vpc_id": "vpc-0ae5ce38192d5c65b"
          },
          "sensitive_attributes": [],
          "private": "eyJlMmJmYjczMC1lY2FhLTExZTYtOGY4OC0zNDM2M2JjN2M0YzAiOnsiY3JlYXRlIjoxMjAwMDAwMDAwMDAwLCJkZWxldGUiOjEyMDAwMDAwMDAwMDAsInVwZGF0ZSI6MTIwMDAwMDAwMDAwMH19",
          "dependencies": [
            "aws_vpc.imladris"
          ]
        }
      ]
    },
    {
      "mode": "managed",
      "type": "aws_launch_template",
      "name": "imladris",
      "provider": "provider[\"registry.terraform.io/hashicorp/aws\"]",
      "instances": [
        {
          "schema_version": 0,
          "attributes": {
            "arn": "arn:aws:ec2:us-east-1:IMLADRIS_ACCOUNT_ID:launch-template/lt-00d53cbfea96d1b57",
            "block_device_mappings": [
              {
                "device_name": "/dev/sda1",
                "ebs": [
                  {
                    "delete_on_termination": "true",
                    "encrypted": "true",
                    "iops": 3000,
                    "kms_key_id": "",
                    "snapshot_id": "",
                    "throughput": 250,
                    "volume_initialization_rate": 0,
                    "volume_size": 50,
                    "volume_type": "gp3"
                  }
                ],
                "no_device": "",
                "virtual_name": ""
              }
            ],
            "capacity_reservation_specification": [],
            "cpu_options": [],
            "credit_specification": [],
            "default_version": 1,
            "description": "",
            "disable_api_stop": false,
            "disable_api_termination": false,
            "ebs_optimized": "",
            "elastic_gpu_specifications": [],
            "elastic_inference_accelerator": [],
            "enclave_options": [],
            "hibernation_options": [],
            "iam_instance_profile": [
              {
                "arn": "",
                "name": "imladris-instance-profile"
              }
            ],
            "id": "lt-00d53cbfea96d1b57",
            "image_id": "ami-0071c8c431eea0edb",
            "instance_initiated_shutdown_behavior": "",
            "instance_market_options": [],
            "instance_requirements": [],
            "instance_type": "",
            "kernel_id": "",
            "key_name": "",
            "latest_version": 2,
            "license_specification": [],
            "maintenance_options": [],
            "metadata_options": [
              {
                "http_endpoint": "enabled",
                "http_protocol_ipv6": "",
                "http_put_response_hop_limit": 0,
                "http_tokens": "required",
                "instance_metadata_tags": ""
              }
            ],
            "monitoring": [],
            "name": "imladris-20260110051530648400000003",
            "name_prefix": "imladris-",
            "network_interfaces": [
              {
                "associate_carrier_ip_address": "",
                "associate_public_ip_address": "true",
                "connection_tracking_specification": [],
                "delete_on_termination": "",
                "description": "",
                "device_index": 0,
                "ena_srd_specification": [],
                "interface_type": "",
                "ipv4_address_count": 0,
                "ipv4_addresses": [],
                "ipv4_prefix_count": 0,
                "ipv4_prefixes": [],
                "ipv6_address_count": 0,
                "ipv6_addresses": [],
                "ipv6_prefix_count": 0,
                "ipv6_prefixes": [],
                "network_card_index": 0,
                "network_interface_id": "",
                "primary_ipv6": "",
                "private_ip_address": "",
                "security_groups": [
                  "sg-06383a660bb093c2c"
                ],
                "subnet_id": "subnet-035afc659518ac14a"
              }
            ],
            "placement": [],
            "private_dns_name_options": [],
            "ram_disk_id": "",
            "security_group_names": [],
            "tag_specifications": [
              {
                "resource_type": "instance",
                "tags": {
                  "Name": "imladris",
                  "Project": "imladris"
                }
              },
              {
                "resource_type": "volume",
                "tags": {
                  "Backup": "false",
                  "Name": "imladris-root",
                  "Project": "imladris"
                }
              }
            ],
            "tags": {
              "Name": "imladris-launch-template"
            },
            "tags_all": {
              "Environment": "dev",
              "ManagedBy": "terraform",
              "Name": "imladris-launch-template",
              "Project": "aws-devbox"
            },
            "update_default_version": null,
            "user_data": "H4sIAAAAAAAA/7Q67XYTuZL/+ymKjmfiMNPuSRY4rMHsDbEDviQOE4dh9gDXR+kuuzVpS42kTmxu2BfYn/vj/tmn2yfZo4/+tGEy9w4+BLulqlKpVN+tnXvhJWXhJZGJtwNDvH7OV3DJuZJKkAxkJGimIIAJXcEPkPAlBkvCyAIFYEwV5czbgelaKlwGKV5jChJVngFn6foJ5BIFZCS6IguUYBFjuFw3CHk73g5coBBkzsUSFC6zlCiEayIouUxR9r0dkAmmaZRgdAUxlXp4MD062H/4wPNwhRE8g2ddhQjhNRFhyhehXjqIiSK9lC/gFlK+0EwHCsoZCCQcPAtjvA4jziRPcQ8Onn2/73lHL0dHr16fjScXs+PxyWjgb5INMsEXAqX0vePD8cloOJtejF5PB77veTsw+DM/3g68xDRDAcc5i7TM5Z++hJfyRXcP/g4YJRz8d51urM9g94fvXva/O+1/N93d+wCd+/4T+KxBZzKPIpTSoGgB+//3v/9Tn0chuKjP/qOBfUWz2uQ//hs696GrRzOM9wyYJxVms5gzNIALgRkEH8H/W2e/44PfaR2RX5wky9NU4y+JuKrQ7a46+z48e7YF2SwocjbTi2oEDwAg5RFJwfDByBIHBj9GaxOUs4HfOfANpEzoXMGB+U3nULIOfqdE95+ASpAZGEvdygH8To2mX84LVLlg8JMZmFPH0QL8qSJCUbbowyYinYPf+Ut7qVIWDX6anNjz3MYMphIbsOZsm5DQxRVVEPEY+9D5j72KeNM4OvVH2MaM2/Z+se3P38KcrMOCqXFVXcG5ss7rR4gI21VwiUBZw0nt/fkWZxzlTBpWSp1LuFRaIJEynjQonsGny5TEgkorKkWXqC20gNPPn8wJHy5R0IiEQ2TXKHzPgO/AmEUCidQb44rO13BDVJSghDkXMKcpugEh7aEbg5nLngPvLclqpp3fzOENHh48OHj82BhUiCoK5VpGKu1FnM2tTZhnCLKCg1PK6FIblBV+GRa6v+VSwU1C1K4EhhhjbJjSIaeMRHuGCMlUsEAFeab3boaGo+fjw8ns+PxscjGaDAeMM8oUChIpeo0lBmVSkTSFYA3vS12LcpHCQuutWGfKBq6IBBEKRec0IgolLFieLYotHOaKB3ZxKziJUS6oWje4q62VM6IUshjjIM8WgsQoDVhKpYoSwhZoxR0RBU6OJFP6zwiyF4cPf9pG4+nT3dHZ8a73ppp7Y+f6/cM05TcYB2eCLiiTTrH8/DJnKu8zfpliUPDtP/E+P9lOJVf8mK7GWpYizxTGw+xqAb4SOfrbUc5xya8xeMNyiXEwxEzPs4ii/CqaXmlJFI2Cc9TnDf6cpFJDj86Otf1bQ4l5dIWiNBQ6h4gvl4TFEFyDnYTv6zGg7W3BH1ookgok8bo4J4y/7nSNlgRzOT2BRKlM9sNwgapnl+xFfAm3IBMDqg1kyWMIyIuCJSv2L+mHBQoivsy4xCBL8wVl1Z4VoamMSIr1bd+rb7yE+Mret2ygRNP8h46hnkyqrcxpofRHKRIGOqdLY4jxmkZOaY1MzSxliwLgomTIgfZ6PSvfs5PhbDj6ZXw0mg46XcuUhCAHX8krXAcko8GV5PuPH6wu+Mn+/tHk4vwk+O1Arg8u9s9Xp9Hi9cervy4vFr/+HL3IXuPb/OO/yRd9v2bQfrE/ktFec48ko+H1gdk4QxUGoWOvjn4Lv32EQMBuz02++6AFgilGqtsrXfEtSB2C5Q1VSbfyy3t7cAs9Gu/WUxG4vQWt+3tWmtpnWBnMxkMdYzo1qTyBmLcUFlPUod7Jsg+dEtlvHa+E4FcYjk5GF6M/V6Z3k6tlMKzxV+zcENLJh5VApbB5BkFAcpUEV7geOH7Nozp+NTn6z1evHhcMH4zOJ/nPi9Hpr+cXj9Xw08mNuHpzfvLzNPnro+NV/uYVBGWkHBQHAkEgZVJzIESR2TVP82VlTjswxXQeEKVIlGirAVMYjJ5PwUJCV+DHnAoXk0ZHB3CcIup4hQKtKbMIYTyUYB36niN8TFlcELlcgyIL0DbrlqIKFAeVUFnS8GpJ5y9nJ29OR7OLwxcDPyFpGvB5MKfC5UkWxol6cniqCxStcDKe1wHORy/GZ5OarelT7Ifh/qN/7x08fNBz36GutqQKl6iIKW3CLCURLpGpUOCCcrZXIzqeTC8OJ+aI/wnKxV4DGu+V/sVUdXRe+mUrIowLh/cOAgRrUddL3Gf78EErVzW8uo7n8GGrx9en6Q6hTf7LXr9MmayfPnw7haOTsWaFcQWZQIlMQbeWqxRLGNJacntbvTW5kV/x01viA7mRUUpbfBnN0rra0K5N7RkPzVj5NOh0NQMYHbgq5hIDS0LW7D0I7KGD37EK5Dcm5zRVKCT4E21riiz6+sePv5A0RznoVIrrOxCpiMplAUCuCU11+d6k+jFHsQb/F8vNu58+9OzPcdyE47nKcgUKV6ruZZ0uWV35BH6n3LNf6EpjbAD+hDP0tyvNhEPJpvUHTtBznrMYtNvXAu9DfbdNEpZ7WJJ1qXaXWGoecAExR6lLDVxRqX5HFQ3JQ4Osg4HjptqQdiWlJ+rULNTSLQ7dLu+O/O4nbuEDGjdlWAepmTX4DQYaYDZIgN+pua6yQHlLqDK2VBlRTaVPD3+dvT0cXwwe/VQb1SOj4cAO3SS6inkH97a4i++/b0xYh2FHO5YIBKmCTrGMVoxaMJYpYubqe/1x63a6XYf8Axzs7TVVQO9Hn1bNPSjuNtfr9aDrFg7LRV3VXMXKf8X3VRV9wwcWGuhm53marr9e5v/Sdm229gSeb6ptvWp35W3G1SwhLE5rubs9vOnR+fj1xXT2/HA6GpQZhiA3vQVVSX6pk+mIM4VMmUwjJhHJeJCSSxnqYB8uiVQoQtuEkKUiDfkNSzmJQa8NtChgtII7Rtppvd+p8xJqvKCOFzi8nkx8CDiEuRSh2YRpnn4RXp/U35tacSSQGLW4JJJGlkUHXcvobDV411WePt19eTgZnozOd716P9cahM7BSmXWVVORLi7h4M5xWy9eBW9impBfiWQ3Onz509dnFzCeXIzOz9+8vhifTfo2pGovdUPTVLtEhWJJGVFaJTln9/yWze0fNGoxO/jQMzbiNm0mPtszTXT19cPqzrLz2tW3bU7E7vtrqoDCOLOnT3eno3Ptzna9d28YVR+8Ya1FqBPGqT7kcufjukK+dGwczhWKAUN1w8VVTxGxQOV576Z2kQ/exTrDgaTLLEVvtMLI9AAHd97lOZqKZUDSG7KWxeMUo8FDb8SuqeBMW/bAn06ms4uz1+Oj2eH5ZOB73juXBH3w3hKmMH6+HizzVNFAW2fBqBOAV/R9FC4jlUJMcMlZIFBbY2sOmYmuQcD4DXyZ8W/S/ZvQVZHbEfcG489dwvk+Rlf1uv0dBDGEjK6+kHXQ1R/pTJTli4KXZ6cjE2Y07QJV1CqXmwQZiJyZOp1IEJy7BBVXGReWwiDUw+3cd2JIQnXmsOQx1hxo1VNgdMVlj4uF/lX0FExDwbibQCcARiMgCNYoi5VGVhPmKblyfYXlVUwFBJm1SEZXbSPV9BldmRaZNsDJ+Nejs8nxroerDAXVqkzSYI5E5QIlDLRggiINdws5nIILZxIG0nGpOGQ0utJ1ql6ILloqLDZQqrCX8CXOXOu4XmzyXERozikTfE5TK8meUQvzjkl/uykZxjgnearMnt1gLw6r9XoyqZo0nKEpCnRoBIEZb1SCr89mw/H5wA81Z6FtSoUaSoY22m4NsX6lu/e09uoE0VLaTJ1lHnMIctfwqg7R73RjKmwPu0KvvSFoIZp+rNlN2W37MoM6VaiTbVnHiMlcYEGZ3zAJkc5/IKYCI8UFRQndmtmYjD0h1wiRDtRo6qxl02a+tNGGaHtmHWPtzXHrrmVCBFaqnfAbBsG5I9l3lLcQ3EaszHvQBlMEIqKEKoy0+tv+vtZ5cN66UouXpzNtA+MXA9cdrp233+nm5tCC5Z4pmFaPH80ePdg89w0iwerxo/ZBnOfN1ylaom6Xxql0TVFVVHdce8S9qvQ5d66rQUHeUBUlZnudkoey2RjVlVUL2t92djpNgiCCShn/FVMs07cYGkuXE1obRFsSQVBsJQjsOfV2qg3ZF9Ia2d/IJosMfatYCE0x/tHmWQwxhiVhOUn1+l9I2z9/m2jr7hRMbZYOXZ4rSWMEPjfBJTAnePLm1TR8/nYKPENhgrL8Zm/civ7gzBUOdf/smCSmtQdtb2PcKnQZt5cIdiVkKCRnWqyY8b1vXtxs9zWXlBU6vzHeronK5qjVF1PPuTV+pyoqMAPKqCoqocbgXQmYaxwbFMzoXUno2MsFbhBx479D5vKmuYvi+ffqQpRSJ6dyzaLA6FJBYHPGa9YjDTm19rzBfcnPNrp3jRe1w59aKqCpuPwlLq/Z/IE9/6UoemwRvK1c2gb91aqgahQkmKaNvryCTzLRgcL5XnsHyLgLt+EuZ+lahysNaBppsm6Dn2Qyy4hKWllPT3tt58NN3fRJJn694bICv1Pgbsa7HTiMYx2jrAA0T7LVGi5h3a2V1XGDYh3x9ra4m1LNl2/UDUgVVhKbSddBa28Xy2g5NWKSaAKpDjmfZNKHCsl1e5ovULUEv/IGsVy6e5PQKNHge3dY3b3qtwzUUTc7TjvwSpf2JiITCXOSppfEOYSSuOZSy9k0Yn+EK8TM9VIMkhGYv9GDWnIVl5pVKyP0uC4fTs8uhrteuVKRCOjP/eqn+3G/+F3CVzCz2ex2Nptt4ADc99qkQ/O+EeD9tnW8Oq6FhfDWgL7/Mt3ZLJzN9H+3s/f6x3vLSpuu3cGtYbf+Mey0qd6af3+D8s8OtGn2SljNZvHnYLdQvL29nbk/B9Vr7f1+BVn9FfTu1xbVMq+R0ydw25B0bW0tyPdB9QmdQKvDNKLWY2H1VQq9BAvd9/uw/mXhiuXCUrDvtz5rchZ0DKdwAocwhHMYwxQAAgCYEhapnIi1zpROdFDz4LS8QdnfciPTgyNTp/YN1f/6/fLOpLieRjN+QPY9cwNpM5sEgMMsS9euEIba1ZVmZCs/Y0YVJSn9hCa3c/3nBoINfsXnJZJUJWCzAE+b5LdJR08JZTBaYZR/m9bPklBWa3QvwL87tl8huaz5eXkTt6vPe2Sv3O7VAA9rtV4fiFg+elCbfeleiveheX3sDzNmsBTPo2TL9Uk7W9yfBN+6fb84Wt9dtzPe2K90BOo34Fok7MWYisSw+dwiYaFbJMqbBhbLv2g+t0iU0G1GqlsDvmFk422KX2ekgm7LpPYixNcyab+c8BsyqUG3COlatsa9P6m6F6RGB8oeZAu/3prSjDTtvTqizUZWi1C7jvJLrS0HGqy04dsCMsG72tewnvX5G0qjR1sUdDyvAfonfEEZLFFKssANChra++et1KaKDJpXWr/wRvmIL7MUFbqXx7o4zwXKfhN362s48CsfEDky9/z6O5E/zP5n66XMTWHv/wEAAP//AQAA///OWxOTATAAAA==",
            "vpc_security_group_ids": []
          },
          "sensitive_attributes": [
            [
              {
                "type": "get_attr",
                "value": "user_data"
              }
            ]
          ],
          "private": "bnVsbA==",
          "dependencies": [
            "aws_iam_instance_profile.imladris",
            "aws_iam_role.imladris_instance",
            "aws_security_group.imladris",
            "aws_sns_topic.imladris",
            "aws_subnet.imladris",
            "aws_vpc.imladris",
            "data.aws_ami.ubuntu",
            "data.aws_availability_zones.available"
          ]
        }
      ]
    },
    {
      "mode": "managed",
      "type": "aws_route_table",
      "name": "imladris",
      "provider": "provider[\"registry.terraform.io/hashicorp/aws\"]",
      "instances": [
        {
          "schema_version": 0,
          "attributes": {
            "arn": "arn:aws:ec2:us-east-1:IMLADRIS_ACCOUNT_ID:route-table/rtb-004bde35156303d00",
            "id": "rtb-004bde35156303d00",
            "owner_id": "IMLADRIS_ACCOUNT_ID",
            "propagating_vgws": [],
            "route": [
              {
                "carrier_gateway_id": "",
                "cidr_block": "0.0.0.0/0",
                "core_network_arn": "",
                "destination_prefix_list_id": "",
                "egress_only_gateway_id": "",
                "gateway_id": "igw-04597c5f5f5953952",
                "ipv6_cidr_block": "",
                "local_gateway_id": "",
                "nat_gateway_id": "",
                "network_interface_id": "",
                "transit_gateway_id": "",
                "vpc_endpoint_id": "",
                "vpc_peering_connection_id": ""
              }
            ],
            "tags": {
              "Name": "imladris-rt"
            },
            "tags_all": {
              "Environment": "dev",
              "ManagedBy": "terraform",
              "Name": "imladris-rt",
              "Project": "aws-devbox"
            },
            "timeouts": null,
            "vpc_id": "vpc-0ae5ce38192d5c65b"
          },
          "sensitive_attributes": [],
          "private": "eyJlMmJmYjczMC1lY2FhLTExZTYtOGY4OC0zNDM2M2JjN2M0YzAiOnsiY3JlYXRlIjozMDAwMDAwMDAwMDAsImRlbGV0ZSI6MzAwMDAwMDAwMDAwLCJ1cGRhdGUiOjEyMDAwMDAwMDAwMH19",
          "dependencies": [
            "aws_internet_gateway.imladris",
            "aws_vpc.imladris"
          ]
        }
      ]
    },
    {
      "mode": "managed",
      "type": "aws_route_table_association",
      "name": "imladris",
      "provider": "provider[\"registry.terraform.io/hashicorp/aws\"]",
      "instances": [
        {
          "schema_version": 0,
          "attributes": {
            "gateway_id": "",
            "id": "rtbassoc-05904ba9cb86b834c",
            "route_table_id": "rtb-004bde35156303d00",
            "subnet_id": "subnet-035afc659518ac14a",
            "timeouts": null
          },
          "sensitive_attributes": [],
          "private": "eyJlMmJmYjczMC1lY2FhLTExZTYtOGY4OC0zNDM2M2JjN2M0YzAiOnsiY3JlYXRlIjozMDAwMDAwMDAwMDAsImRlbGV0ZSI6MzAwMDAwMDAwMDAwLCJ1cGRhdGUiOjEyMDAwMDAwMDAwMH19",
          "dependencies": [
            "aws_internet_gateway.imladris",
            "aws_route_table.imladris",
            "aws_subnet.imladris",
            "aws_vpc.imladris",
            "data.aws_availability_zones.available"
          ]
        }
      ]
    },
    {
      "mode": "managed",
      "type": "aws_security_group",
      "name": "imladris",
      "provider": "provider[\"registry.terraform.io/hashicorp/aws\"]",
      "instances": [
        {
          "schema_version": 1,
          "attributes": {
            "arn": "arn:aws:ec2:us-east-1:IMLADRIS_ACCOUNT_ID:security-group/sg-06383a660bb093c2c",
            "description": "Security group for imladris instance - no public ingress, Tailscale handles access",
            "egress": [
              {
                "cidr_blocks": [
                  "0.0.0.0/0"
                ],
                "description": "",
                "from_port": 0,
                "ipv6_cidr_blocks": [],
                "prefix_list_ids": [],
                "protocol": "-1",
                "security_groups": [],
                "self": false,
                "to_port": 0
              }
            ],
            "id": "sg-06383a660bb093c2c",
            "ingress": [],
            "name": "imladris-sg",
            "name_prefix": "",
            "owner_id": "IMLADRIS_ACCOUNT_ID",
            "revoke_rules_on_delete": false,
            "tags": {
              "Name": "imladris-sg"
            },
            "tags_all": {
              "Environment": "dev",
              "ManagedBy": "terraform",
              "Name": "imladris-sg",
              "Project": "aws-devbox"
            },
            "timeouts": null,
            "vpc_id": "vpc-0ae5ce38192d5c65b"
          },
          "sensitive_attributes": [],
          "private": "eyJlMmJmYjczMC1lY2FhLTExZTYtOGY4OC0zNDM2M2JjN2M0YzAiOnsiY3JlYXRlIjo2MDAwMDAwMDAwMDAsImRlbGV0ZSI6OTAwMDAwMDAwMDAwfSwic2NoZW1hX3ZlcnNpb24iOiIxIn0=",
          "dependencies": [
            "aws_vpc.imladris"
          ]
        }
      ]
    },
    {
      "mode": "managed",
      "type": "aws_subnet",
      "name": "imladris",
      "provider": "provider[\"registry.terraform.io/hashicorp/aws\"]",
      "instances": [
        {
          "schema_version": 1,
          "attributes": {
            "arn": "arn:aws:ec2:us-east-1:IMLADRIS_ACCOUNT_ID:subnet/subnet-035afc659518ac14a",
            "assign_ipv6_address_on_creation": false,
            "availability_zone": "us-east-1a",
            "availability_zone_id": "use1-az1",
            "cidr_block": "10.0.1.0/24",
            "customer_owned_ipv4_pool": "",
            "enable_dns64": false,
            "enable_lni_at_device_index": 0,
            "enable_resource_name_dns_a_record_on_launch": false,
            "enable_resource_name_dns_aaaa_record_on_launch": false,
            "id": "subnet-035afc659518ac14a",
            "ipv6_cidr_block": "",
            "ipv6_cidr_block_association_id": "",
            "ipv6_native": false,
            "map_customer_owned_ip_on_launch": false,
            "map_public_ip_on_launch": true,
            "outpost_arn": "",
            "owner_id": "IMLADRIS_ACCOUNT_ID",
            "private_dns_hostname_type_on_launch": "ip-name",
            "tags": {
              "Name": "imladris-subnet"
            },
            "tags_all": {
              "Environment": "dev",
              "ManagedBy": "terraform",
              "Name": "imladris-subnet",
              "Project": "aws-devbox"
            },
            "timeouts": null,
            "vpc_id": "vpc-0ae5ce38192d5c65b"
          },
          "sensitive_attributes": [],
          "private": "eyJlMmJmYjczMC1lY2FhLTExZTYtOGY4OC0zNDM2M2JjN2M0YzAiOnsiY3JlYXRlIjo2MDAwMDAwMDAwMDAsImRlbGV0ZSI6MTIwMDAwMDAwMDAwMH0sInNjaGVtYV92ZXJzaW9uIjoiMSJ9",
          "dependencies": [
            "aws_vpc.imladris",
            "data.aws_availability_zones.available"
          ]
        }
      ]
    },
    {
      "mode": "managed",
      "type": "aws_vpc",
      "name": "imladris",
      "provider": "provider[\"registry.terraform.io/hashicorp/aws\"]",
      "instances": [
        {
          "schema_version": 1,
          "attributes": {
            "arn": "arn:aws:ec2:us-east-1:IMLADRIS_ACCOUNT_ID:vpc/vpc-0ae5ce38192d5c65b",
            "assign_generated_ipv6_cidr_block": false,
            "cidr_block": "10.0.0.0/16",
            "default_network_acl_id": "acl-0eef972a57f3092ba",
            "default_route_table_id": "rtb-07913877a1de19df0",
            "default_security_group_id": "sg-03d1f8a767887a06c",
            "dhcp_options_id": "dopt-037ca9a336b984d3f",
            "enable_dns_hostnames": true,
            "enable_dns_support": true,
            "enable_network_address_usage_metrics": false,
            "id": "vpc-0ae5ce38192d5c65b",
            "instance_tenancy": "default",
            "ipv4_ipam_pool_id": null,
            "ipv4_netmask_length": null,
            "ipv6_association_id": "",
            "ipv6_cidr_block": "",
            "ipv6_cidr_block_network_border_group": "",
            "ipv6_ipam_pool_id": "",
            "ipv6_netmask_length": 0,
            "main_route_table_id": "rtb-07913877a1de19df0",
            "owner_id": "IMLADRIS_ACCOUNT_ID",
            "tags": {
              "Name": "imladris-vpc"
            },
            "tags_all": {
              "Environment": "dev",
              "ManagedBy": "terraform",
              "Name": "imladris-vpc",
              "Project": "aws-devbox"
            }
          },
          "sensitive_attributes": [],
          "private": "eyJzY2hlbWFfdmVyc2lvbiI6IjEifQ=="
        }
      ]
    }
  ],
  "check_results": [
    {
      "object_kind": "var",
      "config_addr": "var.architecture",
      "status": "pass",
      "objects": [
        {
          "object_addr": "var.architecture",
          "status": "pass"
        }
      ]
    },
    {
      "object_kind": "var",
      "config_addr": "var.instance_type",
      "status": "pass",
      "objects": [
        {
          "object_addr": "var.instance_type",
          "status": "pass"
        }
      ]
    }
  ]
}
