{
  "version": 4,
  "terraform_version": "1.9.8",
  "serial": 261,
  "lineage": "33d684a1-7a0c-ad3b-abd1-5f6ef672f5d2",
  "outputs": {
    "ami_id": {
      "value": "ami-0071c8c431eea0edb",
      "type": "string"
    },
    "ami_name": {
      "value": "ubuntu/images/hvm-ssd-gp3/ubuntu-noble-24.04-arm64-server-20251212",
      "type": "string"
    },
    "fleet_enabled": {
      "value": true,
      "type": "bool"
    },
    "fleet_id": {
      "value": "fleet-e24d8fa0-de62-453d-aec2-e242e3cacd64",
      "type": "string"
    },
    "instance_id": {
      "value": "managed-by-fleet",
      "type": "string"
    },
    "instance_type": {
      "value": "t4g.large, t4g.xlarge, m6g.large, m6g.xlarge, m7g.large, m7g.xlarge",
      "type": "string"
    },
    "mosh_command": {
      "value": "mosh imladris",
      "type": "string"
    },
    "pricing_estimate": {
      "value": "~$0.03-0.10/hr (spot, varies by type)",
      "type": "string"
    },
    "spot_enabled": {
      "value": true,
      "type": "bool"
    },
    "ssh_command": {
      "value": "ssh imladris",
      "type": "string"
    },
    "tailscale_hostname": {
      "value": "imladris",
      "type": "string"
    },
    "volumes": {
      "value": {
        "data": "100GB (LUKS encrypted /data)",
        "root": "50GB (OS, tools)"
      },
      "type": [
        "object",
        {
          "data": "string",
          "root": "string"
        }
      ]
    },
    "vscode_remote": {
      "value": "Host imladris\n    HostName imladris\n",
      "type": "string"
    }
  },
  "resources": [
    {
      "mode": "data",
      "type": "aws_ami",
      "name": "ubuntu",
      "provider": "provider[\"registry.terraform.io/hashicorp/aws\"]",
      "instances": [
        {
          "schema_version": 0,
          "attributes": {
            "architecture": "arm64",
            "arn": "arn:aws:ec2:us-east-1::image/ami-0071c8c431eea0edb",
            "block_device_mappings": [
              {
                "device_name": "/dev/sda1",
                "ebs": {
                  "delete_on_termination": "true",
                  "encrypted": "false",
                  "iops": "0",
                  "snapshot_id": "snap-096f286f36332e08d",
                  "throughput": "0",
                  "volume_initialization_rate": "0",
                  "volume_size": "8",
                  "volume_type": "gp3"
                },
                "no_device": "",
                "virtual_name": ""
              },
              {
                "device_name": "/dev/sdb",
                "ebs": {},
                "no_device": "",
                "virtual_name": "ephemeral0"
              },
              {
                "device_name": "/dev/sdc",
                "ebs": {},
                "no_device": "",
                "virtual_name": "ephemeral1"
              }
            ],
            "boot_mode": "uefi",
            "creation_date": "2025-12-12T10:47:56.000Z",
            "deprecation_time": "2027-12-12T10:47:56.000Z",
            "description": "Canonical, Ubuntu, 24.04, arm64 noble image",
            "ena_support": true,
            "executable_users": null,
            "filter": [
              {
                "name": "architecture",
                "values": [
                  "arm64"
                ]
              },
              {
                "name": "name",
                "values": [
                  "ubuntu/images/hvm-ssd-gp3/ubuntu-noble-24.04-arm64-server-*"
                ]
              },
              {
                "name": "virtualization-type",
                "values": [
                  "hvm"
                ]
              }
            ],
            "hypervisor": "xen",
            "id": "ami-0071c8c431eea0edb",
            "image_id": "ami-0071c8c431eea0edb",
            "image_location": "amazon/ubuntu/images/hvm-ssd-gp3/ubuntu-noble-24.04-arm64-server-20251212",
            "image_owner_alias": "amazon",
            "image_type": "machine",
            "imds_support": "v2.0",
            "include_deprecated": false,
            "kernel_id": "",
            "last_launched_time": "",
            "most_recent": true,
            "name": "ubuntu/images/hvm-ssd-gp3/ubuntu-noble-24.04-arm64-server-20251212",
            "name_regex": null,
            "owner_id": "099720109477",
            "owners": [
              "099720109477"
            ],
            "platform": "",
            "platform_details": "Linux/UNIX",
            "product_codes": [],
            "public": true,
            "ramdisk_id": "",
            "root_device_name": "/dev/sda1",
            "root_device_type": "ebs",
            "root_snapshot_id": "snap-096f286f36332e08d",
            "sriov_net_support": "simple",
            "state": "available",
            "state_reason": {
              "code": "UNSET",
              "message": "UNSET"
            },
            "tags": {},
            "timeouts": null,
            "tpm_support": "",
            "uefi_data": null,
            "usage_operation": "RunInstances",
            "virtualization_type": "hvm"
          },
          "sensitive_attributes": []
        }
      ]
    },
    {
      "mode": "data",
      "type": "aws_availability_zones",
      "name": "available",
      "provider": "provider[\"registry.terraform.io/hashicorp/aws\"]",
      "instances": [
        {
          "schema_version": 0,
          "attributes": {
            "all_availability_zones": null,
            "exclude_names": null,
            "exclude_zone_ids": null,
            "filter": null,
            "group_names": [
              "us-east-1-zg-1"
            ],
            "id": "us-east-1",
            "names": [
              "us-east-1a",
              "us-east-1b",
              "us-east-1c",
              "us-east-1d",
              "us-east-1e",
              "us-east-1f"
            ],
            "state": "available",
            "timeouts": null,
            "zone_ids": [
              "use1-az1",
              "use1-az2",
              "use1-az4",
              "use1-az6",
              "use1-az3",
              "use1-az5"
            ]
          },
          "sensitive_attributes": []
        }
      ]
    },
    {
      "mode": "managed",
      "type": "aws_dlm_lifecycle_policy",
      "name": "imladris",
      "provider": "provider[\"registry.terraform.io/hashicorp/aws\"]",
      "instances": [
        {
          "schema_version": 0,
          "attributes": {
            "arn": "arn:aws:dlm:us-east-1:IMLADRIS_ACCOUNT_ID:policy/policy-093b690c04ca97793",
            "description": "Hourly snapshots for imladris volume",
            "execution_role_arn": "arn:aws:iam::IMLADRIS_ACCOUNT_ID:role/imladris-dlm-role",
            "id": "policy-093b690c04ca97793",
            "policy_details": [
              {
                "action": [],
                "event_source": [],
                "parameters": [],
                "policy_type": "EBS_SNAPSHOT_MANAGEMENT",
                "resource_locations": [
                  "CLOUD"
                ],
                "resource_types": [
                  "VOLUME"
                ],
                "schedule": [
                  {
                    "copy_tags": true,
                    "create_rule": [
                      {
                        "cron_expression": "",
                        "interval": 1,
                        "interval_unit": "HOURS",
                        "location": "CLOUD",
                        "times": [
                          "06:47"
                        ]
                      }
                    ],
                    "cross_region_copy_rule": [],
                    "deprecate_rule": [],
                    "fast_restore_rule": [],
                    "name": "Hourly snapshots",
                    "retain_rule": [
                      {
                        "count": 10,
                        "interval": 0,
                        "interval_unit": ""
                      }
                    ],
                    "share_rule": [],
                    "tags_to_add": {
                      "Project": "aws-imladris",
                      "SnapshotCreator": "DLM"
                    },
                    "variable_tags": null
                  }
                ],
                "target_tags": {
                  "Backup": "daily"
                }
              }
            ],
            "state": "ENABLED",
            "tags": {
              "Name": "imladris-dlm-policy"
            },
            "tags_all": {
              "Environment": "dev",
              "ManagedBy": "terraform",
              "Name": "imladris-dlm-policy",
              "Project": "aws-devbox"
            }
          },
          "sensitive_attributes": [],
          "private": "bnVsbA==",
          "dependencies": [
            "aws_iam_role.dlm"
          ]
        }
      ]
    },
    {
      "mode": "managed",
      "type": "aws_ebs_volume",
      "name": "data",
      "provider": "provider[\"registry.terraform.io/hashicorp/aws\"]",
      "instances": [
        {
          "schema_version": 0,
          "attributes": {
            "arn": "arn:aws:ec2:us-east-1:IMLADRIS_ACCOUNT_ID:volume/vol-0cfd57c9492a3779c",
            "availability_zone": "us-east-1a",
            "create_time": "2026-01-10T03:01:44Z",
            "encrypted": true,
            "final_snapshot": false,
            "id": "vol-0cfd57c9492a3779c",
            "iops": 3000,
            "kms_key_id": "arn:aws:kms:us-east-1:IMLADRIS_ACCOUNT_ID:key/3651efa1-e0b7-42c7-bd0b-618c8ea7c4f8",
            "multi_attach_enabled": false,
            "outpost_arn": "",
            "size": 100,
            "snapshot_id": "",
            "tags": {
              "Backup": "daily",
              "Name": "imladris-data",
              "Project": "aws-imladris"
            },
            "tags_all": {
              "Backup": "daily",
              "Environment": "dev",
              "ManagedBy": "terraform",
              "Name": "imladris-data",
              "Project": "aws-imladris"
            },
            "throughput": 250,
            "timeouts": null,
            "type": "gp3"
          },
          "sensitive_attributes": [],
          "private": "eyJlMmJmYjczMC1lY2FhLTExZTYtOGY4OC0zNDM2M2JjN2M0YzAiOnsiY3JlYXRlIjozMDAwMDAwMDAwMDAsImRlbGV0ZSI6NjAwMDAwMDAwMDAwLCJ1cGRhdGUiOjMwMDAwMDAwMDAwMH19",
          "dependencies": [
            "data.aws_availability_zones.available"
          ]
        }
      ]
    },
    {
      "mode": "managed",
      "type": "aws_ec2_fleet",
      "name": "imladris",
      "provider": "provider[\"registry.terraform.io/hashicorp/aws\"]",
      "instances": [
        {
          "index_key": 0,
          "schema_version": 0,
          "attributes": {
            "arn": "arn:aws:ec2:us-east-1:IMLADRIS_ACCOUNT_ID:fleet/fleet-e24d8fa0-de62-453d-aec2-e242e3cacd64",
            "context": "",
            "excess_capacity_termination_policy": "termination",
            "fleet_instance_set": null,
            "fleet_state": "active",
            "fulfilled_capacity": 0,
            "fulfilled_on_demand_capacity": 0,
            "id": "fleet-e24d8fa0-de62-453d-aec2-e242e3cacd64",
            "launch_template_config": [
              {
                "launch_template_specification": [
                  {
                    "launch_template_id": "lt-00d53cbfea96d1b57",
                    "launch_template_name": "",
                    "version": "$Latest"
                  }
                ],
                "override": [
                  {
                    "availability_zone": "us-east-1a",
                    "instance_requirements": [],
                    "instance_type": "t4g.large",
                    "max_price": "",
                    "priority": 0,
                    "subnet_id": "",
                    "weighted_capacity": 0
                  },
                  {
                    "availability_zone": "us-east-1a",
                    "instance_requirements": [],
                    "instance_type": "t4g.xlarge",
                    "max_price": "",
                    "priority": 0,
                    "subnet_id": "",
                    "weighted_capacity": 0
                  },
                  {
                    "availability_zone": "us-east-1a",
                    "instance_requirements": [],
                    "instance_type": "m6g.large",
                    "max_price": "",
                    "priority": 0,
                    "subnet_id": "",
                    "weighted_capacity": 0
                  },
                  {
                    "availability_zone": "us-east-1a",
                    "instance_requirements": [],
                    "instance_type": "m6g.xlarge",
                    "max_price": "",
                    "priority": 0,
                    "subnet_id": "",
                    "weighted_capacity": 0
                  },
                  {
                    "availability_zone": "us-east-1a",
                    "instance_requirements": [],
                    "instance_type": "m7g.large",
                    "max_price": "",
                    "priority": 0,
                    "subnet_id": "",
                    "weighted_capacity": 0
                  },
                  {
                    "availability_zone": "us-east-1a",
                    "instance_requirements": [],
                    "instance_type": "m7g.xlarge",
                    "max_price": "",
                    "priority": 0,
                    "subnet_id": "",
                    "weighted_capacity": 0
                  }
                ]
              }
            ],
            "on_demand_options": [
              {
                "allocation_strategy": "lowestPrice",
                "capacity_reservation_options": [],
                "max_total_price": "",
                "min_target_capacity": 0,
                "single_availability_zone": false,
                "single_instance_type": false
              }
            ],
            "replace_unhealthy_instances": false,
            "spot_options": [
              {
                "allocation_strategy": "capacity-optimized",
                "instance_interruption_behavior": "stop",
                "instance_pools_to_use_count": 0,
                "maintenance_strategies": [],
                "max_total_price": "",
                "min_target_capacity": 0,
                "single_availability_zone": false,
                "single_instance_type": false
              }
            ],
            "tags": {
              "Name": "imladris-fleet"
            },
            "tags_all": {
              "Environment": "dev",
              "ManagedBy": "terraform",
              "Name": "imladris-fleet",
              "Project": "aws-devbox"
            },
            "target_capacity_specification": [
              {
                "default_target_capacity_type": "spot",
                "on_demand_target_capacity": 0,
                "spot_target_capacity": 1,
                "target_capacity_unit_type": "",
                "total_target_capacity": 1
              }
            ],
            "terminate_instances": true,
            "terminate_instances_with_expiration": true,
            "timeouts": null,
            "type": "maintain",
            "valid_from": null,
            "valid_until": null
          },
          "sensitive_attributes": [],
          "private": "eyJlMmJmYjczMC1lY2FhLTExZTYtOGY4OC0zNDM2M2JjN2M0YzAiOnsiY3JlYXRlIjo2MDAwMDAwMDAwMDAsImRlbGV0ZSI6NjAwMDAwMDAwMDAwLCJ1cGRhdGUiOjYwMDAwMDAwMDAwMH19",
          "dependencies": [
            "aws_iam_instance_profile.imladris",
            "aws_iam_role.imladris_instance",
            "aws_launch_template.imladris",
            "aws_security_group.imladris",
            "aws_sns_topic.imladris",
            "aws_subnet.imladris",
            "aws_vpc.imladris",
            "data.aws_ami.ubuntu",
            "data.aws_availability_zones.available"
          ]
        }
      ]
    },
    {
      "mode": "managed",
      "type": "aws_iam_instance_profile",
      "name": "imladris",
      "provider": "provider[\"registry.terraform.io/hashicorp/aws\"]",
      "instances": [
        {
          "schema_version": 0,
          "attributes": {
            "arn": "arn:aws:iam::IMLADRIS_ACCOUNT_ID:instance-profile/imladris-instance-profile",
            "create_date": "2026-01-10T05:15:06Z",
            "id": "imladris-instance-profile",
            "name": "imladris-instance-profile",
            "name_prefix": "",
            "path": "/",
            "role": "imladris-instance-role",
            "tags": null,
            "tags_all": {
              "Environment": "dev",
              "ManagedBy": "terraform",
              "Project": "aws-devbox"
            },
            "unique_id": "AIPA3FL3YJIDINAHIJ44F"
          },
          "sensitive_attributes": [],
          "private": "bnVsbA==",
          "dependencies": [
            "aws_iam_role.imladris_instance"
          ]
        }
      ]
    },
    {
      "mode": "managed",
      "type": "aws_iam_role",
      "name": "dlm",
      "provider": "provider[\"registry.terraform.io/hashicorp/aws\"]",
      "instances": [
        {
          "schema_version": 0,
          "attributes": {
            "arn": "arn:aws:iam::IMLADRIS_ACCOUNT_ID:role/imladris-dlm-role",
            "assume_role_policy": "{\"Statement\":[{\"Action\":\"sts:AssumeRole\",\"Effect\":\"Allow\",\"Principal\":{\"Service\":\"dlm.amazonaws.com\"}}],\"Version\":\"2012-10-17\"}",
            "create_date": "2026-01-10T05:15:06Z",
            "description": "",
            "force_detach_policies": false,
            "id": "imladris-dlm-role",
            "inline_policy": [],
            "managed_policy_arns": [],
            "max_session_duration": 3600,
            "name": "imladris-dlm-role",
            "name_prefix": "",
            "path": "/",
            "permissions_boundary": "",
            "tags": null,
            "tags_all": {
              "Environment": "dev",
              "ManagedBy": "terraform",
              "Project": "aws-devbox"
            },
            "unique_id": "AROA3FL3YJIDNEA7XGGQ6"
          },
          "sensitive_attributes": [],
          "private": "bnVsbA=="
        }
      ]
    },
    {
      "mode": "managed",
      "type": "aws_iam_role",
      "name": "imladris_instance",
      "provider": "provider[\"registry.terraform.io/hashicorp/aws\"]",
      "instances": [
        {
          "schema_version": 0,
          "attributes": {
            "arn": "arn:aws:iam::IMLADRIS_ACCOUNT_ID:role/imladris-instance-role",
            "assume_role_policy": "{\"Statement\":[{\"Action\":\"sts:AssumeRole\",\"Effect\":\"Allow\",\"Principal\":{\"Service\":\"ec2.amazonaws.com\"}}],\"Version\":\"2012-10-17\"}",
            "create_date": "2026-01-10T05:15:06Z",
            "description": "",
            "force_detach_policies": false,
            "id": "imladris-instance-role",
            "inline_policy": [],
            "managed_policy_arns": [],
            "max_session_duration": 3600,
            "name": "imladris-instance-role",
            "name_prefix": "",
            "path": "/",
            "permissions_boundary": "",
            "tags": null,
            "tags_all": {
              "Environment": "dev",
              "ManagedBy": "terraform",
              "Project": "aws-devbox"
            },
            "unique_id": "AROA3FL3YJIDH3AVFMVC5"
          },
          "sensitive_attributes": [],
          "private": "bnVsbA=="
        }
      ]
    },
    {
      "mode": "managed",
      "type": "aws_iam_role_policy",
      "name": "imladris_ebs",
      "provider": "provider[\"registry.terraform.io/hashicorp/aws\"]",
      "instances": [
        {
          "schema_version": 0,
          "attributes": {
            "id": "imladris-instance-role:imladris-ebs-attach",
            "name": "imladris-ebs-attach",
            "name_prefix": "",
            "policy": "{\"Version\":\"2012-10-17\",\"Statement\":[{\"Action\":[\"ec2:AttachVolume\",\"ec2:DetachVolume\"],\"Condition\":{\"StringEquals\":{\"ec2:ResourceTag/Project\":\"aws-imladris\"}},\"Effect\":\"Allow\",\"Resource\":[\"arn:aws:ec2:us-east-1:*:volume/*\",\"arn:aws:ec2:us-east-1:*:instance/*\"]},{\"Action\":\"ec2:DescribeVolumes\",\"Effect\":\"Allow\",\"Resource\":\"*\"}]}",
            "role": "imladris-instance-role"
          },
          "sensitive_attributes": [],
          "private": "bnVsbA==",
          "dependencies": [
            "aws_iam_role.imladris_instance"
          ]
        }
      ]
    },
    {
      "mode": "managed",
      "type": "aws_iam_role_policy_attachment",
      "name": "dlm",
      "provider": "provider[\"registry.terraform.io/hashicorp/aws\"]",
      "instances": [
        {
          "schema_version": 0,
          "attributes": {
            "id": "imladris-dlm-role-20260110051507254500000001",
            "policy_arn": "arn:aws:iam::aws:policy/service-role/AWSDataLifecycleManagerServiceRole",
            "role": "imladris-dlm-role"
          },
          "sensitive_attributes": [],
          "private": "bnVsbA==",
          "dependencies": [
            "aws_iam_role.dlm"
          ]
        }
      ]
    },
    {
      "mode": "managed",
      "type": "aws_internet_gateway",
      "name": "imladris",
      "provider": "provider[\"registry.terraform.io/hashicorp/aws\"]",
      "instances": [
        {
          "schema_version": 0,
          "attributes": {
            "arn": "arn:aws:ec2:us-east-1:IMLADRIS_ACCOUNT_ID:internet-gateway/igw-04597c5f5f5953952",
            "id": "igw-04597c5f5f5953952",
            "owner_id": "IMLADRIS_ACCOUNT_ID",
            "tags": {
              "Name": "imladris-igw"
            },
            "tags_all": {
              "Environment": "dev",
              "ManagedBy": "terraform",
              "Name": "imladris-igw",
              "Project": "aws-devbox"
            },
            "timeouts": null,
            "vpc_id": "vpc-0ae5ce38192d5c65b"
          },
          "sensitive_attributes": [],
          "private": "eyJlMmJmYjczMC1lY2FhLTExZTYtOGY4OC0zNDM2M2JjN2M0YzAiOnsiY3JlYXRlIjoxMjAwMDAwMDAwMDAwLCJkZWxldGUiOjEyMDAwMDAwMDAwMDAsInVwZGF0ZSI6MTIwMDAwMDAwMDAwMH19",
          "dependencies": [
            "aws_vpc.imladris"
          ]
        }
      ]
    },
    {
      "mode": "managed",
      "type": "aws_launch_template",
      "name": "imladris",
      "provider": "provider[\"registry.terraform.io/hashicorp/aws\"]",
      "instances": [
        {
          "schema_version": 0,
          "attributes": {
            "arn": "arn:aws:ec2:us-east-1:IMLADRIS_ACCOUNT_ID:launch-template/lt-00d53cbfea96d1b57",
            "block_device_mappings": [
              {
                "device_name": "/dev/sda1",
                "ebs": [
                  {
                    "delete_on_termination": "true",
                    "encrypted": "true",
                    "iops": 3000,
                    "kms_key_id": "",
                    "snapshot_id": "",
                    "throughput": 250,
                    "volume_initialization_rate": 0,
                    "volume_size": 50,
                    "volume_type": "gp3"
                  }
                ],
                "no_device": "",
                "virtual_name": ""
              }
            ],
            "capacity_reservation_specification": [],
            "cpu_options": [],
            "credit_specification": [],
            "default_version": 1,
            "description": "",
            "disable_api_stop": false,
            "disable_api_termination": false,
            "ebs_optimized": "",
            "elastic_gpu_specifications": [],
            "elastic_inference_accelerator": [],
            "enclave_options": [],
            "hibernation_options": [],
            "iam_instance_profile": [
              {
                "arn": "",
                "name": "imladris-instance-profile"
              }
            ],
            "id": "lt-00d53cbfea96d1b57",
            "image_id": "ami-0071c8c431eea0edb",
            "instance_initiated_shutdown_behavior": "",
            "instance_market_options": [],
            "instance_requirements": [],
            "instance_type": "",
            "kernel_id": "",
            "key_name": "",
            "latest_version": 1,
            "license_specification": [],
            "maintenance_options": [],
            "metadata_options": [
              {
                "http_endpoint": "enabled",
                "http_protocol_ipv6": "",
                "http_put_response_hop_limit": 0,
                "http_tokens": "required",
                "instance_metadata_tags": ""
              }
            ],
            "monitoring": [],
            "name": "imladris-20260110051530648400000003",
            "name_prefix": "imladris-",
            "network_interfaces": [
              {
                "associate_carrier_ip_address": "",
                "associate_public_ip_address": "true",
                "connection_tracking_specification": [],
                "delete_on_termination": "",
                "description": "",
                "device_index": 0,
                "ena_srd_specification": [],
                "interface_type": "",
                "ipv4_address_count": 0,
                "ipv4_addresses": null,
                "ipv4_prefix_count": 0,
                "ipv4_prefixes": null,
                "ipv6_address_count": 0,
                "ipv6_addresses": null,
                "ipv6_prefix_count": 0,
                "ipv6_prefixes": null,
                "network_card_index": 0,
                "network_interface_id": "",
                "primary_ipv6": "",
                "private_ip_address": "",
                "security_groups": [
                  "sg-06383a660bb093c2c"
                ],
                "subnet_id": "subnet-035afc659518ac14a"
              }
            ],
            "placement": [],
            "private_dns_name_options": [],
            "ram_disk_id": "",
            "security_group_names": null,
            "tag_specifications": [
              {
                "resource_type": "instance",
                "tags": {
                  "Name": "imladris",
                  "Project": "aws-imladris"
                }
              },
              {
                "resource_type": "volume",
                "tags": {
                  "Backup": "false",
                  "Name": "imladris-root",
                  "Project": "aws-imladris"
                }
              }
            ],
            "tags": {
              "Name": "imladris-launch-template"
            },
            "tags_all": {
              "Environment": "dev",
              "ManagedBy": "terraform",
              "Name": "imladris-launch-template",
              "Project": "aws-devbox"
            },
            "update_default_version": null,
            "user_data": "H4sIAAAAAAAA/7R673bTyJL4dz1FoXgm9p2RNckPOPwMZm+IHfAlcZjYwOwB1qcjla2eSN2iu5XY3LAvsB/3w/2yT7dPsqf/SJZsw2TuBc+ZQ9RdVV1d/6ukvXvhJWXhJZGJtwcDvH7Gl3DJuZJKkBxkJGiuIIAxXcJPkPAMg4wwskABGFNFOfP2YLKSCrMgxWtMQaIqcuAsXT2GQqKAnERXZIESLGIMl6sGIW/P24MpCkHmXGSgMMtTohCuiaDkMkXZ8/ZAJpimUYLRFcRU6uX+5Pjw4MF9z8MlRvAUnrYVIoTXRIQpX4T66CAminRTvoBbSPlCMx0oqHYgkHD4NIzxOow4kzzFDhw+/fHA845fDI9fvjofjaezk9HpsO9vkw1ywRcCpfS9k6PR6XAwm0yHryZ93/e8Peh/y5+3By8wzVHAScEiLXP5zY/wUr5od+DvgFHCwX/XasdaB/s//fCi98NZ74fJfucDtP7iP4bPGnQmiyhCKQ2KFrD/v//z3/V9FIKL+u4/GthXNK9t/uO/oPUXaOvVHOOOAfOkwnwWc4YGcCEwh+Aj+P/ROmj54Lc2VOSXmmRFmmr8jIirNbq9VevAh6dPdyCbA0XBZvpQjeABAKQ8IikYPhjJsG/wY7Q+QTnr+61D30DKhM4VHJq/6Rwq1sFvVej+Y1AJMgNjqVs5gN+q0fSrfYGqEAx+MQtz6jhagD9RRCjKFj3YRqRz8Ft/3TyqkkWDnyYnVp+7mMFUYgPW6LYJCW1cUgURj7EHrX/rrIk3naNVf4RdzLhrH5TX/vw93MkGLJiYUNUWnCsbvH6GiLB9BZcIlDWCVOfbe5wJlDNpWKlsLuFSaYFEykTSoHwGn2YpiQWVVlSKZqg9tITTz5+Mho8yFDQi4QDZNQrfM+B7MGKRQCL1xbii8xXcEBUlKGHOBcxpim5BSKt04zBz2XXg3YwsZzr4zRxe/8Hh/cNHj4xDhaiiUK5kpNJuxNnc+oR5hiAvOTijjGbaoazwq7TQ/r2QCm4SovYlMMQYY8OUTjlVJuoYIiRXwQIVFLm+u1kaDJ+Njsazk4vz8XQ4HvQZZ5QpFCRS9BorDMqkImkKwQreV7YWFSKFhbZbscqVTVwRCSIUis5pRBRKWLAiX5RXOCoUD+zhVnASo0JQtWpwVzurYEQpZDHGQZEvBIlRGrCUShUlhC3QijsiCpwcSa70/0aQ3Th88MsuGk+e7A/PT/a91+u913av1ztKU36DcXAu6IIy6QzLLy4Lpooe45cpBiXf/mPv8+PdVArFT+hypGUpilxhPMivFuArUaC/G+UCM36NwWtWSIyDAeZ6n0UU5VfR9EkZUTQKLlDrG/w5SaWGHp6faP+3jhLz6ApF5Sh0DhHPMsJiCK7BbsKP9RywGW3BH1gokgok8arUE8ZfD7rGSoK5nJxColQue2G4QNW1R3YjnsEtyMSAagfJeAwBeV6yZMX+JfuwQEHEs5xLDPK0WFC2vrMiNJURSbF+7Xv1i1cQX7n7jgtUaJr/0DHUlcn6KnNaGv1xioSBrunSGGK8ppEzWiNTs0vZogSYVgw50G63a+V7fjqYDYZvRsfDSb/VtkxJCArwlbzCVUByGlxJfvDo/nLKTw8OjsfTi9Pg90O5OpweXCzPosWrj1d/y6aL336Nnuev8G3x8f/J5z2/5tB+eT+S027zjiSn4fWhuThDFQahY6+Ofgu/f4RAwH7Xbb77oAWCKUaq3a1C8S1InYLlDVVJex2XOx24hS6N9+ulCNzegrb9jpWmjhlWBrPRQOeYVk0qjyHmGwaLKepU72TZg1aF7G+oV0LwGwyGp8Pp8NvK9G5ytQyGNf7KmxtCuviwElgbbJFDEJBCJcEVrvqOX/OoTl6Oj//95ctHJcOHw4tx8etiePbbxfSRGnw6vRFXry9Of50kf3t4sixev4SgypT9UiEQBFImtQBCFJld87TI1u60BxNM5wFRikSJ9howjcHw2QQsJLQFfiyocDlpeHwIJymizlco0LoyixBGAwk2oHcc4RPK4pLI5QoUWYD2WXcUVaA4qITKioZXKzrfnJ++PhvOpkfP+5WBmbbDrwE5WY+PznSHoi1OxvM6wMXw+eh8XHM2rcZeGB48/P/dwwf3u+7fULdbUoUZKmIOCfOURJghU6HABeWsUyM6Gk+mR2Oj43+CcnnZgMadKsCYto7Oq8BsZYRxGfHeQYBgXeo6wwN2AB+0da2Xl9fxHD7sDPlanU4Lm+S/HParmskG6qO3Ezg+HWlWGFeQC5TIFLRrxUp5hCGtJdfZGa7JjfxKoN6RIMiNjFK6wZcxLW2sDfPaNp/RwKxVT/1WWzOA0aFrYy4xsCRkzeGDwCod/JY1IL+xOaepQiHBH2tnU2TR03/8/IakBcp+a225vgORiqhClgDkmtBU9+9Nqh8LFCvw31hu3v3yoWv/HMVNOF6ovFCgcKnqYdbZkrWVT+C3qjv7pa001vrgjzlDf7fRjDlUbNqA4AQ95wWLQcd9LfAe1G/bJGG5h4ysKrO7xMrygAuIOUrda+CSSvUHpmhIHhlknQ0cN+sL6VhShaJWzUMt3VLp9nin8rtr3MIHNG7KsA5Sc2vwGww0wGyWAL9VC11Vh/KWUGV8ae1ENZM+O/pt9vZoNO0//KW2qleGg75dukl0G/MO7u0IFz/+2NiwAcOutiwRCFIFrfIYbRi1bCxTxNw1+Prnzm212w75JzjsdJomoO+jtVULD4q7y3W7XWi7g8PqUNc2r5PlvxL71i19IwaWFuh250Warr7e57/ZDG22+QRebJttvW13/W3O1SwhLE5rxbtV3uT4YvRqOpk9O5oM+1WJIchNd0FVUlzqajriTCFTptSISURyHqTkUoY624cZkQpFaKcQsjKkAb9hKScx6LOBlh2MNnDHyGZd77fqvIQaL6jjBQ6vKxMfAg5hIUVoLmGmp1+E15r6e9MqjgUSYxaXRNLIsuigayWdbQfvesqTJ/svjsaD0+HFvlcf6FqH0EVYZcy6bSrrxQwO75y39eHr5E3MFPIrmexGpy9/8up8CqPxdHhx8frVdHQ+7tmUqqPUDU1THRIViowyorRJcs7u+Rs+d3DYaMbs4gPP+Ii7tNn4bHWa6Pbrp+WdZedttt92OhG7f79mCihMMHvyZH8yvNDhbN9795pR9cEb1GaEumKcaCVXNx/VDfKFY+NorlD0GaobLq66iogFKs97N7GHfPCmqxz7kmZ5it5wiZEZAvbvfMsLNC1Ln6Q3ZCXLxwlG/QfekF1TwZn27L4/GU9m0/NXo+PZ0cW473veO1cEffDeEqYwfrbqZ0WqaKC9s2TUCcArBz8Ks0ilEBPMOAsEam/c2ENmsmsQMH4DX2b8u4z/xnRZ1nbEvcL4tke42Mfost64v4MghpDR5ReqDrr8M6OJqn9R8OL8bGjSjKZdoopa63KTIANRMNOoEwmCc1eg4jLnwlLoh3p5s/YdG5Kw1jlkPMZaAF0PFRhdctnlYqH/KocKZqJgwk2gCwBjERAEK5TlSUNrCfOUXLnBQnYVUwFBbj2S0eWmk2r6jC7NjEw74Hj02/H5+GTfw2WOgmpTJmkwR6IKgRL6WjBBWYa7gxxOyYVzCQPpuFQcchpd6UZVH0QXGyYstlDWaS/hGc7c7LjebfJCRGj0lAs+p6mVZNeYhXnJpP91WzKMcU6KVJk7u8VuHK7P68pkPaXhDE1ToFMjCMx5oxN8dT4bjC76fqg5C+1UKtRQMrTZdmeK9de2e09bry4QLaXt0lkWMYegcBOvtRL9Vjumwg6x1+i1VwQbiGYga25Tjdu+zKAuFepkN7xjyGQhsKTMb5iESNc/EFOBkeKCooR2zW1MxZ6Qa4RIJ2o0fVbW9JkvXbQh2q45x3h7c92Ga5kQgWvTTvgNg+DCkew5yjsI7iJW1T1okykCEVFCFUba/O2AX9s8uGi9NosXZzPtA6PnfTcerunbb7ULo7Qg65iGafno4ezh/W29bxEJlo8ebiriomi+T9ESdbc0QaVtmqqyu+M6InbWrc+FC10NCvKGqigx12tVPFTTxqhurFrQ/i7d6TIJggjWxvivuGJVvsXQOLra0NYgNiURBOVVgsDqqbu3vpB9I62R/a1qsqzQd4qF0BTjn22dxRBjyAgrSKrP/0LZ/vn7ZFv3UcHEVunQ5oWSNEbgc5NcAqPB09cvJ+GztxPgOQqTlOV3e+VWDtRmrnGox2fHJDGzPdiMNiasQptx+xXBvoQcheRMixVz3vnuzc3uWHNJWWnzW+ubPVE1HbX2Yvo5d8YfdEXVHJIyqspOqLF4VwLmO44tCmb1riR07uUCt4i49T8gc3nTvEX5/Ed9IUqpi1O5YlFgbKkksL3jNfuRhpw27rzFfcXPLrp3zRc15U8sFdBUXP0SV9/Z/Ik7/7VsemwTvKtd2gX91a5gPShIME0bg3kFn2SiE4WLvfYjIBMu3IXbnKUrna40oBmkyboPfpLJLCcq2ah6ujpquxhu+qZPMvHrA5cl+K0Sdzvf7cFRHOscZQWgeZIbo+EK1n22sjxpUKwj3t6WH6es96tX6gZknVYSW0nXQWuvF6tsOTFikmgSqU45n2TSgzWSm/Y036BqCX7lFWJ1dPsmoVGiwTt3ON2967cM1FG3J0578FK39iYjEwlzkqaXxAWEirjmUsvZDGJ/hivE3M1SDJIRmL81g8q4iivLqrURel23D2fn08G+NoDZbDaD+k8veHALMIP39knvz25hNoNOtWBhzH+hgXwPIYQWyS2EEBqY2a2hNgvfwxsI9UIHbqE968BTgCce3GqKIbyfzWa38H4W1hfCWfh+9t7z4Kz6kK6348M8D45Nt9IzN/jPPy7yTaHjaTRjDbLnmQ9RtmsKADjK83Tl2iGofcHQjG/r34hRRUlKP6FJ8W4M2cCwMbD6vUCSqgRsNvC0ar5PWXJGKIPhEqPi+4wAMkJZbeC5AP/u2P4ayVVPz6pPMtta40P77WWnBnhUq/l7QET28H5t94V7O9qD5ndEf5oxg6V4ESU7vqOzu+WHdOBb9/dL1fruuyvjlX7NSuqfQm2QsF9IrEkMms8bJCz0BonqlbPF8qfN5w0SFfQmI+vXx75hZGuq7tcZWUNvyqQ2EPe1TDaH1H5DJjXoDUK6p6lx74/XXSyp0YFqFrWBXx9RaEaaHr9W0fZAY4PQZj3tV1ZbLTRY2YTfFJAJ4ut7DerZ398yGr26QUHH9Rqgf8oXlEGGUpIFblHQ0N4/76W2ZGDQ/LbxC28Wj3mWp6jQvUTUTVohUPaauDtfx4C/jgGRI3PPr8/G/zT7n22UMp+Mev8HAAD//wEAAP//Cfe5VQouAAA=",
            "vpc_security_group_ids": null
          },
          "sensitive_attributes": [
            [
              {
                "type": "get_attr",
                "value": "user_data"
              }
            ]
          ],
          "private": "bnVsbA==",
          "dependencies": [
            "aws_iam_instance_profile.imladris",
            "aws_iam_role.imladris_instance",
            "aws_security_group.imladris",
            "aws_sns_topic.imladris",
            "aws_subnet.imladris",
            "aws_vpc.imladris",
            "data.aws_ami.ubuntu",
            "data.aws_availability_zones.available"
          ]
        }
      ]
    },
    {
      "mode": "managed",
      "type": "aws_route_table",
      "name": "imladris",
      "provider": "provider[\"registry.terraform.io/hashicorp/aws\"]",
      "instances": [
        {
          "schema_version": 0,
          "attributes": {
            "arn": "arn:aws:ec2:us-east-1:IMLADRIS_ACCOUNT_ID:route-table/rtb-004bde35156303d00",
            "id": "rtb-004bde35156303d00",
            "owner_id": "IMLADRIS_ACCOUNT_ID",
            "propagating_vgws": [],
            "route": [
              {
                "carrier_gateway_id": "",
                "cidr_block": "0.0.0.0/0",
                "core_network_arn": "",
                "destination_prefix_list_id": "",
                "egress_only_gateway_id": "",
                "gateway_id": "igw-04597c5f5f5953952",
                "ipv6_cidr_block": "",
                "local_gateway_id": "",
                "nat_gateway_id": "",
                "network_interface_id": "",
                "transit_gateway_id": "",
                "vpc_endpoint_id": "",
                "vpc_peering_connection_id": ""
              }
            ],
            "tags": {
              "Name": "imladris-rt"
            },
            "tags_all": {
              "Environment": "dev",
              "ManagedBy": "terraform",
              "Name": "imladris-rt",
              "Project": "aws-devbox"
            },
            "timeouts": null,
            "vpc_id": "vpc-0ae5ce38192d5c65b"
          },
          "sensitive_attributes": [],
          "private": "eyJlMmJmYjczMC1lY2FhLTExZTYtOGY4OC0zNDM2M2JjN2M0YzAiOnsiY3JlYXRlIjozMDAwMDAwMDAwMDAsImRlbGV0ZSI6MzAwMDAwMDAwMDAwLCJ1cGRhdGUiOjEyMDAwMDAwMDAwMH19",
          "dependencies": [
            "aws_internet_gateway.imladris",
            "aws_vpc.imladris"
          ]
        }
      ]
    },
    {
      "mode": "managed",
      "type": "aws_route_table_association",
      "name": "imladris",
      "provider": "provider[\"registry.terraform.io/hashicorp/aws\"]",
      "instances": [
        {
          "schema_version": 0,
          "attributes": {
            "gateway_id": "",
            "id": "rtbassoc-05904ba9cb86b834c",
            "route_table_id": "rtb-004bde35156303d00",
            "subnet_id": "subnet-035afc659518ac14a",
            "timeouts": null
          },
          "sensitive_attributes": [],
          "private": "eyJlMmJmYjczMC1lY2FhLTExZTYtOGY4OC0zNDM2M2JjN2M0YzAiOnsiY3JlYXRlIjozMDAwMDAwMDAwMDAsImRlbGV0ZSI6MzAwMDAwMDAwMDAwLCJ1cGRhdGUiOjEyMDAwMDAwMDAwMH19",
          "dependencies": [
            "aws_internet_gateway.imladris",
            "aws_route_table.imladris",
            "aws_subnet.imladris",
            "aws_vpc.imladris",
            "data.aws_availability_zones.available"
          ]
        }
      ]
    },
    {
      "mode": "managed",
      "type": "aws_security_group",
      "name": "imladris",
      "provider": "provider[\"registry.terraform.io/hashicorp/aws\"]",
      "instances": [
        {
          "schema_version": 1,
          "attributes": {
            "arn": "arn:aws:ec2:us-east-1:IMLADRIS_ACCOUNT_ID:security-group/sg-06383a660bb093c2c",
            "description": "Security group for imladris instance - no public ingress, Tailscale handles access",
            "egress": [
              {
                "cidr_blocks": [
                  "0.0.0.0/0"
                ],
                "description": "",
                "from_port": 0,
                "ipv6_cidr_blocks": [],
                "prefix_list_ids": [],
                "protocol": "-1",
                "security_groups": [],
                "self": false,
                "to_port": 0
              }
            ],
            "id": "sg-06383a660bb093c2c",
            "ingress": [],
            "name": "imladris-sg",
            "name_prefix": "",
            "owner_id": "IMLADRIS_ACCOUNT_ID",
            "revoke_rules_on_delete": false,
            "tags": {
              "Name": "imladris-sg"
            },
            "tags_all": {
              "Environment": "dev",
              "ManagedBy": "terraform",
              "Name": "imladris-sg",
              "Project": "aws-devbox"
            },
            "timeouts": null,
            "vpc_id": "vpc-0ae5ce38192d5c65b"
          },
          "sensitive_attributes": [],
          "private": "eyJlMmJmYjczMC1lY2FhLTExZTYtOGY4OC0zNDM2M2JjN2M0YzAiOnsiY3JlYXRlIjo2MDAwMDAwMDAwMDAsImRlbGV0ZSI6OTAwMDAwMDAwMDAwfSwic2NoZW1hX3ZlcnNpb24iOiIxIn0=",
          "dependencies": [
            "aws_vpc.imladris"
          ]
        }
      ]
    },
    {
      "mode": "managed",
      "type": "aws_subnet",
      "name": "imladris",
      "provider": "provider[\"registry.terraform.io/hashicorp/aws\"]",
      "instances": [
        {
          "schema_version": 1,
          "attributes": {
            "arn": "arn:aws:ec2:us-east-1:IMLADRIS_ACCOUNT_ID:subnet/subnet-035afc659518ac14a",
            "assign_ipv6_address_on_creation": false,
            "availability_zone": "us-east-1a",
            "availability_zone_id": "use1-az1",
            "cidr_block": "10.0.1.0/24",
            "customer_owned_ipv4_pool": "",
            "enable_dns64": false,
            "enable_lni_at_device_index": 0,
            "enable_resource_name_dns_a_record_on_launch": false,
            "enable_resource_name_dns_aaaa_record_on_launch": false,
            "id": "subnet-035afc659518ac14a",
            "ipv6_cidr_block": "",
            "ipv6_cidr_block_association_id": "",
            "ipv6_native": false,
            "map_customer_owned_ip_on_launch": false,
            "map_public_ip_on_launch": true,
            "outpost_arn": "",
            "owner_id": "IMLADRIS_ACCOUNT_ID",
            "private_dns_hostname_type_on_launch": "ip-name",
            "tags": {
              "Name": "imladris-subnet"
            },
            "tags_all": {
              "Environment": "dev",
              "ManagedBy": "terraform",
              "Name": "imladris-subnet",
              "Project": "aws-devbox"
            },
            "timeouts": null,
            "vpc_id": "vpc-0ae5ce38192d5c65b"
          },
          "sensitive_attributes": [],
          "private": "eyJlMmJmYjczMC1lY2FhLTExZTYtOGY4OC0zNDM2M2JjN2M0YzAiOnsiY3JlYXRlIjo2MDAwMDAwMDAwMDAsImRlbGV0ZSI6MTIwMDAwMDAwMDAwMH0sInNjaGVtYV92ZXJzaW9uIjoiMSJ9",
          "dependencies": [
            "aws_vpc.imladris",
            "data.aws_availability_zones.available"
          ]
        }
      ]
    },
    {
      "mode": "managed",
      "type": "aws_vpc",
      "name": "imladris",
      "provider": "provider[\"registry.terraform.io/hashicorp/aws\"]",
      "instances": [
        {
          "schema_version": 1,
          "attributes": {
            "arn": "arn:aws:ec2:us-east-1:IMLADRIS_ACCOUNT_ID:vpc/vpc-0ae5ce38192d5c65b",
            "assign_generated_ipv6_cidr_block": false,
            "cidr_block": "10.0.0.0/16",
            "default_network_acl_id": "acl-0eef972a57f3092ba",
            "default_route_table_id": "rtb-07913877a1de19df0",
            "default_security_group_id": "sg-03d1f8a767887a06c",
            "dhcp_options_id": "dopt-037ca9a336b984d3f",
            "enable_dns_hostnames": true,
            "enable_dns_support": true,
            "enable_network_address_usage_metrics": false,
            "id": "vpc-0ae5ce38192d5c65b",
            "instance_tenancy": "default",
            "ipv4_ipam_pool_id": null,
            "ipv4_netmask_length": null,
            "ipv6_association_id": "",
            "ipv6_cidr_block": "",
            "ipv6_cidr_block_network_border_group": "",
            "ipv6_ipam_pool_id": "",
            "ipv6_netmask_length": 0,
            "main_route_table_id": "rtb-07913877a1de19df0",
            "owner_id": "IMLADRIS_ACCOUNT_ID",
            "tags": {
              "Name": "imladris-vpc"
            },
            "tags_all": {
              "Environment": "dev",
              "ManagedBy": "terraform",
              "Name": "imladris-vpc",
              "Project": "aws-devbox"
            }
          },
          "sensitive_attributes": [],
          "private": "eyJzY2hlbWFfdmVyc2lvbiI6IjEifQ=="
        }
      ]
    }
  ],
  "check_results": [
    {
      "object_kind": "var",
      "config_addr": "var.architecture",
      "status": "pass",
      "objects": [
        {
          "object_addr": "var.architecture",
          "status": "pass"
        }
      ]
    },
    {
      "object_kind": "var",
      "config_addr": "var.instance_type",
      "status": "pass",
      "objects": [
        {
          "object_addr": "var.instance_type",
          "status": "pass"
        }
      ]
    }
  ]
}
