{
  "version": 4,
  "terraform_version": "1.9.8",
  "serial": 214,
  "lineage": "33d684a1-7a0c-ad3b-abd1-5f6ef672f5d2",
  "outputs": {
    "ami_id": {
      "value": "ami-0071c8c431eea0edb",
      "type": "string"
    },
    "ami_name": {
      "value": "ubuntu/images/hvm-ssd-gp3/ubuntu-noble-24.04-arm64-server-20251212",
      "type": "string"
    },
    "instance_id": {
      "value": "i-0bbe4ff5d1ba4a949",
      "type": "string"
    },
    "instance_type": {
      "value": "m6g.xlarge",
      "type": "string"
    },
    "pricing_estimate": {
      "value": "~$0.06/hr (spot)",
      "type": "string"
    },
    "spot_enabled": {
      "value": true,
      "type": "bool"
    },
    "ssh_command": {
      "value": "ssh devbox",
      "type": "string"
    },
    "tailscale_hostname": {
      "value": "devbox",
      "type": "string"
    },
    "volumes": {
      "value": {
        "data": "100GB (LUKS encrypted /home)",
        "root": "50GB (OS, tools)"
      },
      "type": [
        "object",
        {
          "data": "string",
          "root": "string"
        }
      ]
    },
    "vscode_remote": {
      "value": "Host devbox\n    HostName devbox\n",
      "type": "string"
    }
  },
  "resources": [
    {
      "mode": "data",
      "type": "archive_file",
      "name": "spot_restart",
      "provider": "provider[\"registry.terraform.io/hashicorp/archive\"]",
      "instances": [
        {
          "index_key": 0,
          "schema_version": 0,
          "attributes": {
            "exclude_symlink_directories": null,
            "excludes": null,
            "id": "cefd0c0b2faa05857cda08d3547d7b6e2056ca55",
            "output_base64sha256": "dQja6yxOZJym76JyB2eXNrlUh4AwmNNm8JhOMId/HEA=",
            "output_base64sha512": "94So7sBEZgfUZOLFtnMaFtWcWgLPtwC77x6qRE+2qX9hHWoGUC096wrAznMbO2yXT6YKowQXa5wZDOu/AHtUpw==",
            "output_file_mode": null,
            "output_md5": "15377c8d273dd6cc90ab56ba05c5bd43",
            "output_path": "./.terraform/spot_restart.zip",
            "output_sha": "cefd0c0b2faa05857cda08d3547d7b6e2056ca55",
            "output_sha256": "7508daeb2c4e649ca6efa27207679736b95487803098d366f0984e30877f1c40",
            "output_sha512": "f784a8eec0446607d464e2c5b6731a16d59c5a02cfb700bbef1eaa444fb6a97f611d6a06502d3deb0ac0ce731b3b6c974fa60aa304176b9c190cebbf007b54a7",
            "output_size": 1762,
            "source": [],
            "source_content": null,
            "source_content_filename": null,
            "source_dir": null,
            "source_file": "./scripts/spot_restart.py",
            "type": "zip"
          },
          "sensitive_attributes": []
        }
      ]
    },
    {
      "mode": "data",
      "type": "aws_ami",
      "name": "ubuntu",
      "provider": "provider[\"registry.terraform.io/hashicorp/aws\"]",
      "instances": [
        {
          "schema_version": 0,
          "attributes": {
            "architecture": "arm64",
            "arn": "arn:aws:ec2:us-east-1::image/ami-0071c8c431eea0edb",
            "block_device_mappings": [
              {
                "device_name": "/dev/sda1",
                "ebs": {
                  "delete_on_termination": "true",
                  "encrypted": "false",
                  "iops": "0",
                  "snapshot_id": "snap-096f286f36332e08d",
                  "throughput": "0",
                  "volume_initialization_rate": "0",
                  "volume_size": "8",
                  "volume_type": "gp3"
                },
                "no_device": "",
                "virtual_name": ""
              },
              {
                "device_name": "/dev/sdb",
                "ebs": {},
                "no_device": "",
                "virtual_name": "ephemeral0"
              },
              {
                "device_name": "/dev/sdc",
                "ebs": {},
                "no_device": "",
                "virtual_name": "ephemeral1"
              }
            ],
            "boot_mode": "uefi",
            "creation_date": "2025-12-12T10:47:56.000Z",
            "deprecation_time": "2027-12-12T10:47:56.000Z",
            "description": "Canonical, Ubuntu, 24.04, arm64 noble image",
            "ena_support": true,
            "executable_users": null,
            "filter": [
              {
                "name": "architecture",
                "values": [
                  "arm64"
                ]
              },
              {
                "name": "name",
                "values": [
                  "ubuntu/images/hvm-ssd-gp3/ubuntu-noble-24.04-arm64-server-*"
                ]
              },
              {
                "name": "virtualization-type",
                "values": [
                  "hvm"
                ]
              }
            ],
            "hypervisor": "xen",
            "id": "ami-0071c8c431eea0edb",
            "image_id": "ami-0071c8c431eea0edb",
            "image_location": "amazon/ubuntu/images/hvm-ssd-gp3/ubuntu-noble-24.04-arm64-server-20251212",
            "image_owner_alias": "amazon",
            "image_type": "machine",
            "imds_support": "v2.0",
            "include_deprecated": false,
            "kernel_id": "",
            "last_launched_time": "",
            "most_recent": true,
            "name": "ubuntu/images/hvm-ssd-gp3/ubuntu-noble-24.04-arm64-server-20251212",
            "name_regex": null,
            "owner_id": "099720109477",
            "owners": [
              "099720109477"
            ],
            "platform": "",
            "platform_details": "Linux/UNIX",
            "product_codes": [],
            "public": true,
            "ramdisk_id": "",
            "root_device_name": "/dev/sda1",
            "root_device_type": "ebs",
            "root_snapshot_id": "snap-096f286f36332e08d",
            "sriov_net_support": "simple",
            "state": "available",
            "state_reason": {
              "code": "UNSET",
              "message": "UNSET"
            },
            "tags": {},
            "timeouts": null,
            "tpm_support": "",
            "uefi_data": null,
            "usage_operation": "RunInstances",
            "virtualization_type": "hvm"
          },
          "sensitive_attributes": []
        }
      ]
    },
    {
      "mode": "data",
      "type": "aws_availability_zones",
      "name": "available",
      "provider": "provider[\"registry.terraform.io/hashicorp/aws\"]",
      "instances": [
        {
          "schema_version": 0,
          "attributes": {
            "all_availability_zones": null,
            "exclude_names": null,
            "exclude_zone_ids": null,
            "filter": null,
            "group_names": [
              "us-east-1-zg-1"
            ],
            "id": "us-east-1",
            "names": [
              "us-east-1a",
              "us-east-1b",
              "us-east-1c",
              "us-east-1d",
              "us-east-1e",
              "us-east-1f"
            ],
            "state": "available",
            "timeouts": null,
            "zone_ids": [
              "use1-az1",
              "use1-az2",
              "use1-az4",
              "use1-az6",
              "use1-az3",
              "use1-az5"
            ]
          },
          "sensitive_attributes": []
        }
      ]
    },
    {
      "mode": "managed",
      "type": "aws_cloudwatch_event_rule",
      "name": "spot_restart",
      "provider": "provider[\"registry.terraform.io/hashicorp/aws\"]",
      "instances": [
        {
          "index_key": 0,
          "schema_version": 1,
          "attributes": {
            "arn": "arn:aws:events:us-east-1:IMLADRIS_ACCOUNT_ID:rule/devbox-spot-restart",
            "description": "Trigger restart when devbox instance is stopped (spot interruption)",
            "event_bus_name": "default",
            "event_pattern": "{\"detail\":{\"instance-id\":[\"i-0bbe4ff5d1ba4a949\"],\"state\":[\"stopped\"]},\"detail-type\":[\"EC2 Instance State-change Notification\"],\"source\":[\"aws.ec2\"]}",
            "force_destroy": false,
            "id": "devbox-spot-restart",
            "is_enabled": true,
            "name": "devbox-spot-restart",
            "name_prefix": "",
            "role_arn": "",
            "schedule_expression": "",
            "state": "ENABLED",
            "tags": null,
            "tags_all": {
              "Environment": "dev",
              "ManagedBy": "terraform",
              "Project": "aws-devbox"
            }
          },
          "sensitive_attributes": [],
          "private": "eyJzY2hlbWFfdmVyc2lvbiI6IjEifQ==",
          "dependencies": [
            "aws_instance.devbox",
            "aws_security_group.devbox",
            "aws_sns_topic.devbox",
            "aws_subnet.devbox",
            "aws_vpc.devbox",
            "data.aws_ami.ubuntu",
            "data.aws_availability_zones.available"
          ]
        }
      ]
    },
    {
      "mode": "managed",
      "type": "aws_cloudwatch_event_target",
      "name": "spot_restart",
      "provider": "provider[\"registry.terraform.io/hashicorp/aws\"]",
      "instances": [
        {
          "index_key": 0,
          "schema_version": 1,
          "attributes": {
            "appsync_target": [],
            "arn": "arn:aws:lambda:us-east-1:IMLADRIS_ACCOUNT_ID:function:devbox-spot-restart",
            "batch_target": [],
            "dead_letter_config": [],
            "ecs_target": [],
            "event_bus_name": "default",
            "force_destroy": false,
            "http_target": [],
            "id": "devbox-spot-restart-devbox-spot-restart",
            "input": "",
            "input_path": "",
            "input_transformer": [],
            "kinesis_target": [],
            "redshift_target": [],
            "retry_policy": [],
            "role_arn": "",
            "rule": "devbox-spot-restart",
            "run_command_targets": [],
            "sagemaker_pipeline_target": [],
            "sqs_target": [],
            "target_id": "devbox-spot-restart"
          },
          "sensitive_attributes": [],
          "private": "eyJzY2hlbWFfdmVyc2lvbiI6IjEifQ==",
          "dependencies": [
            "aws_cloudwatch_event_rule.spot_restart",
            "aws_iam_role.spot_restart",
            "aws_instance.devbox",
            "aws_lambda_function.spot_restart",
            "aws_security_group.devbox",
            "aws_sns_topic.devbox",
            "aws_subnet.devbox",
            "aws_vpc.devbox",
            "data.archive_file.spot_restart",
            "data.aws_ami.ubuntu",
            "data.aws_availability_zones.available"
          ]
        }
      ]
    },
    {
      "mode": "managed",
      "type": "aws_dlm_lifecycle_policy",
      "name": "devbox",
      "provider": "provider[\"registry.terraform.io/hashicorp/aws\"]",
      "instances": [
        {
          "schema_version": 0,
          "attributes": {
            "arn": "arn:aws:dlm:us-east-1:IMLADRIS_ACCOUNT_ID:policy/policy-0f6b457d5adde9911",
            "description": "Hourly snapshots for devbox volume",
            "execution_role_arn": "arn:aws:iam::IMLADRIS_ACCOUNT_ID:role/devbox-dlm-role",
            "id": "policy-0f6b457d5adde9911",
            "policy_details": [
              {
                "action": [],
                "event_source": [],
                "parameters": [],
                "policy_type": "EBS_SNAPSHOT_MANAGEMENT",
                "resource_locations": [
                  "CLOUD"
                ],
                "resource_types": [
                  "VOLUME"
                ],
                "schedule": [
                  {
                    "copy_tags": true,
                    "create_rule": [
                      {
                        "cron_expression": "",
                        "interval": 1,
                        "interval_unit": "HOURS",
                        "location": "CLOUD",
                        "times": [
                          "07:26"
                        ]
                      }
                    ],
                    "cross_region_copy_rule": [],
                    "deprecate_rule": [],
                    "fast_restore_rule": [],
                    "name": "Hourly snapshots",
                    "retain_rule": [
                      {
                        "count": 10,
                        "interval": 0,
                        "interval_unit": ""
                      }
                    ],
                    "share_rule": [],
                    "tags_to_add": {
                      "Project": "aws-devbox",
                      "SnapshotCreator": "DLM"
                    },
                    "variable_tags": null
                  }
                ],
                "target_tags": {
                  "Backup": "daily"
                }
              }
            ],
            "state": "ENABLED",
            "tags": {
              "Name": "devbox-dlm-policy"
            },
            "tags_all": {
              "Environment": "dev",
              "ManagedBy": "terraform",
              "Name": "devbox-dlm-policy",
              "Project": "aws-devbox"
            }
          },
          "sensitive_attributes": [],
          "private": "bnVsbA==",
          "dependencies": [
            "aws_iam_role.dlm"
          ]
        }
      ]
    },
    {
      "mode": "managed",
      "type": "aws_ebs_volume",
      "name": "data",
      "provider": "provider[\"registry.terraform.io/hashicorp/aws\"]",
      "instances": [
        {
          "schema_version": 0,
          "attributes": {
            "arn": "arn:aws:ec2:us-east-1:IMLADRIS_ACCOUNT_ID:volume/vol-0cfd57c9492a3779c",
            "availability_zone": "us-east-1a",
            "create_time": "2026-01-10T03:01:44Z",
            "encrypted": true,
            "final_snapshot": false,
            "id": "vol-0cfd57c9492a3779c",
            "iops": 3000,
            "kms_key_id": "arn:aws:kms:us-east-1:IMLADRIS_ACCOUNT_ID:key/3651efa1-e0b7-42c7-bd0b-618c8ea7c4f8",
            "multi_attach_enabled": false,
            "outpost_arn": "",
            "size": 100,
            "snapshot_id": "",
            "tags": {
              "Backup": "daily",
              "Name": "devbox-data"
            },
            "tags_all": {
              "Backup": "daily",
              "Environment": "dev",
              "ManagedBy": "terraform",
              "Name": "devbox-data",
              "Project": "aws-devbox"
            },
            "throughput": 250,
            "timeouts": null,
            "type": "gp3"
          },
          "sensitive_attributes": [],
          "private": "eyJlMmJmYjczMC1lY2FhLTExZTYtOGY4OC0zNDM2M2JjN2M0YzAiOnsiY3JlYXRlIjozMDAwMDAwMDAwMDAsImRlbGV0ZSI6NjAwMDAwMDAwMDAwLCJ1cGRhdGUiOjMwMDAwMDAwMDAwMH19",
          "dependencies": [
            "data.aws_availability_zones.available"
          ]
        }
      ]
    },
    {
      "mode": "managed",
      "type": "aws_iam_role",
      "name": "dlm",
      "provider": "provider[\"registry.terraform.io/hashicorp/aws\"]",
      "instances": [
        {
          "schema_version": 0,
          "attributes": {
            "arn": "arn:aws:iam::IMLADRIS_ACCOUNT_ID:role/devbox-dlm-role",
            "assume_role_policy": "{\"Statement\":[{\"Action\":\"sts:AssumeRole\",\"Effect\":\"Allow\",\"Principal\":{\"Service\":\"dlm.amazonaws.com\"}}],\"Version\":\"2012-10-17\"}",
            "create_date": "2026-01-10T03:01:44Z",
            "description": "",
            "force_detach_policies": false,
            "id": "devbox-dlm-role",
            "inline_policy": [],
            "managed_policy_arns": [],
            "max_session_duration": 3600,
            "name": "devbox-dlm-role",
            "name_prefix": "",
            "path": "/",
            "permissions_boundary": "",
            "tags": null,
            "tags_all": {
              "Environment": "dev",
              "ManagedBy": "terraform",
              "Project": "aws-devbox"
            },
            "unique_id": "AROA3FL3YJIDNOMJCDPN6"
          },
          "sensitive_attributes": [],
          "private": "bnVsbA=="
        }
      ]
    },
    {
      "mode": "managed",
      "type": "aws_iam_role",
      "name": "spot_restart",
      "provider": "provider[\"registry.terraform.io/hashicorp/aws\"]",
      "instances": [
        {
          "index_key": 0,
          "schema_version": 0,
          "attributes": {
            "arn": "arn:aws:iam::IMLADRIS_ACCOUNT_ID:role/devbox-spot-restart-role",
            "assume_role_policy": "{\"Statement\":[{\"Action\":\"sts:AssumeRole\",\"Effect\":\"Allow\",\"Principal\":{\"Service\":\"lambda.amazonaws.com\"}}],\"Version\":\"2012-10-17\"}",
            "create_date": "2026-01-10T03:01:44Z",
            "description": "",
            "force_detach_policies": false,
            "id": "devbox-spot-restart-role",
            "inline_policy": [],
            "managed_policy_arns": [],
            "max_session_duration": 3600,
            "name": "devbox-spot-restart-role",
            "name_prefix": "",
            "path": "/",
            "permissions_boundary": "",
            "tags": null,
            "tags_all": {
              "Environment": "dev",
              "ManagedBy": "terraform",
              "Project": "aws-devbox"
            },
            "unique_id": "AROA3FL3YJIDIRWMROF6L"
          },
          "sensitive_attributes": [],
          "private": "bnVsbA=="
        }
      ]
    },
    {
      "mode": "managed",
      "type": "aws_iam_role_policy",
      "name": "spot_restart",
      "provider": "provider[\"registry.terraform.io/hashicorp/aws\"]",
      "instances": [
        {
          "index_key": 0,
          "schema_version": 0,
          "attributes": {
            "id": "devbox-spot-restart-role:devbox-spot-restart-policy",
            "name": "devbox-spot-restart-policy",
            "name_prefix": "",
            "policy": "{\"Version\":\"2012-10-17\",\"Statement\":[{\"Action\":[\"ec2:StartInstances\",\"ec2:DescribeInstances\"],\"Condition\":{\"StringEquals\":{\"ec2:ResourceTag/Name\":\"aws-dev-box\"}},\"Effect\":\"Allow\",\"Resource\":\"*\"},{\"Action\":\"ec2:DescribeInstances\",\"Effect\":\"Allow\",\"Resource\":\"*\"},{\"Action\":[\"logs:CreateLogGroup\",\"logs:CreateLogStream\",\"logs:PutLogEvents\"],\"Effect\":\"Allow\",\"Resource\":\"arn:aws:logs:*:*:*\"},{\"Action\":\"sns:Publish\",\"Effect\":\"Allow\",\"Resource\":\"*\"}]}",
            "role": "devbox-spot-restart-role"
          },
          "sensitive_attributes": [],
          "private": "bnVsbA==",
          "dependencies": [
            "aws_iam_role.spot_restart",
            "aws_sns_topic.devbox"
          ]
        }
      ]
    },
    {
      "mode": "managed",
      "type": "aws_iam_role_policy_attachment",
      "name": "dlm",
      "provider": "provider[\"registry.terraform.io/hashicorp/aws\"]",
      "instances": [
        {
          "schema_version": 0,
          "attributes": {
            "id": "devbox-dlm-role-20260110030143717300000002",
            "policy_arn": "arn:aws:iam::aws:policy/service-role/AWSDataLifecycleManagerServiceRole",
            "role": "devbox-dlm-role"
          },
          "sensitive_attributes": [],
          "private": "bnVsbA==",
          "dependencies": [
            "aws_iam_role.dlm"
          ]
        }
      ]
    },
    {
      "mode": "managed",
      "type": "aws_instance",
      "name": "devbox",
      "provider": "provider[\"registry.terraform.io/hashicorp/aws\"]",
      "instances": [
        {
          "schema_version": 1,
          "attributes": {
            "ami": "ami-0071c8c431eea0edb",
            "arn": "arn:aws:ec2:us-east-1:IMLADRIS_ACCOUNT_ID:instance/i-0bbe4ff5d1ba4a949",
            "associate_public_ip_address": true,
            "availability_zone": "us-east-1a",
            "capacity_reservation_specification": [
              {
                "capacity_reservation_preference": "open",
                "capacity_reservation_target": []
              }
            ],
            "cpu_core_count": 4,
            "cpu_options": [
              {
                "amd_sev_snp": "",
                "core_count": 4,
                "threads_per_core": 1
              }
            ],
            "cpu_threads_per_core": 1,
            "credit_specification": [],
            "disable_api_stop": false,
            "disable_api_termination": false,
            "ebs_block_device": [],
            "ebs_optimized": false,
            "enable_primary_ipv6": null,
            "enclave_options": [
              {
                "enabled": false
              }
            ],
            "ephemeral_block_device": [],
            "get_password_data": false,
            "hibernation": false,
            "host_id": "",
            "host_resource_group_arn": null,
            "iam_instance_profile": "",
            "id": "i-0bbe4ff5d1ba4a949",
            "instance_initiated_shutdown_behavior": "stop",
            "instance_lifecycle": "spot",
            "instance_market_options": [
              {
                "market_type": "spot",
                "spot_options": [
                  {
                    "instance_interruption_behavior": "stop",
                    "max_price": "0.154000",
                    "spot_instance_type": "persistent",
                    "valid_until": ""
                  }
                ]
              }
            ],
            "instance_state": "running",
            "instance_type": "m6g.xlarge",
            "ipv6_address_count": 0,
            "ipv6_addresses": [],
            "key_name": "",
            "launch_template": [],
            "maintenance_options": [
              {
                "auto_recovery": "default"
              }
            ],
            "metadata_options": [
              {
                "http_endpoint": "enabled",
                "http_protocol_ipv6": "disabled",
                "http_put_response_hop_limit": 2,
                "http_tokens": "required",
                "instance_metadata_tags": "disabled"
              }
            ],
            "monitoring": false,
            "network_interface": [],
            "outpost_arn": "",
            "password_data": "",
            "placement_group": "",
            "placement_partition_number": 0,
            "primary_network_interface_id": "eni-0ce7552644bddbe1a",
            "private_dns": "ip-10-0-1-254.ec2.internal",
            "private_dns_name_options": [
              {
                "enable_resource_name_dns_a_record": false,
                "enable_resource_name_dns_aaaa_record": false,
                "hostname_type": "ip-name"
              }
            ],
            "private_ip": "10.0.1.254",
            "public_dns": "ec2-3-237-98-81.compute-1.amazonaws.com",
            "public_ip": "3.237.98.81",
            "root_block_device": [
              {
                "delete_on_termination": true,
                "device_name": "/dev/sda1",
                "encrypted": true,
                "iops": 3000,
                "kms_key_id": "arn:aws:kms:us-east-1:IMLADRIS_ACCOUNT_ID:key/3651efa1-e0b7-42c7-bd0b-618c8ea7c4f8",
                "tags": {
                  "Backup": "false",
                  "Name": "devbox-root"
                },
                "tags_all": {
                  "Backup": "false",
                  "Environment": "dev",
                  "ManagedBy": "terraform",
                  "Name": "devbox-root",
                  "Project": "aws-devbox"
                },
                "throughput": 250,
                "volume_id": "vol-0f7127ed47e4518dd",
                "volume_size": 50,
                "volume_type": "gp3"
              }
            ],
            "secondary_private_ips": [],
            "security_groups": [],
            "source_dest_check": true,
            "spot_instance_request_id": "sir-kzazbnnq",
            "subnet_id": "subnet-04e4e832648855aee",
            "tags": {
              "Name": "aws-dev-box"
            },
            "tags_all": {
              "Environment": "dev",
              "ManagedBy": "terraform",
              "Name": "aws-dev-box",
              "Project": "aws-devbox"
            },
            "tenancy": "default",
            "timeouts": null,
            "user_data": null,
            "user_data_base64": "H4sIAAAAAAAA/7Q67XbbNpb/+RQ3tDqWpoU49iY5WSXKjmPJjSaO7UrKtHuSLA9MXomoSYABQEvKOPsC+3N/9M8+3T7JHgAkRX0kdXcS9/Q4BO69uN8fgA8eBNeMB9dUJd4BDPD2hVjCtRBaaUlzUJFkuQYCF2wJ30MiMiQZ5XSOEjBmmgnuHcBkpTRmJMVbTEGhLnIQPF09hUKhhJxGN3SOChxiDNerDULegXcAU5SSzoTMQGOWp1Qj3FLJ6HWKqucdgEowTaMEoxuImTLL/cnp8dGjh56HS4zgOTxva0QIbqkMUjEPzNEkppp2UzGHO0jF3DBNNNQ7QBQcPw9ivA0iwZVIsQPHz/905HmnL4enr64uRxfT8Gx0Puz7u2RJLsVcolK+d3YyOh8Owsl0eDXp+77nHUD/a/54B/AS0xwlnBU8MjpXX/0ILxXzdgf+ARglAvy3rXZsbHD4/Xcve9+97n03Oey8h9af/afwyYCGqogiVMqiGAX7//s//93cRymFbO7+toF9w/LG5m//Ba0/Q9us5hh3LJinNOZhLDhawLnEHMgH8P+jddTywW9tmcivLMmLNDX4GZU3a3QnVevIh+fP9yDbA2XBQ3OoQfAAAFIR0RQsH5xm2Lf4MbqYYIL3/daxbyFVwmYaju2/2Qxq1sFv1ej+U9AJcgvjqDs9gN9q0PTrfYm6kBz+YhdmrORoDv5EU6kZn/dgF5HNwG/9dfuoWhcb/Gxy4uy5jxlMFW7AWttuQkIbl0xDJGLsQevfOmvim8HRan7CPmZKsY8qsT99i3ByCQsmNlW1pRDaJa8fIKL8UMM1AuMbSarz9SPOJspQWVZqn0uE0kYhkbaZlFTf4NOFIjHekmuxdNrSLEMTpBWo+f5ojXySoWQRDQbIb1H6ngU/gBGPJFJlZBOazVawoDpKUMFMSJixFMsFqZzdbczMVLcE72Z0GZr8F5Z4/UfHD4+fPLExFaCOArVSkU67keAzFxb2G0hecfCacZaZmHL6rytD+9dCaVgkVB8q4IgxxpYpU3XqYtSxRGiuyRw1FLmR3S4Nhi9GJxfh2fjyYjq8GPS54IxrlDTS7BZrDMaVpmkKZAXvaneLCpnC3LiuXOXa1a6IkgilZjMWUY0K5rzI55UIJ4UWxB3uFKcwKiTTqw3uGmcVnGqNPMaYFPlc0hiVBUuZ0lFC+RyduiOqodQjzbX53yqyGweP/rKPxrNnh8PLs0PvzXrvjdvr9U7SVCwwJpeSzRlXpW/5xXXBddHj4jpFUvHtP/U+Pd1PpdDijC1HRpeyyDXGg/xmDr6WBfr7UcaYiVskb3ihMCYDzM0+jxiqL6KZkzKqWUTGaOwN/oymykAPL89MCnCxEovoBmUdK2wGkcgyymMgt+A24U/NMrCdcMEfOCiaSqTxqrITxl/Ou9ZLyExNziHROle9IJij7roju5HI4A5UYkFNgGQiBkJ/rFhyav+cfzggEoksFwpJnhZzxtcya8pSFdEUm2I/aApeQ3xB9j0C1GiG/6BkqKuStSgzVjn9aYqUg2nr0hhivGVR6bRWp3aX8XkFMK0ZKkG73a7T7+X5IBwM/z46HU76rbZjSgEpwNfqBleE5ozcKHH05OFyKs6Pjk4vpuNz8uuxWh1Pj8bL19H86sPN37Lp/Jefoh/zK/y5+PAv6see3whov5KP5qy7KSPNWXB7bAXnqAMSlOw10e/g1w9AJBx2y823741CMMVIt7t1Nr4DZaqwWjCdtP0Yb01W7nTgDrosPmz2InB3B8bzO06XJmM4DYSjgSkyrYZOnkIsttwVUzS1vtRkD1o1sr9lXAXkFxgMz4fT4dfV6P206hgMGvxVkltCpvtwGli7a5EDIbTQCbnBVb/k137qs1cXp//+6tWTiuHj4fii+Gk+fP3LePpEDz6eL+TNm/H5T5Pkb4/PlsWbV0DqUtl35gBClErWgaRyocOE8jhtpBDX4k1Ox6Or6SR8cTIZ9mtRJV1050wnxbWJ6UhwjVxbkWMa0VyQlF6rwJwaZFRplIFrh1RdcAdiwVNBYzBnA6vyqOmXSka2s4vfavISGDzSxCMlXlclPhABQaHMXBLR1I5xn4U3tvjHpmudSqTWta6pYpFjsYRuuJYrSvc95dmzw5cnF4Pz4fjQa06Wi8R0F8YZahc3ybvy2wyObVrqBcHR43/tHj962C1/B2YSNApGTe3YZQ932YpHSKgdh76Q+BYmy/qTq8spjC6mw/H4zdV0dHnRg1FJAhYsTU3Dp1FmjFONMSgh+IO1ElSKmMPR8UZJcIuPPOvYpdB245OzaWKKwPfLe+vO224CXI8Ul7+/5AooTegZ5U+GYxN9h97bN5zp996gMawMT49hYoxcSz5qOuTLko2TmUbZ56gXQt50NZVz1J73duIOee9NVzn2FcvyFL3hEiM7jfTvLeUYbeLs03RBV6r6nGDUf+QN+S2TgmfIdd+fXEzC6eXV6DQ8GV/0fc97O3Il6r33M+Ua4xerflakmhETnRWjpQK8qv3UmJkONKaYCU4kmmjc2kNOr1MEQrhYwOcZ/yZziOlvS7FoeZfydY8ocx9ny2b78BZIDAFnS3i/r0cyXP2BBqlMdhPU8PLy9dCWOEO7QpXQlvihYBJjWCTIQRbctgtUgRm9XF+Py1xIR6EfmOX11OJapQtLEtY2h0zE2Eig69aGs6VQXSHn5l9Va2P7GptuCBDiPAIIWaGqTho6T5il9KZsb7KbmEkguYtIzpbbQWroc7a0nboJwIvRL6eXF2eHHi5zlMy4Mk3JDKkuJCroG8WQqncrDypxKi7KkLCQJZdaQM6iG1MwzUFsvuXCcgdlXfbMEBuWQ2ztAwcwEYWM0Nopl8IMf3aja93C3naZ3+WWCmKc0SLVVuZysRsH6/O6Kln3imYG1QnaWRYk5qJRasfDq8twMBr3/cBwFrjeODBQKnDVdm+J9de++8B4r9+qKPk7TqyKWJgWyNFeG9FvtWMm3TS9Rm/cVWwh2rHQSlM3/Z9n0LQKTbJb0THkqpBYURYLriCiUYIQM4mRFtKMSO1G2EBGV5DQWwQztJuqpBPMNmPmc4JuqLZrz7HRvrnu0rVKqMS1aydiwYGMS5K9kvIegvuI1X0PumKKQGWUMI2RcX93zWB8HspsvXaLl69DEwOjH/vlkNqwt99qF9ZoJOv40Ad/+eRx+Pjhrt13iJDlk8fbhhgXmxc7RqOllDaptE1LD6LQeaFN4KVi3lmPOuMydW1QMFNAlFjxWjUP9cwTNZ3VKNrfZzvTJgGJYO2M/0wo1u1bDBtH1xvGG+S2JgipRCHE2al7sBbIXY3bYWCnm6yuBPeqhbIU4x9cn8URY8goL2hqzv/Mtd+nb1Nty9eNievSoS0KrViMIGa2uBBrwfM3rybBi58nIHKUtiirb3b35waVsBwbmtm5ZJFKexG5nWtsUoU2F+4x41BBjlIJbpSKueh889Fmf6a5Zrzy+J317YmonNGcr5gyWT41qd+ZiBweYZzpagZqLN0P2T4jbWHbtfuhm2orJG4RKFd/h8T1Qm3wXn3/3hyISplmVK14RKzvVAR2d7zN+aOhnQ1Zt/iuOdlH8b6VoWHoiaMChkrZqcT1094fkPav1Xjjxt19g9E+6C/2/+srgQTTtBl2qOGjSkxJKLOse3e0iaEUuC14ujKFyQDikimtmvH2USVhTnWy1d90TX4us7WdkD6qpIwl148vwW9VuLuV7QBO4thUI6cAw5MyiCYD5BIVcl3Dli9ly7MNik3Eu7vqPWy9X1/hW5B1AUlcz9wEbVxn1nVxYtWk0JZMU1w+qqQHa6TyIWnzxtZo8AtXlvXR7UXCosSAd+5xevm24Bhoou4+Zh3AKzPE29pLFcxoml7TMg3UxA2XRs8zUfD4B7hBzMtbE4tkFeY3Xquca2VCx7VnNQYGs24GhdeX08GhcYAwDENo/pgFD+4AQnjnvsx+eAdhCJ16wcHY/wIL+Q4CCBxSuRBAYGHCO0stDN7B3yEwCx24g3bYgecAzzy4MxQDeBeG4R28C4PmQhAG78J3ngev67f73p6/BfDg1M4lPSvBf/5+O29bGs+gWW9QPc++fe12DwBwkufpqhx8oPFi0sxs658RZ5rRlH1EW8rhVqRFhg14l/3qn5dIU52Ay/+eMcu3aT5eU8ZhuMSo+DaDfkYZb1xrzsG/P7a/Rip7pBf1X4C0jbWH7k89Og3Ak0Zn3wMqs8cPG7svy7vYHuw8W/5h3tytsSiiZM/Lvdutnu7Bd9HvV9b1y5deG5R+w02aj69bJNyDzJrEYPN7i4SD3iJR33E7LH+6+b1FoobelqVxY+0bWbZvkf0NWRrQW4TM0NE41b9Yj5m0QQfqy6It/OYdgmFkM1DXqt29cdhW7UbD69fuVi9sqnYDels5Nu+uZRo0C7a/Y2izukXBpOIGoH8u5oxDhkrROe5QMNDe/z+4XJXnsPkXELuV3l3NiyxP0cz8dhg1E1QhUfU2cXfrmUVeh25UknngNy+u/zD7n1xysX9Y4v0fAAAA//8BAAD//zhPAi8wJgAA",
            "user_data_replace_on_change": false,
            "volume_tags": null,
            "vpc_security_group_ids": [
              "sg-080e3098634b7f778"
            ]
          },
          "sensitive_attributes": [
            [
              {
                "type": "get_attr",
                "value": "user_data_base64"
              }
            ]
          ],
          "private": "eyJlMmJmYjczMC1lY2FhLTExZTYtOGY4OC0zNDM2M2JjN2M0YzAiOnsiY3JlYXRlIjo2MDAwMDAwMDAwMDAsImRlbGV0ZSI6MTIwMDAwMDAwMDAwMCwicmVhZCI6OTAwMDAwMDAwMDAwLCJ1cGRhdGUiOjYwMDAwMDAwMDAwMH0sInNjaGVtYV92ZXJzaW9uIjoiMSJ9",
          "dependencies": [
            "aws_security_group.devbox",
            "aws_sns_topic.devbox",
            "aws_subnet.devbox",
            "aws_vpc.devbox",
            "data.aws_ami.ubuntu",
            "data.aws_availability_zones.available"
          ]
        }
      ]
    },
    {
      "mode": "managed",
      "type": "aws_internet_gateway",
      "name": "devbox",
      "provider": "provider[\"registry.terraform.io/hashicorp/aws\"]",
      "instances": [
        {
          "schema_version": 0,
          "attributes": {
            "arn": "arn:aws:ec2:us-east-1:IMLADRIS_ACCOUNT_ID:internet-gateway/igw-083148a6a3ad30a66",
            "id": "igw-083148a6a3ad30a66",
            "owner_id": "IMLADRIS_ACCOUNT_ID",
            "tags": {
              "Name": "devbox-igw"
            },
            "tags_all": {
              "Environment": "dev",
              "ManagedBy": "terraform",
              "Name": "devbox-igw",
              "Project": "aws-devbox"
            },
            "timeouts": null,
            "vpc_id": "vpc-0af0ff52168ced801"
          },
          "sensitive_attributes": [],
          "private": "eyJlMmJmYjczMC1lY2FhLTExZTYtOGY4OC0zNDM2M2JjN2M0YzAiOnsiY3JlYXRlIjoxMjAwMDAwMDAwMDAwLCJkZWxldGUiOjEyMDAwMDAwMDAwMDAsInVwZGF0ZSI6MTIwMDAwMDAwMDAwMH19",
          "dependencies": [
            "aws_vpc.devbox"
          ]
        }
      ]
    },
    {
      "mode": "managed",
      "type": "aws_lambda_function",
      "name": "spot_restart",
      "provider": "provider[\"registry.terraform.io/hashicorp/aws\"]",
      "instances": [
        {
          "index_key": 0,
          "schema_version": 0,
          "attributes": {
            "architectures": [
              "x86_64"
            ],
            "arn": "arn:aws:lambda:us-east-1:IMLADRIS_ACCOUNT_ID:function:devbox-spot-restart",
            "code_sha256": "dQja6yxOZJym76JyB2eXNrlUh4AwmNNm8JhOMId/HEA=",
            "code_signing_config_arn": "",
            "dead_letter_config": [],
            "description": "",
            "environment": [
              {
                "variables": {
                  "INSTANCE_ID": "i-0bbe4ff5d1ba4a949",
                  "MAX_ATTEMPTS": "5",
                  "SNS_TOPIC_ARN": ""
                }
              }
            ],
            "ephemeral_storage": [
              {
                "size": 512
              }
            ],
            "file_system_config": [],
            "filename": "./.terraform/spot_restart.zip",
            "function_name": "devbox-spot-restart",
            "handler": "spot_restart.lambda_handler",
            "id": "devbox-spot-restart",
            "image_config": [],
            "image_uri": "",
            "invoke_arn": "arn:aws:apigateway:us-east-1:lambda:path/2015-03-31/functions/arn:aws:lambda:us-east-1:IMLADRIS_ACCOUNT_ID:function:devbox-spot-restart/invocations",
            "kms_key_arn": "",
            "last_modified": "2026-01-10T03:02:44.785+0000",
            "layers": null,
            "logging_config": [
              {
                "application_log_level": "",
                "log_format": "Text",
                "log_group": "/aws/lambda/devbox-spot-restart",
                "system_log_level": ""
              }
            ],
            "memory_size": 128,
            "package_type": "Zip",
            "publish": false,
            "qualified_arn": "arn:aws:lambda:us-east-1:IMLADRIS_ACCOUNT_ID:function:devbox-spot-restart:$LATEST",
            "qualified_invoke_arn": "arn:aws:apigateway:us-east-1:lambda:path/2015-03-31/functions/arn:aws:lambda:us-east-1:IMLADRIS_ACCOUNT_ID:function:devbox-spot-restart:$LATEST/invocations",
            "replace_security_groups_on_destroy": null,
            "replacement_security_group_ids": null,
            "reserved_concurrent_executions": -1,
            "role": "arn:aws:iam::IMLADRIS_ACCOUNT_ID:role/devbox-spot-restart-role",
            "runtime": "python3.12",
            "s3_bucket": null,
            "s3_key": null,
            "s3_object_version": null,
            "signing_job_arn": "",
            "signing_profile_version_arn": "",
            "skip_destroy": false,
            "snap_start": [],
            "source_code_hash": "dQja6yxOZJym76JyB2eXNrlUh4AwmNNm8JhOMId/HEA=",
            "source_code_size": 1762,
            "tags": {
              "Name": "devbox-spot-restart"
            },
            "tags_all": {
              "Environment": "dev",
              "ManagedBy": "terraform",
              "Name": "devbox-spot-restart",
              "Project": "aws-devbox"
            },
            "timeout": 300,
            "timeouts": null,
            "tracing_config": [
              {
                "mode": "PassThrough"
              }
            ],
            "version": "$LATEST",
            "vpc_config": []
          },
          "sensitive_attributes": [],
          "private": "eyJlMmJmYjczMC1lY2FhLTExZTYtOGY4OC0zNDM2M2JjN2M0YzAiOnsiY3JlYXRlIjo2MDAwMDAwMDAwMDAsImRlbGV0ZSI6NjAwMDAwMDAwMDAwLCJ1cGRhdGUiOjYwMDAwMDAwMDAwMH19",
          "dependencies": [
            "aws_iam_role.spot_restart",
            "aws_instance.devbox",
            "aws_security_group.devbox",
            "aws_sns_topic.devbox",
            "aws_subnet.devbox",
            "aws_vpc.devbox",
            "data.archive_file.spot_restart",
            "data.aws_ami.ubuntu",
            "data.aws_availability_zones.available"
          ]
        }
      ]
    },
    {
      "mode": "managed",
      "type": "aws_lambda_permission",
      "name": "spot_restart",
      "provider": "provider[\"registry.terraform.io/hashicorp/aws\"]",
      "instances": [
        {
          "index_key": 0,
          "schema_version": 0,
          "attributes": {
            "action": "lambda:InvokeFunction",
            "event_source_token": null,
            "function_name": "devbox-spot-restart",
            "function_url_auth_type": null,
            "id": "AllowEventBridge",
            "principal": "events.amazonaws.com",
            "principal_org_id": null,
            "qualifier": "",
            "source_account": null,
            "source_arn": "arn:aws:events:us-east-1:IMLADRIS_ACCOUNT_ID:rule/devbox-spot-restart",
            "statement_id": "AllowEventBridge",
            "statement_id_prefix": ""
          },
          "sensitive_attributes": [],
          "private": "bnVsbA==",
          "dependencies": [
            "aws_cloudwatch_event_rule.spot_restart",
            "aws_iam_role.spot_restart",
            "aws_instance.devbox",
            "aws_lambda_function.spot_restart",
            "aws_security_group.devbox",
            "aws_sns_topic.devbox",
            "aws_subnet.devbox",
            "aws_vpc.devbox",
            "data.archive_file.spot_restart",
            "data.aws_ami.ubuntu",
            "data.aws_availability_zones.available"
          ]
        }
      ]
    },
    {
      "mode": "managed",
      "type": "aws_route_table",
      "name": "devbox",
      "provider": "provider[\"registry.terraform.io/hashicorp/aws\"]",
      "instances": [
        {
          "schema_version": 0,
          "attributes": {
            "arn": "arn:aws:ec2:us-east-1:IMLADRIS_ACCOUNT_ID:route-table/rtb-08b8312c7c4bbde52",
            "id": "rtb-08b8312c7c4bbde52",
            "owner_id": "IMLADRIS_ACCOUNT_ID",
            "propagating_vgws": [],
            "route": [
              {
                "carrier_gateway_id": "",
                "cidr_block": "0.0.0.0/0",
                "core_network_arn": "",
                "destination_prefix_list_id": "",
                "egress_only_gateway_id": "",
                "gateway_id": "igw-083148a6a3ad30a66",
                "ipv6_cidr_block": "",
                "local_gateway_id": "",
                "nat_gateway_id": "",
                "network_interface_id": "",
                "transit_gateway_id": "",
                "vpc_endpoint_id": "",
                "vpc_peering_connection_id": ""
              }
            ],
            "tags": {
              "Name": "devbox-rt"
            },
            "tags_all": {
              "Environment": "dev",
              "ManagedBy": "terraform",
              "Name": "devbox-rt",
              "Project": "aws-devbox"
            },
            "timeouts": null,
            "vpc_id": "vpc-0af0ff52168ced801"
          },
          "sensitive_attributes": [],
          "private": "eyJlMmJmYjczMC1lY2FhLTExZTYtOGY4OC0zNDM2M2JjN2M0YzAiOnsiY3JlYXRlIjozMDAwMDAwMDAwMDAsImRlbGV0ZSI6MzAwMDAwMDAwMDAwLCJ1cGRhdGUiOjEyMDAwMDAwMDAwMH19",
          "dependencies": [
            "aws_internet_gateway.devbox",
            "aws_vpc.devbox"
          ]
        }
      ]
    },
    {
      "mode": "managed",
      "type": "aws_route_table_association",
      "name": "devbox",
      "provider": "provider[\"registry.terraform.io/hashicorp/aws\"]",
      "instances": [
        {
          "schema_version": 0,
          "attributes": {
            "gateway_id": "",
            "id": "rtbassoc-068f0137f03da705b",
            "route_table_id": "rtb-08b8312c7c4bbde52",
            "subnet_id": "subnet-04e4e832648855aee",
            "timeouts": null
          },
          "sensitive_attributes": [],
          "private": "eyJlMmJmYjczMC1lY2FhLTExZTYtOGY4OC0zNDM2M2JjN2M0YzAiOnsiY3JlYXRlIjozMDAwMDAwMDAwMDAsImRlbGV0ZSI6MzAwMDAwMDAwMDAwLCJ1cGRhdGUiOjEyMDAwMDAwMDAwMH19",
          "dependencies": [
            "aws_internet_gateway.devbox",
            "aws_route_table.devbox",
            "aws_subnet.devbox",
            "aws_vpc.devbox",
            "data.aws_availability_zones.available"
          ]
        }
      ]
    },
    {
      "mode": "managed",
      "type": "aws_security_group",
      "name": "devbox",
      "provider": "provider[\"registry.terraform.io/hashicorp/aws\"]",
      "instances": [
        {
          "schema_version": 1,
          "attributes": {
            "arn": "arn:aws:ec2:us-east-1:IMLADRIS_ACCOUNT_ID:security-group/sg-080e3098634b7f778",
            "description": "Security group for devbox instance - no public ingress, Tailscale handles access",
            "egress": [
              {
                "cidr_blocks": [
                  "0.0.0.0/0"
                ],
                "description": "",
                "from_port": 0,
                "ipv6_cidr_blocks": [],
                "prefix_list_ids": [],
                "protocol": "-1",
                "security_groups": [],
                "self": false,
                "to_port": 0
              }
            ],
            "id": "sg-080e3098634b7f778",
            "ingress": [],
            "name": "devbox-sg",
            "name_prefix": "",
            "owner_id": "IMLADRIS_ACCOUNT_ID",
            "revoke_rules_on_delete": false,
            "tags": {
              "Name": "devbox-sg"
            },
            "tags_all": {
              "Environment": "dev",
              "ManagedBy": "terraform",
              "Name": "devbox-sg",
              "Project": "aws-devbox"
            },
            "timeouts": null,
            "vpc_id": "vpc-0af0ff52168ced801"
          },
          "sensitive_attributes": [],
          "private": "eyJlMmJmYjczMC1lY2FhLTExZTYtOGY4OC0zNDM2M2JjN2M0YzAiOnsiY3JlYXRlIjo2MDAwMDAwMDAwMDAsImRlbGV0ZSI6OTAwMDAwMDAwMDAwfSwic2NoZW1hX3ZlcnNpb24iOiIxIn0=",
          "dependencies": [
            "aws_vpc.devbox"
          ]
        }
      ]
    },
    {
      "mode": "managed",
      "type": "aws_subnet",
      "name": "devbox",
      "provider": "provider[\"registry.terraform.io/hashicorp/aws\"]",
      "instances": [
        {
          "schema_version": 1,
          "attributes": {
            "arn": "arn:aws:ec2:us-east-1:IMLADRIS_ACCOUNT_ID:subnet/subnet-04e4e832648855aee",
            "assign_ipv6_address_on_creation": false,
            "availability_zone": "us-east-1a",
            "availability_zone_id": "use1-az1",
            "cidr_block": "10.0.1.0/24",
            "customer_owned_ipv4_pool": "",
            "enable_dns64": false,
            "enable_lni_at_device_index": 0,
            "enable_resource_name_dns_a_record_on_launch": false,
            "enable_resource_name_dns_aaaa_record_on_launch": false,
            "id": "subnet-04e4e832648855aee",
            "ipv6_cidr_block": "",
            "ipv6_cidr_block_association_id": "",
            "ipv6_native": false,
            "map_customer_owned_ip_on_launch": false,
            "map_public_ip_on_launch": true,
            "outpost_arn": "",
            "owner_id": "IMLADRIS_ACCOUNT_ID",
            "private_dns_hostname_type_on_launch": "ip-name",
            "tags": {
              "Name": "devbox-subnet"
            },
            "tags_all": {
              "Environment": "dev",
              "ManagedBy": "terraform",
              "Name": "devbox-subnet",
              "Project": "aws-devbox"
            },
            "timeouts": null,
            "vpc_id": "vpc-0af0ff52168ced801"
          },
          "sensitive_attributes": [],
          "private": "eyJlMmJmYjczMC1lY2FhLTExZTYtOGY4OC0zNDM2M2JjN2M0YzAiOnsiY3JlYXRlIjo2MDAwMDAwMDAwMDAsImRlbGV0ZSI6MTIwMDAwMDAwMDAwMH0sInNjaGVtYV92ZXJzaW9uIjoiMSJ9",
          "dependencies": [
            "aws_vpc.devbox",
            "data.aws_availability_zones.available"
          ]
        }
      ]
    },
    {
      "mode": "managed",
      "type": "aws_volume_attachment",
      "name": "data",
      "provider": "provider[\"registry.terraform.io/hashicorp/aws\"]",
      "instances": [
        {
          "schema_version": 0,
          "attributes": {
            "device_name": "/dev/sdf",
            "force_detach": null,
            "id": "vai-1338110176",
            "instance_id": "i-0bbe4ff5d1ba4a949",
            "skip_destroy": null,
            "stop_instance_before_detaching": null,
            "timeouts": null,
            "volume_id": "vol-0cfd57c9492a3779c"
          },
          "sensitive_attributes": [],
          "private": "eyJlMmJmYjczMC1lY2FhLTExZTYtOGY4OC0zNDM2M2JjN2M0YzAiOnsiY3JlYXRlIjozMDAwMDAwMDAwMDAsImRlbGV0ZSI6MzAwMDAwMDAwMDAwfX0=",
          "dependencies": [
            "aws_ebs_volume.data",
            "aws_instance.devbox",
            "aws_security_group.devbox",
            "aws_sns_topic.devbox",
            "aws_subnet.devbox",
            "aws_vpc.devbox",
            "data.aws_ami.ubuntu",
            "data.aws_availability_zones.available"
          ]
        }
      ]
    },
    {
      "mode": "managed",
      "type": "aws_vpc",
      "name": "devbox",
      "provider": "provider[\"registry.terraform.io/hashicorp/aws\"]",
      "instances": [
        {
          "schema_version": 1,
          "attributes": {
            "arn": "arn:aws:ec2:us-east-1:IMLADRIS_ACCOUNT_ID:vpc/vpc-0af0ff52168ced801",
            "assign_generated_ipv6_cidr_block": false,
            "cidr_block": "10.0.0.0/16",
            "default_network_acl_id": "acl-0819687b5d828968d",
            "default_route_table_id": "rtb-033fb0edc7479a056",
            "default_security_group_id": "sg-061765345ad3f098b",
            "dhcp_options_id": "dopt-037ca9a336b984d3f",
            "enable_dns_hostnames": true,
            "enable_dns_support": true,
            "enable_network_address_usage_metrics": false,
            "id": "vpc-0af0ff52168ced801",
            "instance_tenancy": "default",
            "ipv4_ipam_pool_id": null,
            "ipv4_netmask_length": null,
            "ipv6_association_id": "",
            "ipv6_cidr_block": "",
            "ipv6_cidr_block_network_border_group": "",
            "ipv6_ipam_pool_id": "",
            "ipv6_netmask_length": 0,
            "main_route_table_id": "rtb-033fb0edc7479a056",
            "owner_id": "IMLADRIS_ACCOUNT_ID",
            "tags": {
              "Name": "devbox-vpc"
            },
            "tags_all": {
              "Environment": "dev",
              "ManagedBy": "terraform",
              "Name": "devbox-vpc",
              "Project": "aws-devbox"
            }
          },
          "sensitive_attributes": [],
          "private": "eyJzY2hlbWFfdmVyc2lvbiI6IjEifQ=="
        }
      ]
    }
  ],
  "check_results": [
    {
      "object_kind": "var",
      "config_addr": "var.architecture",
      "status": "pass",
      "objects": [
        {
          "object_addr": "var.architecture",
          "status": "pass"
        }
      ]
    },
    {
      "object_kind": "var",
      "config_addr": "var.instance_type",
      "status": "pass",
      "objects": [
        {
          "object_addr": "var.instance_type",
          "status": "pass"
        }
      ]
    }
  ]
}
