{
  "version": 4,
  "terraform_version": "1.9.8",
  "serial": 483,
  "lineage": "33d684a1-7a0c-ad3b-abd1-5f6ef672f5d2",
  "outputs": {
    "ami_id": {
      "value": "ami-0071c8c431eea0edb",
      "type": "string"
    },
    "ami_name": {
      "value": "ubuntu/images/hvm-ssd-gp3/ubuntu-noble-24.04-arm64-server-20251212",
      "type": "string"
    },
    "instance_id": {
      "value": "i-04cb7854a14e08d0b",
      "type": "string"
    },
    "instance_type": {
      "value": "t4g.large",
      "type": "string"
    },
    "public_ip": {
      "value": "13.219.254.189",
      "type": "string"
    },
    "ssh_command": {
      "value": "ssh imladris",
      "type": "string"
    },
    "tailscale_hostname": {
      "value": "imladris",
      "type": "string"
    },
    "volumes": {
      "value": {
        "data": "100GB (LUKS encrypted /data)",
        "root": "50GB (OS, tools)"
      },
      "type": [
        "object",
        {
          "data": "string",
          "root": "string"
        }
      ]
    }
  },
  "resources": [
    {
      "mode": "data",
      "type": "aws_ami",
      "name": "ubuntu",
      "provider": "provider[\"registry.terraform.io/hashicorp/aws\"]",
      "instances": [
        {
          "schema_version": 0,
          "attributes": {
            "architecture": "arm64",
            "arn": "arn:aws:ec2:us-east-1::image/ami-0071c8c431eea0edb",
            "block_device_mappings": [
              {
                "device_name": "/dev/sda1",
                "ebs": {
                  "delete_on_termination": "true",
                  "encrypted": "false",
                  "iops": "0",
                  "snapshot_id": "snap-096f286f36332e08d",
                  "throughput": "0",
                  "volume_initialization_rate": "0",
                  "volume_size": "8",
                  "volume_type": "gp3"
                },
                "no_device": "",
                "virtual_name": ""
              },
              {
                "device_name": "/dev/sdb",
                "ebs": {},
                "no_device": "",
                "virtual_name": "ephemeral0"
              },
              {
                "device_name": "/dev/sdc",
                "ebs": {},
                "no_device": "",
                "virtual_name": "ephemeral1"
              }
            ],
            "boot_mode": "uefi",
            "creation_date": "2025-12-12T10:47:56.000Z",
            "deprecation_time": "2027-12-12T10:47:56.000Z",
            "description": "Canonical, Ubuntu, 24.04, arm64 noble image",
            "ena_support": true,
            "executable_users": null,
            "filter": [
              {
                "name": "architecture",
                "values": [
                  "arm64"
                ]
              },
              {
                "name": "name",
                "values": [
                  "ubuntu/images/hvm-ssd-gp3/ubuntu-noble-24.04-arm64-server-*"
                ]
              },
              {
                "name": "virtualization-type",
                "values": [
                  "hvm"
                ]
              }
            ],
            "hypervisor": "xen",
            "id": "ami-0071c8c431eea0edb",
            "image_id": "ami-0071c8c431eea0edb",
            "image_location": "amazon/ubuntu/images/hvm-ssd-gp3/ubuntu-noble-24.04-arm64-server-20251212",
            "image_owner_alias": "amazon",
            "image_type": "machine",
            "imds_support": "v2.0",
            "include_deprecated": false,
            "kernel_id": "",
            "last_launched_time": "",
            "most_recent": true,
            "name": "ubuntu/images/hvm-ssd-gp3/ubuntu-noble-24.04-arm64-server-20251212",
            "name_regex": null,
            "owner_id": "099720109477",
            "owners": [
              "099720109477"
            ],
            "platform": "",
            "platform_details": "Linux/UNIX",
            "product_codes": [],
            "public": true,
            "ramdisk_id": "",
            "root_device_name": "/dev/sda1",
            "root_device_type": "ebs",
            "root_snapshot_id": "snap-096f286f36332e08d",
            "sriov_net_support": "simple",
            "state": "available",
            "state_reason": {
              "code": "UNSET",
              "message": "UNSET"
            },
            "tags": {},
            "timeouts": null,
            "tpm_support": "",
            "uefi_data": null,
            "usage_operation": "RunInstances",
            "virtualization_type": "hvm"
          },
          "sensitive_attributes": []
        }
      ]
    },
    {
      "mode": "data",
      "type": "aws_availability_zones",
      "name": "available",
      "provider": "provider[\"registry.terraform.io/hashicorp/aws\"]",
      "instances": [
        {
          "schema_version": 0,
          "attributes": {
            "all_availability_zones": null,
            "exclude_names": null,
            "exclude_zone_ids": null,
            "filter": null,
            "group_names": [
              "us-east-1-zg-1"
            ],
            "id": "us-east-1",
            "names": [
              "us-east-1a",
              "us-east-1b",
              "us-east-1c",
              "us-east-1d",
              "us-east-1e",
              "us-east-1f"
            ],
            "state": "available",
            "timeouts": null,
            "zone_ids": [
              "use1-az1",
              "use1-az2",
              "use1-az4",
              "use1-az6",
              "use1-az3",
              "use1-az5"
            ]
          },
          "sensitive_attributes": []
        }
      ]
    },
    {
      "mode": "data",
      "type": "aws_caller_identity",
      "name": "current",
      "provider": "provider[\"registry.terraform.io/hashicorp/aws\"]",
      "instances": [
        {
          "schema_version": 0,
          "attributes": {
            "account_id": "IMLADRIS_ACCOUNT_ID",
            "arn": "arn:aws:sts::IMLADRIS_ACCOUNT_ID:assumed-role/AWSReservedSSO_AWSAdministratorAccess_cda168f89e169f8a/sfoley@buxtonco.com",
            "id": "IMLADRIS_ACCOUNT_ID",
            "user_id": "AROA3FL3YJIDFYV5IRYED:sfoley@buxtonco.com"
          },
          "sensitive_attributes": []
        }
      ]
    },
    {
      "mode": "managed",
      "type": "aws_dlm_lifecycle_policy",
      "name": "imladris",
      "provider": "provider[\"registry.terraform.io/hashicorp/aws\"]",
      "instances": [
        {
          "schema_version": 0,
          "attributes": {
            "arn": "arn:aws:dlm:us-east-1:IMLADRIS_ACCOUNT_ID:policy/policy-0ca143c2f8e199f66",
            "description": "Hourly snapshots for imladris data volume",
            "execution_role_arn": "arn:aws:iam::IMLADRIS_ACCOUNT_ID:role/imladris-dlm-role",
            "id": "policy-0ca143c2f8e199f66",
            "policy_details": [
              {
                "action": [],
                "event_source": [],
                "parameters": [],
                "policy_type": "EBS_SNAPSHOT_MANAGEMENT",
                "resource_locations": [
                  "CLOUD"
                ],
                "resource_types": [
                  "VOLUME"
                ],
                "schedule": [
                  {
                    "copy_tags": true,
                    "create_rule": [
                      {
                        "cron_expression": "",
                        "interval": 1,
                        "interval_unit": "HOURS",
                        "location": "CLOUD",
                        "times": [
                          "04:53"
                        ]
                      }
                    ],
                    "cross_region_copy_rule": [],
                    "deprecate_rule": [],
                    "fast_restore_rule": [],
                    "name": "Hourly snapshots",
                    "retain_rule": [
                      {
                        "count": 24,
                        "interval": 0,
                        "interval_unit": ""
                      }
                    ],
                    "share_rule": [],
                    "tags_to_add": {
                      "Project": "imladris",
                      "SnapshotCreator": "DLM",
                      "SnapshotType": "hourly"
                    },
                    "variable_tags": null
                  }
                ],
                "target_tags": {
                  "Backup": "daily"
                }
              }
            ],
            "state": "ENABLED",
            "tags": {
              "Name": "imladris-dlm-policy"
            },
            "tags_all": {
              "Environment": "dev",
              "ManagedBy": "terraform",
              "Name": "imladris-dlm-policy",
              "Project": "aws-devbox"
            }
          },
          "sensitive_attributes": [],
          "private": "bnVsbA==",
          "dependencies": [
            "aws_iam_role.dlm"
          ]
        }
      ]
    },
    {
      "mode": "managed",
      "type": "aws_ebs_volume",
      "name": "data",
      "provider": "provider[\"registry.terraform.io/hashicorp/aws\"]",
      "instances": [
        {
          "schema_version": 0,
          "attributes": {
            "arn": "arn:aws:ec2:us-east-1:IMLADRIS_ACCOUNT_ID:volume/vol-05d57d9141606e8a8",
            "availability_zone": "us-east-1a",
            "create_time": "2026-01-13T19:22:51Z",
            "encrypted": true,
            "final_snapshot": false,
            "id": "vol-05d57d9141606e8a8",
            "iops": 3000,
            "kms_key_id": "arn:aws:kms:us-east-1:IMLADRIS_ACCOUNT_ID:key/3651efa1-e0b7-42c7-bd0b-618c8ea7c4f8",
            "multi_attach_enabled": false,
            "outpost_arn": "",
            "size": 100,
            "snapshot_id": "",
            "tags": {
              "Backup": "daily",
              "Name": "hall-of-fire",
              "Project": "imladris"
            },
            "tags_all": {
              "Backup": "daily",
              "Environment": "dev",
              "ManagedBy": "terraform",
              "Name": "hall-of-fire",
              "Project": "imladris"
            },
            "throughput": 250,
            "timeouts": null,
            "type": "gp3"
          },
          "sensitive_attributes": [],
          "private": "eyJlMmJmYjczMC1lY2FhLTExZTYtOGY4OC0zNDM2M2JjN2M0YzAiOnsiY3JlYXRlIjozMDAwMDAwMDAwMDAsImRlbGV0ZSI6NjAwMDAwMDAwMDAwLCJ1cGRhdGUiOjMwMDAwMDAwMDAwMH19",
          "dependencies": [
            "data.aws_availability_zones.available"
          ]
        }
      ]
    },
    {
      "mode": "managed",
      "type": "aws_iam_instance_profile",
      "name": "imladris",
      "provider": "provider[\"registry.terraform.io/hashicorp/aws\"]",
      "instances": [
        {
          "schema_version": 0,
          "attributes": {
            "arn": "arn:aws:iam::IMLADRIS_ACCOUNT_ID:instance-profile/imladris-instance-profile",
            "create_date": "2026-01-13T19:22:51Z",
            "id": "imladris-instance-profile",
            "name": "imladris-instance-profile",
            "name_prefix": "",
            "path": "/",
            "role": "imladris-instance-role",
            "tags": null,
            "tags_all": {
              "Environment": "dev",
              "ManagedBy": "terraform",
              "Project": "aws-devbox"
            },
            "unique_id": "AIPA3FL3YJIDNPNDDOZ3Q"
          },
          "sensitive_attributes": [],
          "private": "bnVsbA==",
          "dependencies": [
            "aws_iam_role.imladris_instance"
          ]
        }
      ]
    },
    {
      "mode": "managed",
      "type": "aws_iam_role",
      "name": "dlm",
      "provider": "provider[\"registry.terraform.io/hashicorp/aws\"]",
      "instances": [
        {
          "schema_version": 0,
          "attributes": {
            "arn": "arn:aws:iam::IMLADRIS_ACCOUNT_ID:role/imladris-dlm-role",
            "assume_role_policy": "{\"Statement\":[{\"Action\":\"sts:AssumeRole\",\"Effect\":\"Allow\",\"Principal\":{\"Service\":\"dlm.amazonaws.com\"}}],\"Version\":\"2012-10-17\"}",
            "create_date": "2026-01-13T19:22:51Z",
            "description": "",
            "force_detach_policies": false,
            "id": "imladris-dlm-role",
            "inline_policy": [],
            "managed_policy_arns": [],
            "max_session_duration": 3600,
            "name": "imladris-dlm-role",
            "name_prefix": "",
            "path": "/",
            "permissions_boundary": "",
            "tags": null,
            "tags_all": {
              "Environment": "dev",
              "ManagedBy": "terraform",
              "Project": "aws-devbox"
            },
            "unique_id": "AROA3FL3YJIDFYSI3GSHS"
          },
          "sensitive_attributes": [],
          "private": "bnVsbA=="
        }
      ]
    },
    {
      "mode": "managed",
      "type": "aws_iam_role",
      "name": "imladris_instance",
      "provider": "provider[\"registry.terraform.io/hashicorp/aws\"]",
      "instances": [
        {
          "schema_version": 0,
          "attributes": {
            "arn": "arn:aws:iam::IMLADRIS_ACCOUNT_ID:role/imladris-instance-role",
            "assume_role_policy": "{\"Statement\":[{\"Action\":\"sts:AssumeRole\",\"Effect\":\"Allow\",\"Principal\":{\"Service\":\"ec2.amazonaws.com\"}}],\"Version\":\"2012-10-17\"}",
            "create_date": "2026-01-13T19:22:51Z",
            "description": "",
            "force_detach_policies": false,
            "id": "imladris-instance-role",
            "inline_policy": [],
            "managed_policy_arns": [],
            "max_session_duration": 3600,
            "name": "imladris-instance-role",
            "name_prefix": "",
            "path": "/",
            "permissions_boundary": "",
            "tags": null,
            "tags_all": {
              "Environment": "dev",
              "ManagedBy": "terraform",
              "Project": "aws-devbox"
            },
            "unique_id": "AROA3FL3YJIDEHDIMBZOH"
          },
          "sensitive_attributes": [],
          "private": "bnVsbA=="
        }
      ]
    },
    {
      "mode": "managed",
      "type": "aws_iam_role_policy",
      "name": "imladris_ebs",
      "provider": "provider[\"registry.terraform.io/hashicorp/aws\"]",
      "instances": [
        {
          "schema_version": 0,
          "attributes": {
            "id": "imladris-instance-role:imladris-ebs-attach",
            "name": "imladris-ebs-attach",
            "name_prefix": "",
            "policy": "{\"Version\":\"2012-10-17\",\"Statement\":[{\"Action\":[\"ec2:AttachVolume\",\"ec2:DetachVolume\"],\"Condition\":{\"StringEquals\":{\"ec2:ResourceTag/Project\":\"imladris\"}},\"Effect\":\"Allow\",\"Resource\":[\"arn:aws:ec2:us-east-1:IMLADRIS_ACCOUNT_ID:volume/*\",\"arn:aws:ec2:us-east-1:IMLADRIS_ACCOUNT_ID:instance/*\"]},{\"Action\":[\"ec2:DescribeVolumes\",\"ec2:DescribeInstances\"],\"Effect\":\"Allow\",\"Resource\":\"*\"}]}",
            "role": "imladris-instance-role"
          },
          "sensitive_attributes": [],
          "private": "bnVsbA==",
          "dependencies": [
            "aws_iam_role.imladris_instance",
            "data.aws_caller_identity.current"
          ]
        }
      ]
    },
    {
      "mode": "managed",
      "type": "aws_iam_role_policy_attachment",
      "name": "dlm",
      "provider": "provider[\"registry.terraform.io/hashicorp/aws\"]",
      "instances": [
        {
          "schema_version": 0,
          "attributes": {
            "id": "imladris-dlm-role-20260113192252113800000002",
            "policy_arn": "arn:aws:iam::aws:policy/service-role/AWSDataLifecycleManagerServiceRole",
            "role": "imladris-dlm-role"
          },
          "sensitive_attributes": [],
          "private": "bnVsbA==",
          "dependencies": [
            "aws_iam_role.dlm"
          ]
        }
      ]
    },
    {
      "mode": "managed",
      "type": "aws_instance",
      "name": "imladris",
      "provider": "provider[\"registry.terraform.io/hashicorp/aws\"]",
      "instances": [
        {
          "schema_version": 1,
          "attributes": {
            "ami": "ami-0071c8c431eea0edb",
            "arn": "arn:aws:ec2:us-east-1:IMLADRIS_ACCOUNT_ID:instance/i-04cb7854a14e08d0b",
            "associate_public_ip_address": true,
            "availability_zone": "us-east-1a",
            "capacity_reservation_specification": [
              {
                "capacity_reservation_preference": "open",
                "capacity_reservation_target": []
              }
            ],
            "cpu_core_count": 2,
            "cpu_options": [
              {
                "amd_sev_snp": "",
                "core_count": 2,
                "threads_per_core": 1
              }
            ],
            "cpu_threads_per_core": 1,
            "credit_specification": [
              {
                "cpu_credits": "unlimited"
              }
            ],
            "disable_api_stop": false,
            "disable_api_termination": false,
            "ebs_block_device": [],
            "ebs_optimized": false,
            "enable_primary_ipv6": null,
            "enclave_options": [
              {
                "enabled": false
              }
            ],
            "ephemeral_block_device": [],
            "get_password_data": false,
            "hibernation": false,
            "host_id": "",
            "host_resource_group_arn": null,
            "iam_instance_profile": "imladris-instance-profile",
            "id": "i-04cb7854a14e08d0b",
            "instance_initiated_shutdown_behavior": "stop",
            "instance_lifecycle": "",
            "instance_market_options": [],
            "instance_state": "running",
            "instance_type": "t4g.large",
            "ipv6_address_count": 0,
            "ipv6_addresses": [],
            "key_name": "",
            "launch_template": [],
            "maintenance_options": [
              {
                "auto_recovery": "default"
              }
            ],
            "metadata_options": [
              {
                "http_endpoint": "enabled",
                "http_protocol_ipv6": "disabled",
                "http_put_response_hop_limit": 2,
                "http_tokens": "required",
                "instance_metadata_tags": "disabled"
              }
            ],
            "monitoring": false,
            "network_interface": [],
            "outpost_arn": "",
            "password_data": "",
            "placement_group": "",
            "placement_partition_number": 0,
            "primary_network_interface_id": "eni-009c09bdb9076844d",
            "private_dns": "ip-10-0-1-11.ec2.internal",
            "private_dns_name_options": [
              {
                "enable_resource_name_dns_a_record": false,
                "enable_resource_name_dns_aaaa_record": false,
                "hostname_type": "ip-name"
              }
            ],
            "private_ip": "10.0.1.11",
            "public_dns": "ec2-13-219-254-189.compute-1.amazonaws.com",
            "public_ip": "13.219.254.189",
            "root_block_device": [
              {
                "delete_on_termination": true,
                "device_name": "/dev/sda1",
                "encrypted": true,
                "iops": 3000,
                "kms_key_id": "arn:aws:kms:us-east-1:IMLADRIS_ACCOUNT_ID:key/3651efa1-e0b7-42c7-bd0b-618c8ea7c4f8",
                "tags": {
                  "Backup": "false",
                  "Name": "imladris-root",
                  "Project": "imladris"
                },
                "tags_all": {
                  "Backup": "false",
                  "Environment": "dev",
                  "ManagedBy": "terraform",
                  "Name": "imladris-root",
                  "Project": "imladris"
                },
                "throughput": 250,
                "volume_id": "vol-0b29e6dc2d7609189",
                "volume_size": 50,
                "volume_type": "gp3"
              }
            ],
            "secondary_private_ips": [],
            "security_groups": [],
            "source_dest_check": true,
            "spot_instance_request_id": "",
            "subnet_id": "subnet-02cc431aa430fa09b",
            "tags": {
              "Name": "imladris",
              "Project": "imladris"
            },
            "tags_all": {
              "Environment": "dev",
              "ManagedBy": "terraform",
              "Name": "imladris",
              "Project": "imladris"
            },
            "tenancy": "default",
            "timeouts": null,
            "user_data": null,
            "user_data_base64": "H4sIAAAAAAAA/8x83XbbOJLwvZ6imta05XRDjN3dOfnUrUwrthxr4p+Mpfx8m/ToQCQkoU0CDAFactrZF9jLvZibfbp9kj34IQlStKP0JHtWJ44koKpQqCpUFQqgdr7xZ5T5MyyWrR04ItdP+RpmnEshU5yACFKaSEBwTtfwHSx5TFCMGV6QFEhIJeWstQPjGyFJjCJyTSIQRGYJcBbd/AyZICkkOLjCCyLAIIYwu6kQau20dmBC0hTPeRqDJHESYUngGqcUzyIieq0dEEsSRcGSBFcQUqGa++PDg/2ffmy1yJoE8ASedCQh4F/j1I/4wldDoxBL3I34Am4h4gvFNJJQ9AAScPDED8m1H3AmeET24ODJt/ut1uHJ8PD5i4vR+WR6PDod9r1NsihJ+SIlQnit48HodHg0HU+GL8Z9z2u1dqD/JV+tHTghUUJSOM5YoGQuvvgQrYgvOnvwB5BgycF72+6ESge73/3lpPeXs95fxrt7v0H7gfczfFSgU5EFARFCoygBe//9X//p9pM05anb+88K9hVNnM5//ge0H0BHtSYk3NNgLSFJMg05IxpwkZIE0Hvw/tHeb3vgtWsq8nJNsiyKFH6M06sS3cyqve/BkycNyHrANGNTNahCaAEARDzAEWg+GI5JX+OHxKwJylnfax94GlIs6VzCgf5M51CwDl67QPd+BrkkTMMY6kYO4LUdml7RnxKZpQwe6oY5tRwtwBtLnErKFj3YRKRz8Nq/1ocqZFHhp8qJ0WcTMyQSpAKrdVuFhA5ZUwkBD0kP2n/dK4lXF0fb/QpNzNhp7+fT/vg1lpNxWDDWrqqTci6N8/oeAsx2JcwIUFZxUntffsVpRzkVmpXC5pZcSCWQQGpPivLv4NE4wmFKhRGVpDFRKzSHU98/aA0PYpLSAPtHhF2T1Gtp8B24JDG/JjAenwFeEKZ8+oooXwgTTCMR4Eh1nmjHbWya4QRSg4Vj/IEzJESMDLKz2OD2FmSaGRMxs9FMSZ5oGt068maDIOk1DcgWVK3v/xKErVxGLEgJFkrhXNL5DaywDJZEwJynMKcRsQ2pMItBO5K56FrwbozXUxUUphav/9PBjwePH2tH4xMZ+OJGBDLqBpzN88momaAk5+CMMhorR2OMsgiXnd8zIWG1xHJXACMkJKFmSoXiIkLvaSI4kWhBJGSJsgnddDR8OhqcT48vL84nw/OjPuOMMklSHEiqNGoxKBMSRxGgG3hXrMEgSyNYqPWc3iTSBPQAo4Ckks5pgCURsGBZsoCMfaAJ/P4+n8sgkxwZLowEBQmylMqbCpvOoBnDUhIWkhBlySLFIREaLKJCBkvMFsTIPcASrEBxItWflmg39H962ETjl192hxfHu62XZd9L09frDaKIr0iILlK6oEzYledls4zJrMf4LCIo59v7ufXx52YqmeTHdD1SQk2zRJLwKLlagKeMy2tGMWsQvWSZICE6IonqZwEl4l40NVKMJQ3QJVGKB2+OI6GghxfHykEaTxLy4IqkhSehcwh4HGMWAroG0wnfukGyHo7AOzJQOEoJDm9yPZHw/qikzQXNxfgUllImouf7CyK7ZshuwGO4BbHUoGqlxDwEhJ/lLBmx32UfBggFPE64ICiJsgVl5Zxl7rvcaX/jTryAuGfuDRMo0BT/vmWoK5blVOY0N/rDiGAGKumNQgiJ8jiiDNe6l7JFDlC6Wwva7XaNfC9Oj6ZHw1ejw+G43+4YpgSgDDwprsgNwglFV4LvP/5xPeGn+/uH55PLU/T7gbg5mOxfrs+CxYv3V3+LJ4s3fw+eJS/I6+z9D+JZz3NWtpfPDye0W50jTqh/faAnzoj0kW/Zc9Fv4ff3gFLY7drOt78pgZCIBLLTLWLVLQiVo4gVlctOGbj29uAWujTcbfLHe0aaymcYGUxHRyoItx2p/AwhrxksiYjKhawse9AukL2aegWgN3A0PB1Ohl9WptvJ1TDoO/xVQpzKzowESoPNEkAIZ3KJrshNP2dYf5fHz88P///z549zjg+Gl+fZ3xfDszeXk8fy6MPpKr16eXn69/Hyb4+O19nL5x6gIpnolzoBhIRYOk4ESzy95lEWl0tqB8YkmiMsJQ6WauWA3j0Nn47BQEInJe8zmtoANTw8gOOIEBW8SErMcmYBgdGRAOPU9yzhY8rCnMjsBiRegFq3digqQXKQSyoKGmXUjjLl51McEAg4M3tRWGIWRsoeFB9xFkmaqGyBqo+YEZ6VlCDCGVMRu+Uk+68uTl+eDaeTwbO+t8RRhPgczWlq81MDYzV4PjhTG0NlxyKcuwCXw2eji3OnYXQ+ngzOtdad1snF8+F57kOeEQmjs6Px9QFIfkWYmQCRWItaiZcIabyKxnMdxBt48XJiTLDn+/uP/l/34Kcfu/bdV3tpIbUZasqu6aIT8N4gvBKIBAcoHw5pOCRlpMIgZ6HowQ8PH1a2WEaBZqYuL/cQ7EFbs+4ycD/PCl9vtv0kwgGJCZN+ShaUMzO8I9f/BR5yw0E03Ctcv65I0HkRMo3lkjCPRW8BETBSu47JPtuH39S6L5vX1+EcfmsMxkrzdm3Uyd8dkIsFYkLo4PUYDk9HcH2guGFcQpISoVL4jpNS5qNo6krMe42xFK/EpzIIO65aguXQRYQrjX/wejw9PB1NX16e9kvnuRJBRG0aj1fC+E/diMiaoIiybI3anUxHGRTvdT/QpO7ndRj32s4AHiAOvowTS+v6QOEVaCaHRe83QQCFurEAzSH8IkNBTsqt1REDSucNpPKWmp4uiUxvIOI8aVYEdLRL2/B0Ys/xJGeDN9PBZDI8ezEZ939wOmxjf98Mt1qq/cxbaNt2QBGBtoutLLEeY19t8KRS1DiRBR2/QsNuOR0Hr0JG1cl3YrW3mRHA15hGaku3VzMQ64mtx1SvoqXf7ihLJMGBrcbMCDLkRS0sI2TcBXht46rqcRuhOY0kSQV45yowSrzoqQ/fv8JRRkS/XQYEz4IIiWUmcoCC/03K7zOS3uTiE28f/tY1H0fhJizPZJJJkGQtq162gDO+5AN47UIOXu5LKm198M45I96GU6l5LKsQsqZCCphlEqjY8DPQkRwyATwFzLhckrSIn3sVwoW9DQ5PhkdTw08Fota3vRK3UuRnK7MJfVNjf4zCXq6178cSS9LT/38/sAKa8N6gWBgaZWTlMwo/No9idf274OwOXTcIdHLRLMzJRb/dsdXNmoQ9J10v2QXfB7V4b3bvGVwbm0NwcqHtqu0E3Gb7grrTqNtTPZ/zNtBnKcFXlVYSGeNndZa24sAZOaTzOUmVB8uH70GFYjOliWI4xjfaX9UzTgQrTPUWRAXJVLlzyhaViJe/RERIAu1OJ3e/D+Cnvb0NsNxpO4DfwX4DYMCZpCwjNWEJ0jyNc27ydrvw5zxjIagtmvLIPXBXxwaBSpaRv+z2H5yAVgxmDE6JxQ5XuiiliSIJr5iUGzgGNsaUYcd1hbnrML3WcXy+8zd4iIZVF1oHczK/+iKog5ptHnhtZ5dQO5vQJlvzyq8xlToBaJguVOL868Fo0n/0sKFX9QyP+tWuPOR/05CHfvttpcNkoqa1bYgBiqRJENT3WnKQv4xZH2y0W37anY4l9h0cNFixNpfXdg05OZDkVhjdbhc6liG/YGavaqTl/jl//enk22GsPBapJOO5S7G98yyKbrZcM3ctz/xQZTPZ0pV+4Jn07lp8GzSNPQwvLy8up4cXR8N++6+trcebYxqpwO8e6JSk9ry66RYJBZW7YtM/dqzQGIeIswVJm1K+Ql9OZio3M9O7nf2l9bu6YlRzsGA3sX/WJ9/h5u5106U56hQYR2DOrpGKIzMCVJZWFBKRUElAa0T8yxvHT9hsJySSBJKEgOeSpDpiUSL2PrGjdEzm2BhIsT4rUcUQrWrObhfsyVVxwPdVTvbO6Trf+2J7O+HLDmHrZIyu3ZLzW71VZHTdvJVXXH1GUb2oukk4uTgbaq+oaOeoqVNwWy0JgzRjusSMBaSc2907WSc8NRT6vmrO6b4URG/JjogkaUwZlsSeiApnCAQxTwmkJNK3MHR6ExJBF8wWDQ5HPrYnE5xZ0kX9n8plNtP7d2cUO4iSEyoGKivlTu1ACeya4vtZLBa02fijJOWSw25fM7ELCMlIXO93DwCJ8RxQWdzPy/lhSb0rSt7g1gnrYqlrSqg8lECMo4CzOU1jtSL/aDW41fNSW1o81qveccz9MdfM/RohTF+HgXmEr4hQW+mQzHEWSYtdJBFKviEmMWdqlc6UEpXldWK8hh8e5v7QrSCoHHYa8IxJmz+YvOEb5+iVCmTPDtVGiRLpDmOShpKK9t8/PKxlDMbZ7hffO50S47vvNlynLj9tx0CDG7SacJicF45LH0/cfeegsEgHmQojxeJAfchElhKzLkUZ1FQEGpyewgexBMqueaD1L6BDdclaGTfjDLlnsePxSV5lE3lhXJ90fhBLwq4VecGzNDBXp5QNKuL6RpSAGZmrZYrZDZj9+ZxGxHFLc+2W9P0l9Z6kXAEI35qOHsc2dkO/nHBXLDd8mVZIcROnAutVON7Md92Aqs9yn1QQfvll99/GJ8PzV7vWhyPIK0SUgQXSpn2P7Fp52Nz901Percy5+69Qas1py8ypnnuBNwhDEmrTsdjKKB15eK2G5GMHBpHggMOwhM7RlWgivqDMmsXnqCyn8RlKy1GU2l5cXhyPTodWcf8HdWAZ/Cwt2IYNPZgLSSYFWPKYTO31IPesTC/VCllbw63XH7RTj3IP4brj89GbqWW77xkmlIZzepT9C4t6syQFAJsY94POsFh21X9p0J3h4CpLkHFEiNF1xefnXshr5zJtzOQrM25viB82CkNWIZVoYQukDq3NwXbgGEeR4rkH+oKNWk9KWZLDi8HkBEKakkDaS1BQ5lGqs+/dL/cZZb22Amy4OdetcVZL9g4jzkxatuRCQkoS7hjE5fDFxfRodNn3fGV2vrk04Sso4SZbgshlOPerd8W0ZL5RGarXzgltCkZkIQeU2fsYEF+FNAWUgNfuhDQ1d9BKdGe/UEPU94b0ZBqSwRp/XQXsUK3JxIZYS5ivmIBA7WKsjrjauEDHyYx1lW6JrwkEKcFqkyOXJK6mxXfNsyLYrh5HJ4PVdq0OXyxxqntN+rnkKwbo0pLsWcoNBJuI1XM/AjgNllRt0tTk9TU0lfCBxOmCSMcoTs6mhxfnx6NnfXt3yVG355yS6drt+vGj6aMfN9W+QQStHz+qK+Iyq96GVBK1s9RXvDu6jJgfYqid/mKvzKIu7e6kQkGsqAyWenrtgocyo3dtVQla35ao5Gk1PSpnBCgAr3Hdvtti4b7TK/edc54YQoWHokOZRVoXCUL5nBAyCuvulDMzF8sVsnfnpqFRPjpn/R5WNIr0JUCIMctwpMa/czfxVXbWT6lc4TQkDMYkSIkUcGZZPTwdfa1t9mwl7rjQNvv0WbQCOTwd/Ymdd/PTBg9/+NHsnkMVgRueWNCJacLtlm9GIr5yluvT1+Ppq+HleHRx3vf2uw+7D91LI4PLw5N7li9WTqFp/X5xZtVLMdPPx0QZu2J8xezx+4JlDdHtK7JhPNddXJQFqlzGlSsFTuyZ5Qbsi/DKT0lEsFAugK9YxHHoz1YCXbf/cNT0Ube1/1B8fETVLnP1oLF4kdtdjZjxdYaY6+h8GScb3q1yl8HOSt9jmK1EcXvB3lyoNsZmbfiZSH0TrWaU+TZQxTyE79b1zpm9lpDGKlPLidm18IqkdH5TqWbkdqrGQeiapELp7t7VWFYlc+kUq7EH7U6F0t79zx3UCGxRX/lajxEcRjgLCRzykMC3cHb4AsYkVZP4Wu4w0ANOAx66t/Pyuz4uO8pL8vmcBhRHmjNhONNVtVnGoFMN4XndYbIkQmUghO2qXYoKdcnVQnwPgsOKFHlWTmUR8RmOopvKGnx5PrXJciXbUdsQG3iN1WWsmp+ulalb5E1H51pAxvRVJnOEiSUUaIBAP0WklqErDsv33fbRuJAdCsWCraUdLsdFhXABv2ImlylPaIAw9Y3akFLbncG/rKrTTXXeXzess92k94L/HbjIuwc5jxUDmac8hl9jHpIo4EyStdR11YBHjo7PDl9Mx8NL5dr6nYI5rxHNN5RRTGKeOudk90Pr/EzX/rbFMK7+M6AjvDW0iHBwtS1wwoVcpERsTfx9RCXZmnqWJEQSkm6LMEvxNUGCqGi+tfSJ3B5YkPcZYZLiCMklZVeULbZFlTTeeuILzheRSpCTrSVLrklaqfR+GvxGTcHy79xJNxDKI3rtPxzrf/vrbx+9zTtzAM56bBvkyvnjdm7Es6jenY9GlfWPSpCthwJ3gTtp8FeJivYh4rF+NlBAh2dS0JAAn9vKrpLn6cvnY//p6zHwhKR5AewrRc282jA1jysKt1hnmcT6mjrUyhO6CgMdFWpUjNwVkJBUcKa2XyThbsVufHg5ejEZT58OxsMy+0zxqmvcksLXVsdkUyHEj7GQJPUthzaxbK5NzCgrUsdaeyWNzOsKNr+FYlZmi6kP++14mymnO5+CS0QZlbpyjDhUGrcloPcHGxR067YkUiIkT8kGEdv+CTIqoXdnkX//BJogQmWmSNywAGmrygls9rSquXZFTrU5b3Bf8NNEF7asNSkDye3bUAFFxR6lhcXe6zPm/Gv+KKW5S22fa1TU7HsztMmYyqc3dREapUTZY1lI1zvHytMmUp9wYZEfcJrNpXYcdsIdzqIblTkqQHOH1V2OH8RymmC5/FQO+kEsPbd8rFLQHLdprz1wDl/sAVz1Wn0Ba89c1scVii7i7W3+WHrZXzw0Wj3FCZbmGNoFdZ6bK8LOWItJEF2EY3St5NCDEsnuq6qVFCXBe56NK4burJY0WCrwvS1Gt0+zGgZc1KbawXNCElPBwwLmtj5fJa64LHL+7+GKEJ3k50haYJ6z2zOmFXMZFpblPEOq2uGXX3bPLiZHu9UbTQBd/f+D8qP98CD/XMCXMNPp9HY6nW7gADxo1Un7+kk6gHdN47RcXAML/q0GfXc33enUn07Vf7fTd+rDO8NKna6Zwa1m131pdupUb/W/f0DxZxrqNLsFrGIz/7OwDRRvb2+n9s9CdWtzf1BCln85vQfOoErmDjmlgduKpJ2xlSDfofLlW4GWytSiVm1++VYIvQDz7fs7330zcPlwfiHYd43fFTkDOoIzOIUBHMEljGAMAAgAxpgFMsPpjcqZTlVQa9liawizm17Dj7G04JCzOV30NNV//+TBkK6CtxSWOTrvtfRvD2zWnwFgkCTRDegbLwtwnsmuBrbiNWJUbQXoB6KTPHsxrIJgYl/+OiE4kktzQa7VUivy6+SlZ5gyGK5JkH2di2Expsz57ZAFeNtjeyWSTZ+fFr/B01HqHprrlHsO4MA5JuoBTuNHPzq9J/ZZzx5UDwM/mzGNJXkWLBt+OMX05r+cAp7dseeq9ewPbWhn7JU2Au5vX9RImCe+SxJH1e81Ega6RqJ4hNZgeZPq9xqJArrOSPkorKcZ2bhO6bmMlNA1Ovr0qnxt3A3zKtzk50wlvnvPwIP6MVEp2c1bCTVCTvVQT2ijfOm5jDjQNTr1/ZRXGG3RUJlSHb5GbrYSFfk8Nc8Nbmi8OBGq25wO/SX+kZszehs2p1prFFQ24AB6p/omTUyEwAuyQUFBt/78Ii+fZXF/C6ex3gneIY+TiEhiH9SYYxplKRG9Km5juRy80oUElsw3RYb0p9j/aJyc/omh1v8AAAD//wEAAP//C18rADpMAAA=",
            "user_data_replace_on_change": false,
            "volume_tags": null,
            "vpc_security_group_ids": [
              "sg-0255b531ae2f90a7a"
            ]
          },
          "sensitive_attributes": [
            [
              {
                "type": "get_attr",
                "value": "user_data_base64"
              }
            ]
          ],
          "private": "eyJlMmJmYjczMC1lY2FhLTExZTYtOGY4OC0zNDM2M2JjN2M0YzAiOnsiY3JlYXRlIjo2MDAwMDAwMDAwMDAsImRlbGV0ZSI6MTIwMDAwMDAwMDAwMCwicmVhZCI6OTAwMDAwMDAwMDAwLCJ1cGRhdGUiOjYwMDAwMDAwMDAwMH0sInNjaGVtYV92ZXJzaW9uIjoiMSJ9",
          "dependencies": [
            "aws_iam_instance_profile.imladris",
            "aws_iam_role.imladris_instance",
            "aws_security_group.imladris",
            "aws_subnet.imladris",
            "aws_vpc.imladris",
            "data.aws_ami.ubuntu",
            "data.aws_availability_zones.available"
          ]
        }
      ]
    },
    {
      "mode": "managed",
      "type": "aws_internet_gateway",
      "name": "imladris",
      "provider": "provider[\"registry.terraform.io/hashicorp/aws\"]",
      "instances": [
        {
          "schema_version": 0,
          "attributes": {
            "arn": "arn:aws:ec2:us-east-1:IMLADRIS_ACCOUNT_ID:internet-gateway/igw-0f24a686c8a3f4941",
            "id": "igw-0f24a686c8a3f4941",
            "owner_id": "IMLADRIS_ACCOUNT_ID",
            "tags": {
              "Name": "imladris-igw"
            },
            "tags_all": {
              "Environment": "dev",
              "ManagedBy": "terraform",
              "Name": "imladris-igw",
              "Project": "aws-devbox"
            },
            "timeouts": null,
            "vpc_id": "vpc-0cb22d397c3e04206"
          },
          "sensitive_attributes": [],
          "private": "eyJlMmJmYjczMC1lY2FhLTExZTYtOGY4OC0zNDM2M2JjN2M0YzAiOnsiY3JlYXRlIjoxMjAwMDAwMDAwMDAwLCJkZWxldGUiOjEyMDAwMDAwMDAwMDAsInVwZGF0ZSI6MTIwMDAwMDAwMDAwMH19",
          "dependencies": [
            "aws_vpc.imladris"
          ]
        }
      ]
    },
    {
      "mode": "managed",
      "type": "aws_route_table",
      "name": "imladris",
      "provider": "provider[\"registry.terraform.io/hashicorp/aws\"]",
      "instances": [
        {
          "schema_version": 0,
          "attributes": {
            "arn": "arn:aws:ec2:us-east-1:IMLADRIS_ACCOUNT_ID:route-table/rtb-0dbc72dc1d6f3afcf",
            "id": "rtb-0dbc72dc1d6f3afcf",
            "owner_id": "IMLADRIS_ACCOUNT_ID",
            "propagating_vgws": [],
            "route": [
              {
                "carrier_gateway_id": "",
                "cidr_block": "0.0.0.0/0",
                "core_network_arn": "",
                "destination_prefix_list_id": "",
                "egress_only_gateway_id": "",
                "gateway_id": "igw-0f24a686c8a3f4941",
                "ipv6_cidr_block": "",
                "local_gateway_id": "",
                "nat_gateway_id": "",
                "network_interface_id": "",
                "transit_gateway_id": "",
                "vpc_endpoint_id": "",
                "vpc_peering_connection_id": ""
              }
            ],
            "tags": {
              "Name": "imladris-rt"
            },
            "tags_all": {
              "Environment": "dev",
              "ManagedBy": "terraform",
              "Name": "imladris-rt",
              "Project": "aws-devbox"
            },
            "timeouts": null,
            "vpc_id": "vpc-0cb22d397c3e04206"
          },
          "sensitive_attributes": [],
          "private": "eyJlMmJmYjczMC1lY2FhLTExZTYtOGY4OC0zNDM2M2JjN2M0YzAiOnsiY3JlYXRlIjozMDAwMDAwMDAwMDAsImRlbGV0ZSI6MzAwMDAwMDAwMDAwLCJ1cGRhdGUiOjEyMDAwMDAwMDAwMH19",
          "dependencies": [
            "aws_internet_gateway.imladris",
            "aws_vpc.imladris"
          ]
        }
      ]
    },
    {
      "mode": "managed",
      "type": "aws_route_table_association",
      "name": "imladris",
      "provider": "provider[\"registry.terraform.io/hashicorp/aws\"]",
      "instances": [
        {
          "schema_version": 0,
          "attributes": {
            "gateway_id": "",
            "id": "rtbassoc-0a23e8067492d98a2",
            "route_table_id": "rtb-0dbc72dc1d6f3afcf",
            "subnet_id": "subnet-02cc431aa430fa09b",
            "timeouts": null
          },
          "sensitive_attributes": [],
          "private": "eyJlMmJmYjczMC1lY2FhLTExZTYtOGY4OC0zNDM2M2JjN2M0YzAiOnsiY3JlYXRlIjozMDAwMDAwMDAwMDAsImRlbGV0ZSI6MzAwMDAwMDAwMDAwLCJ1cGRhdGUiOjEyMDAwMDAwMDAwMH19",
          "dependencies": [
            "aws_internet_gateway.imladris",
            "aws_route_table.imladris",
            "aws_subnet.imladris",
            "aws_vpc.imladris",
            "data.aws_availability_zones.available"
          ]
        }
      ]
    },
    {
      "mode": "managed",
      "type": "aws_security_group",
      "name": "imladris",
      "provider": "provider[\"registry.terraform.io/hashicorp/aws\"]",
      "instances": [
        {
          "schema_version": 1,
          "attributes": {
            "arn": "arn:aws:ec2:us-east-1:IMLADRIS_ACCOUNT_ID:security-group/sg-0255b531ae2f90a7a",
            "description": "Security group for imladris - no public ingress, Tailscale handles access",
            "egress": [
              {
                "cidr_blocks": [
                  "0.0.0.0/0"
                ],
                "description": "",
                "from_port": 0,
                "ipv6_cidr_blocks": [],
                "prefix_list_ids": [],
                "protocol": "-1",
                "security_groups": [],
                "self": false,
                "to_port": 0
              }
            ],
            "id": "sg-0255b531ae2f90a7a",
            "ingress": [],
            "name": "imladris-sg",
            "name_prefix": "",
            "owner_id": "IMLADRIS_ACCOUNT_ID",
            "revoke_rules_on_delete": false,
            "tags": {
              "Name": "imladris-sg"
            },
            "tags_all": {
              "Environment": "dev",
              "ManagedBy": "terraform",
              "Name": "imladris-sg",
              "Project": "aws-devbox"
            },
            "timeouts": null,
            "vpc_id": "vpc-0cb22d397c3e04206"
          },
          "sensitive_attributes": [],
          "private": "eyJlMmJmYjczMC1lY2FhLTExZTYtOGY4OC0zNDM2M2JjN2M0YzAiOnsiY3JlYXRlIjo2MDAwMDAwMDAwMDAsImRlbGV0ZSI6OTAwMDAwMDAwMDAwfSwic2NoZW1hX3ZlcnNpb24iOiIxIn0=",
          "dependencies": [
            "aws_vpc.imladris"
          ]
        }
      ]
    },
    {
      "mode": "managed",
      "type": "aws_subnet",
      "name": "imladris",
      "provider": "provider[\"registry.terraform.io/hashicorp/aws\"]",
      "instances": [
        {
          "schema_version": 1,
          "attributes": {
            "arn": "arn:aws:ec2:us-east-1:IMLADRIS_ACCOUNT_ID:subnet/subnet-02cc431aa430fa09b",
            "assign_ipv6_address_on_creation": false,
            "availability_zone": "us-east-1a",
            "availability_zone_id": "use1-az1",
            "cidr_block": "10.0.1.0/24",
            "customer_owned_ipv4_pool": "",
            "enable_dns64": false,
            "enable_lni_at_device_index": 0,
            "enable_resource_name_dns_a_record_on_launch": false,
            "enable_resource_name_dns_aaaa_record_on_launch": false,
            "id": "subnet-02cc431aa430fa09b",
            "ipv6_cidr_block": "",
            "ipv6_cidr_block_association_id": "",
            "ipv6_native": false,
            "map_customer_owned_ip_on_launch": false,
            "map_public_ip_on_launch": true,
            "outpost_arn": "",
            "owner_id": "IMLADRIS_ACCOUNT_ID",
            "private_dns_hostname_type_on_launch": "ip-name",
            "tags": {
              "Name": "imladris-subnet"
            },
            "tags_all": {
              "Environment": "dev",
              "ManagedBy": "terraform",
              "Name": "imladris-subnet",
              "Project": "aws-devbox"
            },
            "timeouts": null,
            "vpc_id": "vpc-0cb22d397c3e04206"
          },
          "sensitive_attributes": [],
          "private": "eyJlMmJmYjczMC1lY2FhLTExZTYtOGY4OC0zNDM2M2JjN2M0YzAiOnsiY3JlYXRlIjo2MDAwMDAwMDAwMDAsImRlbGV0ZSI6MTIwMDAwMDAwMDAwMH0sInNjaGVtYV92ZXJzaW9uIjoiMSJ9",
          "dependencies": [
            "aws_vpc.imladris",
            "data.aws_availability_zones.available"
          ]
        }
      ]
    },
    {
      "mode": "managed",
      "type": "aws_vpc",
      "name": "imladris",
      "provider": "provider[\"registry.terraform.io/hashicorp/aws\"]",
      "instances": [
        {
          "schema_version": 1,
          "attributes": {
            "arn": "arn:aws:ec2:us-east-1:IMLADRIS_ACCOUNT_ID:vpc/vpc-0cb22d397c3e04206",
            "assign_generated_ipv6_cidr_block": false,
            "cidr_block": "10.0.0.0/16",
            "default_network_acl_id": "acl-0da5d53fb103d61a2",
            "default_route_table_id": "rtb-00dff829ecb31981e",
            "default_security_group_id": "sg-05b1c3b89533a4d5b",
            "dhcp_options_id": "dopt-037ca9a336b984d3f",
            "enable_dns_hostnames": true,
            "enable_dns_support": true,
            "enable_network_address_usage_metrics": false,
            "id": "vpc-0cb22d397c3e04206",
            "instance_tenancy": "default",
            "ipv4_ipam_pool_id": null,
            "ipv4_netmask_length": null,
            "ipv6_association_id": "",
            "ipv6_cidr_block": "",
            "ipv6_cidr_block_network_border_group": "",
            "ipv6_ipam_pool_id": "",
            "ipv6_netmask_length": 0,
            "main_route_table_id": "rtb-00dff829ecb31981e",
            "owner_id": "IMLADRIS_ACCOUNT_ID",
            "tags": {
              "Name": "imladris-vpc"
            },
            "tags_all": {
              "Environment": "dev",
              "ManagedBy": "terraform",
              "Name": "imladris-vpc",
              "Project": "aws-devbox"
            }
          },
          "sensitive_attributes": [],
          "private": "eyJzY2hlbWFfdmVyc2lvbiI6IjEifQ=="
        }
      ]
    }
  ],
  "check_results": [
    {
      "object_kind": "var",
      "config_addr": "var.instance_type",
      "status": "pass",
      "objects": [
        {
          "object_addr": "var.instance_type",
          "status": "pass"
        }
      ]
    },
    {
      "object_kind": "var",
      "config_addr": "var.data_volume_size",
      "status": "pass",
      "objects": [
        {
          "object_addr": "var.data_volume_size",
          "status": "pass"
        }
      ]
    },
    {
      "object_kind": "var",
      "config_addr": "var.volume_iops",
      "status": "pass",
      "objects": [
        {
          "object_addr": "var.volume_iops",
          "status": "pass"
        }
      ]
    },
    {
      "object_kind": "var",
      "config_addr": "var.volume_throughput",
      "status": "pass",
      "objects": [
        {
          "object_addr": "var.volume_throughput",
          "status": "pass"
        }
      ]
    },
    {
      "object_kind": "var",
      "config_addr": "var.architecture",
      "status": "pass",
      "objects": [
        {
          "object_addr": "var.architecture",
          "status": "pass"
        }
      ]
    },
    {
      "object_kind": "var",
      "config_addr": "var.volume_size",
      "status": "pass",
      "objects": [
        {
          "object_addr": "var.volume_size",
          "status": "pass"
        }
      ]
    }
  ]
}
