{
  "version": 4,
  "terraform_version": "1.9.8",
  "serial": 448,
  "lineage": "33d684a1-7a0c-ad3b-abd1-5f6ef672f5d2",
  "outputs": {
    "ami_id": {
      "value": "ami-0071c8c431eea0edb",
      "type": "string"
    },
    "ami_name": {
      "value": "ubuntu/images/hvm-ssd-gp3/ubuntu-noble-24.04-arm64-server-20251212",
      "type": "string"
    },
    "instance_id": {
      "value": "i-04a384e7ad17163b7",
      "type": "string"
    },
    "instance_type": {
      "value": "t4g.large",
      "type": "string"
    },
    "public_ip": {
      "value": "18.208.209.251",
      "type": "string"
    },
    "ssh_command": {
      "value": "ssh imladris",
      "type": "string"
    },
    "tailscale_hostname": {
      "value": "imladris",
      "type": "string"
    },
    "volumes": {
      "value": {
        "data": "100GB (LUKS encrypted /data)",
        "root": "50GB (OS, tools)"
      },
      "type": [
        "object",
        {
          "data": "string",
          "root": "string"
        }
      ]
    }
  },
  "resources": [
    {
      "mode": "data",
      "type": "aws_ami",
      "name": "ubuntu",
      "provider": "provider[\"registry.terraform.io/hashicorp/aws\"]",
      "instances": [
        {
          "schema_version": 0,
          "attributes": {
            "architecture": "arm64",
            "arn": "arn:aws:ec2:us-east-1::image/ami-0071c8c431eea0edb",
            "block_device_mappings": [
              {
                "device_name": "/dev/sda1",
                "ebs": {
                  "delete_on_termination": "true",
                  "encrypted": "false",
                  "iops": "0",
                  "snapshot_id": "snap-096f286f36332e08d",
                  "throughput": "0",
                  "volume_initialization_rate": "0",
                  "volume_size": "8",
                  "volume_type": "gp3"
                },
                "no_device": "",
                "virtual_name": ""
              },
              {
                "device_name": "/dev/sdb",
                "ebs": {},
                "no_device": "",
                "virtual_name": "ephemeral0"
              },
              {
                "device_name": "/dev/sdc",
                "ebs": {},
                "no_device": "",
                "virtual_name": "ephemeral1"
              }
            ],
            "boot_mode": "uefi",
            "creation_date": "2025-12-12T10:47:56.000Z",
            "deprecation_time": "2027-12-12T10:47:56.000Z",
            "description": "Canonical, Ubuntu, 24.04, arm64 noble image",
            "ena_support": true,
            "executable_users": null,
            "filter": [
              {
                "name": "architecture",
                "values": [
                  "arm64"
                ]
              },
              {
                "name": "name",
                "values": [
                  "ubuntu/images/hvm-ssd-gp3/ubuntu-noble-24.04-arm64-server-*"
                ]
              },
              {
                "name": "virtualization-type",
                "values": [
                  "hvm"
                ]
              }
            ],
            "hypervisor": "xen",
            "id": "ami-0071c8c431eea0edb",
            "image_id": "ami-0071c8c431eea0edb",
            "image_location": "amazon/ubuntu/images/hvm-ssd-gp3/ubuntu-noble-24.04-arm64-server-20251212",
            "image_owner_alias": "amazon",
            "image_type": "machine",
            "imds_support": "v2.0",
            "include_deprecated": false,
            "kernel_id": "",
            "last_launched_time": "",
            "most_recent": true,
            "name": "ubuntu/images/hvm-ssd-gp3/ubuntu-noble-24.04-arm64-server-20251212",
            "name_regex": null,
            "owner_id": "099720109477",
            "owners": [
              "099720109477"
            ],
            "platform": "",
            "platform_details": "Linux/UNIX",
            "product_codes": [],
            "public": true,
            "ramdisk_id": "",
            "root_device_name": "/dev/sda1",
            "root_device_type": "ebs",
            "root_snapshot_id": "snap-096f286f36332e08d",
            "sriov_net_support": "simple",
            "state": "available",
            "state_reason": {
              "code": "UNSET",
              "message": "UNSET"
            },
            "tags": {},
            "timeouts": null,
            "tpm_support": "",
            "uefi_data": null,
            "usage_operation": "RunInstances",
            "virtualization_type": "hvm"
          },
          "sensitive_attributes": []
        }
      ]
    },
    {
      "mode": "data",
      "type": "aws_availability_zones",
      "name": "available",
      "provider": "provider[\"registry.terraform.io/hashicorp/aws\"]",
      "instances": [
        {
          "schema_version": 0,
          "attributes": {
            "all_availability_zones": null,
            "exclude_names": null,
            "exclude_zone_ids": null,
            "filter": null,
            "group_names": [
              "us-east-1-zg-1"
            ],
            "id": "us-east-1",
            "names": [
              "us-east-1a",
              "us-east-1b",
              "us-east-1c",
              "us-east-1d",
              "us-east-1e",
              "us-east-1f"
            ],
            "state": "available",
            "timeouts": null,
            "zone_ids": [
              "use1-az1",
              "use1-az2",
              "use1-az4",
              "use1-az6",
              "use1-az3",
              "use1-az5"
            ]
          },
          "sensitive_attributes": []
        }
      ]
    },
    {
      "mode": "data",
      "type": "aws_caller_identity",
      "name": "current",
      "provider": "provider[\"registry.terraform.io/hashicorp/aws\"]",
      "instances": [
        {
          "schema_version": 0,
          "attributes": {
            "account_id": "IMLADRIS_ACCOUNT_ID",
            "arn": "arn:aws:sts::IMLADRIS_ACCOUNT_ID:assumed-role/AWSReservedSSO_AWSAdministratorAccess_cda168f89e169f8a/sfoley@buxtonco.com",
            "id": "IMLADRIS_ACCOUNT_ID",
            "user_id": "AROA3FL3YJIDFYV5IRYED:sfoley@buxtonco.com"
          },
          "sensitive_attributes": []
        }
      ]
    },
    {
      "mode": "managed",
      "type": "aws_dlm_lifecycle_policy",
      "name": "imladris",
      "provider": "provider[\"registry.terraform.io/hashicorp/aws\"]",
      "instances": [
        {
          "schema_version": 0,
          "attributes": {
            "arn": "arn:aws:dlm:us-east-1:IMLADRIS_ACCOUNT_ID:policy/policy-0d9358b9caa63b99a",
            "description": "Hourly snapshots for imladris data volume",
            "execution_role_arn": "arn:aws:iam::IMLADRIS_ACCOUNT_ID:role/imladris-dlm-role",
            "id": "policy-0d9358b9caa63b99a",
            "policy_details": [
              {
                "action": [],
                "event_source": [],
                "parameters": [],
                "policy_type": "EBS_SNAPSHOT_MANAGEMENT",
                "resource_locations": [
                  "CLOUD"
                ],
                "resource_types": [
                  "VOLUME"
                ],
                "schedule": [
                  {
                    "copy_tags": true,
                    "create_rule": [
                      {
                        "cron_expression": "",
                        "interval": 1,
                        "interval_unit": "HOURS",
                        "location": "CLOUD",
                        "times": [
                          "14:16"
                        ]
                      }
                    ],
                    "cross_region_copy_rule": [],
                    "deprecate_rule": [],
                    "fast_restore_rule": [],
                    "name": "Hourly snapshots",
                    "retain_rule": [
                      {
                        "count": 24,
                        "interval": 0,
                        "interval_unit": ""
                      }
                    ],
                    "share_rule": [],
                    "tags_to_add": {
                      "Project": "imladris",
                      "SnapshotCreator": "DLM",
                      "SnapshotType": "hourly"
                    },
                    "variable_tags": null
                  }
                ],
                "target_tags": {
                  "Backup": "daily"
                }
              }
            ],
            "state": "ENABLED",
            "tags": {
              "Name": "imladris-dlm-policy"
            },
            "tags_all": {
              "Environment": "dev",
              "ManagedBy": "terraform",
              "Name": "imladris-dlm-policy",
              "Project": "aws-devbox"
            }
          },
          "sensitive_attributes": [],
          "private": "bnVsbA==",
          "dependencies": [
            "aws_iam_role.dlm"
          ]
        }
      ]
    },
    {
      "mode": "managed",
      "type": "aws_ebs_volume",
      "name": "data",
      "provider": "provider[\"registry.terraform.io/hashicorp/aws\"]",
      "instances": [
        {
          "schema_version": 0,
          "attributes": {
            "arn": "arn:aws:ec2:us-east-1:IMLADRIS_ACCOUNT_ID:volume/vol-04b27eb7fc8a3dc30",
            "availability_zone": "us-east-1a",
            "create_time": "2026-01-13T18:24:22Z",
            "encrypted": true,
            "final_snapshot": false,
            "id": "vol-04b27eb7fc8a3dc30",
            "iops": 3000,
            "kms_key_id": "arn:aws:kms:us-east-1:IMLADRIS_ACCOUNT_ID:key/3651efa1-e0b7-42c7-bd0b-618c8ea7c4f8",
            "multi_attach_enabled": false,
            "outpost_arn": "",
            "size": 100,
            "snapshot_id": "",
            "tags": {
              "Backup": "daily",
              "Name": "hall-of-fire",
              "Project": "imladris"
            },
            "tags_all": {
              "Backup": "daily",
              "Environment": "dev",
              "ManagedBy": "terraform",
              "Name": "hall-of-fire",
              "Project": "imladris"
            },
            "throughput": 250,
            "timeouts": null,
            "type": "gp3"
          },
          "sensitive_attributes": [],
          "private": "eyJlMmJmYjczMC1lY2FhLTExZTYtOGY4OC0zNDM2M2JjN2M0YzAiOnsiY3JlYXRlIjozMDAwMDAwMDAwMDAsImRlbGV0ZSI6NjAwMDAwMDAwMDAwLCJ1cGRhdGUiOjMwMDAwMDAwMDAwMH19",
          "dependencies": [
            "data.aws_availability_zones.available"
          ]
        }
      ]
    },
    {
      "mode": "managed",
      "type": "aws_iam_instance_profile",
      "name": "imladris",
      "provider": "provider[\"registry.terraform.io/hashicorp/aws\"]",
      "instances": [
        {
          "schema_version": 0,
          "attributes": {
            "arn": "arn:aws:iam::IMLADRIS_ACCOUNT_ID:instance-profile/imladris-instance-profile",
            "create_date": "2026-01-13T18:24:22Z",
            "id": "imladris-instance-profile",
            "name": "imladris-instance-profile",
            "name_prefix": "",
            "path": "/",
            "role": "imladris-instance-role",
            "tags": {},
            "tags_all": {
              "Environment": "dev",
              "ManagedBy": "terraform",
              "Project": "aws-devbox"
            },
            "unique_id": "AIPA3FL3YJIDKFLUJM6GV"
          },
          "sensitive_attributes": [],
          "private": "bnVsbA==",
          "dependencies": [
            "aws_iam_role.imladris_instance"
          ]
        }
      ]
    },
    {
      "mode": "managed",
      "type": "aws_iam_role",
      "name": "dlm",
      "provider": "provider[\"registry.terraform.io/hashicorp/aws\"]",
      "instances": [
        {
          "schema_version": 0,
          "attributes": {
            "arn": "arn:aws:iam::IMLADRIS_ACCOUNT_ID:role/imladris-dlm-role",
            "assume_role_policy": "{\"Statement\":[{\"Action\":\"sts:AssumeRole\",\"Effect\":\"Allow\",\"Principal\":{\"Service\":\"dlm.amazonaws.com\"}}],\"Version\":\"2012-10-17\"}",
            "create_date": "2026-01-13T18:24:22Z",
            "description": "",
            "force_detach_policies": false,
            "id": "imladris-dlm-role",
            "inline_policy": [],
            "managed_policy_arns": [],
            "max_session_duration": 3600,
            "name": "imladris-dlm-role",
            "name_prefix": "",
            "path": "/",
            "permissions_boundary": "",
            "tags": null,
            "tags_all": {
              "Environment": "dev",
              "ManagedBy": "terraform",
              "Project": "aws-devbox"
            },
            "unique_id": "AROA3FL3YJIDIWIG2GAZK"
          },
          "sensitive_attributes": [],
          "private": "bnVsbA=="
        }
      ]
    },
    {
      "mode": "managed",
      "type": "aws_iam_role",
      "name": "imladris_instance",
      "provider": "provider[\"registry.terraform.io/hashicorp/aws\"]",
      "instances": [
        {
          "schema_version": 0,
          "attributes": {
            "arn": "arn:aws:iam::IMLADRIS_ACCOUNT_ID:role/imladris-instance-role",
            "assume_role_policy": "{\"Statement\":[{\"Action\":\"sts:AssumeRole\",\"Effect\":\"Allow\",\"Principal\":{\"Service\":\"ec2.amazonaws.com\"}}],\"Version\":\"2012-10-17\"}",
            "create_date": "2026-01-13T18:24:22Z",
            "description": "",
            "force_detach_policies": false,
            "id": "imladris-instance-role",
            "inline_policy": [
              {
                "name": "imladris-ebs-attach",
                "policy": "{\"Version\":\"2012-10-17\",\"Statement\":[{\"Action\":[\"ec2:AttachVolume\",\"ec2:DetachVolume\"],\"Condition\":{\"StringEquals\":{\"ec2:ResourceTag/Project\":\"imladris\"}},\"Effect\":\"Allow\",\"Resource\":[\"arn:aws:ec2:us-east-1:IMLADRIS_ACCOUNT_ID:volume/*\",\"arn:aws:ec2:us-east-1:IMLADRIS_ACCOUNT_ID:instance/*\"]},{\"Action\":[\"ec2:DescribeVolumes\",\"ec2:DescribeInstances\"],\"Effect\":\"Allow\",\"Resource\":\"*\"}]}"
              }
            ],
            "managed_policy_arns": [],
            "max_session_duration": 3600,
            "name": "imladris-instance-role",
            "name_prefix": "",
            "path": "/",
            "permissions_boundary": "",
            "tags": {},
            "tags_all": {
              "Environment": "dev",
              "ManagedBy": "terraform",
              "Project": "aws-devbox"
            },
            "unique_id": "AROA3FL3YJIDMIDM5SL6J"
          },
          "sensitive_attributes": [],
          "private": "bnVsbA=="
        }
      ]
    },
    {
      "mode": "managed",
      "type": "aws_iam_role_policy",
      "name": "imladris_ebs",
      "provider": "provider[\"registry.terraform.io/hashicorp/aws\"]",
      "instances": [
        {
          "schema_version": 0,
          "attributes": {
            "id": "imladris-instance-role:imladris-ebs-attach",
            "name": "imladris-ebs-attach",
            "name_prefix": "",
            "policy": "{\"Version\":\"2012-10-17\",\"Statement\":[{\"Action\":[\"ec2:AttachVolume\",\"ec2:DetachVolume\"],\"Condition\":{\"StringEquals\":{\"ec2:ResourceTag/Project\":\"imladris\"}},\"Effect\":\"Allow\",\"Resource\":[\"arn:aws:ec2:us-east-1:IMLADRIS_ACCOUNT_ID:volume/*\",\"arn:aws:ec2:us-east-1:IMLADRIS_ACCOUNT_ID:instance/*\"]},{\"Action\":[\"ec2:DescribeVolumes\",\"ec2:DescribeInstances\"],\"Effect\":\"Allow\",\"Resource\":\"*\"}]}",
            "role": "imladris-instance-role"
          },
          "sensitive_attributes": [],
          "private": "bnVsbA==",
          "dependencies": [
            "aws_iam_role.imladris_instance",
            "data.aws_caller_identity.current"
          ]
        }
      ]
    },
    {
      "mode": "managed",
      "type": "aws_iam_role_policy_attachment",
      "name": "dlm",
      "provider": "provider[\"registry.terraform.io/hashicorp/aws\"]",
      "instances": [
        {
          "schema_version": 0,
          "attributes": {
            "id": "imladris-dlm-role-20260113182422997500000002",
            "policy_arn": "arn:aws:iam::aws:policy/service-role/AWSDataLifecycleManagerServiceRole",
            "role": "imladris-dlm-role"
          },
          "sensitive_attributes": [],
          "private": "bnVsbA==",
          "dependencies": [
            "aws_iam_role.dlm"
          ]
        }
      ]
    },
    {
      "mode": "managed",
      "type": "aws_internet_gateway",
      "name": "imladris",
      "provider": "provider[\"registry.terraform.io/hashicorp/aws\"]",
      "instances": [
        {
          "schema_version": 0,
          "attributes": {
            "arn": "arn:aws:ec2:us-east-1:IMLADRIS_ACCOUNT_ID:internet-gateway/igw-02a4fa1a8b0c92724",
            "id": "igw-02a4fa1a8b0c92724",
            "owner_id": "IMLADRIS_ACCOUNT_ID",
            "tags": {
              "Name": "imladris-igw"
            },
            "tags_all": {
              "Environment": "dev",
              "ManagedBy": "terraform",
              "Name": "imladris-igw",
              "Project": "aws-devbox"
            },
            "timeouts": null,
            "vpc_id": "vpc-022aa33630b5dfcdd"
          },
          "sensitive_attributes": [],
          "private": "eyJlMmJmYjczMC1lY2FhLTExZTYtOGY4OC0zNDM2M2JjN2M0YzAiOnsiY3JlYXRlIjoxMjAwMDAwMDAwMDAwLCJkZWxldGUiOjEyMDAwMDAwMDAwMDAsInVwZGF0ZSI6MTIwMDAwMDAwMDAwMH19",
          "dependencies": [
            "aws_vpc.imladris"
          ]
        }
      ]
    },
    {
      "mode": "managed",
      "type": "aws_route_table",
      "name": "imladris",
      "provider": "provider[\"registry.terraform.io/hashicorp/aws\"]",
      "instances": [
        {
          "schema_version": 0,
          "attributes": {
            "arn": "arn:aws:ec2:us-east-1:IMLADRIS_ACCOUNT_ID:route-table/rtb-0ff6a913c98b42391",
            "id": "rtb-0ff6a913c98b42391",
            "owner_id": "IMLADRIS_ACCOUNT_ID",
            "propagating_vgws": [],
            "route": [
              {
                "carrier_gateway_id": "",
                "cidr_block": "0.0.0.0/0",
                "core_network_arn": "",
                "destination_prefix_list_id": "",
                "egress_only_gateway_id": "",
                "gateway_id": "igw-02a4fa1a8b0c92724",
                "ipv6_cidr_block": "",
                "local_gateway_id": "",
                "nat_gateway_id": "",
                "network_interface_id": "",
                "transit_gateway_id": "",
                "vpc_endpoint_id": "",
                "vpc_peering_connection_id": ""
              }
            ],
            "tags": {
              "Name": "imladris-rt"
            },
            "tags_all": {
              "Environment": "dev",
              "ManagedBy": "terraform",
              "Name": "imladris-rt",
              "Project": "aws-devbox"
            },
            "timeouts": null,
            "vpc_id": "vpc-022aa33630b5dfcdd"
          },
          "sensitive_attributes": [],
          "private": "eyJlMmJmYjczMC1lY2FhLTExZTYtOGY4OC0zNDM2M2JjN2M0YzAiOnsiY3JlYXRlIjozMDAwMDAwMDAwMDAsImRlbGV0ZSI6MzAwMDAwMDAwMDAwLCJ1cGRhdGUiOjEyMDAwMDAwMDAwMH19",
          "dependencies": [
            "aws_internet_gateway.imladris",
            "aws_vpc.imladris"
          ]
        }
      ]
    },
    {
      "mode": "managed",
      "type": "aws_route_table_association",
      "name": "imladris",
      "provider": "provider[\"registry.terraform.io/hashicorp/aws\"]",
      "instances": [
        {
          "schema_version": 0,
          "attributes": {
            "gateway_id": "",
            "id": "rtbassoc-03cc36662c23f5f1b",
            "route_table_id": "rtb-0ff6a913c98b42391",
            "subnet_id": "subnet-00389d37c0f8d2b2b",
            "timeouts": null
          },
          "sensitive_attributes": [],
          "private": "eyJlMmJmYjczMC1lY2FhLTExZTYtOGY4OC0zNDM2M2JjN2M0YzAiOnsiY3JlYXRlIjozMDAwMDAwMDAwMDAsImRlbGV0ZSI6MzAwMDAwMDAwMDAwLCJ1cGRhdGUiOjEyMDAwMDAwMDAwMH19",
          "dependencies": [
            "aws_internet_gateway.imladris",
            "aws_route_table.imladris",
            "aws_subnet.imladris",
            "aws_vpc.imladris",
            "data.aws_availability_zones.available"
          ]
        }
      ]
    },
    {
      "mode": "managed",
      "type": "aws_security_group",
      "name": "imladris",
      "provider": "provider[\"registry.terraform.io/hashicorp/aws\"]",
      "instances": [
        {
          "schema_version": 1,
          "attributes": {
            "arn": "arn:aws:ec2:us-east-1:IMLADRIS_ACCOUNT_ID:security-group/sg-0f110cd582aeffee5",
            "description": "Security group for imladris - no public ingress, Tailscale handles access",
            "egress": [
              {
                "cidr_blocks": [
                  "0.0.0.0/0"
                ],
                "description": "",
                "from_port": 0,
                "ipv6_cidr_blocks": [],
                "prefix_list_ids": [],
                "protocol": "-1",
                "security_groups": [],
                "self": false,
                "to_port": 0
              }
            ],
            "id": "sg-0f110cd582aeffee5",
            "ingress": [],
            "name": "imladris-sg",
            "name_prefix": "",
            "owner_id": "IMLADRIS_ACCOUNT_ID",
            "revoke_rules_on_delete": false,
            "tags": {
              "Name": "imladris-sg"
            },
            "tags_all": {
              "Environment": "dev",
              "ManagedBy": "terraform",
              "Name": "imladris-sg",
              "Project": "aws-devbox"
            },
            "timeouts": null,
            "vpc_id": "vpc-022aa33630b5dfcdd"
          },
          "sensitive_attributes": [],
          "private": "eyJlMmJmYjczMC1lY2FhLTExZTYtOGY4OC0zNDM2M2JjN2M0YzAiOnsiY3JlYXRlIjo2MDAwMDAwMDAwMDAsImRlbGV0ZSI6OTAwMDAwMDAwMDAwfSwic2NoZW1hX3ZlcnNpb24iOiIxIn0=",
          "dependencies": [
            "aws_vpc.imladris"
          ]
        }
      ]
    },
    {
      "mode": "managed",
      "type": "aws_subnet",
      "name": "imladris",
      "provider": "provider[\"registry.terraform.io/hashicorp/aws\"]",
      "instances": [
        {
          "schema_version": 1,
          "attributes": {
            "arn": "arn:aws:ec2:us-east-1:IMLADRIS_ACCOUNT_ID:subnet/subnet-00389d37c0f8d2b2b",
            "assign_ipv6_address_on_creation": false,
            "availability_zone": "us-east-1a",
            "availability_zone_id": "use1-az1",
            "cidr_block": "10.0.1.0/24",
            "customer_owned_ipv4_pool": "",
            "enable_dns64": false,
            "enable_lni_at_device_index": 0,
            "enable_resource_name_dns_a_record_on_launch": false,
            "enable_resource_name_dns_aaaa_record_on_launch": false,
            "id": "subnet-00389d37c0f8d2b2b",
            "ipv6_cidr_block": "",
            "ipv6_cidr_block_association_id": "",
            "ipv6_native": false,
            "map_customer_owned_ip_on_launch": false,
            "map_public_ip_on_launch": true,
            "outpost_arn": "",
            "owner_id": "IMLADRIS_ACCOUNT_ID",
            "private_dns_hostname_type_on_launch": "ip-name",
            "tags": {
              "Name": "imladris-subnet"
            },
            "tags_all": {
              "Environment": "dev",
              "ManagedBy": "terraform",
              "Name": "imladris-subnet",
              "Project": "aws-devbox"
            },
            "timeouts": null,
            "vpc_id": "vpc-022aa33630b5dfcdd"
          },
          "sensitive_attributes": [],
          "private": "eyJlMmJmYjczMC1lY2FhLTExZTYtOGY4OC0zNDM2M2JjN2M0YzAiOnsiY3JlYXRlIjo2MDAwMDAwMDAwMDAsImRlbGV0ZSI6MTIwMDAwMDAwMDAwMH0sInNjaGVtYV92ZXJzaW9uIjoiMSJ9",
          "dependencies": [
            "aws_vpc.imladris",
            "data.aws_availability_zones.available"
          ]
        }
      ]
    },
    {
      "mode": "managed",
      "type": "aws_vpc",
      "name": "imladris",
      "provider": "provider[\"registry.terraform.io/hashicorp/aws\"]",
      "instances": [
        {
          "schema_version": 1,
          "attributes": {
            "arn": "arn:aws:ec2:us-east-1:IMLADRIS_ACCOUNT_ID:vpc/vpc-022aa33630b5dfcdd",
            "assign_generated_ipv6_cidr_block": false,
            "cidr_block": "10.0.0.0/16",
            "default_network_acl_id": "acl-0330c6666e1a128e4",
            "default_route_table_id": "rtb-0dbbfeef855eca600",
            "default_security_group_id": "sg-040437de14f12ae0b",
            "dhcp_options_id": "dopt-037ca9a336b984d3f",
            "enable_dns_hostnames": true,
            "enable_dns_support": true,
            "enable_network_address_usage_metrics": false,
            "id": "vpc-022aa33630b5dfcdd",
            "instance_tenancy": "default",
            "ipv4_ipam_pool_id": null,
            "ipv4_netmask_length": null,
            "ipv6_association_id": "",
            "ipv6_cidr_block": "",
            "ipv6_cidr_block_network_border_group": "",
            "ipv6_ipam_pool_id": "",
            "ipv6_netmask_length": 0,
            "main_route_table_id": "rtb-0dbbfeef855eca600",
            "owner_id": "IMLADRIS_ACCOUNT_ID",
            "tags": {
              "Name": "imladris-vpc"
            },
            "tags_all": {
              "Environment": "dev",
              "ManagedBy": "terraform",
              "Name": "imladris-vpc",
              "Project": "aws-devbox"
            }
          },
          "sensitive_attributes": [],
          "private": "eyJzY2hlbWFfdmVyc2lvbiI6IjEifQ=="
        }
      ]
    }
  ],
  "check_results": [
    {
      "object_kind": "var",
      "config_addr": "var.data_volume_size",
      "status": "unknown",
      "objects": null
    },
    {
      "object_kind": "var",
      "config_addr": "var.architecture",
      "status": "unknown",
      "objects": null
    },
    {
      "object_kind": "var",
      "config_addr": "var.volume_size",
      "status": "unknown",
      "objects": null
    },
    {
      "object_kind": "var",
      "config_addr": "var.volume_iops",
      "status": "unknown",
      "objects": null
    },
    {
      "object_kind": "var",
      "config_addr": "var.volume_throughput",
      "status": "unknown",
      "objects": null
    },
    {
      "object_kind": "var",
      "config_addr": "var.instance_type",
      "status": "unknown",
      "objects": null
    }
  ]
}
