{
  "version": 4,
  "terraform_version": "1.9.8",
  "serial": 275,
  "lineage": "33d684a1-7a0c-ad3b-abd1-5f6ef672f5d2",
  "outputs": {
    "ami_id": {
      "value": "ami-0071c8c431eea0edb",
      "type": "string"
    },
    "ami_name": {
      "value": "ubuntu/images/hvm-ssd-gp3/ubuntu-noble-24.04-arm64-server-20251212",
      "type": "string"
    },
    "fleet_enabled": {
      "value": true,
      "type": "bool"
    },
    "fleet_id": {
      "value": "fleet-3cf5492d-9743-46f5-9691-10d1d4fe7c16",
      "type": "string"
    },
    "instance_id": {
      "value": "managed-by-fleet",
      "type": "string"
    },
    "instance_type": {
      "value": "t4g.large, t4g.xlarge, m6g.large, m6g.xlarge, m7g.large, m7g.xlarge",
      "type": "string"
    },
    "mosh_command": {
      "value": "mosh imladris",
      "type": "string"
    },
    "pricing_estimate": {
      "value": "~$0.08-0.20/hr (on-demand, varies by type)",
      "type": "string"
    },
    "spot_enabled": {
      "value": false,
      "type": "bool"
    },
    "ssh_command": {
      "value": "ssh imladris",
      "type": "string"
    },
    "tailscale_hostname": {
      "value": "imladris",
      "type": "string"
    },
    "volumes": {
      "value": {
        "data": "100GB (LUKS encrypted /data)",
        "root": "50GB (OS, tools)"
      },
      "type": [
        "object",
        {
          "data": "string",
          "root": "string"
        }
      ]
    },
    "vscode_remote": {
      "value": "Host imladris\n    HostName imladris\n",
      "type": "string"
    }
  },
  "resources": [
    {
      "mode": "data",
      "type": "aws_ami",
      "name": "ubuntu",
      "provider": "provider[\"registry.terraform.io/hashicorp/aws\"]",
      "instances": [
        {
          "schema_version": 0,
          "attributes": {
            "architecture": "arm64",
            "arn": "arn:aws:ec2:us-east-1::image/ami-0071c8c431eea0edb",
            "block_device_mappings": [
              {
                "device_name": "/dev/sda1",
                "ebs": {
                  "delete_on_termination": "true",
                  "encrypted": "false",
                  "iops": "0",
                  "snapshot_id": "snap-096f286f36332e08d",
                  "throughput": "0",
                  "volume_initialization_rate": "0",
                  "volume_size": "8",
                  "volume_type": "gp3"
                },
                "no_device": "",
                "virtual_name": ""
              },
              {
                "device_name": "/dev/sdb",
                "ebs": {},
                "no_device": "",
                "virtual_name": "ephemeral0"
              },
              {
                "device_name": "/dev/sdc",
                "ebs": {},
                "no_device": "",
                "virtual_name": "ephemeral1"
              }
            ],
            "boot_mode": "uefi",
            "creation_date": "2025-12-12T10:47:56.000Z",
            "deprecation_time": "2027-12-12T10:47:56.000Z",
            "description": "Canonical, Ubuntu, 24.04, arm64 noble image",
            "ena_support": true,
            "executable_users": null,
            "filter": [
              {
                "name": "architecture",
                "values": [
                  "arm64"
                ]
              },
              {
                "name": "name",
                "values": [
                  "ubuntu/images/hvm-ssd-gp3/ubuntu-noble-24.04-arm64-server-*"
                ]
              },
              {
                "name": "virtualization-type",
                "values": [
                  "hvm"
                ]
              }
            ],
            "hypervisor": "xen",
            "id": "ami-0071c8c431eea0edb",
            "image_id": "ami-0071c8c431eea0edb",
            "image_location": "amazon/ubuntu/images/hvm-ssd-gp3/ubuntu-noble-24.04-arm64-server-20251212",
            "image_owner_alias": "amazon",
            "image_type": "machine",
            "imds_support": "v2.0",
            "include_deprecated": false,
            "kernel_id": "",
            "last_launched_time": "",
            "most_recent": true,
            "name": "ubuntu/images/hvm-ssd-gp3/ubuntu-noble-24.04-arm64-server-20251212",
            "name_regex": null,
            "owner_id": "099720109477",
            "owners": [
              "099720109477"
            ],
            "platform": "",
            "platform_details": "Linux/UNIX",
            "product_codes": [],
            "public": true,
            "ramdisk_id": "",
            "root_device_name": "/dev/sda1",
            "root_device_type": "ebs",
            "root_snapshot_id": "snap-096f286f36332e08d",
            "sriov_net_support": "simple",
            "state": "available",
            "state_reason": {
              "code": "UNSET",
              "message": "UNSET"
            },
            "tags": {},
            "timeouts": null,
            "tpm_support": "",
            "uefi_data": null,
            "usage_operation": "RunInstances",
            "virtualization_type": "hvm"
          },
          "sensitive_attributes": []
        }
      ]
    },
    {
      "mode": "data",
      "type": "aws_availability_zones",
      "name": "available",
      "provider": "provider[\"registry.terraform.io/hashicorp/aws\"]",
      "instances": [
        {
          "schema_version": 0,
          "attributes": {
            "all_availability_zones": null,
            "exclude_names": null,
            "exclude_zone_ids": null,
            "filter": null,
            "group_names": [
              "us-east-1-zg-1"
            ],
            "id": "us-east-1",
            "names": [
              "us-east-1a",
              "us-east-1b",
              "us-east-1c",
              "us-east-1d",
              "us-east-1e",
              "us-east-1f"
            ],
            "state": "available",
            "timeouts": null,
            "zone_ids": [
              "use1-az1",
              "use1-az2",
              "use1-az4",
              "use1-az6",
              "use1-az3",
              "use1-az5"
            ]
          },
          "sensitive_attributes": []
        }
      ]
    },
    {
      "mode": "managed",
      "type": "aws_dlm_lifecycle_policy",
      "name": "imladris",
      "provider": "provider[\"registry.terraform.io/hashicorp/aws\"]",
      "instances": [
        {
          "schema_version": 0,
          "attributes": {
            "arn": "arn:aws:dlm:us-east-1:IMLADRIS_ACCOUNT_ID:policy/policy-093b690c04ca97793",
            "description": "Hourly snapshots for imladris volume",
            "execution_role_arn": "arn:aws:iam::IMLADRIS_ACCOUNT_ID:role/imladris-dlm-role",
            "id": "policy-093b690c04ca97793",
            "policy_details": [
              {
                "action": [],
                "event_source": [],
                "parameters": [],
                "policy_type": "EBS_SNAPSHOT_MANAGEMENT",
                "resource_locations": [
                  "CLOUD"
                ],
                "resource_types": [
                  "VOLUME"
                ],
                "schedule": [
                  {
                    "copy_tags": true,
                    "create_rule": [
                      {
                        "cron_expression": "",
                        "interval": 1,
                        "interval_unit": "HOURS",
                        "location": "CLOUD",
                        "times": [
                          "06:47"
                        ]
                      }
                    ],
                    "cross_region_copy_rule": [],
                    "deprecate_rule": [],
                    "fast_restore_rule": [],
                    "name": "Hourly snapshots",
                    "retain_rule": [
                      {
                        "count": 10,
                        "interval": 0,
                        "interval_unit": ""
                      }
                    ],
                    "share_rule": [],
                    "tags_to_add": {
                      "Project": "imladris",
                      "SnapshotCreator": "DLM"
                    },
                    "variable_tags": {}
                  }
                ],
                "target_tags": {
                  "Backup": "daily"
                }
              }
            ],
            "state": "ENABLED",
            "tags": {
              "Name": "imladris-dlm-policy"
            },
            "tags_all": {
              "Environment": "dev",
              "ManagedBy": "terraform",
              "Name": "imladris-dlm-policy",
              "Project": "aws-devbox"
            }
          },
          "sensitive_attributes": [],
          "private": "bnVsbA==",
          "dependencies": [
            "aws_iam_role.dlm"
          ]
        }
      ]
    },
    {
      "mode": "managed",
      "type": "aws_ebs_volume",
      "name": "data",
      "provider": "provider[\"registry.terraform.io/hashicorp/aws\"]",
      "instances": [
        {
          "schema_version": 0,
          "attributes": {
            "arn": "arn:aws:ec2:us-east-1:IMLADRIS_ACCOUNT_ID:volume/vol-0cfd57c9492a3779c",
            "availability_zone": "us-east-1a",
            "create_time": "2026-01-10T03:01:44Z",
            "encrypted": true,
            "final_snapshot": false,
            "id": "vol-0cfd57c9492a3779c",
            "iops": 3000,
            "kms_key_id": "arn:aws:kms:us-east-1:IMLADRIS_ACCOUNT_ID:key/3651efa1-e0b7-42c7-bd0b-618c8ea7c4f8",
            "multi_attach_enabled": false,
            "outpost_arn": "",
            "size": 100,
            "snapshot_id": "",
            "tags": {
              "Backup": "daily",
              "Name": "hall-of-fire",
              "Project": "imladris"
            },
            "tags_all": {
              "Backup": "daily",
              "Environment": "dev",
              "ManagedBy": "terraform",
              "Name": "hall-of-fire",
              "Project": "imladris"
            },
            "throughput": 250,
            "timeouts": null,
            "type": "gp3"
          },
          "sensitive_attributes": [],
          "private": "eyJlMmJmYjczMC1lY2FhLTExZTYtOGY4OC0zNDM2M2JjN2M0YzAiOnsiY3JlYXRlIjozMDAwMDAwMDAwMDAsImRlbGV0ZSI6NjAwMDAwMDAwMDAwLCJ1cGRhdGUiOjMwMDAwMDAwMDAwMH19",
          "dependencies": [
            "data.aws_availability_zones.available"
          ]
        }
      ]
    },
    {
      "mode": "managed",
      "type": "aws_ec2_fleet",
      "name": "imladris",
      "provider": "provider[\"registry.terraform.io/hashicorp/aws\"]",
      "instances": [
        {
          "index_key": 0,
          "schema_version": 0,
          "attributes": {
            "arn": "arn:aws:ec2:us-east-1:IMLADRIS_ACCOUNT_ID:fleet/fleet-3cf5492d-9743-46f5-9691-10d1d4fe7c16",
            "context": "",
            "excess_capacity_termination_policy": "termination",
            "fleet_instance_set": null,
            "fleet_state": "active",
            "fulfilled_capacity": 0,
            "fulfilled_on_demand_capacity": 0,
            "id": "fleet-3cf5492d-9743-46f5-9691-10d1d4fe7c16",
            "launch_template_config": [
              {
                "launch_template_specification": [
                  {
                    "launch_template_id": "lt-00d53cbfea96d1b57",
                    "launch_template_name": "",
                    "version": "$Latest"
                  }
                ],
                "override": [
                  {
                    "availability_zone": "us-east-1a",
                    "instance_requirements": [],
                    "instance_type": "t4g.large",
                    "max_price": "",
                    "priority": 0,
                    "subnet_id": "",
                    "weighted_capacity": 0
                  },
                  {
                    "availability_zone": "us-east-1a",
                    "instance_requirements": [],
                    "instance_type": "t4g.xlarge",
                    "max_price": "",
                    "priority": 0,
                    "subnet_id": "",
                    "weighted_capacity": 0
                  },
                  {
                    "availability_zone": "us-east-1a",
                    "instance_requirements": [],
                    "instance_type": "m6g.large",
                    "max_price": "",
                    "priority": 0,
                    "subnet_id": "",
                    "weighted_capacity": 0
                  },
                  {
                    "availability_zone": "us-east-1a",
                    "instance_requirements": [],
                    "instance_type": "m6g.xlarge",
                    "max_price": "",
                    "priority": 0,
                    "subnet_id": "",
                    "weighted_capacity": 0
                  },
                  {
                    "availability_zone": "us-east-1a",
                    "instance_requirements": [],
                    "instance_type": "m7g.large",
                    "max_price": "",
                    "priority": 0,
                    "subnet_id": "",
                    "weighted_capacity": 0
                  },
                  {
                    "availability_zone": "us-east-1a",
                    "instance_requirements": [],
                    "instance_type": "m7g.xlarge",
                    "max_price": "",
                    "priority": 0,
                    "subnet_id": "",
                    "weighted_capacity": 0
                  }
                ]
              }
            ],
            "on_demand_options": [
              {
                "allocation_strategy": "lowestPrice",
                "capacity_reservation_options": [],
                "max_total_price": "",
                "min_target_capacity": 0,
                "single_availability_zone": false,
                "single_instance_type": false
              }
            ],
            "replace_unhealthy_instances": false,
            "spot_options": [
              {
                "allocation_strategy": "capacity-optimized",
                "instance_interruption_behavior": "stop",
                "instance_pools_to_use_count": 0,
                "maintenance_strategies": [],
                "max_total_price": "",
                "min_target_capacity": 0,
                "single_availability_zone": false,
                "single_instance_type": false
              }
            ],
            "tags": {
              "Name": "imladris-fleet"
            },
            "tags_all": {
              "Environment": "dev",
              "ManagedBy": "terraform",
              "Name": "imladris-fleet",
              "Project": "aws-devbox"
            },
            "target_capacity_specification": [
              {
                "default_target_capacity_type": "on-demand",
                "on_demand_target_capacity": 1,
                "spot_target_capacity": 0,
                "target_capacity_unit_type": "",
                "total_target_capacity": 1
              }
            ],
            "terminate_instances": true,
            "terminate_instances_with_expiration": true,
            "timeouts": null,
            "type": "maintain",
            "valid_from": null,
            "valid_until": null
          },
          "sensitive_attributes": [],
          "private": "eyJlMmJmYjczMC1lY2FhLTExZTYtOGY4OC0zNDM2M2JjN2M0YzAiOnsiY3JlYXRlIjo2MDAwMDAwMDAwMDAsImRlbGV0ZSI6NjAwMDAwMDAwMDAwLCJ1cGRhdGUiOjYwMDAwMDAwMDAwMH19",
          "dependencies": [
            "aws_iam_instance_profile.imladris",
            "aws_iam_role.imladris_instance",
            "aws_launch_template.imladris",
            "aws_security_group.imladris",
            "aws_sns_topic.imladris",
            "aws_subnet.imladris",
            "aws_vpc.imladris",
            "data.aws_ami.ubuntu",
            "data.aws_availability_zones.available"
          ]
        }
      ]
    },
    {
      "mode": "managed",
      "type": "aws_iam_instance_profile",
      "name": "imladris",
      "provider": "provider[\"registry.terraform.io/hashicorp/aws\"]",
      "instances": [
        {
          "schema_version": 0,
          "attributes": {
            "arn": "arn:aws:iam::IMLADRIS_ACCOUNT_ID:instance-profile/imladris-instance-profile",
            "create_date": "2026-01-10T05:15:06Z",
            "id": "imladris-instance-profile",
            "name": "imladris-instance-profile",
            "name_prefix": "",
            "path": "/",
            "role": "imladris-instance-role",
            "tags": {},
            "tags_all": {
              "Environment": "dev",
              "ManagedBy": "terraform",
              "Project": "aws-devbox"
            },
            "unique_id": "AIPA3FL3YJIDINAHIJ44F"
          },
          "sensitive_attributes": [],
          "private": "bnVsbA==",
          "dependencies": [
            "aws_iam_role.imladris_instance"
          ]
        }
      ]
    },
    {
      "mode": "managed",
      "type": "aws_iam_role",
      "name": "dlm",
      "provider": "provider[\"registry.terraform.io/hashicorp/aws\"]",
      "instances": [
        {
          "schema_version": 0,
          "attributes": {
            "arn": "arn:aws:iam::IMLADRIS_ACCOUNT_ID:role/imladris-dlm-role",
            "assume_role_policy": "{\"Statement\":[{\"Action\":\"sts:AssumeRole\",\"Effect\":\"Allow\",\"Principal\":{\"Service\":\"dlm.amazonaws.com\"}}],\"Version\":\"2012-10-17\"}",
            "create_date": "2026-01-10T05:15:06Z",
            "description": "",
            "force_detach_policies": false,
            "id": "imladris-dlm-role",
            "inline_policy": [],
            "managed_policy_arns": [
              "arn:aws:iam::aws:policy/service-role/AWSDataLifecycleManagerServiceRole"
            ],
            "max_session_duration": 3600,
            "name": "imladris-dlm-role",
            "name_prefix": "",
            "path": "/",
            "permissions_boundary": "",
            "tags": {},
            "tags_all": {
              "Environment": "dev",
              "ManagedBy": "terraform",
              "Project": "aws-devbox"
            },
            "unique_id": "AROA3FL3YJIDNEA7XGGQ6"
          },
          "sensitive_attributes": [],
          "private": "bnVsbA=="
        }
      ]
    },
    {
      "mode": "managed",
      "type": "aws_iam_role",
      "name": "imladris_instance",
      "provider": "provider[\"registry.terraform.io/hashicorp/aws\"]",
      "instances": [
        {
          "schema_version": 0,
          "attributes": {
            "arn": "arn:aws:iam::IMLADRIS_ACCOUNT_ID:role/imladris-instance-role",
            "assume_role_policy": "{\"Statement\":[{\"Action\":\"sts:AssumeRole\",\"Effect\":\"Allow\",\"Principal\":{\"Service\":\"ec2.amazonaws.com\"}}],\"Version\":\"2012-10-17\"}",
            "create_date": "2026-01-10T05:15:06Z",
            "description": "",
            "force_detach_policies": false,
            "id": "imladris-instance-role",
            "inline_policy": [
              {
                "name": "imladris-ebs-attach",
                "policy": "{\"Version\":\"2012-10-17\",\"Statement\":[{\"Action\":[\"ec2:AttachVolume\",\"ec2:DetachVolume\"],\"Condition\":{\"StringEquals\":{\"ec2:ResourceTag/Project\":\"imladris\"}},\"Effect\":\"Allow\",\"Resource\":[\"arn:aws:ec2:us-east-1:*:volume/*\",\"arn:aws:ec2:us-east-1:*:instance/*\"]},{\"Action\":\"ec2:DescribeVolumes\",\"Effect\":\"Allow\",\"Resource\":\"*\"}]}"
              }
            ],
            "managed_policy_arns": [],
            "max_session_duration": 3600,
            "name": "imladris-instance-role",
            "name_prefix": "",
            "path": "/",
            "permissions_boundary": "",
            "tags": {},
            "tags_all": {
              "Environment": "dev",
              "ManagedBy": "terraform",
              "Project": "aws-devbox"
            },
            "unique_id": "AROA3FL3YJIDH3AVFMVC5"
          },
          "sensitive_attributes": [],
          "private": "bnVsbA=="
        }
      ]
    },
    {
      "mode": "managed",
      "type": "aws_iam_role_policy",
      "name": "imladris_ebs",
      "provider": "provider[\"registry.terraform.io/hashicorp/aws\"]",
      "instances": [
        {
          "schema_version": 0,
          "attributes": {
            "id": "imladris-instance-role:imladris-ebs-attach",
            "name": "imladris-ebs-attach",
            "name_prefix": "",
            "policy": "{\"Version\":\"2012-10-17\",\"Statement\":[{\"Action\":[\"ec2:AttachVolume\",\"ec2:DetachVolume\"],\"Condition\":{\"StringEquals\":{\"ec2:ResourceTag/Project\":\"imladris\"}},\"Effect\":\"Allow\",\"Resource\":[\"arn:aws:ec2:us-east-1:*:volume/*\",\"arn:aws:ec2:us-east-1:*:instance/*\"]},{\"Action\":\"ec2:DescribeVolumes\",\"Effect\":\"Allow\",\"Resource\":\"*\"}]}",
            "role": "imladris-instance-role"
          },
          "sensitive_attributes": [],
          "private": "bnVsbA==",
          "dependencies": [
            "aws_iam_role.imladris_instance"
          ]
        }
      ]
    },
    {
      "mode": "managed",
      "type": "aws_iam_role_policy_attachment",
      "name": "dlm",
      "provider": "provider[\"registry.terraform.io/hashicorp/aws\"]",
      "instances": [
        {
          "schema_version": 0,
          "attributes": {
            "id": "imladris-dlm-role-20260110051507254500000001",
            "policy_arn": "arn:aws:iam::aws:policy/service-role/AWSDataLifecycleManagerServiceRole",
            "role": "imladris-dlm-role"
          },
          "sensitive_attributes": [],
          "private": "bnVsbA==",
          "dependencies": [
            "aws_iam_role.dlm"
          ]
        }
      ]
    },
    {
      "mode": "managed",
      "type": "aws_internet_gateway",
      "name": "imladris",
      "provider": "provider[\"registry.terraform.io/hashicorp/aws\"]",
      "instances": [
        {
          "schema_version": 0,
          "attributes": {
            "arn": "arn:aws:ec2:us-east-1:IMLADRIS_ACCOUNT_ID:internet-gateway/igw-04597c5f5f5953952",
            "id": "igw-04597c5f5f5953952",
            "owner_id": "IMLADRIS_ACCOUNT_ID",
            "tags": {
              "Name": "imladris-igw"
            },
            "tags_all": {
              "Environment": "dev",
              "ManagedBy": "terraform",
              "Name": "imladris-igw",
              "Project": "aws-devbox"
            },
            "timeouts": null,
            "vpc_id": "vpc-0ae5ce38192d5c65b"
          },
          "sensitive_attributes": [],
          "private": "eyJlMmJmYjczMC1lY2FhLTExZTYtOGY4OC0zNDM2M2JjN2M0YzAiOnsiY3JlYXRlIjoxMjAwMDAwMDAwMDAwLCJkZWxldGUiOjEyMDAwMDAwMDAwMDAsInVwZGF0ZSI6MTIwMDAwMDAwMDAwMH19",
          "dependencies": [
            "aws_vpc.imladris"
          ]
        }
      ]
    },
    {
      "mode": "managed",
      "type": "aws_launch_template",
      "name": "imladris",
      "provider": "provider[\"registry.terraform.io/hashicorp/aws\"]",
      "instances": [
        {
          "schema_version": 0,
          "attributes": {
            "arn": "arn:aws:ec2:us-east-1:IMLADRIS_ACCOUNT_ID:launch-template/lt-00d53cbfea96d1b57",
            "block_device_mappings": [
              {
                "device_name": "/dev/sda1",
                "ebs": [
                  {
                    "delete_on_termination": "true",
                    "encrypted": "true",
                    "iops": 3000,
                    "kms_key_id": "",
                    "snapshot_id": "",
                    "throughput": 250,
                    "volume_initialization_rate": 0,
                    "volume_size": 50,
                    "volume_type": "gp3"
                  }
                ],
                "no_device": "",
                "virtual_name": ""
              }
            ],
            "capacity_reservation_specification": [],
            "cpu_options": [],
            "credit_specification": [],
            "default_version": 1,
            "description": "",
            "disable_api_stop": false,
            "disable_api_termination": false,
            "ebs_optimized": "",
            "elastic_gpu_specifications": [],
            "elastic_inference_accelerator": [],
            "enclave_options": [],
            "hibernation_options": [],
            "iam_instance_profile": [
              {
                "arn": "",
                "name": "imladris-instance-profile"
              }
            ],
            "id": "lt-00d53cbfea96d1b57",
            "image_id": "ami-0071c8c431eea0edb",
            "instance_initiated_shutdown_behavior": "",
            "instance_market_options": [],
            "instance_requirements": [],
            "instance_type": "",
            "kernel_id": "",
            "key_name": "",
            "latest_version": 3,
            "license_specification": [],
            "maintenance_options": [],
            "metadata_options": [
              {
                "http_endpoint": "enabled",
                "http_protocol_ipv6": "",
                "http_put_response_hop_limit": 0,
                "http_tokens": "required",
                "instance_metadata_tags": ""
              }
            ],
            "monitoring": [],
            "name": "imladris-20260110051530648400000003",
            "name_prefix": "imladris-",
            "network_interfaces": [
              {
                "associate_carrier_ip_address": "",
                "associate_public_ip_address": "true",
                "connection_tracking_specification": [],
                "delete_on_termination": "",
                "description": "",
                "device_index": 0,
                "ena_srd_specification": [],
                "interface_type": "",
                "ipv4_address_count": 0,
                "ipv4_addresses": [],
                "ipv4_prefix_count": 0,
                "ipv4_prefixes": [],
                "ipv6_address_count": 0,
                "ipv6_addresses": [],
                "ipv6_prefix_count": 0,
                "ipv6_prefixes": [],
                "network_card_index": 0,
                "network_interface_id": "",
                "primary_ipv6": "",
                "private_ip_address": "",
                "security_groups": [
                  "sg-06383a660bb093c2c"
                ],
                "subnet_id": "subnet-035afc659518ac14a"
              }
            ],
            "placement": [],
            "private_dns_name_options": [],
            "ram_disk_id": "",
            "security_group_names": [],
            "tag_specifications": [
              {
                "resource_type": "instance",
                "tags": {
                  "Name": "imladris",
                  "Project": "imladris"
                }
              },
              {
                "resource_type": "volume",
                "tags": {
                  "Backup": "false",
                  "Name": "imladris-root",
                  "Project": "imladris"
                }
              }
            ],
            "tags": {
              "Name": "imladris-launch-template"
            },
            "tags_all": {
              "Environment": "dev",
              "ManagedBy": "terraform",
              "Name": "imladris-launch-template",
              "Project": "aws-devbox"
            },
            "update_default_version": null,
            "user_data": "H4sIAAAAAAAA/7x7bXcTuZLwd/+KouOZOMy0m+QBDo/B7A2JA74kDmMHmD3A9ZG7y7YmbamR1LHNhP0D+3E/3C/76/aX7NFLv9rJZObC+mBsS1WlUqneW9m5F0woCyZEzhs7cIxXL/gKJpwrqQRJQIaCJgp8GNAV/ARzvkB/QRiZoQCMqKKcNXZgtJYKF36MVxiDRJUmwFm8fgqpRAEJCS/JDCVYxAgm6wqhxk5jBy5QCDLlYgEKF0lMFMIVEZRMYpSdxg7IOcZxOMfwEiIq9XB3dHSw/+hho4ErDOE5PG8pRAiuiAhiPgv00n5EFGnHfAbXEPOZZtpXkM+AL+HgeRDhVRByJnmMe3Dw/Mf9RuPoVe/o9Zvz/uBifNI/7XW9TbJ+IvhMoJRe4+Swf9o7Ho8uem9GXc9rNHag+y1fjR14hXGCAk5SFmqZy2++RCPms9Ye/A4Yzjl4H5qtSJ/B7k8/vOr8cNb5YbS79wma972n8FWDjmUahiilQdEC9v7nv/+rPI9CcFGe/WcF+5Impcl//ic070NLjyYY7RmwhlSYjCPO0ADOBCbgfwbvH839pgdes3ZEXnaSLI1jjb8g4rJAt7tq7nvw/PkWZLOgSNlYL6oRGgAAMQ9JDIYPRhbYNfgRWpugnHW95oFnIOWcThUcmO90Cjnr4DVzdO8pqDkyA2OpWzmA1yzR9PJ5gSoVDB6YgSl1HM3AGykiFGWzDmwi0il4zb/Vl8plUeGnyok9z23MYCyxAmvOtgoJLVxRBSGPsAPNf9sriFeNo1n+CduYcdvez7b99XuYk3VYMDKuqiU4V9Z5/QwhYbsKJgiUVZzU3re3OOMox9KwkuvcnEulBRIq40n97Dd4dBGTSFBpRaXoArWFZnD69xdzwocLFDQkwTGyKxRew4DvwBAX/AphNDoDMkOmffoStS+EC0JjGZJYT74yjtvqNCMJCItFFuQLZ76UC98il4wNrq9BidSqiN2NYUrxxNBo15E3BySKKxriHag63/8tCDu59FkokEh94FzR6RqWRIVzlDDlAqY0RjcgpDUG40imsu3A2wuyGuugMHZ43UcHDw+ePDGOJkAVBnItQxW3Q86m2Wb0Tvwk4+CMMrrQjsYqZR4uW7+lUsFyTtSuBIYYYWSY0qE4j9B7hghJlD9DBWmidcIMHfde9A8H45Ph+eCiNzjuMs4oUyhIqKg+UYdBmVQkjsFfw8fcBsNUxDDT9izWibIBPSR+iELRKQ2JQgkzliazbAuHqeK+XdwKTmKYCqrWFe5Ka6WMKIUswshPk5kgEUoDFlOpwjlhM7TiDokCJ0eSKP02gmxHwaMH22g8e7bbOz/Zbbwt5t7auU7nMI75EiP/XNAZZdIZnJdOUqbSDuOTGP2Mb+9p4+vT7VRSxU/oqq9lKdJEYXScXM7A0zrlbUexpue/ZanEyD/GRM+zkKK8FU2vtCCKhv4Q9XmDNyWx1NC98xPtF60DiXh4iSJ3IHQKIV8sCIvAvwI7CT+WY2M9CoF3bKFILJBE6+ycMLo9GBkt8adydApzpRLZCYIZqrZdsh3yBVyDnBtQbSALHoFPXmYsWbHfpB8WyA/5IuES/SROZ5QVe1aZyypv+1554znELXvfsoEcTfMfOIbacl5sZUozpT+KkTDQuW4cQYTa0cgiSptZymYZQOFlHWi73bbyPT89Hh/33vWPeqNus2WZkuCn4Cl5iWufJNS/lHz/ycPVBT/d3z8aXAxP/d8O5PrgYn+4Ogtnbz5f/n1xMfv1l/Bl8gbfp5//n3zZ8UoG7WX7IwltV/dIEhpcHZiNM1SBHzj2yujX8Ntn8AXstt3kh09aIBhjqFrtPERdg9SpiVxSNW8V8WpvD66hTaPdbW54z0pT+wwrg3H/WMfeZkkqTyHiNYXFGHUK5GTZgWaO7NWOV4L/Kxz3TnsXvW8r07vJ1TIYlPirRDadlFkJFAqbJuD7JFVz/xLXXcev+alOXg+O/v316ycZwwe94SD9ZdY7+3V48UQdfzldisu3w9NfRvO/Pz5ZpW9fg59nEN3sQMD3pZyXHAhRZHzF43RRmNMOjDCe+kQpEs611YApmHovRmAhoSXwc0qFi0m9owM4iRF1vEKB1pRZiNA/lmAd+p4jfEJZlBGZrEGRGWibdUtRBYqDmlOZ02iUkvF356dvz3rji8OXXW9O4tjnU39KhcsfLYwT9eDwTBduWuFkNC0DDHsv++eD0kB/MLo4HJjjMaMWoGSM+pg7QbD/+P+3Dx49bLvPQJepUgULVMTUhEESkxAXyFQgcEY5s3sukf8LNDMx+DTay12PKYTpNHfZVnoYZb7wA/gI1tiuFrjP9uGT1rtieHUVTeHT1mCgD9qdT538zQEhz6asCz98P4Kj075mhXEFiUCp08ZWKY3JljCktcz2tjpyspS3uPAtoYMsZRjTGl9G6bQaVxRvU7GcAuS/us2WZgDDA1f4TdC3JGTJFfi+PW7wmlZ1vMrklMYKhQRvoM1QkVlHf/n5HYlTlN1modOeA5GKqFRmAOSK0FhnvVWqn1MUa/DeWW4+PPjUtl/7URWOpypJFShcVdJ2p0tWV76A18z37GW6UhnrgjfgDL3tSjPgkLNpXYUT9JSnLAIdEbTAO1DebZWE5R4WZJ2r3QRzzQMuIOIodXWGKyrVH6iiIXlokHWccNwUG9JeJndSzZKFWrrZodvl3ZHf/cQtvE+jqgzLICWzBq/CQAXMxg/wmiWvltd07wlVxpYKIyqp9Nnhr+P3h/2L7uMHpVE90jvu2qHlXBc4H+DeFnfx44+VCesw7GjTEgE/VtDMltGKUYrTMkZMXEtEv9y6zVbLIf8EB3t7VRXQ+9GnVXIPirvNtdttaLmFg3xR12gowui/4vuKJkjFB2Ya6GanaRyvb++MvKu7NluuA0831bbc6HAdgYSr8ZywKC6l9fbwRkfD/puL0fjF4ajXzZMPQZbtGVXzdKLz7JAzpWtfnYREJCQJ92MykYHOA4IFkQpFYPs2MlekY75kMScR6LWBZrWNVnDHSD3j95plXgKN55fxfIfXlnMPfA5BKkVgNmH6zTfC65P6vaoVRwKJUYsJkTS0LDroUrJnC8W7rvLs2e6rw8HxaW+42yi3wK1B6PQsV2ZdUGWZ5AIO7hy39eJF8Camb3tLJFvq8OWN3pxfQH9w0RsO37656J8POjakai+1pHGsXaJCsaCMKK2SnLN7Xs3m9g8qZZodfNQwNuI2bSa+2jOd68Lsp9WdZdeoF+a2bxG5z9tUwXVjnj3bHfWG2p3tNj68ZVR9ahyXuqo6lxzpQ8533i8r5CvHxuFUoegyVEsuLtuKiBmqRuPDyC7yqXGxTrAr6SKJsdFbYWjapt0773KIppjpknhJ1jL7OcKw+6jRY1dUcKYtu+uNBqPxxfmb/tH4cDjoeo3GB5cEfWq8J0xh9GLdXaSxor62zoxRJ4BGvb9FcMGZL1BbY20OmYmuvs/4Em5m/Ls0TAd0leV2xD30+bZLON/H6Kpc0n8AP4KA0dUNWQdd/ZmmRV7ZKHh1ftYzYUbTzlBFqahZzpGBSJkp4YkEwblLUHGVcGEpdAM9XM99B4YkFGcOCx5hyYEW7QZGV1y2uZjpb1m7wfQajLvxdQJgNAJ8f40yW6lnNWEak0vXclhcRlSAn1iLZHRVN1JNn9GV6Z5pAxz0fz06H5zsNnCVoKBalUnsT5GoVKCErhaMn6XhbiGHU3SUjUkYSMel4pDQ8FKXsHohOqupsNhAKcLenC9w7Lrt5TqUpyJEc06J4FMaW0m2jVqYx3L6003JIMIpSWNl9uwG21FQrNeW86J/wxmaokCHRhCY8EqR+OZ8fNwfdr1AcxbYflWgoWRgo+3WEOsVuntPa69OEC2lzdRZphEHP3W9sOIQvWYrosK2/Qv00kOVGqJp1Zrd5I24mxnUqUKZbM06ekymAjPKfMkkhDr/gYgKDBUXFCW0SmZjMvY5uUIIdaBGU2ctqjZz00Yrom2bdYy1V8etu5ZzIrBQ7TlfMvCHjmTHUd5CcBuxPO9BG0wRiAjnVGGo1d+2/rXOg/PWhVq8OhtrG+i/7LrGcem8vWYrNYfmL/ZMwbR68nj8+OHmuW8Q8VdPHtcPYphWn0BpibpdGqfSMkVVVt1x7RH3itJn6FxXhYJcUhXOzfaaOQ95HzIsK6sWtGlVVdLU2jnqlAn8EArF/FfMMk/lIqiwkU9ozRB1qfh+ti3ft2fW3ik2Z5/na2RvI7PMsvWtIiI0xuhnm3MxxAgWhKUk1uvfkMJ//T6R9wVVSyIiZDDCUKCScOZYPTrtf68wPFnKGx4oTG5txxjV0yBHp/0/HZmtgb14Pxq/6w1H/fNB19tvP2g/KLfuDodHr24xOKLNeJvFabxuNu2n7JLxJfNjytKVP2PplnLOYlgLvglhk/O3w9OiLis54Ul2ioGMLgOBMRKpzcLVXcFkKf2r5u+lzX81Y83fNR9f/epU+wtNvFKfw2UepkZywq8RszZviZUNPlCLZMPKK2We25Up4iZLqZc2QCn7QpP64MIqSC3JvrXOmCxtBiMW4E9zYs4HvkNBp7kG2czTnb5ex/evUMjb66pKXZ9JJ1fJDjRbFUp7t1f2NQKGI+cs/o+vMLirWiNbyUOLp0rSCIFPTQLqmxM/fft6FLx4PwKeoDDMyu92kSF7vDB2zYVyDueYJObJANQzEpN6QYtxezdrV0KCQnKm3S0mfO+7N0C25yMTynIzqY1XTKbeQ8mfs9iYYvo/br0/6KJkmD5lVGWdk8rgXQmYm3IbFMzoXUnoXJ0L3CDixv+AjHZe5V1kv/+oj4RSW6Ev1yz0jV5lBDZnGlW/UpFTbc8b3Of8bKN71/xSK0heUxoqoKm4eifKbzL+iT3/LWuS2KbZtvbKNuhbuwhFY3GOcVx5xKfgi5zrxNLlZ/aapXEdbsMtzuK19rca0DTeZdkev8j5OCFqXquS2jqzc3me8fJf5NwrN2hX4DUz3M1ovQOHUaRzWisAzZOsPUrKYd3FwNVJhWIZ8fo6u/5XzOeXcwxIkXrObeVdBi1dVMgD7siISaJJvHVa+kXOO1AguRhSTZ20BG+5jJAv3VrOaTjX4Ht3WN3dGrIMlFE349gOvEZMbNZOJExJHE+Icwg5cc2llrN5cPMzXCImrvdqkIzAvI2e9YKrKNesUttBj8OzZ7tn5xfHu418Jftqm//vF1/dl/vZ9xy+gBmPx9fj8XgDB+B+o046MFcXAD5uW6dRxrWwEFwb0I830x2Pg/FY/3c9/qi/fLSs1OnaHVwbdssvw06d6rX59w/I33agTrOdw2o2s7eD3ULx+vp67N4Oql3b+/0Csnhn9O6XFtUyL5HTJ3BdkXRpbS3Ij37xCpxAi8M0otZjQfGRCz0HC9znx6D8YeGy5YJcsB+3/tbkLGgfzuAUDuEYhtCHEQD4ADAiLFQpEWudNZ3qoNZw1VUEk3Vny6X3BhyZvlbHUP2PP24HmTK4odGMH5CdhrnkuVlx6pIjSeK1a5xB6RZcNbLlrz6jipKYfkGT57nnVRUEG/yy1ysksZqDzQIa2iS/T2p6RiiD3grD9Pu0iheEstKDsRl4d8f2CiSXQb/I/9ihpc+7Z/+qYa8EeFjqDXWAiMXjh6XZV+5+TQeqN3T/NGMGS/E0nG+5oW5nsyvq4Fm372VH67kbzcYbe4WOQPmScY2EvWNXkDiu/q6RsNA1EvmlJYvlXVR/10jk0HVGigtInmFk4+mrV2akgK7LpPTg1NMyqT/M9CoyKUHXCJneV/HyBkW3k5ToQP7MooZfbmVrRqr2XhzRZuO7RqheU3m51uYDFVbq8DVyk6Ws7OuFvaWzceR5E6guYBP8C/zjctbobSidHq1R0PlACdA75TPKYIFSkhluUNDQjb9u5TbVZFD9q4MbbrAc8UUSo0J3WUXX9KlA2anibm0OgFf4kNCRuZfnSH+J/a/Wy5k/5mj8LwAAAP//AQAA//8iYs2PpDUAAA==",
            "vpc_security_group_ids": []
          },
          "sensitive_attributes": [
            [
              {
                "type": "get_attr",
                "value": "user_data"
              }
            ]
          ],
          "private": "bnVsbA==",
          "dependencies": [
            "aws_iam_instance_profile.imladris",
            "aws_iam_role.imladris_instance",
            "aws_security_group.imladris",
            "aws_sns_topic.imladris",
            "aws_subnet.imladris",
            "aws_vpc.imladris",
            "data.aws_ami.ubuntu",
            "data.aws_availability_zones.available"
          ]
        }
      ]
    },
    {
      "mode": "managed",
      "type": "aws_route_table",
      "name": "imladris",
      "provider": "provider[\"registry.terraform.io/hashicorp/aws\"]",
      "instances": [
        {
          "schema_version": 0,
          "attributes": {
            "arn": "arn:aws:ec2:us-east-1:IMLADRIS_ACCOUNT_ID:route-table/rtb-004bde35156303d00",
            "id": "rtb-004bde35156303d00",
            "owner_id": "IMLADRIS_ACCOUNT_ID",
            "propagating_vgws": [],
            "route": [
              {
                "carrier_gateway_id": "",
                "cidr_block": "0.0.0.0/0",
                "core_network_arn": "",
                "destination_prefix_list_id": "",
                "egress_only_gateway_id": "",
                "gateway_id": "igw-04597c5f5f5953952",
                "ipv6_cidr_block": "",
                "local_gateway_id": "",
                "nat_gateway_id": "",
                "network_interface_id": "",
                "transit_gateway_id": "",
                "vpc_endpoint_id": "",
                "vpc_peering_connection_id": ""
              }
            ],
            "tags": {
              "Name": "imladris-rt"
            },
            "tags_all": {
              "Environment": "dev",
              "ManagedBy": "terraform",
              "Name": "imladris-rt",
              "Project": "aws-devbox"
            },
            "timeouts": null,
            "vpc_id": "vpc-0ae5ce38192d5c65b"
          },
          "sensitive_attributes": [],
          "private": "eyJlMmJmYjczMC1lY2FhLTExZTYtOGY4OC0zNDM2M2JjN2M0YzAiOnsiY3JlYXRlIjozMDAwMDAwMDAwMDAsImRlbGV0ZSI6MzAwMDAwMDAwMDAwLCJ1cGRhdGUiOjEyMDAwMDAwMDAwMH19",
          "dependencies": [
            "aws_internet_gateway.imladris",
            "aws_vpc.imladris"
          ]
        }
      ]
    },
    {
      "mode": "managed",
      "type": "aws_route_table_association",
      "name": "imladris",
      "provider": "provider[\"registry.terraform.io/hashicorp/aws\"]",
      "instances": [
        {
          "schema_version": 0,
          "attributes": {
            "gateway_id": "",
            "id": "rtbassoc-05904ba9cb86b834c",
            "route_table_id": "rtb-004bde35156303d00",
            "subnet_id": "subnet-035afc659518ac14a",
            "timeouts": null
          },
          "sensitive_attributes": [],
          "private": "eyJlMmJmYjczMC1lY2FhLTExZTYtOGY4OC0zNDM2M2JjN2M0YzAiOnsiY3JlYXRlIjozMDAwMDAwMDAwMDAsImRlbGV0ZSI6MzAwMDAwMDAwMDAwLCJ1cGRhdGUiOjEyMDAwMDAwMDAwMH19",
          "dependencies": [
            "aws_internet_gateway.imladris",
            "aws_route_table.imladris",
            "aws_subnet.imladris",
            "aws_vpc.imladris",
            "data.aws_availability_zones.available"
          ]
        }
      ]
    },
    {
      "mode": "managed",
      "type": "aws_security_group",
      "name": "imladris",
      "provider": "provider[\"registry.terraform.io/hashicorp/aws\"]",
      "instances": [
        {
          "schema_version": 1,
          "attributes": {
            "arn": "arn:aws:ec2:us-east-1:IMLADRIS_ACCOUNT_ID:security-group/sg-06383a660bb093c2c",
            "description": "Security group for imladris instance - no public ingress, Tailscale handles access",
            "egress": [
              {
                "cidr_blocks": [
                  "0.0.0.0/0"
                ],
                "description": "",
                "from_port": 0,
                "ipv6_cidr_blocks": [],
                "prefix_list_ids": [],
                "protocol": "-1",
                "security_groups": [],
                "self": false,
                "to_port": 0
              }
            ],
            "id": "sg-06383a660bb093c2c",
            "ingress": [],
            "name": "imladris-sg",
            "name_prefix": "",
            "owner_id": "IMLADRIS_ACCOUNT_ID",
            "revoke_rules_on_delete": false,
            "tags": {
              "Name": "imladris-sg"
            },
            "tags_all": {
              "Environment": "dev",
              "ManagedBy": "terraform",
              "Name": "imladris-sg",
              "Project": "aws-devbox"
            },
            "timeouts": null,
            "vpc_id": "vpc-0ae5ce38192d5c65b"
          },
          "sensitive_attributes": [],
          "private": "eyJlMmJmYjczMC1lY2FhLTExZTYtOGY4OC0zNDM2M2JjN2M0YzAiOnsiY3JlYXRlIjo2MDAwMDAwMDAwMDAsImRlbGV0ZSI6OTAwMDAwMDAwMDAwfSwic2NoZW1hX3ZlcnNpb24iOiIxIn0=",
          "dependencies": [
            "aws_vpc.imladris"
          ]
        }
      ]
    },
    {
      "mode": "managed",
      "type": "aws_subnet",
      "name": "imladris",
      "provider": "provider[\"registry.terraform.io/hashicorp/aws\"]",
      "instances": [
        {
          "schema_version": 1,
          "attributes": {
            "arn": "arn:aws:ec2:us-east-1:IMLADRIS_ACCOUNT_ID:subnet/subnet-035afc659518ac14a",
            "assign_ipv6_address_on_creation": false,
            "availability_zone": "us-east-1a",
            "availability_zone_id": "use1-az1",
            "cidr_block": "10.0.1.0/24",
            "customer_owned_ipv4_pool": "",
            "enable_dns64": false,
            "enable_lni_at_device_index": 0,
            "enable_resource_name_dns_a_record_on_launch": false,
            "enable_resource_name_dns_aaaa_record_on_launch": false,
            "id": "subnet-035afc659518ac14a",
            "ipv6_cidr_block": "",
            "ipv6_cidr_block_association_id": "",
            "ipv6_native": false,
            "map_customer_owned_ip_on_launch": false,
            "map_public_ip_on_launch": true,
            "outpost_arn": "",
            "owner_id": "IMLADRIS_ACCOUNT_ID",
            "private_dns_hostname_type_on_launch": "ip-name",
            "tags": {
              "Name": "imladris-subnet"
            },
            "tags_all": {
              "Environment": "dev",
              "ManagedBy": "terraform",
              "Name": "imladris-subnet",
              "Project": "aws-devbox"
            },
            "timeouts": null,
            "vpc_id": "vpc-0ae5ce38192d5c65b"
          },
          "sensitive_attributes": [],
          "private": "eyJlMmJmYjczMC1lY2FhLTExZTYtOGY4OC0zNDM2M2JjN2M0YzAiOnsiY3JlYXRlIjo2MDAwMDAwMDAwMDAsImRlbGV0ZSI6MTIwMDAwMDAwMDAwMH0sInNjaGVtYV92ZXJzaW9uIjoiMSJ9",
          "dependencies": [
            "aws_vpc.imladris",
            "data.aws_availability_zones.available"
          ]
        }
      ]
    },
    {
      "mode": "managed",
      "type": "aws_vpc",
      "name": "imladris",
      "provider": "provider[\"registry.terraform.io/hashicorp/aws\"]",
      "instances": [
        {
          "schema_version": 1,
          "attributes": {
            "arn": "arn:aws:ec2:us-east-1:IMLADRIS_ACCOUNT_ID:vpc/vpc-0ae5ce38192d5c65b",
            "assign_generated_ipv6_cidr_block": false,
            "cidr_block": "10.0.0.0/16",
            "default_network_acl_id": "acl-0eef972a57f3092ba",
            "default_route_table_id": "rtb-07913877a1de19df0",
            "default_security_group_id": "sg-03d1f8a767887a06c",
            "dhcp_options_id": "dopt-037ca9a336b984d3f",
            "enable_dns_hostnames": true,
            "enable_dns_support": true,
            "enable_network_address_usage_metrics": false,
            "id": "vpc-0ae5ce38192d5c65b",
            "instance_tenancy": "default",
            "ipv4_ipam_pool_id": null,
            "ipv4_netmask_length": null,
            "ipv6_association_id": "",
            "ipv6_cidr_block": "",
            "ipv6_cidr_block_network_border_group": "",
            "ipv6_ipam_pool_id": "",
            "ipv6_netmask_length": 0,
            "main_route_table_id": "rtb-07913877a1de19df0",
            "owner_id": "IMLADRIS_ACCOUNT_ID",
            "tags": {
              "Name": "imladris-vpc"
            },
            "tags_all": {
              "Environment": "dev",
              "ManagedBy": "terraform",
              "Name": "imladris-vpc",
              "Project": "aws-devbox"
            }
          },
          "sensitive_attributes": [],
          "private": "eyJzY2hlbWFfdmVyc2lvbiI6IjEifQ=="
        }
      ]
    }
  ],
  "check_results": [
    {
      "object_kind": "var",
      "config_addr": "var.architecture",
      "status": "pass",
      "objects": [
        {
          "object_addr": "var.architecture",
          "status": "pass"
        }
      ]
    },
    {
      "object_kind": "var",
      "config_addr": "var.instance_type",
      "status": "pass",
      "objects": [
        {
          "object_addr": "var.instance_type",
          "status": "pass"
        }
      ]
    }
  ]
}
