{
  "version": 4,
  "terraform_version": "1.9.8",
  "serial": 35,
  "lineage": "71bdfe5a-cae9-5997-2497-eefc4f20aaaa",
  "outputs": {
    "ami_id": {
      "value": "ami-0071c8c431eea0edb",
      "type": "string"
    },
    "ami_name": {
      "value": "ubuntu/images/hvm-ssd-gp3/ubuntu-noble-24.04-arm64-server-20251212",
      "type": "string"
    },
    "instance_id": {
      "value": "i-021468c8b2e869038",
      "type": "string"
    },
    "instance_type": {
      "value": "m7g.xlarge",
      "type": "string"
    },
    "pricing_estimate": {
      "value": "~$0.06/hr (spot)",
      "type": "string"
    },
    "spot_enabled": {
      "value": true,
      "type": "bool"
    },
    "ssh_command": {
      "value": "ssh devbox",
      "type": "string"
    },
    "tailscale_hostname": {
      "value": "devbox",
      "type": "string"
    },
    "volumes": {
      "value": {
        "data": "100GB (LUKS encrypted /home)",
        "root": "50GB (OS, tools)"
      },
      "type": [
        "object",
        {
          "data": "string",
          "root": "string"
        }
      ]
    },
    "vscode_remote": {
      "value": "Host devbox\n    HostName devbox\n",
      "type": "string"
    }
  },
  "resources": [
    {
      "mode": "data",
      "type": "archive_file",
      "name": "spot_restart",
      "provider": "provider[\"registry.terraform.io/hashicorp/archive\"]",
      "instances": [
        {
          "index_key": 0,
          "schema_version": 0,
          "attributes": {
            "exclude_symlink_directories": null,
            "excludes": null,
            "id": "cefd0c0b2faa05857cda08d3547d7b6e2056ca55",
            "output_base64sha256": "dQja6yxOZJym76JyB2eXNrlUh4AwmNNm8JhOMId/HEA=",
            "output_base64sha512": "94So7sBEZgfUZOLFtnMaFtWcWgLPtwC77x6qRE+2qX9hHWoGUC096wrAznMbO2yXT6YKowQXa5wZDOu/AHtUpw==",
            "output_file_mode": null,
            "output_md5": "15377c8d273dd6cc90ab56ba05c5bd43",
            "output_path": "./.terraform/spot_restart.zip",
            "output_sha": "cefd0c0b2faa05857cda08d3547d7b6e2056ca55",
            "output_sha256": "7508daeb2c4e649ca6efa27207679736b95487803098d366f0984e30877f1c40",
            "output_sha512": "f784a8eec0446607d464e2c5b6731a16d59c5a02cfb700bbef1eaa444fb6a97f611d6a06502d3deb0ac0ce731b3b6c974fa60aa304176b9c190cebbf007b54a7",
            "output_size": 1762,
            "source": [],
            "source_content": null,
            "source_content_filename": null,
            "source_dir": null,
            "source_file": "./scripts/spot_restart.py",
            "type": "zip"
          },
          "sensitive_attributes": []
        }
      ]
    },
    {
      "mode": "data",
      "type": "aws_ami",
      "name": "ubuntu",
      "provider": "provider[\"registry.terraform.io/hashicorp/aws\"]",
      "instances": [
        {
          "schema_version": 0,
          "attributes": {
            "architecture": "arm64",
            "arn": "arn:aws:ec2:us-east-1::image/ami-0071c8c431eea0edb",
            "block_device_mappings": [
              {
                "device_name": "/dev/sda1",
                "ebs": {
                  "delete_on_termination": "true",
                  "encrypted": "false",
                  "iops": "0",
                  "snapshot_id": "snap-096f286f36332e08d",
                  "throughput": "0",
                  "volume_initialization_rate": "0",
                  "volume_size": "8",
                  "volume_type": "gp3"
                },
                "no_device": "",
                "virtual_name": ""
              },
              {
                "device_name": "/dev/sdb",
                "ebs": {},
                "no_device": "",
                "virtual_name": "ephemeral0"
              },
              {
                "device_name": "/dev/sdc",
                "ebs": {},
                "no_device": "",
                "virtual_name": "ephemeral1"
              }
            ],
            "boot_mode": "uefi",
            "creation_date": "2025-12-12T10:47:56.000Z",
            "deprecation_time": "2027-12-12T10:47:56.000Z",
            "description": "Canonical, Ubuntu, 24.04, arm64 noble image",
            "ena_support": true,
            "executable_users": null,
            "filter": [
              {
                "name": "architecture",
                "values": [
                  "arm64"
                ]
              },
              {
                "name": "name",
                "values": [
                  "ubuntu/images/hvm-ssd-gp3/ubuntu-noble-24.04-arm64-server-*"
                ]
              },
              {
                "name": "virtualization-type",
                "values": [
                  "hvm"
                ]
              }
            ],
            "hypervisor": "xen",
            "id": "ami-0071c8c431eea0edb",
            "image_id": "ami-0071c8c431eea0edb",
            "image_location": "amazon/ubuntu/images/hvm-ssd-gp3/ubuntu-noble-24.04-arm64-server-20251212",
            "image_owner_alias": "amazon",
            "image_type": "machine",
            "imds_support": "v2.0",
            "include_deprecated": false,
            "kernel_id": "",
            "last_launched_time": "",
            "most_recent": true,
            "name": "ubuntu/images/hvm-ssd-gp3/ubuntu-noble-24.04-arm64-server-20251212",
            "name_regex": null,
            "owner_id": "099720109477",
            "owners": [
              "099720109477"
            ],
            "platform": "",
            "platform_details": "Linux/UNIX",
            "product_codes": [],
            "public": true,
            "ramdisk_id": "",
            "root_device_name": "/dev/sda1",
            "root_device_type": "ebs",
            "root_snapshot_id": "snap-096f286f36332e08d",
            "sriov_net_support": "simple",
            "state": "available",
            "state_reason": {
              "code": "UNSET",
              "message": "UNSET"
            },
            "tags": {},
            "timeouts": null,
            "tpm_support": "",
            "uefi_data": null,
            "usage_operation": "RunInstances",
            "virtualization_type": "hvm"
          },
          "sensitive_attributes": []
        }
      ]
    },
    {
      "mode": "data",
      "type": "aws_availability_zones",
      "name": "available",
      "provider": "provider[\"registry.terraform.io/hashicorp/aws\"]",
      "instances": [
        {
          "schema_version": 0,
          "attributes": {
            "all_availability_zones": null,
            "exclude_names": null,
            "exclude_zone_ids": null,
            "filter": null,
            "group_names": [
              "us-east-1-zg-1"
            ],
            "id": "us-east-1",
            "names": [
              "us-east-1a",
              "us-east-1b",
              "us-east-1c",
              "us-east-1d",
              "us-east-1e",
              "us-east-1f"
            ],
            "state": "available",
            "timeouts": null,
            "zone_ids": [
              "use1-az1",
              "use1-az2",
              "use1-az4",
              "use1-az6",
              "use1-az3",
              "use1-az5"
            ]
          },
          "sensitive_attributes": []
        }
      ]
    },
    {
      "mode": "data",
      "type": "bitwarden_item_login",
      "name": "tailscale",
      "provider": "provider[\"registry.terraform.io/maxlaverse/bitwarden\"]",
      "instances": [
        {
          "schema_version": 0,
          "attributes": {
            "attachments": [],
            "collection_ids": [],
            "creation_date": "2025-12-27T02:22:44.960Z",
            "deleted_date": null,
            "favorite": false,
            "field": [],
            "filter_collection_id": null,
            "filter_folder_id": null,
            "filter_organization_id": null,
            "filter_url": null,
            "folder_id": "",
            "id": "018cc7e3-7e83-4de7-9c8d-b3c000273512",
            "name": "devbox/tailscale-auth-key",
            "notes": "Tailscale auth key for devbox (reusable)\\nRepo: github:sethdf/aws-devbox",
            "organization_id": "",
            "password": "tskey-auth-kYmQpFeteD11CNTRL-6CZBNUgVor7mRT9GSe4Ez7pmf8dznokd",
            "reprompt": false,
            "revision_date": "2026-01-01T22:45:34.996Z",
            "search": "devbox/tailscale-auth-key",
            "totp": "",
            "uri": [],
            "username": ""
          },
          "sensitive_attributes": [
            [
              {
                "type": "get_attr",
                "value": "username"
              }
            ],
            [
              {
                "type": "get_attr",
                "value": "field"
              }
            ],
            [
              {
                "type": "get_attr",
                "value": "totp"
              }
            ],
            [
              {
                "type": "get_attr",
                "value": "notes"
              }
            ],
            [
              {
                "type": "get_attr",
                "value": "password"
              }
            ]
          ]
        }
      ]
    },
    {
      "mode": "data",
      "type": "bitwarden_item_login",
      "name": "tailscale_api",
      "provider": "provider[\"registry.terraform.io/maxlaverse/bitwarden\"]",
      "instances": [
        {
          "schema_version": 0,
          "attributes": {
            "attachments": [],
            "collection_ids": [],
            "creation_date": "2025-12-27T14:15:18.973Z",
            "deleted_date": null,
            "favorite": false,
            "field": [],
            "filter_collection_id": null,
            "filter_folder_id": null,
            "filter_organization_id": null,
            "filter_url": null,
            "folder_id": "",
            "id": "324d1c56-00d4-4ed6-bf64-b3c000eaeb6f",
            "name": "devbox/tailscale-api-key",
            "notes": "Repo: github:sethdf/aws-devbox",
            "organization_id": "",
            "password": "tskey-api-kogQKbsQe221CNTRL-14x3QNdfbaVcnBKNXmeATVaRrThnhtKac",
            "reprompt": false,
            "revision_date": "2026-01-01T22:44:52.560Z",
            "search": "devbox/tailscale-api-key",
            "totp": "",
            "uri": [],
            "username": ""
          },
          "sensitive_attributes": [
            [
              {
                "type": "get_attr",
                "value": "totp"
              }
            ],
            [
              {
                "type": "get_attr",
                "value": "notes"
              }
            ],
            [
              {
                "type": "get_attr",
                "value": "field"
              }
            ],
            [
              {
                "type": "get_attr",
                "value": "username"
              }
            ],
            [
              {
                "type": "get_attr",
                "value": "password"
              }
            ]
          ]
        }
      ]
    },
    {
      "mode": "managed",
      "type": "aws_cloudwatch_event_rule",
      "name": "spot_restart",
      "provider": "provider[\"registry.terraform.io/hashicorp/aws\"]",
      "instances": [
        {
          "index_key": 0,
          "schema_version": 1,
          "attributes": {
            "arn": "arn:aws:events:us-east-1:IMLADRIS_ACCOUNT_ID:rule/devbox-spot-restart",
            "description": "Trigger restart when devbox instance is stopped (spot interruption)",
            "event_bus_name": "default",
            "event_pattern": "{\"detail\":{\"instance-id\":[\"i-021468c8b2e869038\"],\"state\":[\"stopped\"]},\"detail-type\":[\"EC2 Instance State-change Notification\"],\"source\":[\"aws.ec2\"]}",
            "force_destroy": false,
            "id": "devbox-spot-restart",
            "is_enabled": true,
            "name": "devbox-spot-restart",
            "name_prefix": "",
            "role_arn": "",
            "schedule_expression": "",
            "state": "ENABLED",
            "tags": {},
            "tags_all": {
              "Environment": "dev",
              "ManagedBy": "terraform",
              "Project": "aws-devbox"
            }
          },
          "sensitive_attributes": [],
          "private": "eyJzY2hlbWFfdmVyc2lvbiI6IjEifQ==",
          "dependencies": [
            "aws_instance.devbox",
            "aws_security_group.devbox",
            "aws_sns_topic.devbox",
            "aws_subnet.devbox",
            "aws_vpc.devbox",
            "data.aws_ami.ubuntu",
            "data.aws_availability_zones.available",
            "data.bitwarden_item_login.tailscale",
            "data.bitwarden_item_login.tailscale_api"
          ]
        }
      ]
    },
    {
      "mode": "managed",
      "type": "aws_cloudwatch_event_target",
      "name": "spot_restart",
      "provider": "provider[\"registry.terraform.io/hashicorp/aws\"]",
      "instances": [
        {
          "index_key": 0,
          "schema_version": 1,
          "attributes": {
            "appsync_target": [],
            "arn": "arn:aws:lambda:us-east-1:IMLADRIS_ACCOUNT_ID:function:devbox-spot-restart",
            "batch_target": [],
            "dead_letter_config": [],
            "ecs_target": [],
            "event_bus_name": "default",
            "force_destroy": false,
            "http_target": [],
            "id": "devbox-spot-restart-devbox-spot-restart",
            "input": "",
            "input_path": "",
            "input_transformer": [],
            "kinesis_target": [],
            "redshift_target": [],
            "retry_policy": [],
            "role_arn": "",
            "rule": "devbox-spot-restart",
            "run_command_targets": [],
            "sagemaker_pipeline_target": [],
            "sqs_target": [],
            "target_id": "devbox-spot-restart"
          },
          "sensitive_attributes": [],
          "private": "eyJzY2hlbWFfdmVyc2lvbiI6IjEifQ==",
          "dependencies": [
            "aws_cloudwatch_event_rule.spot_restart",
            "aws_iam_role.spot_restart",
            "aws_instance.devbox",
            "aws_lambda_function.spot_restart",
            "aws_security_group.devbox",
            "aws_sns_topic.devbox",
            "aws_subnet.devbox",
            "aws_vpc.devbox",
            "data.archive_file.spot_restart",
            "data.aws_ami.ubuntu",
            "data.aws_availability_zones.available",
            "data.bitwarden_item_login.tailscale",
            "data.bitwarden_item_login.tailscale_api"
          ]
        }
      ]
    },
    {
      "mode": "managed",
      "type": "aws_dlm_lifecycle_policy",
      "name": "devbox",
      "provider": "provider[\"registry.terraform.io/hashicorp/aws\"]",
      "instances": [
        {
          "schema_version": 0,
          "attributes": {
            "arn": "arn:aws:dlm:us-east-1:IMLADRIS_ACCOUNT_ID:policy/policy-0c98f065e88bc7d9d",
            "description": "Daily snapshots for devbox volume",
            "execution_role_arn": "arn:aws:iam::IMLADRIS_ACCOUNT_ID:role/devbox-dlm-role",
            "id": "policy-0c98f065e88bc7d9d",
            "policy_details": [
              {
                "action": [],
                "event_source": [],
                "parameters": [],
                "policy_type": "EBS_SNAPSHOT_MANAGEMENT",
                "resource_locations": [
                  "CLOUD"
                ],
                "resource_types": [
                  "VOLUME"
                ],
                "schedule": [
                  {
                    "copy_tags": true,
                    "create_rule": [
                      {
                        "cron_expression": "",
                        "interval": 24,
                        "interval_unit": "HOURS",
                        "location": "CLOUD",
                        "times": [
                          "03:00"
                        ]
                      }
                    ],
                    "cross_region_copy_rule": [],
                    "deprecate_rule": [],
                    "fast_restore_rule": [],
                    "name": "Daily snapshots",
                    "retain_rule": [
                      {
                        "count": 7,
                        "interval": 0,
                        "interval_unit": ""
                      }
                    ],
                    "share_rule": [],
                    "tags_to_add": {
                      "Project": "aws-devbox",
                      "SnapshotCreator": "DLM"
                    },
                    "variable_tags": {}
                  }
                ],
                "target_tags": {
                  "Backup": "daily"
                }
              }
            ],
            "state": "ENABLED",
            "tags": {
              "Name": "devbox-dlm-policy"
            },
            "tags_all": {
              "Environment": "dev",
              "ManagedBy": "terraform",
              "Name": "devbox-dlm-policy",
              "Project": "aws-devbox"
            }
          },
          "sensitive_attributes": [],
          "private": "bnVsbA==",
          "dependencies": [
            "aws_iam_role.dlm"
          ]
        }
      ]
    },
    {
      "mode": "managed",
      "type": "aws_ebs_volume",
      "name": "data",
      "provider": "provider[\"registry.terraform.io/hashicorp/aws\"]",
      "instances": [
        {
          "schema_version": 0,
          "attributes": {
            "arn": "arn:aws:ec2:us-east-1:IMLADRIS_ACCOUNT_ID:volume/vol-09baa23b835e1b050",
            "availability_zone": "us-east-1a",
            "create_time": "2026-01-01T22:27:26Z",
            "encrypted": true,
            "final_snapshot": false,
            "id": "vol-09baa23b835e1b050",
            "iops": 3000,
            "kms_key_id": "arn:aws:kms:us-east-1:IMLADRIS_ACCOUNT_ID:key/3651efa1-e0b7-42c7-bd0b-618c8ea7c4f8",
            "multi_attach_enabled": false,
            "outpost_arn": "",
            "size": 100,
            "snapshot_id": "",
            "tags": {
              "Backup": "daily",
              "Name": "devbox-data"
            },
            "tags_all": {
              "Backup": "daily",
              "Environment": "dev",
              "ManagedBy": "terraform",
              "Name": "devbox-data",
              "Project": "aws-devbox"
            },
            "throughput": 250,
            "timeouts": null,
            "type": "gp3"
          },
          "sensitive_attributes": [],
          "private": "eyJlMmJmYjczMC1lY2FhLTExZTYtOGY4OC0zNDM2M2JjN2M0YzAiOnsiY3JlYXRlIjozMDAwMDAwMDAwMDAsImRlbGV0ZSI6NjAwMDAwMDAwMDAwLCJ1cGRhdGUiOjMwMDAwMDAwMDAwMH19",
          "dependencies": [
            "data.aws_availability_zones.available"
          ]
        }
      ]
    },
    {
      "mode": "managed",
      "type": "aws_iam_role",
      "name": "dlm",
      "provider": "provider[\"registry.terraform.io/hashicorp/aws\"]",
      "instances": [
        {
          "schema_version": 0,
          "attributes": {
            "arn": "arn:aws:iam::IMLADRIS_ACCOUNT_ID:role/devbox-dlm-role",
            "assume_role_policy": "{\"Statement\":[{\"Action\":\"sts:AssumeRole\",\"Effect\":\"Allow\",\"Principal\":{\"Service\":\"dlm.amazonaws.com\"}}],\"Version\":\"2012-10-17\"}",
            "create_date": "2026-01-01T22:27:25Z",
            "description": "",
            "force_detach_policies": false,
            "id": "devbox-dlm-role",
            "inline_policy": [],
            "managed_policy_arns": [
              "arn:aws:iam::aws:policy/service-role/AWSDataLifecycleManagerServiceRole"
            ],
            "max_session_duration": 3600,
            "name": "devbox-dlm-role",
            "name_prefix": "",
            "path": "/",
            "permissions_boundary": "",
            "tags": {},
            "tags_all": {
              "Environment": "dev",
              "ManagedBy": "terraform",
              "Project": "aws-devbox"
            },
            "unique_id": "AROA3FL3YJIDHAYDHYRBX"
          },
          "sensitive_attributes": [],
          "private": "bnVsbA=="
        }
      ]
    },
    {
      "mode": "managed",
      "type": "aws_iam_role",
      "name": "scheduler",
      "provider": "provider[\"registry.terraform.io/hashicorp/aws\"]",
      "instances": [
        {
          "index_key": 0,
          "schema_version": 0,
          "attributes": {
            "arn": "arn:aws:iam::IMLADRIS_ACCOUNT_ID:role/devbox-scheduler-role",
            "assume_role_policy": "{\"Statement\":[{\"Action\":\"sts:AssumeRole\",\"Effect\":\"Allow\",\"Principal\":{\"Service\":\"scheduler.amazonaws.com\"}}],\"Version\":\"2012-10-17\"}",
            "create_date": "2026-01-01T22:27:25Z",
            "description": "",
            "force_detach_policies": false,
            "id": "devbox-scheduler-role",
            "inline_policy": [
              {
                "name": "devbox-scheduler-policy",
                "policy": "{\"Version\":\"2012-10-17\",\"Statement\":[{\"Action\":[\"ec2:StartInstances\",\"ec2:StopInstances\"],\"Effect\":\"Allow\",\"Resource\":\"arn:aws:ec2:us-east-1:IMLADRIS_ACCOUNT_ID:instance/i-0c8caf0c37d133d4f\"}]}"
              }
            ],
            "managed_policy_arns": [],
            "max_session_duration": 3600,
            "name": "devbox-scheduler-role",
            "name_prefix": "",
            "path": "/",
            "permissions_boundary": "",
            "tags": {},
            "tags_all": {
              "Environment": "dev",
              "ManagedBy": "terraform",
              "Project": "aws-devbox"
            },
            "unique_id": "AROA3FL3YJIDF2DI3G3H3"
          },
          "sensitive_attributes": [],
          "private": "bnVsbA=="
        }
      ]
    },
    {
      "mode": "managed",
      "type": "aws_iam_role",
      "name": "spot_restart",
      "provider": "provider[\"registry.terraform.io/hashicorp/aws\"]",
      "instances": [
        {
          "index_key": 0,
          "schema_version": 0,
          "attributes": {
            "arn": "arn:aws:iam::IMLADRIS_ACCOUNT_ID:role/devbox-spot-restart-role",
            "assume_role_policy": "{\"Statement\":[{\"Action\":\"sts:AssumeRole\",\"Effect\":\"Allow\",\"Principal\":{\"Service\":\"lambda.amazonaws.com\"}}],\"Version\":\"2012-10-17\"}",
            "create_date": "2026-01-01T22:27:25Z",
            "description": "",
            "force_detach_policies": false,
            "id": "devbox-spot-restart-role",
            "inline_policy": [
              {
                "name": "devbox-spot-restart-policy",
                "policy": "{\"Version\":\"2012-10-17\",\"Statement\":[{\"Action\":[\"ec2:StartInstances\",\"ec2:DescribeInstances\"],\"Condition\":{\"StringEquals\":{\"ec2:ResourceTag/Name\":\"aws-dev-box\"}},\"Effect\":\"Allow\",\"Resource\":\"*\"},{\"Action\":\"ec2:DescribeInstances\",\"Effect\":\"Allow\",\"Resource\":\"*\"},{\"Action\":[\"logs:CreateLogGroup\",\"logs:CreateLogStream\",\"logs:PutLogEvents\"],\"Effect\":\"Allow\",\"Resource\":\"arn:aws:logs:*:*:*\"},{\"Action\":\"sns:Publish\",\"Effect\":\"Allow\",\"Resource\":\"*\"}]}"
              }
            ],
            "managed_policy_arns": [],
            "max_session_duration": 3600,
            "name": "devbox-spot-restart-role",
            "name_prefix": "",
            "path": "/",
            "permissions_boundary": "",
            "tags": {},
            "tags_all": {
              "Environment": "dev",
              "ManagedBy": "terraform",
              "Project": "aws-devbox"
            },
            "unique_id": "AROA3FL3YJIDNPN5GAKQB"
          },
          "sensitive_attributes": [],
          "private": "bnVsbA=="
        }
      ]
    },
    {
      "mode": "managed",
      "type": "aws_iam_role_policy",
      "name": "scheduler",
      "provider": "provider[\"registry.terraform.io/hashicorp/aws\"]",
      "instances": [
        {
          "index_key": 0,
          "schema_version": 0,
          "attributes": {
            "id": "devbox-scheduler-role:devbox-scheduler-policy",
            "name": "devbox-scheduler-policy",
            "name_prefix": "",
            "policy": "{\"Version\":\"2012-10-17\",\"Statement\":[{\"Action\":[\"ec2:StartInstances\",\"ec2:StopInstances\"],\"Effect\":\"Allow\",\"Resource\":\"arn:aws:ec2:us-east-1:IMLADRIS_ACCOUNT_ID:instance/i-021468c8b2e869038\"}]}",
            "role": "devbox-scheduler-role"
          },
          "sensitive_attributes": [],
          "private": "bnVsbA==",
          "dependencies": [
            "aws_iam_role.scheduler",
            "aws_instance.devbox",
            "aws_security_group.devbox",
            "aws_sns_topic.devbox",
            "aws_subnet.devbox",
            "aws_vpc.devbox",
            "data.aws_ami.ubuntu",
            "data.aws_availability_zones.available",
            "data.bitwarden_item_login.tailscale",
            "data.bitwarden_item_login.tailscale_api"
          ]
        }
      ]
    },
    {
      "mode": "managed",
      "type": "aws_iam_role_policy",
      "name": "spot_restart",
      "provider": "provider[\"registry.terraform.io/hashicorp/aws\"]",
      "instances": [
        {
          "index_key": 0,
          "schema_version": 0,
          "attributes": {
            "id": "devbox-spot-restart-role:devbox-spot-restart-policy",
            "name": "devbox-spot-restart-policy",
            "name_prefix": "",
            "policy": "{\"Version\":\"2012-10-17\",\"Statement\":[{\"Action\":[\"ec2:StartInstances\",\"ec2:DescribeInstances\"],\"Condition\":{\"StringEquals\":{\"ec2:ResourceTag/Name\":\"aws-dev-box\"}},\"Effect\":\"Allow\",\"Resource\":\"*\"},{\"Action\":\"ec2:DescribeInstances\",\"Effect\":\"Allow\",\"Resource\":\"*\"},{\"Action\":[\"logs:CreateLogGroup\",\"logs:CreateLogStream\",\"logs:PutLogEvents\"],\"Effect\":\"Allow\",\"Resource\":\"arn:aws:logs:*:*:*\"},{\"Action\":\"sns:Publish\",\"Effect\":\"Allow\",\"Resource\":\"*\"}]}",
            "role": "devbox-spot-restart-role"
          },
          "sensitive_attributes": [],
          "private": "bnVsbA==",
          "dependencies": [
            "aws_iam_role.spot_restart",
            "aws_sns_topic.devbox"
          ]
        }
      ]
    },
    {
      "mode": "managed",
      "type": "aws_iam_role_policy_attachment",
      "name": "dlm",
      "provider": "provider[\"registry.terraform.io/hashicorp/aws\"]",
      "instances": [
        {
          "schema_version": 0,
          "attributes": {
            "id": "devbox-dlm-role-20260101222726888500000002",
            "policy_arn": "arn:aws:iam::aws:policy/service-role/AWSDataLifecycleManagerServiceRole",
            "role": "devbox-dlm-role"
          },
          "sensitive_attributes": [],
          "private": "bnVsbA==",
          "dependencies": [
            "aws_iam_role.dlm"
          ]
        }
      ]
    },
    {
      "mode": "managed",
      "type": "aws_instance",
      "name": "devbox",
      "provider": "provider[\"registry.terraform.io/hashicorp/aws\"]",
      "instances": [
        {
          "schema_version": 1,
          "attributes": {
            "ami": "ami-0071c8c431eea0edb",
            "arn": "arn:aws:ec2:us-east-1:IMLADRIS_ACCOUNT_ID:instance/i-021468c8b2e869038",
            "associate_public_ip_address": true,
            "availability_zone": "us-east-1a",
            "capacity_reservation_specification": [
              {
                "capacity_reservation_preference": "open",
                "capacity_reservation_target": []
              }
            ],
            "cpu_core_count": 4,
            "cpu_options": [
              {
                "amd_sev_snp": "",
                "core_count": 4,
                "threads_per_core": 1
              }
            ],
            "cpu_threads_per_core": 1,
            "credit_specification": [],
            "disable_api_stop": false,
            "disable_api_termination": false,
            "ebs_block_device": [],
            "ebs_optimized": false,
            "enable_primary_ipv6": null,
            "enclave_options": [
              {
                "enabled": false
              }
            ],
            "ephemeral_block_device": [],
            "get_password_data": false,
            "hibernation": false,
            "host_id": "",
            "host_resource_group_arn": null,
            "iam_instance_profile": "",
            "id": "i-021468c8b2e869038",
            "instance_initiated_shutdown_behavior": "stop",
            "instance_lifecycle": "spot",
            "instance_market_options": [
              {
                "market_type": "spot",
                "spot_options": [
                  {
                    "instance_interruption_behavior": "stop",
                    "max_price": "0.163200",
                    "spot_instance_type": "persistent",
                    "valid_until": ""
                  }
                ]
              }
            ],
            "instance_state": "running",
            "instance_type": "m7g.xlarge",
            "ipv6_address_count": 0,
            "ipv6_addresses": [],
            "key_name": "",
            "launch_template": [],
            "maintenance_options": [
              {
                "auto_recovery": "default"
              }
            ],
            "metadata_options": [
              {
                "http_endpoint": "enabled",
                "http_protocol_ipv6": "disabled",
                "http_put_response_hop_limit": 2,
                "http_tokens": "required",
                "instance_metadata_tags": "disabled"
              }
            ],
            "monitoring": false,
            "network_interface": [],
            "outpost_arn": "",
            "password_data": "",
            "placement_group": "",
            "placement_partition_number": 0,
            "primary_network_interface_id": "eni-08125d367b7c0aeb4",
            "private_dns": "ip-10-0-1-51.ec2.internal",
            "private_dns_name_options": [
              {
                "enable_resource_name_dns_a_record": false,
                "enable_resource_name_dns_aaaa_record": false,
                "hostname_type": "ip-name"
              }
            ],
            "private_ip": "10.0.1.51",
            "public_dns": "ec2-3-239-181-146.compute-1.amazonaws.com",
            "public_ip": "3.239.181.146",
            "root_block_device": [
              {
                "delete_on_termination": true,
                "device_name": "/dev/sda1",
                "encrypted": true,
                "iops": 3000,
                "kms_key_id": "arn:aws:kms:us-east-1:IMLADRIS_ACCOUNT_ID:key/3651efa1-e0b7-42c7-bd0b-618c8ea7c4f8",
                "tags": {
                  "Backup": "false",
                  "Name": "devbox-root"
                },
                "tags_all": {
                  "Backup": "false",
                  "Environment": "dev",
                  "ManagedBy": "terraform",
                  "Name": "devbox-root",
                  "Project": "aws-devbox"
                },
                "throughput": 250,
                "volume_id": "vol-02aa0cc6b9f4e5476",
                "volume_size": 50,
                "volume_type": "gp3"
              }
            ],
            "secondary_private_ips": [],
            "security_groups": [],
            "source_dest_check": true,
            "spot_instance_request_id": "sir-969f9spq",
            "subnet_id": "subnet-0c6c82e0eac2ceab0",
            "tags": {
              "Name": "aws-dev-box"
            },
            "tags_all": {
              "Environment": "dev",
              "ManagedBy": "terraform",
              "Name": "aws-dev-box",
              "Project": "aws-devbox"
            },
            "tenancy": "default",
            "timeouts": null,
            "user_data": null,
            "user_data_base64": "H4sIAAAAAAAA/9R83XYbN9LgfT9FpaWEUkYgLcXxZBjTO7RE2zqWJQ1JOZno8zJgd5ENqxvoAGhSlO28wF7uxXezT7dPsgc/3WxSlOQvcfacL+fEYgNVhUKhUFUo/Gx91Roz3hpTlQRbcISzsbiGQqEkMdUUVCRZrmHOdAJSjAulAaUUEhLK45TxqUESqOD0bGjQQKEGgkAcACoHrgCv85RFTKcLyFGC0pgHW8GWweu1YZgwBUwBhSFKSSdCZqAxy1OqESYsxSa8pZLRsaGYsisEOlckxhkZi+u9YAu0usIFoYVOyNW/s3/lL1Dj0f7+4emwf0KeHP7y/PRi+lbIv2f94T9eDvBx7+bveTb5Ib7h4ireA9RRE6hEUMVYaaYLjTGMFzVuxjgREiHGPBWLDLluBlswSDBNDxOMriCivKFBIYJOUNUIMcHVHigBc4SYKdMFAwISU5xRrmFOJWd8qgxBZQhGlqCH7QwOD/a/fwywVZOAxAlK5JFhstDAhQaqFJtyjGFnyfOMSrV7J9VH361RpXmOVELBC2Xo2H8Zr8lg+8MnQBXRnPHpbhBswYmYgih0XmiYCAkxjovp1CgFXmMEz+DZjkaE1ozKViqmrUqtmqmYwkdIxXSKEoiuKRxRcPCsFeOsFQmuRIq7cPDsm/0gOHzVO3x9fnZ8Ohy9OD7pdcLbZEkuxVSiUmHwont80jsaDYa980EnDA2znS/5X7AFrzA1mvyi4JEd5C/eRJCK6c4ufACMEgHh5fZObKZD429fv2p//ab99aCx+w62vw1/hE8GdKSKKEKlLIoRcPh//8//rtfbmViv/c8V7CuW1yr/83/B9rewY0pzjIEATSXSeAGx4LhrsYItcLrPJkDtjIY5VRVgJLI8RY1xYKpGBs/QDwAAphJzIL9B+D+397dDCLfXRjcslYAXaRrYpt5QeVU2Q1WNekbl1Sp1J6/t/RCePdtA29HrF7zi2li3W2btQtEptkEWfGShQtsNTjMMIYzRWUYmeGh4ySiPgcqpajabQYlSMZSKiKZQ4XcMb7WKGrFOuH3gqlTCJhoOAvvBJlAJEcLtJSc/GlvCLYyj5wYSwu06h1W9RF1IDo9swYQFnokphANNpWZ82obbmGwC4fY/19uq5L7C0CorTiM/ixtMFa4guwFZQYUdvGYaIhFjG7b/x+6S1Op8365/wibufNP7pSA+/RUWYoC6yGGgMVewgzRKnIubeIsBOqHaOA6YUJYC4zHmyGPkOl3sfnlrogw3IyqjhGmMdCGXE2YLurViiNH8svKeSJHBikexzmLXonX7h686IZXZk8fhUpPqpNqwbYDCSosvIXQl0AGPCe/WFAuvcyE1dH8ajHwLhumyjRrESfeXf788Ho5u8bEGc3R2+LrXvw22onK3Wr3+4cnowUbvAVpptQ43YcGK9n8qx0YtlMZslNPoik5RVcNDc02mqKHIjQOwRUe958fd09GL/tnpsHd61OGCM65R0kizGdYwppLGCGSxQohxpWmaAlnAf1Ss36gEpkyb/0kkF7mGqJApzC0dfsNyeP8bJFrkoLPiGiTLrRWfxGTCeAxjqoFHcVGjqMREz6lE45dzlJqhIsZWCg7jgqUxQaWQa0ZTiCiJDMSERVSjgikv8imkakxMnEQV1shObiYQM4l8BpZPKzzAG1qDKTjV2kymmHgZKNv7lCkdJZRPUS3lTgstRk64qjYnDgWfsKmZEJuomYBHYVRIphd+ZBQInjpJR1TDM2ihjlo01+b/ZiT4pBm3vn+0idrTp42L0+7QjGXvqBFcLEEuHEi73U1TMceYnEk2ZVx5NsNiXHBdtLkYp0hKhsIfg08/bqZSaPGCXR8bZZFFrjE+yq+mEGpZYLgZpY+ZmCG5sHEhOfJGKmKo7kUzLWVUs4j0cSyEhnBCU2Whq54GDwjr4JEZmxUxdS+GZxfnL/vdo96gEXTPh+32OUomYha12xd2HMi5m0HkhCmtINwPf7wFeIvhjWCmD1GKlFt5zWgK4d8NVI2Hmg+tenxbMaJSl+JwqXexiK5QVhrHJlUkQWbgKuGbZRx029dDeOSgypjLT2zTyl0u3wrcTGwyUYMTSLTOVbvVmqJuuiabkcjgI6jEgprgOhMxEPqyZMlp3F0GxQGZeZ4LhSRPiynjyz5rylIV0RTv6HZV/1DPhxXgHZ1fse4bely1ZDrc8shNlSz7XgZIW+CmAIg0htgtkWOcsciYAeMgDSmOulwkSpwypVGaOLLi99CoEeNTKHJLZ8l/SSqjOkoMRMO10Wg2m64rZydHo6Pe2+PD3qCzveP6ooAUEPp1b87IlZj+6/VY/QsPDvyyd//x9Xf/Oo0nY/o24s9fn/6cYXf4lvblMOGJfk2jdlizmGEpF5qz5qpsaM5as4OW72WLtDzHdfSPxjsQCY2mr7x8ZwSJKUZ6p5kIpU0AZopMoKlMyL0Tun6Gu7vwEZosbtSjfvj4EYx12XVjYMytE8Ho+MgsS7drQvkRYrE2LzBFE8564bZhu0IO15RCAfkZjnonvWHvC4v088TqOGzVGCy7bgmZCNuJYDk1ihyIT3bgovOnch9ASDk4Ha/ahCiV1LzjXI2ilN0xX+lcPTRTuz8N4PDk+E8YqaUQ5ypKWZNm9EZwOldOjraQ4DWSlPHimmx/KKO4T80blodABLR0lnvI2YEpddbNxjXkt9vVQGJbaMHK2tJKuPgtAyInVd2GFioRTplOivE9UpwmDwnxJdOvivGflGMpRiNDx5MVYBlwtlyZEaZdJszQ6JcxY81pPoWPEMcgJp1WoWRLJVRiy1c/gOnYSIwbmYq/SfhjBNyqPsYxXBqQzvZObCIXQnLJuCb1hc0uuGQYGS/+69y+e0hMxoSNU4SMMh7CR7A5rjJ4UaKQEaqmCTSbsW+JGEqm5K5wfoMfndamIBcxvld36I6pfEh7TkWMzffqC6hOjOOmadH108rF8Zhq1byGjzCmKgFyV69cT5Y9yxc6EfzWSqeG4SC+IznLq98zE/uXH5PCT8ic5d8tMclYIr0ibk1FqrGbRjSNUmZMrJVM+V3imaU4xrDDBScTqmm6WwvYeL5hdbYFvWoZY6anFiJVQOCETfANRaWlaCioxRdzlqY+PQ7jOZhhjFJaxE4VeJ4tOzEFncYS/pnz3GgjyVgkhVlWfffk+6oLA5GhRas6eW8nMhGj5MYYjSyrtY6k9GYxZbpUsq/qaubr7tG0cmX8ttcfHJ+d1iKVFSdYm1ESc6Fa780yMC4mE4Zp3PLttPy6T7VSE0DrsBZhaDq16ZyGjTBiaKjWrNVq7G6K9qqma80+0GAs5jwVNG7Ntj+s9elTCT26XTU6Mc6nVuEckKayOb2xdoJKuL4BcugMoM39tcZsbaqWcl6bostY1AC4IPvOcXpw7VDLT/z50XKt/f8dsPU218dstXOfajijjQArg1fL3Pyx8fPyv3MIb8Q189N9ffhc1T1D50dpMFnaZEnnfpzMai0SXCPXLjR6j6hjJYob2nKUW8ZrbVztmP+yGbSkELrVrHrn8db63NoUqq8KwuPdKYSMqc0iMBUPCaDsuoFtyoI/3A1L9b/cCYt1RxduJ/CiVBSxsax1o9q9KSQaz7Cxs/Tm4bFejjS9os1MtY4dQ5by4cnxEY5Lx1v6hKrRex3b6oC8FGKaIhyaTtzJ79T28UGeV2KG0i81LW5zatvxSyDdioWNnEwI5sNM8y8hMVKZCWmD9w0x3AqtMkZcixPvjwLXKbz7PIbBFhIVX31eBGiRSYW0jAPviAXvigfrdOoRzMtqwD57rO9MPbs0VaW85cow0iko1NVKsb777pamLEPTgRLQfN8IjtDNULKIto6Qz1AGS5WqdgAnqsm40GyyaGb0emQs2GhOdZSgCp1Q1UJFOrUpwfWdAjvU91DofH/w+OCHH+xG4DqtZZralgHJa5tB1bptFGOqaSWRWqpyyrQTFzx92nh5PDx88bIRXEZC4jsXjtIpSuiAJRBc2j+uhtMZm1KN0FlaHMViJOMFMX/r5SnjSHiRjVGqsvwykhi7iNMRTNxWdAciGiUIxMpfFLrzw5PHjx4Fl4wz7SBjnNAi1c8l5VECHavBwWVepJ6SxDFVhgGbqw1ct2pqkgvtZStrJu7Ie197sCESWS4xQa7YDMFgACuzzUxwH/lKnxmLaAqDw/7x+XAwet4d9Drhw15NoU7iScsr4VhctzKqNMqW2yhU4a38wXa9iZbhidR5Ip6npkrCyt4s3cSd8GYOflh1GC/c1NMCypAE7kTfg0gitWmqMVUsghlKtbJD6tXtc9l5+rTxvDs4PnzVPT066fUbwerpnue2kQlN0zGNrqqBGJ697p2OLvonTvbtVmv/yT+aB98/bvq/PqKzCSstrpCHwZvesHvUHXY/By1DTe35DMu5iz14hIRGbjt4nrAUrWZXeTzLUj3V+TOcXwwh3K54DYG8gvBnYpQAowNiGrFnQCyDROuUKIwEj1UbnjxaOU/gws5+b3Beb+Eeam1w7YYQbtc7voEqm8DlJRAO4bZpIIRvvql+ftWBb8PHjx6H38K79T3PuTHb4eD8bAjHp8Nev39xPjw+OwUCAzozCqI01VglhN20G8qFUTRFZ+j25BQqZY+iVKatiAWQwqfsoZWIDFvuo9U0KC2Xn1ct80EkqkJKjHQ5k1qGtokS68cxlnaTR5/TAcO5ZTLeA40yY9zpvBJ1VVcpYg77BysJCFf4fWCToHXVtrWfaomlv11/9jS5tenknF/s/95nHlDOWIRmnpmeDnr9t8eHvUZweWEN7FHtHMfA2T2n6psNYHeiUXY46rmQV2adYTy+34PxLQU/Ua5VZ60wuBy4X++C4SLHjmJZnmLQu8bIHuPofLYk+mjT8R2azulClZ8DjDr7j4KBpjymMj6zJ7w670UhOU2r4p6UQlalwRb0+IxJwTPk7jjY4HQA1i+ziNoTUrCjUMOM1U757QY1rBcsxQ6xQ+L9lGO9GrdLH/i+s3LB+PmikxWpZsR4CC/BoDYyZWR7aMwsAtYZNDan5FKLnEWwk4u8MDZr7egfmwCdUZYuDz7UdGcTo6V+9E7fNoItGNzlAqtdQSseA1nx0u2fWu42yK/O267t7ej0bHj84viwa2bcaHA6GHX7p50wDDwTTgxOu02kE1PMBCcSjXtaq0Nuc5uEcDG/23MtI4KxEFppSfORNxlVWPDXePXsKmYSSL5qy8wq/AGnP56Tgqciuqqc/BqBJUQVWm9w5hXQQ0GG6wMxodedLdZg7muzBvaZrdrDng81606EPtyuhfvMhiUqLSQ+1LQH+4zGPaQ/QbS09XcP3r1Svl8WD7F7V7ogSsScA+l7P9ve5G7H9V1wu0apmaNq0qw5bLumf/q0cTHo9Qe94cW5sSdnCbxZwC8qCVy08RWQGH5vNUVCsgW5UclqeKESIBGEZaizsjK/ezaKJFvcqKT66+eizRjX0ke7IYQhELI80xKYRaY9+1YuNtz5YzO4NyoJbA+jxHClYHtnnrAoMRW7ZZ83CTmobHjMTHwiJEMVVLbg91YkYoTfW7kU7zHSyoij8n/mwyXYl79askhRBdUhPRs+2XOgw/M3sDM0n+c2NII3lJuV3O6atFejpzxbFfqU2TwBR9iQzrSxVh11AzkvRt9rU2sXrY5HH+dBbtYLSiOPMHA+yVNysE+fNoZvLn4+PDt90fjC5wmDLbAyOqx7MMfcwDN3XmPuCzcebMEbu4tRxpM262CCShXYCwjTUvdIBRBaqR98/yQSqZChg6PTigIRM5SSxagg3Ls2pRVwu//yuT1CfqHQHpOjalW31xt1Cm+jMJtBVYnVNBNbwZzxWMyV3fbJKUcFVMP+nj3E/6gkZBbhhPEYr2HflM1NoYEmKzXBFvTRJQcquvMEORjFY8pooMK4JCo9KClBBTcUjrlZhSoEFUnhl4bjYjJBWSImzJi/BUlZxjR8/+jRo0cu3nPboMLe+yjyXEhdorhC10Af4yJCd3MAbarIhjYzljloNfV1Nm0B+5b4CxEVCnCGXKsSHGhhzDCtejQxQMQDuca+qJ5twWtcwHPGY6taX16L+zYE83Ggmz65xAm7hr+BDMaMxyDBJRSJjVhX5vd//AgxU3lKFxC6iQgupsP4K6uvgzxl2muZJf7Rqh1xlD+CMvVeHYA4P7H1wcCPIrMQ5HqUU518Ch0CWUOY3YMQbMEpzr1WAuPg68HUO3IRcJxXxO6j9JZlROlFirYvZf7MxMyWUOLPGRFbS05c6fvV0iNXerVaeuFK09XS/l+gSWYZXCh4TuUX1yM/G5RtgeRCMWuNx0Jrka3VOjE2xtPO1j7u4wHCZNrZiuL4yeRxYw02xYmGxtalgfjhH+PHE7o3Fmn87nJr8A7WgSWbJhU0fULj6Id3X/+bfJ2Rr2OwN1ZuoRj6JEU+1Ql89+gvkLnz4Ap2MuvD3bru/M2XPlxfjcA/nQOHxrqHbzwAYT4UcsXGKX4ObJWo+RxgE9YxXhRZw5kcj3rLZf6zokoimutCop0OxIeFChqCNzYAm+WfxumCGBPd8LHJvYD8IchcigiVQgUNA2rhM8ohRaXsOTizTHaH0XP1WwrZwvyrfkuZxu9AqcR29bDseNVVINaHEJsyM6bQR/YVC5WsLIhb+85oCo39R40NQOXCYEUyy2p77LkhJpPGX6Dcx5xpRlN2gy5mvULMQSdM2T0DE1XoBGGGcuEtwRdXe1lwaGyIXZ3Gl6GnizHcxpQNs/NyVhq2/VJiN9hEZ7zcqh6VWHcsD7px7FcYMgI2cXci/WmnXKJCroPVjaej3tvnZz+P7LIqNI7V4R5s3Nm00fWzJdTTp41fBq/6hyaurhMyrLxy4RKIXLOM3bjQmJTBOtBICqVA2kPxag/sriSMUc8R+TKF++p4MLQXHV2bIx+E2fLB8S+9jovDBt23PVPkPxVqkWsYvOr2eyNTftb/N8AyZTywjXlatxv16AZxdPzy9KzfG3VPTkZHF+cDv9Fjb7ma2RMXeeoua6xgGX5Gp2clSg1rLpm+E63fO7o47I2en3RPXw88mj90jddaUhinlF9VOMenh6Pu+Xnv9Gilk04N/G61ApZlGDOqMV2YcRkKkQIrZ42LH+45dgDffANoj/xv79g6e7fGrMbMajUM7j20UUeuDkIwfRvVX2S5A9XXJkJceVR/wei8O3zVCbdfnb3pmVnSdr+Wa972toEIA5oyqiBVnQbe0Aakqf0BJDUf007DnzZqQBq7D5dqbnhEl1LpNFwICr+vploatk+dxu/raZYG2HzKWo0tKyl7y7kG4ksbPkLYXOsrrU0dSrNcSanSMBfyyp749hmChV02lAbeT9KT7mA4Ojrul7Jr2h1T30DL0CGeDomZDJcpBjcYdvM73F4jFpohTfJ5XLutu33+01EIzzYAu5uzXeOGyg4JDoPBK0iF8eA71khSrWmUtOwGIZa5B3ID4fYHY1jb5JPdW7I7TR8Gg1ejw7PT097h8PjstKqz0L7507NRv2dmSs9WryQrNgk5mLDAWjifiPD2dUz/hIH1yA9ZWA/mNjM32dg/NPMM1T869Tzuf/+55wRa5pZcTqwKA6sMkk+RlRXN90pwMxyHJ92Lo14j+BDmKDPmfEbY/hDSNBXzsH0ZPqcq2ZkyDd/uhnv+K6l90LmqffE8q335Q3PLAl3twCzLxnP30Ucah3vhT8anhHthL2Y63AtfpmJs/kjMw71wSNWVgcHxC9RRYkpELDym+emw3+2FMfJF2L589+lT4PpYE49LFK7Lxpba3dHq0YFmFtuNn+7b3psju+9j3OS5r4UXEn8r7N3eILDPXZQXicrXMxI2RsmNfyGgtMhzY8xSYYJgEzrJgvPlRnDwSsxxhnLPxbOlIZEYiRlK1V7dD95zFrKyjHs29vV3x8qcaTMItrbgp4RqZ5z6jqYKyAoxSOlCFBp2fBZpz+UX9m7ZX4ZqNyBOADRTbZixbM+G8ns2aN9zUfueCdf3bCzv3uEICJxstOcBWWcZdlKmtHumwoyNzYGUxtxfRKu6p6/17rKL1aMlvpsBgb6XsL2bqgwZUCiNOGEnK5S2voRKbVYiBU3TheneBTcWhWnDhU36usulsOOeASmDPsEhZurKYdi9cMCYaSF9qk3BjlnjlANWui178d9AO85tynVTfnVQ4i1XN2gj//1HkDFeaFR233V1PWhE/WuVbzrUMiXqVyDwxvbPNnwbQtYgSl9heOvbeULg0IrDjh5MKp2HHaohRTOujjHFptzubHINGUsNIY5WXwqVGE8jMRMayyt1aFNwy0CV2Fxs9TTAzB47Mu1mqBSdWk5OTUum0RlCURsmy5pNkyqNbprROV3YXhz62NH024UZpruDRMzL+epKYec503MqY+R7Xiv33H6P6cOvXjBLUaUL0JLZ505kpXC/3vLNnX0T5tkmr1i+Mrcte8+dNAbePATHE7vIKxRKUHShzNeiIdHeGgMhV3vYDvab/skOExrVZeLVtg2/GiX2PQ8OmnBmtNOMh5evTVsXKgm+a5oAnfEY6NjYg8KrtZUu4yB0YjubCxU4mxhUu1j1ywg63nS4zpQba/rmbHjUCL7kqtWuXOGe/37qnRyevenB8MxHHX9F8y+YVNrmwtvgPb0JPowDDwBeIU114hx52/0JAqiUs+3vrlksIMZcJ8i1XVa5PG+lnO5Qkol/wEAO7FFTOLl4PdizIecVLtSezz8rv5dp9MMAv0XJJgvrfOLape8vLw4zyH/NCxxvKOPQu8ao8CcsvmwDgd287nQ6UD6fUlkJu6vY6XTCQIsiSjY9QxOsPbvhfEzBYWKVY0ehVmBiUPeO0+33O6pnbFL3uIwCYo/+FhKVsQBmqa5FDlgJoPaYzepbEyGEA1sCy5KNj1LUSNSfTQjd7fdbF99LKnXYGgnno8PyHnsJ7a+3LOGqq69h7eJ3CV1V1nlzl1bD6vZpxYirqIEuL2eG9WuWJcKyuobjrrGF1cW6Ethfb1sCuktqIYTn/kf92ludYL4yFqfnb24NRB2khrl+nSuE0O+NVpfRSgrroDUqy5sLIYTVgfIKc1l9W4Wc8VgqUPm94WD5qtTd0WondHdKeg23gqk3WjuBbNrMhYbq8/Yh5RrmrZNKIYTPyzKoyu441lQjtH54I4TwwjjglaLN5zxWxk3HZqzOhkfL8dGx3bYrsozKxdK6HNWNSvnylbMutQOn9UeP1lb4tfeU/FEbay/aqzhBdYq5jzOG87tebnNvvdlpt4JDrPGq0a8iZbCZGJsOt6GdloswqB5oWHkqqlsZs+qJL/CVkyJNF2F5wMTEZNZZ5YLxMmZxMjtcFk9Yim24bXxNrLHBJv8/AAAA//8BAAD//+neP7UPUQAA",
            "user_data_replace_on_change": false,
            "volume_tags": null,
            "vpc_security_group_ids": [
              "sg-070f4b643d5265c01"
            ]
          },
          "sensitive_attributes": [
            [
              {
                "type": "get_attr",
                "value": "user_data_base64"
              }
            ]
          ],
          "private": "eyJlMmJmYjczMC1lY2FhLTExZTYtOGY4OC0zNDM2M2JjN2M0YzAiOnsiY3JlYXRlIjo2MDAwMDAwMDAwMDAsImRlbGV0ZSI6MTIwMDAwMDAwMDAwMCwicmVhZCI6OTAwMDAwMDAwMDAwLCJ1cGRhdGUiOjYwMDAwMDAwMDAwMH0sInNjaGVtYV92ZXJzaW9uIjoiMSJ9",
          "dependencies": [
            "aws_security_group.devbox",
            "aws_sns_topic.devbox",
            "aws_subnet.devbox",
            "aws_vpc.devbox",
            "data.aws_ami.ubuntu",
            "data.aws_availability_zones.available",
            "data.bitwarden_item_login.tailscale",
            "data.bitwarden_item_login.tailscale_api"
          ]
        }
      ]
    },
    {
      "mode": "managed",
      "type": "aws_internet_gateway",
      "name": "devbox",
      "provider": "provider[\"registry.terraform.io/hashicorp/aws\"]",
      "instances": [
        {
          "schema_version": 0,
          "attributes": {
            "arn": "arn:aws:ec2:us-east-1:IMLADRIS_ACCOUNT_ID:internet-gateway/igw-075a139ce9087638e",
            "id": "igw-075a139ce9087638e",
            "owner_id": "IMLADRIS_ACCOUNT_ID",
            "tags": {
              "Name": "devbox-igw"
            },
            "tags_all": {
              "Environment": "dev",
              "ManagedBy": "terraform",
              "Name": "devbox-igw",
              "Project": "aws-devbox"
            },
            "timeouts": null,
            "vpc_id": "vpc-093cd99f6843f2f00"
          },
          "sensitive_attributes": [],
          "private": "eyJlMmJmYjczMC1lY2FhLTExZTYtOGY4OC0zNDM2M2JjN2M0YzAiOnsiY3JlYXRlIjoxMjAwMDAwMDAwMDAwLCJkZWxldGUiOjEyMDAwMDAwMDAwMDAsInVwZGF0ZSI6MTIwMDAwMDAwMDAwMH19",
          "dependencies": [
            "aws_vpc.devbox"
          ]
        }
      ]
    },
    {
      "mode": "managed",
      "type": "aws_lambda_function",
      "name": "spot_restart",
      "provider": "provider[\"registry.terraform.io/hashicorp/aws\"]",
      "instances": [
        {
          "index_key": 0,
          "schema_version": 0,
          "attributes": {
            "architectures": [
              "x86_64"
            ],
            "arn": "arn:aws:lambda:us-east-1:IMLADRIS_ACCOUNT_ID:function:devbox-spot-restart",
            "code_sha256": "dQja6yxOZJym76JyB2eXNrlUh4AwmNNm8JhOMId/HEA=",
            "code_signing_config_arn": "",
            "dead_letter_config": [],
            "description": "",
            "environment": [
              {
                "variables": {
                  "INSTANCE_ID": "i-021468c8b2e869038",
                  "MAX_ATTEMPTS": "5",
                  "SNS_TOPIC_ARN": ""
                }
              }
            ],
            "ephemeral_storage": [
              {
                "size": 512
              }
            ],
            "file_system_config": [],
            "filename": "./.terraform/spot_restart.zip",
            "function_name": "devbox-spot-restart",
            "handler": "spot_restart.lambda_handler",
            "id": "devbox-spot-restart",
            "image_config": [],
            "image_uri": "",
            "invoke_arn": "arn:aws:apigateway:us-east-1:lambda:path/2015-03-31/functions/arn:aws:lambda:us-east-1:IMLADRIS_ACCOUNT_ID:function:devbox-spot-restart/invocations",
            "kms_key_arn": "",
            "last_modified": "2026-01-01T22:51:02.000+0000",
            "layers": [],
            "logging_config": [
              {
                "application_log_level": "",
                "log_format": "Text",
                "log_group": "/aws/lambda/devbox-spot-restart",
                "system_log_level": ""
              }
            ],
            "memory_size": 128,
            "package_type": "Zip",
            "publish": false,
            "qualified_arn": "arn:aws:lambda:us-east-1:IMLADRIS_ACCOUNT_ID:function:devbox-spot-restart:$LATEST",
            "qualified_invoke_arn": "arn:aws:apigateway:us-east-1:lambda:path/2015-03-31/functions/arn:aws:lambda:us-east-1:IMLADRIS_ACCOUNT_ID:function:devbox-spot-restart:$LATEST/invocations",
            "replace_security_groups_on_destroy": null,
            "replacement_security_group_ids": null,
            "reserved_concurrent_executions": -1,
            "role": "arn:aws:iam::IMLADRIS_ACCOUNT_ID:role/devbox-spot-restart-role",
            "runtime": "python3.12",
            "s3_bucket": null,
            "s3_key": null,
            "s3_object_version": null,
            "signing_job_arn": "",
            "signing_profile_version_arn": "",
            "skip_destroy": false,
            "snap_start": [],
            "source_code_hash": "dQja6yxOZJym76JyB2eXNrlUh4AwmNNm8JhOMId/HEA=",
            "source_code_size": 1762,
            "tags": {
              "Name": "devbox-spot-restart"
            },
            "tags_all": {
              "Environment": "dev",
              "ManagedBy": "terraform",
              "Name": "devbox-spot-restart",
              "Project": "aws-devbox"
            },
            "timeout": 300,
            "timeouts": null,
            "tracing_config": [
              {
                "mode": "PassThrough"
              }
            ],
            "version": "$LATEST",
            "vpc_config": []
          },
          "sensitive_attributes": [],
          "private": "eyJlMmJmYjczMC1lY2FhLTExZTYtOGY4OC0zNDM2M2JjN2M0YzAiOnsiY3JlYXRlIjo2MDAwMDAwMDAwMDAsImRlbGV0ZSI6NjAwMDAwMDAwMDAwLCJ1cGRhdGUiOjYwMDAwMDAwMDAwMH19",
          "dependencies": [
            "aws_iam_role.spot_restart",
            "aws_instance.devbox",
            "aws_security_group.devbox",
            "aws_sns_topic.devbox",
            "aws_subnet.devbox",
            "aws_vpc.devbox",
            "data.archive_file.spot_restart",
            "data.aws_ami.ubuntu",
            "data.aws_availability_zones.available",
            "data.bitwarden_item_login.tailscale",
            "data.bitwarden_item_login.tailscale_api"
          ]
        }
      ]
    },
    {
      "mode": "managed",
      "type": "aws_lambda_permission",
      "name": "spot_restart",
      "provider": "provider[\"registry.terraform.io/hashicorp/aws\"]",
      "instances": [
        {
          "index_key": 0,
          "schema_version": 0,
          "attributes": {
            "action": "lambda:InvokeFunction",
            "event_source_token": null,
            "function_name": "devbox-spot-restart",
            "function_url_auth_type": null,
            "id": "AllowEventBridge",
            "principal": "events.amazonaws.com",
            "principal_org_id": null,
            "qualifier": "",
            "source_account": null,
            "source_arn": "arn:aws:events:us-east-1:IMLADRIS_ACCOUNT_ID:rule/devbox-spot-restart",
            "statement_id": "AllowEventBridge",
            "statement_id_prefix": ""
          },
          "sensitive_attributes": [],
          "private": "bnVsbA==",
          "dependencies": [
            "aws_cloudwatch_event_rule.spot_restart",
            "aws_iam_role.spot_restart",
            "aws_instance.devbox",
            "aws_lambda_function.spot_restart",
            "aws_security_group.devbox",
            "aws_sns_topic.devbox",
            "aws_subnet.devbox",
            "aws_vpc.devbox",
            "data.archive_file.spot_restart",
            "data.aws_ami.ubuntu",
            "data.aws_availability_zones.available",
            "data.bitwarden_item_login.tailscale",
            "data.bitwarden_item_login.tailscale_api"
          ]
        }
      ]
    },
    {
      "mode": "managed",
      "type": "aws_route_table",
      "name": "devbox",
      "provider": "provider[\"registry.terraform.io/hashicorp/aws\"]",
      "instances": [
        {
          "schema_version": 0,
          "attributes": {
            "arn": "arn:aws:ec2:us-east-1:IMLADRIS_ACCOUNT_ID:route-table/rtb-0ffe7e41faaea2390",
            "id": "rtb-0ffe7e41faaea2390",
            "owner_id": "IMLADRIS_ACCOUNT_ID",
            "propagating_vgws": [],
            "route": [
              {
                "carrier_gateway_id": "",
                "cidr_block": "0.0.0.0/0",
                "core_network_arn": "",
                "destination_prefix_list_id": "",
                "egress_only_gateway_id": "",
                "gateway_id": "igw-075a139ce9087638e",
                "ipv6_cidr_block": "",
                "local_gateway_id": "",
                "nat_gateway_id": "",
                "network_interface_id": "",
                "transit_gateway_id": "",
                "vpc_endpoint_id": "",
                "vpc_peering_connection_id": ""
              }
            ],
            "tags": {
              "Name": "devbox-rt"
            },
            "tags_all": {
              "Environment": "dev",
              "ManagedBy": "terraform",
              "Name": "devbox-rt",
              "Project": "aws-devbox"
            },
            "timeouts": null,
            "vpc_id": "vpc-093cd99f6843f2f00"
          },
          "sensitive_attributes": [],
          "private": "eyJlMmJmYjczMC1lY2FhLTExZTYtOGY4OC0zNDM2M2JjN2M0YzAiOnsiY3JlYXRlIjozMDAwMDAwMDAwMDAsImRlbGV0ZSI6MzAwMDAwMDAwMDAwLCJ1cGRhdGUiOjEyMDAwMDAwMDAwMH19",
          "dependencies": [
            "aws_internet_gateway.devbox",
            "aws_vpc.devbox"
          ]
        }
      ]
    },
    {
      "mode": "managed",
      "type": "aws_route_table_association",
      "name": "devbox",
      "provider": "provider[\"registry.terraform.io/hashicorp/aws\"]",
      "instances": [
        {
          "schema_version": 0,
          "attributes": {
            "gateway_id": "",
            "id": "rtbassoc-0c76e09c1700cd852",
            "route_table_id": "rtb-0ffe7e41faaea2390",
            "subnet_id": "subnet-0c6c82e0eac2ceab0",
            "timeouts": null
          },
          "sensitive_attributes": [],
          "private": "eyJlMmJmYjczMC1lY2FhLTExZTYtOGY4OC0zNDM2M2JjN2M0YzAiOnsiY3JlYXRlIjozMDAwMDAwMDAwMDAsImRlbGV0ZSI6MzAwMDAwMDAwMDAwLCJ1cGRhdGUiOjEyMDAwMDAwMDAwMH19",
          "dependencies": [
            "aws_internet_gateway.devbox",
            "aws_route_table.devbox",
            "aws_subnet.devbox",
            "aws_vpc.devbox",
            "data.aws_availability_zones.available"
          ]
        }
      ]
    },
    {
      "mode": "managed",
      "type": "aws_scheduler_schedule",
      "name": "start",
      "provider": "provider[\"registry.terraform.io/hashicorp/aws\"]",
      "instances": [
        {
          "index_key": 0,
          "schema_version": 0,
          "attributes": {
            "arn": "arn:aws:scheduler:us-east-1:IMLADRIS_ACCOUNT_ID:schedule/default/devbox-start",
            "description": "Start devbox instance in the morning",
            "end_date": "",
            "flexible_time_window": [
              {
                "maximum_window_in_minutes": 0,
                "mode": "OFF"
              }
            ],
            "group_name": "default",
            "id": "default/devbox-start",
            "kms_key_arn": "",
            "name": "devbox-start",
            "name_prefix": "",
            "schedule_expression": "cron(0 5 * * ? *)",
            "schedule_expression_timezone": "America/Denver",
            "start_date": "",
            "state": "ENABLED",
            "target": [
              {
                "arn": "arn:aws:scheduler:::aws-sdk:ec2:startInstances",
                "dead_letter_config": [],
                "ecs_parameters": [],
                "eventbridge_parameters": [],
                "input": "{\"InstanceIds\":[\"i-021468c8b2e869038\"]}",
                "kinesis_parameters": [],
                "retry_policy": [
                  {
                    "maximum_event_age_in_seconds": 86400,
                    "maximum_retry_attempts": 185
                  }
                ],
                "role_arn": "arn:aws:iam::IMLADRIS_ACCOUNT_ID:role/devbox-scheduler-role",
                "sagemaker_pipeline_parameters": [],
                "sqs_parameters": []
              }
            ]
          },
          "sensitive_attributes": [],
          "private": "bnVsbA==",
          "dependencies": [
            "aws_iam_role.scheduler",
            "aws_instance.devbox",
            "aws_security_group.devbox",
            "aws_sns_topic.devbox",
            "aws_subnet.devbox",
            "aws_vpc.devbox",
            "data.aws_ami.ubuntu",
            "data.aws_availability_zones.available",
            "data.bitwarden_item_login.tailscale",
            "data.bitwarden_item_login.tailscale_api"
          ]
        }
      ]
    },
    {
      "mode": "managed",
      "type": "aws_scheduler_schedule",
      "name": "stop",
      "provider": "provider[\"registry.terraform.io/hashicorp/aws\"]",
      "instances": [
        {
          "index_key": 0,
          "schema_version": 0,
          "attributes": {
            "arn": "arn:aws:scheduler:us-east-1:IMLADRIS_ACCOUNT_ID:schedule/default/devbox-stop",
            "description": "Stop devbox instance at night",
            "end_date": "",
            "flexible_time_window": [
              {
                "maximum_window_in_minutes": 0,
                "mode": "OFF"
              }
            ],
            "group_name": "default",
            "id": "default/devbox-stop",
            "kms_key_arn": "",
            "name": "devbox-stop",
            "name_prefix": "",
            "schedule_expression": "cron(0 23 * * ? *)",
            "schedule_expression_timezone": "America/Denver",
            "start_date": "",
            "state": "ENABLED",
            "target": [
              {
                "arn": "arn:aws:scheduler:::aws-sdk:ec2:stopInstances",
                "dead_letter_config": [],
                "ecs_parameters": [],
                "eventbridge_parameters": [],
                "input": "{\"InstanceIds\":[\"i-021468c8b2e869038\"]}",
                "kinesis_parameters": [],
                "retry_policy": [
                  {
                    "maximum_event_age_in_seconds": 86400,
                    "maximum_retry_attempts": 185
                  }
                ],
                "role_arn": "arn:aws:iam::IMLADRIS_ACCOUNT_ID:role/devbox-scheduler-role",
                "sagemaker_pipeline_parameters": [],
                "sqs_parameters": []
              }
            ]
          },
          "sensitive_attributes": [],
          "private": "bnVsbA==",
          "dependencies": [
            "aws_iam_role.scheduler",
            "aws_instance.devbox",
            "aws_security_group.devbox",
            "aws_sns_topic.devbox",
            "aws_subnet.devbox",
            "aws_vpc.devbox",
            "data.aws_ami.ubuntu",
            "data.aws_availability_zones.available",
            "data.bitwarden_item_login.tailscale",
            "data.bitwarden_item_login.tailscale_api"
          ]
        }
      ]
    },
    {
      "mode": "managed",
      "type": "aws_security_group",
      "name": "devbox",
      "provider": "provider[\"registry.terraform.io/hashicorp/aws\"]",
      "instances": [
        {
          "schema_version": 1,
          "attributes": {
            "arn": "arn:aws:ec2:us-east-1:IMLADRIS_ACCOUNT_ID:security-group/sg-070f4b643d5265c01",
            "description": "Security group for devbox instance - no public ingress, Tailscale handles access",
            "egress": [
              {
                "cidr_blocks": [
                  "0.0.0.0/0"
                ],
                "description": "",
                "from_port": 0,
                "ipv6_cidr_blocks": [],
                "prefix_list_ids": [],
                "protocol": "-1",
                "security_groups": [],
                "self": false,
                "to_port": 0
              }
            ],
            "id": "sg-070f4b643d5265c01",
            "ingress": [
              {
                "cidr_blocks": [
                  "0.0.0.0/0"
                ],
                "description": "",
                "from_port": 22,
                "ipv6_cidr_blocks": [],
                "prefix_list_ids": [],
                "protocol": "tcp",
                "security_groups": [],
                "self": false,
                "to_port": 22
              }
            ],
            "name": "devbox-sg",
            "name_prefix": "",
            "owner_id": "IMLADRIS_ACCOUNT_ID",
            "revoke_rules_on_delete": false,
            "tags": {
              "Name": "devbox-sg"
            },
            "tags_all": {
              "Environment": "dev",
              "ManagedBy": "terraform",
              "Name": "devbox-sg",
              "Project": "aws-devbox"
            },
            "timeouts": null,
            "vpc_id": "vpc-093cd99f6843f2f00"
          },
          "sensitive_attributes": [],
          "private": "eyJlMmJmYjczMC1lY2FhLTExZTYtOGY4OC0zNDM2M2JjN2M0YzAiOnsiY3JlYXRlIjo2MDAwMDAwMDAwMDAsImRlbGV0ZSI6OTAwMDAwMDAwMDAwfSwic2NoZW1hX3ZlcnNpb24iOiIxIn0=",
          "dependencies": [
            "aws_vpc.devbox"
          ]
        }
      ]
    },
    {
      "mode": "managed",
      "type": "aws_subnet",
      "name": "devbox",
      "provider": "provider[\"registry.terraform.io/hashicorp/aws\"]",
      "instances": [
        {
          "schema_version": 1,
          "attributes": {
            "arn": "arn:aws:ec2:us-east-1:IMLADRIS_ACCOUNT_ID:subnet/subnet-0c6c82e0eac2ceab0",
            "assign_ipv6_address_on_creation": false,
            "availability_zone": "us-east-1a",
            "availability_zone_id": "use1-az1",
            "cidr_block": "10.0.1.0/24",
            "customer_owned_ipv4_pool": "",
            "enable_dns64": false,
            "enable_lni_at_device_index": 0,
            "enable_resource_name_dns_a_record_on_launch": false,
            "enable_resource_name_dns_aaaa_record_on_launch": false,
            "id": "subnet-0c6c82e0eac2ceab0",
            "ipv6_cidr_block": "",
            "ipv6_cidr_block_association_id": "",
            "ipv6_native": false,
            "map_customer_owned_ip_on_launch": false,
            "map_public_ip_on_launch": true,
            "outpost_arn": "",
            "owner_id": "IMLADRIS_ACCOUNT_ID",
            "private_dns_hostname_type_on_launch": "ip-name",
            "tags": {
              "Name": "devbox-subnet"
            },
            "tags_all": {
              "Environment": "dev",
              "ManagedBy": "terraform",
              "Name": "devbox-subnet",
              "Project": "aws-devbox"
            },
            "timeouts": null,
            "vpc_id": "vpc-093cd99f6843f2f00"
          },
          "sensitive_attributes": [],
          "private": "eyJlMmJmYjczMC1lY2FhLTExZTYtOGY4OC0zNDM2M2JjN2M0YzAiOnsiY3JlYXRlIjo2MDAwMDAwMDAwMDAsImRlbGV0ZSI6MTIwMDAwMDAwMDAwMH0sInNjaGVtYV92ZXJzaW9uIjoiMSJ9",
          "dependencies": [
            "aws_vpc.devbox",
            "data.aws_availability_zones.available"
          ]
        }
      ]
    },
    {
      "mode": "managed",
      "type": "aws_volume_attachment",
      "name": "data",
      "provider": "provider[\"registry.terraform.io/hashicorp/aws\"]",
      "instances": [
        {
          "schema_version": 0,
          "attributes": {
            "device_name": "/dev/sdf",
            "force_detach": null,
            "id": "vai-726978886",
            "instance_id": "i-021468c8b2e869038",
            "skip_destroy": null,
            "stop_instance_before_detaching": null,
            "timeouts": null,
            "volume_id": "vol-09baa23b835e1b050"
          },
          "sensitive_attributes": [],
          "private": "eyJlMmJmYjczMC1lY2FhLTExZTYtOGY4OC0zNDM2M2JjN2M0YzAiOnsiY3JlYXRlIjozMDAwMDAwMDAwMDAsImRlbGV0ZSI6MzAwMDAwMDAwMDAwfX0=",
          "dependencies": [
            "aws_ebs_volume.data",
            "aws_instance.devbox",
            "aws_security_group.devbox",
            "aws_sns_topic.devbox",
            "aws_subnet.devbox",
            "aws_vpc.devbox",
            "data.aws_ami.ubuntu",
            "data.aws_availability_zones.available",
            "data.bitwarden_item_login.tailscale",
            "data.bitwarden_item_login.tailscale_api"
          ]
        }
      ]
    },
    {
      "mode": "managed",
      "type": "aws_vpc",
      "name": "devbox",
      "provider": "provider[\"registry.terraform.io/hashicorp/aws\"]",
      "instances": [
        {
          "schema_version": 1,
          "attributes": {
            "arn": "arn:aws:ec2:us-east-1:IMLADRIS_ACCOUNT_ID:vpc/vpc-093cd99f6843f2f00",
            "assign_generated_ipv6_cidr_block": false,
            "cidr_block": "10.0.0.0/16",
            "default_network_acl_id": "acl-0ba3c57efc32596b8",
            "default_route_table_id": "rtb-01b02dae4a2122df9",
            "default_security_group_id": "sg-01d42e38b900f645d",
            "dhcp_options_id": "dopt-037ca9a336b984d3f",
            "enable_dns_hostnames": true,
            "enable_dns_support": true,
            "enable_network_address_usage_metrics": false,
            "id": "vpc-093cd99f6843f2f00",
            "instance_tenancy": "default",
            "ipv4_ipam_pool_id": null,
            "ipv4_netmask_length": null,
            "ipv6_association_id": "",
            "ipv6_cidr_block": "",
            "ipv6_cidr_block_network_border_group": "",
            "ipv6_ipam_pool_id": "",
            "ipv6_netmask_length": 0,
            "main_route_table_id": "rtb-01b02dae4a2122df9",
            "owner_id": "IMLADRIS_ACCOUNT_ID",
            "tags": {
              "Name": "devbox-vpc"
            },
            "tags_all": {
              "Environment": "dev",
              "ManagedBy": "terraform",
              "Name": "devbox-vpc",
              "Project": "aws-devbox"
            }
          },
          "sensitive_attributes": [],
          "private": "eyJzY2hlbWFfdmVyc2lvbiI6IjEifQ=="
        }
      ]
    }
  ],
  "check_results": [
    {
      "object_kind": "var",
      "config_addr": "var.instance_type",
      "status": "pass",
      "objects": [
        {
          "object_addr": "var.instance_type",
          "status": "pass"
        }
      ]
    },
    {
      "object_kind": "var",
      "config_addr": "var.architecture",
      "status": "pass",
      "objects": [
        {
          "object_addr": "var.architecture",
          "status": "pass"
        }
      ]
    }
  ]
}
