{
  "version": 4,
  "terraform_version": "1.9.8",
  "serial": 413,
  "lineage": "33d684a1-7a0c-ad3b-abd1-5f6ef672f5d2",
  "outputs": {
    "ami_id": {
      "value": "ami-0071c8c431eea0edb",
      "type": "string"
    },
    "ami_name": {
      "value": "ubuntu/images/hvm-ssd-gp3/ubuntu-noble-24.04-arm64-server-20251212",
      "type": "string"
    },
    "instance_id": {
      "value": "i-0e4e5dff2518e9a37",
      "type": "string"
    },
    "instance_type": {
      "value": "t4g.large",
      "type": "string"
    },
    "public_ip": {
      "value": "44.199.225.236",
      "type": "string"
    },
    "ssh_command": {
      "value": "ssh imladris",
      "type": "string"
    },
    "tailscale_hostname": {
      "value": "imladris",
      "type": "string"
    },
    "volumes": {
      "value": {
        "data": "100GB (LUKS encrypted /data)",
        "root": "50GB (OS, tools)"
      },
      "type": [
        "object",
        {
          "data": "string",
          "root": "string"
        }
      ]
    }
  },
  "resources": [
    {
      "mode": "data",
      "type": "aws_ami",
      "name": "ubuntu",
      "provider": "provider[\"registry.terraform.io/hashicorp/aws\"]",
      "instances": [
        {
          "schema_version": 0,
          "attributes": {
            "architecture": "arm64",
            "arn": "arn:aws:ec2:us-east-1::image/ami-0071c8c431eea0edb",
            "block_device_mappings": [
              {
                "device_name": "/dev/sda1",
                "ebs": {
                  "delete_on_termination": "true",
                  "encrypted": "false",
                  "iops": "0",
                  "snapshot_id": "snap-096f286f36332e08d",
                  "throughput": "0",
                  "volume_initialization_rate": "0",
                  "volume_size": "8",
                  "volume_type": "gp3"
                },
                "no_device": "",
                "virtual_name": ""
              },
              {
                "device_name": "/dev/sdb",
                "ebs": {},
                "no_device": "",
                "virtual_name": "ephemeral0"
              },
              {
                "device_name": "/dev/sdc",
                "ebs": {},
                "no_device": "",
                "virtual_name": "ephemeral1"
              }
            ],
            "boot_mode": "uefi",
            "creation_date": "2025-12-12T10:47:56.000Z",
            "deprecation_time": "2027-12-12T10:47:56.000Z",
            "description": "Canonical, Ubuntu, 24.04, arm64 noble image",
            "ena_support": true,
            "executable_users": null,
            "filter": [
              {
                "name": "architecture",
                "values": [
                  "arm64"
                ]
              },
              {
                "name": "name",
                "values": [
                  "ubuntu/images/hvm-ssd-gp3/ubuntu-noble-24.04-arm64-server-*"
                ]
              },
              {
                "name": "virtualization-type",
                "values": [
                  "hvm"
                ]
              }
            ],
            "hypervisor": "xen",
            "id": "ami-0071c8c431eea0edb",
            "image_id": "ami-0071c8c431eea0edb",
            "image_location": "amazon/ubuntu/images/hvm-ssd-gp3/ubuntu-noble-24.04-arm64-server-20251212",
            "image_owner_alias": "amazon",
            "image_type": "machine",
            "imds_support": "v2.0",
            "include_deprecated": false,
            "kernel_id": "",
            "last_launched_time": "",
            "most_recent": true,
            "name": "ubuntu/images/hvm-ssd-gp3/ubuntu-noble-24.04-arm64-server-20251212",
            "name_regex": null,
            "owner_id": "099720109477",
            "owners": [
              "099720109477"
            ],
            "platform": "",
            "platform_details": "Linux/UNIX",
            "product_codes": [],
            "public": true,
            "ramdisk_id": "",
            "root_device_name": "/dev/sda1",
            "root_device_type": "ebs",
            "root_snapshot_id": "snap-096f286f36332e08d",
            "sriov_net_support": "simple",
            "state": "available",
            "state_reason": {
              "code": "UNSET",
              "message": "UNSET"
            },
            "tags": {},
            "timeouts": null,
            "tpm_support": "",
            "uefi_data": null,
            "usage_operation": "RunInstances",
            "virtualization_type": "hvm"
          },
          "sensitive_attributes": []
        }
      ]
    },
    {
      "mode": "data",
      "type": "aws_availability_zones",
      "name": "available",
      "provider": "provider[\"registry.terraform.io/hashicorp/aws\"]",
      "instances": [
        {
          "schema_version": 0,
          "attributes": {
            "all_availability_zones": null,
            "exclude_names": null,
            "exclude_zone_ids": null,
            "filter": null,
            "group_names": [
              "us-east-1-zg-1"
            ],
            "id": "us-east-1",
            "names": [
              "us-east-1a",
              "us-east-1b",
              "us-east-1c",
              "us-east-1d",
              "us-east-1e",
              "us-east-1f"
            ],
            "state": "available",
            "timeouts": null,
            "zone_ids": [
              "use1-az1",
              "use1-az2",
              "use1-az4",
              "use1-az6",
              "use1-az3",
              "use1-az5"
            ]
          },
          "sensitive_attributes": []
        }
      ]
    },
    {
      "mode": "data",
      "type": "aws_caller_identity",
      "name": "current",
      "provider": "provider[\"registry.terraform.io/hashicorp/aws\"]",
      "instances": [
        {
          "schema_version": 0,
          "attributes": {
            "account_id": "IMLADRIS_ACCOUNT_ID",
            "arn": "arn:aws:sts::IMLADRIS_ACCOUNT_ID:assumed-role/AWSReservedSSO_AWSAdministratorAccess_cda168f89e169f8a/sfoley@buxtonco.com",
            "id": "IMLADRIS_ACCOUNT_ID",
            "user_id": "AROA3FL3YJIDFYV5IRYED:sfoley@buxtonco.com"
          },
          "sensitive_attributes": []
        }
      ]
    },
    {
      "mode": "managed",
      "type": "aws_dlm_lifecycle_policy",
      "name": "imladris",
      "provider": "provider[\"registry.terraform.io/hashicorp/aws\"]",
      "instances": [
        {
          "schema_version": 0,
          "attributes": {
            "arn": "arn:aws:dlm:us-east-1:IMLADRIS_ACCOUNT_ID:policy/policy-032a1d1b5f0323959",
            "description": "Hourly snapshots for imladris data volume",
            "execution_role_arn": "arn:aws:iam::IMLADRIS_ACCOUNT_ID:role/imladris-dlm-role",
            "id": "policy-032a1d1b5f0323959",
            "policy_details": [
              {
                "action": [],
                "event_source": [],
                "parameters": [],
                "policy_type": "EBS_SNAPSHOT_MANAGEMENT",
                "resource_locations": [
                  "CLOUD"
                ],
                "resource_types": [
                  "VOLUME"
                ],
                "schedule": [
                  {
                    "copy_tags": true,
                    "create_rule": [
                      {
                        "cron_expression": "",
                        "interval": 1,
                        "interval_unit": "HOURS",
                        "location": "CLOUD",
                        "times": [
                          "05:24"
                        ]
                      }
                    ],
                    "cross_region_copy_rule": [],
                    "deprecate_rule": [],
                    "fast_restore_rule": [],
                    "name": "Hourly snapshots",
                    "retain_rule": [
                      {
                        "count": 24,
                        "interval": 0,
                        "interval_unit": ""
                      }
                    ],
                    "share_rule": [],
                    "tags_to_add": {
                      "Project": "imladris",
                      "SnapshotCreator": "DLM",
                      "SnapshotType": "hourly"
                    },
                    "variable_tags": null
                  }
                ],
                "target_tags": {
                  "Backup": "daily"
                }
              }
            ],
            "state": "ENABLED",
            "tags": {
              "Name": "imladris-dlm-policy"
            },
            "tags_all": {
              "Environment": "dev",
              "ManagedBy": "terraform",
              "Name": "imladris-dlm-policy",
              "Project": "aws-devbox"
            }
          },
          "sensitive_attributes": [],
          "private": "bnVsbA==",
          "dependencies": [
            "aws_iam_role.dlm"
          ]
        }
      ]
    },
    {
      "mode": "managed",
      "type": "aws_ebs_volume",
      "name": "data",
      "provider": "provider[\"registry.terraform.io/hashicorp/aws\"]",
      "instances": [
        {
          "schema_version": 0,
          "attributes": {
            "arn": "arn:aws:ec2:us-east-1:IMLADRIS_ACCOUNT_ID:volume/vol-00a55b846ceb7a45c",
            "availability_zone": "us-east-1a",
            "create_time": "2026-01-13T16:19:11Z",
            "encrypted": true,
            "final_snapshot": false,
            "id": "vol-00a55b846ceb7a45c",
            "iops": 3000,
            "kms_key_id": "arn:aws:kms:us-east-1:IMLADRIS_ACCOUNT_ID:key/3651efa1-e0b7-42c7-bd0b-618c8ea7c4f8",
            "multi_attach_enabled": false,
            "outpost_arn": "",
            "size": 100,
            "snapshot_id": "",
            "tags": {
              "Backup": "daily",
              "Name": "hall-of-fire",
              "Project": "imladris"
            },
            "tags_all": {
              "Backup": "daily",
              "Environment": "dev",
              "ManagedBy": "terraform",
              "Name": "hall-of-fire",
              "Project": "imladris"
            },
            "throughput": 250,
            "timeouts": null,
            "type": "gp3"
          },
          "sensitive_attributes": [],
          "private": "eyJlMmJmYjczMC1lY2FhLTExZTYtOGY4OC0zNDM2M2JjN2M0YzAiOnsiY3JlYXRlIjozMDAwMDAwMDAwMDAsImRlbGV0ZSI6NjAwMDAwMDAwMDAwLCJ1cGRhdGUiOjMwMDAwMDAwMDAwMH19",
          "dependencies": [
            "data.aws_availability_zones.available"
          ]
        }
      ]
    },
    {
      "mode": "managed",
      "type": "aws_iam_instance_profile",
      "name": "imladris",
      "provider": "provider[\"registry.terraform.io/hashicorp/aws\"]",
      "instances": [
        {
          "schema_version": 0,
          "attributes": {
            "arn": "arn:aws:iam::IMLADRIS_ACCOUNT_ID:instance-profile/imladris-instance-profile",
            "create_date": "2026-01-13T16:19:11Z",
            "id": "imladris-instance-profile",
            "name": "imladris-instance-profile",
            "name_prefix": "",
            "path": "/",
            "role": "imladris-instance-role",
            "tags": null,
            "tags_all": {
              "Environment": "dev",
              "ManagedBy": "terraform",
              "Project": "aws-devbox"
            },
            "unique_id": "AIPA3FL3YJIDCCL77LAYO"
          },
          "sensitive_attributes": [],
          "private": "bnVsbA==",
          "dependencies": [
            "aws_iam_role.imladris_instance"
          ]
        }
      ]
    },
    {
      "mode": "managed",
      "type": "aws_iam_role",
      "name": "dlm",
      "provider": "provider[\"registry.terraform.io/hashicorp/aws\"]",
      "instances": [
        {
          "schema_version": 0,
          "attributes": {
            "arn": "arn:aws:iam::IMLADRIS_ACCOUNT_ID:role/imladris-dlm-role",
            "assume_role_policy": "{\"Statement\":[{\"Action\":\"sts:AssumeRole\",\"Effect\":\"Allow\",\"Principal\":{\"Service\":\"dlm.amazonaws.com\"}}],\"Version\":\"2012-10-17\"}",
            "create_date": "2026-01-13T16:19:11Z",
            "description": "",
            "force_detach_policies": false,
            "id": "imladris-dlm-role",
            "inline_policy": [],
            "managed_policy_arns": [],
            "max_session_duration": 3600,
            "name": "imladris-dlm-role",
            "name_prefix": "",
            "path": "/",
            "permissions_boundary": "",
            "tags": null,
            "tags_all": {
              "Environment": "dev",
              "ManagedBy": "terraform",
              "Project": "aws-devbox"
            },
            "unique_id": "AROA3FL3YJIDMNXME7ULV"
          },
          "sensitive_attributes": [],
          "private": "bnVsbA=="
        }
      ]
    },
    {
      "mode": "managed",
      "type": "aws_iam_role",
      "name": "imladris_instance",
      "provider": "provider[\"registry.terraform.io/hashicorp/aws\"]",
      "instances": [
        {
          "schema_version": 0,
          "attributes": {
            "arn": "arn:aws:iam::IMLADRIS_ACCOUNT_ID:role/imladris-instance-role",
            "assume_role_policy": "{\"Statement\":[{\"Action\":\"sts:AssumeRole\",\"Effect\":\"Allow\",\"Principal\":{\"Service\":\"ec2.amazonaws.com\"}}],\"Version\":\"2012-10-17\"}",
            "create_date": "2026-01-13T16:19:11Z",
            "description": "",
            "force_detach_policies": false,
            "id": "imladris-instance-role",
            "inline_policy": [],
            "managed_policy_arns": [],
            "max_session_duration": 3600,
            "name": "imladris-instance-role",
            "name_prefix": "",
            "path": "/",
            "permissions_boundary": "",
            "tags": null,
            "tags_all": {
              "Environment": "dev",
              "ManagedBy": "terraform",
              "Project": "aws-devbox"
            },
            "unique_id": "AROA3FL3YJIDIJZYPDW2E"
          },
          "sensitive_attributes": [],
          "private": "bnVsbA=="
        }
      ]
    },
    {
      "mode": "managed",
      "type": "aws_iam_role_policy",
      "name": "imladris_ebs",
      "provider": "provider[\"registry.terraform.io/hashicorp/aws\"]",
      "instances": [
        {
          "schema_version": 0,
          "attributes": {
            "id": "imladris-instance-role:imladris-ebs-attach",
            "name": "imladris-ebs-attach",
            "name_prefix": "",
            "policy": "{\"Version\":\"2012-10-17\",\"Statement\":[{\"Action\":[\"ec2:AttachVolume\",\"ec2:DetachVolume\"],\"Condition\":{\"StringEquals\":{\"ec2:ResourceTag/Project\":\"imladris\"}},\"Effect\":\"Allow\",\"Resource\":[\"arn:aws:ec2:us-east-1:IMLADRIS_ACCOUNT_ID:volume/*\",\"arn:aws:ec2:us-east-1:IMLADRIS_ACCOUNT_ID:instance/*\"]},{\"Action\":[\"ec2:DescribeVolumes\",\"ec2:DescribeInstances\"],\"Effect\":\"Allow\",\"Resource\":\"*\"}]}",
            "role": "imladris-instance-role"
          },
          "sensitive_attributes": [],
          "private": "bnVsbA==",
          "dependencies": [
            "aws_iam_role.imladris_instance",
            "data.aws_caller_identity.current"
          ]
        }
      ]
    },
    {
      "mode": "managed",
      "type": "aws_iam_role_policy_attachment",
      "name": "dlm",
      "provider": "provider[\"registry.terraform.io/hashicorp/aws\"]",
      "instances": [
        {
          "schema_version": 0,
          "attributes": {
            "id": "imladris-dlm-role-20260113161912299800000002",
            "policy_arn": "arn:aws:iam::aws:policy/service-role/AWSDataLifecycleManagerServiceRole",
            "role": "imladris-dlm-role"
          },
          "sensitive_attributes": [],
          "private": "bnVsbA==",
          "dependencies": [
            "aws_iam_role.dlm"
          ]
        }
      ]
    },
    {
      "mode": "managed",
      "type": "aws_instance",
      "name": "imladris",
      "provider": "provider[\"registry.terraform.io/hashicorp/aws\"]",
      "instances": [
        {
          "schema_version": 1,
          "attributes": {
            "ami": "ami-0071c8c431eea0edb",
            "arn": "arn:aws:ec2:us-east-1:IMLADRIS_ACCOUNT_ID:instance/i-0e4e5dff2518e9a37",
            "associate_public_ip_address": true,
            "availability_zone": "us-east-1a",
            "capacity_reservation_specification": [
              {
                "capacity_reservation_preference": "open",
                "capacity_reservation_target": []
              }
            ],
            "cpu_core_count": 2,
            "cpu_options": [
              {
                "amd_sev_snp": "",
                "core_count": 2,
                "threads_per_core": 1
              }
            ],
            "cpu_threads_per_core": 1,
            "credit_specification": [
              {
                "cpu_credits": "unlimited"
              }
            ],
            "disable_api_stop": false,
            "disable_api_termination": false,
            "ebs_block_device": [],
            "ebs_optimized": false,
            "enable_primary_ipv6": null,
            "enclave_options": [
              {
                "enabled": false
              }
            ],
            "ephemeral_block_device": [],
            "get_password_data": false,
            "hibernation": false,
            "host_id": "",
            "host_resource_group_arn": null,
            "iam_instance_profile": "imladris-instance-profile",
            "id": "i-0e4e5dff2518e9a37",
            "instance_initiated_shutdown_behavior": "stop",
            "instance_lifecycle": "",
            "instance_market_options": [],
            "instance_state": "running",
            "instance_type": "t4g.large",
            "ipv6_address_count": 0,
            "ipv6_addresses": [],
            "key_name": "",
            "launch_template": [],
            "maintenance_options": [
              {
                "auto_recovery": "default"
              }
            ],
            "metadata_options": [
              {
                "http_endpoint": "enabled",
                "http_protocol_ipv6": "disabled",
                "http_put_response_hop_limit": 2,
                "http_tokens": "required",
                "instance_metadata_tags": "disabled"
              }
            ],
            "monitoring": false,
            "network_interface": [],
            "outpost_arn": "",
            "password_data": "",
            "placement_group": "",
            "placement_partition_number": 0,
            "primary_network_interface_id": "eni-04bc50c4d251f7334",
            "private_dns": "ip-10-0-1-236.ec2.internal",
            "private_dns_name_options": [
              {
                "enable_resource_name_dns_a_record": false,
                "enable_resource_name_dns_aaaa_record": false,
                "hostname_type": "ip-name"
              }
            ],
            "private_ip": "10.0.1.236",
            "public_dns": "ec2-44-199-225-236.compute-1.amazonaws.com",
            "public_ip": "44.199.225.236",
            "root_block_device": [
              {
                "delete_on_termination": true,
                "device_name": "/dev/sda1",
                "encrypted": true,
                "iops": 3000,
                "kms_key_id": "arn:aws:kms:us-east-1:IMLADRIS_ACCOUNT_ID:key/3651efa1-e0b7-42c7-bd0b-618c8ea7c4f8",
                "tags": {
                  "Backup": "false",
                  "Name": "imladris-root",
                  "Project": "imladris"
                },
                "tags_all": {
                  "Backup": "false",
                  "Environment": "dev",
                  "ManagedBy": "terraform",
                  "Name": "imladris-root",
                  "Project": "imladris"
                },
                "throughput": 250,
                "volume_id": "vol-01f8984f3e6b2478f",
                "volume_size": 50,
                "volume_type": "gp3"
              }
            ],
            "secondary_private_ips": [],
            "security_groups": [],
            "source_dest_check": true,
            "spot_instance_request_id": "",
            "subnet_id": "subnet-013c9c1c324c69db0",
            "tags": {
              "Name": "imladris",
              "Project": "imladris"
            },
            "tags_all": {
              "Environment": "dev",
              "ManagedBy": "terraform",
              "Name": "imladris",
              "Project": "imladris"
            },
            "tenancy": "default",
            "timeouts": null,
            "user_data": null,
            "user_data_base64": "H4sIAAAAAAAA/8x823bbOLLou76imtG05aQhxe4kK0cdZUax5VgT30ZSLuckGS2IhCS0SYAhQEtKO+cHzuN5mJf9dftL9sKFJEjRjtOT7LW14kgCCoVCVaEuKFD3furMKOvMsFg27sEhuXrB1zDjXAqZ4BiEn9BYAoIzuoYHsOQRQRFmeEESIAGVlLPGPRhvhCQRCskVCUEQmcbAWbj5DVJBEoixf4kXRIAZGMBsU0LUuNe4BxOSJHjOkwgkieIQSwJXOKF4FhLRbdwDsSRh6C+JfwkBFaq5Nz7Y33v8qNEga+LDc3jekoRA5wonnZAvOmpqFGCJ2yFfwDWEfKGIRhLyHkAC9p93AnLV8TkTPCS7sP/8571G4+B4cPDq4nx4NpkeDU8GPW8bLYoTvkiIEF7jqD88GRxOx5PBxbjneY3GPeh9z1fjHhyTMCYJHKXMVzwX332KRsgXrV34A4i/5OC9b7YCJYOdB3857v7ltPuX8c7uR2je936DLwp0KlLfJ0LoIYrB3n/+x/93+0mS8MTt/Vdp9CWNnc5//T9o3oeWao1JsKvBGkKSeBpwRjTgIiExoE/g/bO51/TAa1ZE5GWSZGkYqvERTi6L4WZVzT0Pnj+vGawnTFI2VZOqAQ0AgJD7OARNB8MR6enxATF7gnLW85r7noYUSzqXsK8/0znkpIPXzId7v4FcEqZhDHbDB/CaDk4v70+ITBMGD3XDnFqKFuCNJU4kZYsubA+kc/Caf6tOlfOiRE+ZEiPPOmJIKEgJVsu2DAktsqYSfB6QLjT/ulsgL2+OpvsV6oixy97Llv3lR2wnY7BgrE1VK+FcGuP1C/iY7UiYEaCsZKR2v/+O04ZyKjQpuc4tuZCKIb7UlhRl38GjUYiDhArDKkkjonZoBqe+f9YS7kckoT7uHBJ2RRKvocHvwYhE/IrAeHwKeEGYsukromwhTDANhY9D1XmsDbfRaYZjSMwoHOHPnCEhImQGO5sNrq9BJqlREbMaTZTkscbRrg7ebhAkuaI+uQNWa/u/B2LLlyHzE4KFEjiXdL6BFZb+kgiY8wTmNCS2IRFmM2hDMhdtC96O8HqqnMLUjus93n+0//SpNjQdIv2O2Ahfhm2fs3m2GLUSFGcUnFJGI2VojFLm7rL1eyokrJZY7ghghAQk0EQpV5x76F2NBMcSLYiENFY6oZsOBy+G/bPp0ej8bDI4O+wxziiTJMG+pEqidgRlQuIwBLSBD/ke9NMkhIXaz8kmlsah+xj5JJF0Tn0siYAFS+MFpOwzjeH3T9la+qnkyFBhOCiInyZUbkpkOpOmDEtJWEAClMaLBAdEaLCQCukvMVsQw3cfS7AMxbFUf5qj7aDz+GEdjmfPdgbnRzuN10Xfa9PX7fbDkK9IgM4TuqBM2J3npbOUybTL+CwkKKPb+63x5bd6LKnkR3Q9VExN0liS4DC+XICnlMurH2L2IHrNUkECdEhi1c98SsStw9RMEZbURyOiBA/eHIdCQQ/Oj5SBNJYk4P4lSXJLQufg8yjCLAB0BaYTfnadZNUdgXdooHCYEBxsMjmR4HavpNUFzcX4BJZSxqLb6SyIbJsp2z6P4BrEUoOqnRLxABB+mZFk2H6Tfhgg5PMo5oKgOEwXlBVrlpntcpf9k7vwHOKWtdcsIB+m6O9YgtpiWSxlTjOlPwgJZqCC3jCAgCiLIwp3rXspW2QAhbm1oO122/D3/ORwejh4MzwYjHvNliFKAErBk+KSbBCOKboUfO/po/WEn+ztHZxNRifo932x2Z/sjdan/uLi0+Xfo8ni3T/8l/EFeZt++lW87HrOzvay9eGYtstrxDHtXO3rhTMiO6hjyXOHX8PvnwAlsNO2ne8/KoaQkPiy1c591TUIFaOIFZXLVuG4dnfhGto02Kmzx7uGm8pmGB5Mh4fKCTcdrvwGAa8oLAmJioUsL7vQzAd7FfEKQO/gcHAymAy+L0/vxldDYMehr+TiVHRmOFAobBoDQjiVS3RJNr2MYP1dHr06O/jfr149zSjeH4zO0n8sBqfvRpOn8vDzySq5fD06+cd4+fcnR+v09SsPUB5M9AqZAEJCLB0jgiWeXvEwjYotdQ/GJJwjLCX2l2rngM6eBi/GYCChlZBPKU2sgxoc7MNRSIhyXiQhZjszn8DwUIAx6rsW8RFlQYZktgGJF6D2rZ2KSpAc5JKKHEfhtcNU2fkE+wR8zkwuCkvMglDpg6IjSkNJYxUtUPURM8LTAhOEOGXKYzecYP/N+cnr08F00n/Z85Y4DBGfozlNbHxqYKwEz/qnKjFUeiyCuQswGrwcnp85DcOz8aR/pqXutE7OXw3OMhvykkgYnh6Or/ZB8kvCzAKIxJrVir1ESGNV9DjXQLyDi9cTo4LdTmfvyf9q7z9+1LbvHZVLC6nVUGN2VRcdg/cO4ZVAxN9H2XRIwyEpQ+UGOQtEF359+LCUYhkBmpW6tNyCsAtNTbpLwO00q/E62e7EIfZJRJjsJGRBOTPTO3z9b6AhUxxEg93c9OsTCTrPXabRXBJkvug9IAKGa1cR2WN78FHt+6J5fRXM4WOtM1aSt3ujiv5mh5xvEONC+2/HcHAyhKt9RQ3jEuKECBXCt5yQMptFY1ds3q31pXglvhZB2HnVFiymzj1cofz9t+Ppwclw+np00iuM50r4IbVhPF4JYz91IyJrgkLK0jVqtlLtZVC02/5M46qd127cazoTeIA4dGQUW1xX+2pcPszEsOjTNgigQDfmoBlEJ49QkBNya3FEgJJ5DaqspSKnEZHJBkLO43pBQEubtC1LJ3YdS3LafzftTyaD04vJuPer02Ebe3tmutVS5TPvoWnbAYUEmu5opYlVH/tmiyYVokaxzPF0SjhsyukYeOUyyka+FancZkYAX2EaqpRut6Ig1hJbi6leeUuv2VKaSPx9exozI8igFxW3jJAxF+A1jamq+m2E5jSUJBHgnSnHKPGiqz788gaHKRG9ZuEQPAsiJJapyABy+rcxf0pJssnYJ94//Ng2H4fBNixPZZxKkGQty1Y2hzO25DN4zZwPXmZLSm098M44I96WUalYLCsQsqZCCpilEqjYsjPQkhxSATwBzLhckiT3n7slxLm+9Q+OB4dTQ08JotJ3dyHeSZDfLMy64dsS+2MYdDOp/TKWWJKu/v+XvmXQhHf7+cbQQ4aWP8PgS/0sVta/C85ukHUNQyfn9cycnPeaLXu6WeGw54TrBbnQ6YDavJudWybXyuYgnJxrvWo6Drdev6BqNKr6VI3nvK3hs4Tgy1IrCY3ysypJd6LAmTmg8zlJlAXLpu9CCWM9pokiOMIbba+qESeCFaY6BVFOMlHmnLJFyeNlLxESEkOz1crM7314vLu7BZYZbQfwAezVAPqcScpSUmGWIPXLOOMmbrcbf85TFoBK0ZRF7oK7O7YQlKKM7GXTf3AcWj6ZUTjFFjtdYaKUJPIgvKRSruPoWx9TuB3XFGamw/Raw/Htxt+MQzQom9AqmBP5VTdBFdSkeeA1nSyhUpvQKluxym8xlToAqFkulPz82/5w0nvysKZX9QwOe+WuzOX/VBOH/vxzqcNEoqa1aZABCqUJENT3SnCQvYxa72+1W3qarZZF9gD2a7RYq8tbu4ecGEhyy4x2uw0tS1AnJ2a3rKRF/py9/nTw7RBWlEVKwXhmUmzvPA3DzR33zE3bMyuqbAdb+qQfeCq9mzbfFk6jD4PR6Hw0PTg/HPSaf23ceb45pqFy/G5Bp0C161VVNw8oqNwR2/axZZnGOIScLUhSF/Ll8nIiU7kdmd5s7EfW7uoTo4qBBZvE/lmbfIOZu9VMF+qoQ2AcgqldI+VHZgSoLLQoICKmkoCWiPi3E8ev6GwrIJL4kgSA55Ik2mNRIna/klE6KnNkFCTfnyWvYpCWJWfTBVu5ygt8+ZmTiLmcmjQnqRRfxwej4cVkPH3RHw+KPDHBq/aCymU6SwVJlBskTOpkMcA+jjkK8Ux0llyl71hIknRMoVK4pzTH/bPDk8FoetGfHPe8TiqSju7Q9yEUSYhmR/uUM2TpczFMTi+mFkvP0/mdHmYh22KZF98O+YqFHAegAMDFCxbaOOIrkpgCC+WsOEHORiv9vhFBrt10Xk6EXRbevC5FrUqTvaazqmod+R68UQRudEJnr4aEnF8KCMmCShphSaA1w4L6IDCjcmPUXuy6vjsv5Y8vzicwPJsMRqPXFxPtoMvTK19UcrD50Mphzd0H/tO58FIdVWNgoqsqZq/pKo63ZVfz3TdWksqkG1gRqm3HAitn9xinxobnG66EyVWRzFYjSIX2njgMZ9i/LFOVRIDmlWU0KsatOJA4sji64CdEydOIM5uezvO1ZLPzWqIKO/aTmb7EtvoTrwM1o1qIVSF33a1scY6lMkXBKupnz3Zsw07Dvd5kQiGZpCQPY/K9IgBFsH/no0BFWXEeiPWdnFtOxlY4DGvUvQtZrggrGoYqvZAkiSjDyjwLztlPxVqNo9rbL1XeTOPjhnY3dtFuv7+MeAAP1lta24ByTdXUngP7fpuZsBX1Z892xoORCnF3Gu9fMyo/Ng6dmzGDg33QapuvcOjarGODrdFX3qLHiFzx5LItcbIgstF4PzaTfGxMNjHpCRrFIWkM1sTXV196d7XVjRHRdageDld4I7KvY+L3HjcG7IomnKmQp+eNz8bTyfnF8GDaH531vEbjvT3H/Nh4i5kkwYtNT1cTkHI4GaGWAYaZzh0FTCLOUELUJqn0EaavLyDE+ApuJvyHXHo5o+vsWBjbi3vfdwrrzhldu9XY9/oUldF1/Z5XVH1DvdlaqTGRcHx+OtAJg8KdDU2cWtRqSRgkKdPVVywg4dwebJN1zBODoddRzRne14Jo53ZI8p1oLwsJZwoEEU8IJCTUFxS1SQ+IoAtmz9MPhh1si/bWkd8rSuM6cNHRijOLnUTxCeUTFSGAc6yuGHZF8e0k5tGAMW8oTrjksNPTROwAQjIUV3vtfUBiPAdU1L2zSndQYG+Lgja4dvyqWGrDiYp6PWIc+ZzNaRKpYPWPRo03Oyuk5fqLG26AfclDqFslYvaVgHmIL4mA2QYCMsdpKO3oPL9W/DUbVAWwMyVEpXmtCK/h14dZquAerq8wlVOfp0za1Nr4kZ+cXU0FstdqEPqUUiLdaUw+XWDRqc2vDyvJtDXv+fdWqxjx4MFWVqErM3cjoCZDsJJwiJznMb02kTdfx8s10hlMheFiHu4OmEgTYvalKPI9lZz1T07gs1gCZVfcxAsCWlRXc5VyM86Qe01pPD7OClAiqxlrh/VZLAm7UugFTxPf3CpWOqiQ68vCAmZkrrYpZhswR9dzGhLHLM21WdJXe9V7nHAFIDpWdfQ8trEddIoFt8Vyy5ZpgeRRZgnWK1G8fRTkxmraJT8vDXj2bOf/jI8HZ292rA1HkBVPKAMLpFX7Ft41soxy508veae05va/g6kxpw2zpmrIC14/UEGyUh07Wimlw4+t0NUoRT8UHHAQFNDZcMWakC8os2rxLSLLcHyD0LIhSmwXo/Oj4cnACu5/oAwsgd8kBdtQl0LkGf2SR2Rqb86610j0Vi2hteXN6tG8NuphZiFcc3w2fDe1ZPc8Q4SScIaPsn9jU29XawBge8TtoCrXaKv/Er+t8pU0RsYQIUbXJZufWSGvmfG09pCrtOLmFvthq2ZiBVLyFrZ26ODansxN/vTdU7WflLAkB5U2QEAT4kt7PxiKOMoeodzK9xll3WaRMpfy3XaFskqwdxByZsKyJRcSEhJzRyFGg4vz6eFw1PM6Su065j5hR0EJN9iqHg15pQw10FUCg2mbMyINOKDU3lWE6DKgCaAYvGYroIm5n10MdzLUykB9p1avpiYarBLYVtAO2gpXrJO1mPmKCfCxvyRWSjyhREDLiY11CWuJr4jN7HVdPioHxjcttMTatp5Hh4PldpOTiSVOdK9NQfmKARpZlF2LuQZhHbJq9EcAJ/6SSuJLtXh9R1uFfGBTskItjk+nB+dnR8OXPXux15G351wh0YXN9dMn0yePtuW+hQStnz6pCmKUlh8VUBy1q9TPP7X00V5W4efKwO4WcdTI5iclDGJFpb/Uy2vmNBQxvausitH6KmEpUqvIUZkjQD54tTv3wx227ge9dz84Zy8BlGjIO5RaJFWWIJStCSEjsPa9YmXmqSs12Lsxbajlj45afzGnJ4yQACLMUhyq+W/MJ35Ibv2CyhVOAsJgTPyESAGnltSDk+GPSrRnK3HDbe/Z1y9qKZCDk+GfyL3rH8V7+Osjkz8HygfXPM6nQ9OY26RvRkK+crbri7fj6ZvBaDw8P+t5e+2H7YfuSXt/dHB8y/bFyijU7d/vTqx6KWJ62ZwoZZeMr5i9m7ZgaY1/+4FkGMt1ExVF9Sbjcem+neN8ZpkCd0Rw2UlISLBQJsCe9XZmK4Gumn84Yvqi25p/KDq+oHKXuZdXe3yR6V0FmbF1Bplr6DoyiresW6m+YVelqxezlciv9tlrfeXGyOyNygli+ay00jmzd/bMMXqGzO4FWw9xzzMyPVXzIHRFEnH74XCpaJBxJ9+NXWi2Sph2b38or4LgDicsP+oZO/ss8dhU3qDFUyloQIDPbRarJH7y+tW48+LtGHhMkizY/0HmMrvzPrXFQDcxsURifVsdqpGYDjmhxbh5eHhHQEwSwZnyNCTmbnry3QuWRm1r47AZZfk2qbSXtkwWQ2V1m4wR9oFsXfW3821vr1L5MBuJKKMyKxmWGu+KQNvCLQy69a4oEiIkT8gWEtv+FTTKeLmryL5/ZZggQu1CJDbMR1qvMgTbPY2yXSnxqbLmLepzeurw3jWuVgqSH5hrLKCw2IPDIPcz37Dmv2UVIHOpuq52VAd9a4mkuAigvGTpsROpz/OwyI5zjSPVpsMuuMVZuFH2VgGay6zufvwsltMYy2UlO2yrxN8GutrKf86r9SZZXoPXzMbWxRV956jJHjeW79fnsPaEaX1UwugOvL7Onk8v+vOnR8tnVv7SHLq7oM4DdLnDHWs2CaITDhWRfxbLLhSDrA8pR42Kg7c8JJdP3Votqb9U4Lt3mN0+1moIcIfWxUmvCIlNtoJFXs4uI1dUKj7r+4u/wCUhsS0Z60GaYd7WiVTEZZBrllP4VO3w7NnO6fnkcKdROdRp6//vFx/th/vZ5xy+gJlOp9fT6XRrDMD9RhV1Rz9SB/Chbp6GO9bAQudag364Ge902plO1X/X0w/qwwdDShWvWcG1Jtd9aXKqWK/1v39C/mcaqjjbOawiM/uzsDUYr6+vp/bPQrUra79fQBZ/Gb77zqSK5w46JYHrEqeduRUjP6Di1bEMLYSpWa3aOsVbzvQcrGPfP3TcNwOXTdfJGfuh9rtCZ0CHcAon0IdDGMEQxgCAAGCMmS9TnGxU1HSinFrDJpYBzDbdml9lacABZ3O66Gqs//frx2A65W+oYaZS0G3oXyHYTrZVyhHH4QZ0gW8BztPZZc+Wv4aMSopD+pnoOM9eESsNMM4vex0THMqluTPUaKgt+WNC01NMGQzWxE9/TB08wpQ5F9kW4N19tFcMshH0i/zXeFpK3gNzsXLXAew7Z2JdwEn05JHTe2yf+uxC+SckvpkwPUry1F/W/ISK6c1+QwU8Y/a9TLSe/ckNbY29QkfA/RWMCgrz7HeB4rD8vYLCQFdQ5A/TmlHepPy9giKHrhJSPBTraUK2LlZ6LiEFdJUnzkVHD+zFLvcCiFfiiQNdQaTP/IrXVk3dKy0rO50rxrv1GUVIeb8XItqu5lQQVXMqL9favKFEShW+gm62EqV1vTCPEG6JPD//qjJYO/9i/KEbNXpbSqdaKxhUPOAAeie6chgRIfCCbGFQ0I0/v8uLx1rcn8W56XIcj+KQSGKf2VA5fZoQ0S2PrT0cAK+wIb5F81MeI/0p8r8YK6d/bajxXwAAAP//AQAA//87av7xRUwAAA==",
            "user_data_replace_on_change": false,
            "volume_tags": null,
            "vpc_security_group_ids": [
              "sg-02bf2a0c237c7299f"
            ]
          },
          "sensitive_attributes": [
            [
              {
                "type": "get_attr",
                "value": "user_data_base64"
              }
            ]
          ],
          "private": "eyJlMmJmYjczMC1lY2FhLTExZTYtOGY4OC0zNDM2M2JjN2M0YzAiOnsiY3JlYXRlIjo2MDAwMDAwMDAwMDAsImRlbGV0ZSI6MTIwMDAwMDAwMDAwMCwicmVhZCI6OTAwMDAwMDAwMDAwLCJ1cGRhdGUiOjYwMDAwMDAwMDAwMH0sInNjaGVtYV92ZXJzaW9uIjoiMSJ9",
          "dependencies": [
            "aws_iam_instance_profile.imladris",
            "aws_iam_role.imladris_instance",
            "aws_security_group.imladris",
            "aws_subnet.imladris",
            "aws_vpc.imladris",
            "data.aws_ami.ubuntu",
            "data.aws_availability_zones.available"
          ]
        }
      ]
    },
    {
      "mode": "managed",
      "type": "aws_internet_gateway",
      "name": "imladris",
      "provider": "provider[\"registry.terraform.io/hashicorp/aws\"]",
      "instances": [
        {
          "schema_version": 0,
          "attributes": {
            "arn": "arn:aws:ec2:us-east-1:IMLADRIS_ACCOUNT_ID:internet-gateway/igw-02693ac9bf868cf5e",
            "id": "igw-02693ac9bf868cf5e",
            "owner_id": "IMLADRIS_ACCOUNT_ID",
            "tags": {
              "Name": "imladris-igw"
            },
            "tags_all": {
              "Environment": "dev",
              "ManagedBy": "terraform",
              "Name": "imladris-igw",
              "Project": "aws-devbox"
            },
            "timeouts": null,
            "vpc_id": "vpc-00ffb5cafc0643fcf"
          },
          "sensitive_attributes": [],
          "private": "eyJlMmJmYjczMC1lY2FhLTExZTYtOGY4OC0zNDM2M2JjN2M0YzAiOnsiY3JlYXRlIjoxMjAwMDAwMDAwMDAwLCJkZWxldGUiOjEyMDAwMDAwMDAwMDAsInVwZGF0ZSI6MTIwMDAwMDAwMDAwMH19",
          "dependencies": [
            "aws_vpc.imladris"
          ]
        }
      ]
    },
    {
      "mode": "managed",
      "type": "aws_route_table",
      "name": "imladris",
      "provider": "provider[\"registry.terraform.io/hashicorp/aws\"]",
      "instances": [
        {
          "schema_version": 0,
          "attributes": {
            "arn": "arn:aws:ec2:us-east-1:IMLADRIS_ACCOUNT_ID:route-table/rtb-059887d907d629062",
            "id": "rtb-059887d907d629062",
            "owner_id": "IMLADRIS_ACCOUNT_ID",
            "propagating_vgws": [],
            "route": [
              {
                "carrier_gateway_id": "",
                "cidr_block": "0.0.0.0/0",
                "core_network_arn": "",
                "destination_prefix_list_id": "",
                "egress_only_gateway_id": "",
                "gateway_id": "igw-02693ac9bf868cf5e",
                "ipv6_cidr_block": "",
                "local_gateway_id": "",
                "nat_gateway_id": "",
                "network_interface_id": "",
                "transit_gateway_id": "",
                "vpc_endpoint_id": "",
                "vpc_peering_connection_id": ""
              }
            ],
            "tags": {
              "Name": "imladris-rt"
            },
            "tags_all": {
              "Environment": "dev",
              "ManagedBy": "terraform",
              "Name": "imladris-rt",
              "Project": "aws-devbox"
            },
            "timeouts": null,
            "vpc_id": "vpc-00ffb5cafc0643fcf"
          },
          "sensitive_attributes": [],
          "private": "eyJlMmJmYjczMC1lY2FhLTExZTYtOGY4OC0zNDM2M2JjN2M0YzAiOnsiY3JlYXRlIjozMDAwMDAwMDAwMDAsImRlbGV0ZSI6MzAwMDAwMDAwMDAwLCJ1cGRhdGUiOjEyMDAwMDAwMDAwMH19",
          "dependencies": [
            "aws_internet_gateway.imladris",
            "aws_vpc.imladris"
          ]
        }
      ]
    },
    {
      "mode": "managed",
      "type": "aws_route_table_association",
      "name": "imladris",
      "provider": "provider[\"registry.terraform.io/hashicorp/aws\"]",
      "instances": [
        {
          "schema_version": 0,
          "attributes": {
            "gateway_id": "",
            "id": "rtbassoc-050ca41f4bf775f6c",
            "route_table_id": "rtb-059887d907d629062",
            "subnet_id": "subnet-013c9c1c324c69db0",
            "timeouts": null
          },
          "sensitive_attributes": [],
          "private": "eyJlMmJmYjczMC1lY2FhLTExZTYtOGY4OC0zNDM2M2JjN2M0YzAiOnsiY3JlYXRlIjozMDAwMDAwMDAwMDAsImRlbGV0ZSI6MzAwMDAwMDAwMDAwLCJ1cGRhdGUiOjEyMDAwMDAwMDAwMH19",
          "dependencies": [
            "aws_internet_gateway.imladris",
            "aws_route_table.imladris",
            "aws_subnet.imladris",
            "aws_vpc.imladris",
            "data.aws_availability_zones.available"
          ]
        }
      ]
    },
    {
      "mode": "managed",
      "type": "aws_security_group",
      "name": "imladris",
      "provider": "provider[\"registry.terraform.io/hashicorp/aws\"]",
      "instances": [
        {
          "schema_version": 1,
          "attributes": {
            "arn": "arn:aws:ec2:us-east-1:IMLADRIS_ACCOUNT_ID:security-group/sg-02bf2a0c237c7299f",
            "description": "Security group for imladris - no public ingress, Tailscale handles access",
            "egress": [
              {
                "cidr_blocks": [
                  "0.0.0.0/0"
                ],
                "description": "",
                "from_port": 0,
                "ipv6_cidr_blocks": [],
                "prefix_list_ids": [],
                "protocol": "-1",
                "security_groups": [],
                "self": false,
                "to_port": 0
              }
            ],
            "id": "sg-02bf2a0c237c7299f",
            "ingress": [],
            "name": "imladris-sg",
            "name_prefix": "",
            "owner_id": "IMLADRIS_ACCOUNT_ID",
            "revoke_rules_on_delete": false,
            "tags": {
              "Name": "imladris-sg"
            },
            "tags_all": {
              "Environment": "dev",
              "ManagedBy": "terraform",
              "Name": "imladris-sg",
              "Project": "aws-devbox"
            },
            "timeouts": null,
            "vpc_id": "vpc-00ffb5cafc0643fcf"
          },
          "sensitive_attributes": [],
          "private": "eyJlMmJmYjczMC1lY2FhLTExZTYtOGY4OC0zNDM2M2JjN2M0YzAiOnsiY3JlYXRlIjo2MDAwMDAwMDAwMDAsImRlbGV0ZSI6OTAwMDAwMDAwMDAwfSwic2NoZW1hX3ZlcnNpb24iOiIxIn0=",
          "dependencies": [
            "aws_vpc.imladris"
          ]
        }
      ]
    },
    {
      "mode": "managed",
      "type": "aws_subnet",
      "name": "imladris",
      "provider": "provider[\"registry.terraform.io/hashicorp/aws\"]",
      "instances": [
        {
          "schema_version": 1,
          "attributes": {
            "arn": "arn:aws:ec2:us-east-1:IMLADRIS_ACCOUNT_ID:subnet/subnet-013c9c1c324c69db0",
            "assign_ipv6_address_on_creation": false,
            "availability_zone": "us-east-1a",
            "availability_zone_id": "use1-az1",
            "cidr_block": "10.0.1.0/24",
            "customer_owned_ipv4_pool": "",
            "enable_dns64": false,
            "enable_lni_at_device_index": 0,
            "enable_resource_name_dns_a_record_on_launch": false,
            "enable_resource_name_dns_aaaa_record_on_launch": false,
            "id": "subnet-013c9c1c324c69db0",
            "ipv6_cidr_block": "",
            "ipv6_cidr_block_association_id": "",
            "ipv6_native": false,
            "map_customer_owned_ip_on_launch": false,
            "map_public_ip_on_launch": true,
            "outpost_arn": "",
            "owner_id": "IMLADRIS_ACCOUNT_ID",
            "private_dns_hostname_type_on_launch": "ip-name",
            "tags": {
              "Name": "imladris-subnet"
            },
            "tags_all": {
              "Environment": "dev",
              "ManagedBy": "terraform",
              "Name": "imladris-subnet",
              "Project": "aws-devbox"
            },
            "timeouts": null,
            "vpc_id": "vpc-00ffb5cafc0643fcf"
          },
          "sensitive_attributes": [],
          "private": "eyJlMmJmYjczMC1lY2FhLTExZTYtOGY4OC0zNDM2M2JjN2M0YzAiOnsiY3JlYXRlIjo2MDAwMDAwMDAwMDAsImRlbGV0ZSI6MTIwMDAwMDAwMDAwMH0sInNjaGVtYV92ZXJzaW9uIjoiMSJ9",
          "dependencies": [
            "aws_vpc.imladris",
            "data.aws_availability_zones.available"
          ]
        }
      ]
    },
    {
      "mode": "managed",
      "type": "aws_vpc",
      "name": "imladris",
      "provider": "provider[\"registry.terraform.io/hashicorp/aws\"]",
      "instances": [
        {
          "schema_version": 1,
          "attributes": {
            "arn": "arn:aws:ec2:us-east-1:IMLADRIS_ACCOUNT_ID:vpc/vpc-00ffb5cafc0643fcf",
            "assign_generated_ipv6_cidr_block": false,
            "cidr_block": "10.0.0.0/16",
            "default_network_acl_id": "acl-00938efc912fa19ff",
            "default_route_table_id": "rtb-0e5f76fc849237524",
            "default_security_group_id": "sg-0e776fa6ad29b9ba8",
            "dhcp_options_id": "dopt-037ca9a336b984d3f",
            "enable_dns_hostnames": true,
            "enable_dns_support": true,
            "enable_network_address_usage_metrics": false,
            "id": "vpc-00ffb5cafc0643fcf",
            "instance_tenancy": "default",
            "ipv4_ipam_pool_id": null,
            "ipv4_netmask_length": null,
            "ipv6_association_id": "",
            "ipv6_cidr_block": "",
            "ipv6_cidr_block_network_border_group": "",
            "ipv6_ipam_pool_id": "",
            "ipv6_netmask_length": 0,
            "main_route_table_id": "rtb-0e5f76fc849237524",
            "owner_id": "IMLADRIS_ACCOUNT_ID",
            "tags": {
              "Name": "imladris-vpc"
            },
            "tags_all": {
              "Environment": "dev",
              "ManagedBy": "terraform",
              "Name": "imladris-vpc",
              "Project": "aws-devbox"
            }
          },
          "sensitive_attributes": [],
          "private": "eyJzY2hlbWFfdmVyc2lvbiI6IjEifQ=="
        }
      ]
    }
  ],
  "check_results": [
    {
      "object_kind": "var",
      "config_addr": "var.architecture",
      "status": "pass",
      "objects": [
        {
          "object_addr": "var.architecture",
          "status": "pass"
        }
      ]
    },
    {
      "object_kind": "var",
      "config_addr": "var.data_volume_size",
      "status": "pass",
      "objects": [
        {
          "object_addr": "var.data_volume_size",
          "status": "pass"
        }
      ]
    },
    {
      "object_kind": "var",
      "config_addr": "var.instance_type",
      "status": "pass",
      "objects": [
        {
          "object_addr": "var.instance_type",
          "status": "pass"
        }
      ]
    },
    {
      "object_kind": "var",
      "config_addr": "var.volume_size",
      "status": "pass",
      "objects": [
        {
          "object_addr": "var.volume_size",
          "status": "pass"
        }
      ]
    },
    {
      "object_kind": "var",
      "config_addr": "var.volume_throughput",
      "status": "pass",
      "objects": [
        {
          "object_addr": "var.volume_throughput",
          "status": "pass"
        }
      ]
    },
    {
      "object_kind": "var",
      "config_addr": "var.volume_iops",
      "status": "pass",
      "objects": [
        {
          "object_addr": "var.volume_iops",
          "status": "pass"
        }
      ]
    }
  ]
}
