{
  "version": 4,
  "terraform_version": "1.9.8",
  "serial": 450,
  "lineage": "33d684a1-7a0c-ad3b-abd1-5f6ef672f5d2",
  "outputs": {
    "ami_id": {
      "value": "ami-0071c8c431eea0edb",
      "type": "string"
    },
    "ami_name": {
      "value": "ubuntu/images/hvm-ssd-gp3/ubuntu-noble-24.04-arm64-server-20251212",
      "type": "string"
    },
    "instance_id": {
      "value": "i-0c20e698a5a3ea342",
      "type": "string"
    },
    "instance_type": {
      "value": "t4g.large",
      "type": "string"
    },
    "public_ip": {
      "value": "3.227.245.111",
      "type": "string"
    },
    "ssh_command": {
      "value": "ssh imladris",
      "type": "string"
    },
    "tailscale_hostname": {
      "value": "imladris",
      "type": "string"
    },
    "volumes": {
      "value": {
        "data": "100GB (LUKS encrypted /data)",
        "root": "50GB (OS, tools)"
      },
      "type": [
        "object",
        {
          "data": "string",
          "root": "string"
        }
      ]
    }
  },
  "resources": [
    {
      "mode": "data",
      "type": "aws_ami",
      "name": "ubuntu",
      "provider": "provider[\"registry.terraform.io/hashicorp/aws\"]",
      "instances": [
        {
          "schema_version": 0,
          "attributes": {
            "architecture": "arm64",
            "arn": "arn:aws:ec2:us-east-1::image/ami-0071c8c431eea0edb",
            "block_device_mappings": [
              {
                "device_name": "/dev/sda1",
                "ebs": {
                  "delete_on_termination": "true",
                  "encrypted": "false",
                  "iops": "0",
                  "snapshot_id": "snap-096f286f36332e08d",
                  "throughput": "0",
                  "volume_initialization_rate": "0",
                  "volume_size": "8",
                  "volume_type": "gp3"
                },
                "no_device": "",
                "virtual_name": ""
              },
              {
                "device_name": "/dev/sdb",
                "ebs": {},
                "no_device": "",
                "virtual_name": "ephemeral0"
              },
              {
                "device_name": "/dev/sdc",
                "ebs": {},
                "no_device": "",
                "virtual_name": "ephemeral1"
              }
            ],
            "boot_mode": "uefi",
            "creation_date": "2025-12-12T10:47:56.000Z",
            "deprecation_time": "2027-12-12T10:47:56.000Z",
            "description": "Canonical, Ubuntu, 24.04, arm64 noble image",
            "ena_support": true,
            "executable_users": null,
            "filter": [
              {
                "name": "architecture",
                "values": [
                  "arm64"
                ]
              },
              {
                "name": "name",
                "values": [
                  "ubuntu/images/hvm-ssd-gp3/ubuntu-noble-24.04-arm64-server-*"
                ]
              },
              {
                "name": "virtualization-type",
                "values": [
                  "hvm"
                ]
              }
            ],
            "hypervisor": "xen",
            "id": "ami-0071c8c431eea0edb",
            "image_id": "ami-0071c8c431eea0edb",
            "image_location": "amazon/ubuntu/images/hvm-ssd-gp3/ubuntu-noble-24.04-arm64-server-20251212",
            "image_owner_alias": "amazon",
            "image_type": "machine",
            "imds_support": "v2.0",
            "include_deprecated": false,
            "kernel_id": "",
            "last_launched_time": "",
            "most_recent": true,
            "name": "ubuntu/images/hvm-ssd-gp3/ubuntu-noble-24.04-arm64-server-20251212",
            "name_regex": null,
            "owner_id": "099720109477",
            "owners": [
              "099720109477"
            ],
            "platform": "",
            "platform_details": "Linux/UNIX",
            "product_codes": [],
            "public": true,
            "ramdisk_id": "",
            "root_device_name": "/dev/sda1",
            "root_device_type": "ebs",
            "root_snapshot_id": "snap-096f286f36332e08d",
            "sriov_net_support": "simple",
            "state": "available",
            "state_reason": {
              "code": "UNSET",
              "message": "UNSET"
            },
            "tags": {},
            "timeouts": null,
            "tpm_support": "",
            "uefi_data": null,
            "usage_operation": "RunInstances",
            "virtualization_type": "hvm"
          },
          "sensitive_attributes": []
        }
      ]
    },
    {
      "mode": "data",
      "type": "aws_availability_zones",
      "name": "available",
      "provider": "provider[\"registry.terraform.io/hashicorp/aws\"]",
      "instances": [
        {
          "schema_version": 0,
          "attributes": {
            "all_availability_zones": null,
            "exclude_names": null,
            "exclude_zone_ids": null,
            "filter": null,
            "group_names": [
              "us-east-1-zg-1"
            ],
            "id": "us-east-1",
            "names": [
              "us-east-1a",
              "us-east-1b",
              "us-east-1c",
              "us-east-1d",
              "us-east-1e",
              "us-east-1f"
            ],
            "state": "available",
            "timeouts": null,
            "zone_ids": [
              "use1-az1",
              "use1-az2",
              "use1-az4",
              "use1-az6",
              "use1-az3",
              "use1-az5"
            ]
          },
          "sensitive_attributes": []
        }
      ]
    },
    {
      "mode": "data",
      "type": "aws_caller_identity",
      "name": "current",
      "provider": "provider[\"registry.terraform.io/hashicorp/aws\"]",
      "instances": [
        {
          "schema_version": 0,
          "attributes": {
            "account_id": "IMLADRIS_ACCOUNT_ID",
            "arn": "arn:aws:sts::IMLADRIS_ACCOUNT_ID:assumed-role/AWSReservedSSO_AWSAdministratorAccess_cda168f89e169f8a/sfoley@buxtonco.com",
            "id": "IMLADRIS_ACCOUNT_ID",
            "user_id": "AROA3FL3YJIDFYV5IRYED:sfoley@buxtonco.com"
          },
          "sensitive_attributes": []
        }
      ]
    },
    {
      "mode": "managed",
      "type": "aws_dlm_lifecycle_policy",
      "name": "imladris",
      "provider": "provider[\"registry.terraform.io/hashicorp/aws\"]",
      "instances": [
        {
          "schema_version": 0,
          "attributes": {
            "arn": "arn:aws:dlm:us-east-1:IMLADRIS_ACCOUNT_ID:policy/policy-0d9358b9caa63b99a",
            "description": "Hourly snapshots for imladris data volume",
            "execution_role_arn": "arn:aws:iam::IMLADRIS_ACCOUNT_ID:role/imladris-dlm-role",
            "id": "policy-0d9358b9caa63b99a",
            "policy_details": [
              {
                "action": [],
                "event_source": [],
                "parameters": [],
                "policy_type": "EBS_SNAPSHOT_MANAGEMENT",
                "resource_locations": [
                  "CLOUD"
                ],
                "resource_types": [
                  "VOLUME"
                ],
                "schedule": [
                  {
                    "copy_tags": true,
                    "create_rule": [
                      {
                        "cron_expression": "",
                        "interval": 1,
                        "interval_unit": "HOURS",
                        "location": "CLOUD",
                        "times": [
                          "14:16"
                        ]
                      }
                    ],
                    "cross_region_copy_rule": [],
                    "deprecate_rule": [],
                    "fast_restore_rule": [],
                    "name": "Hourly snapshots",
                    "retain_rule": [
                      {
                        "count": 24,
                        "interval": 0,
                        "interval_unit": ""
                      }
                    ],
                    "share_rule": [],
                    "tags_to_add": {
                      "Project": "imladris",
                      "SnapshotCreator": "DLM",
                      "SnapshotType": "hourly"
                    },
                    "variable_tags": {}
                  }
                ],
                "target_tags": {
                  "Backup": "daily"
                }
              }
            ],
            "state": "ENABLED",
            "tags": {
              "Name": "imladris-dlm-policy"
            },
            "tags_all": {
              "Environment": "dev",
              "ManagedBy": "terraform",
              "Name": "imladris-dlm-policy",
              "Project": "aws-devbox"
            }
          },
          "sensitive_attributes": [],
          "private": "bnVsbA==",
          "dependencies": [
            "aws_iam_role.dlm"
          ]
        }
      ]
    },
    {
      "mode": "managed",
      "type": "aws_ebs_volume",
      "name": "data",
      "provider": "provider[\"registry.terraform.io/hashicorp/aws\"]",
      "instances": [
        {
          "schema_version": 0,
          "attributes": {
            "arn": "arn:aws:ec2:us-east-1:IMLADRIS_ACCOUNT_ID:volume/vol-04b27eb7fc8a3dc30",
            "availability_zone": "us-east-1a",
            "create_time": "2026-01-13T18:24:22Z",
            "encrypted": true,
            "final_snapshot": false,
            "id": "vol-04b27eb7fc8a3dc30",
            "iops": 3000,
            "kms_key_id": "arn:aws:kms:us-east-1:IMLADRIS_ACCOUNT_ID:key/3651efa1-e0b7-42c7-bd0b-618c8ea7c4f8",
            "multi_attach_enabled": false,
            "outpost_arn": "",
            "size": 100,
            "snapshot_id": "",
            "tags": {
              "Backup": "daily",
              "Name": "hall-of-fire",
              "Project": "imladris"
            },
            "tags_all": {
              "Backup": "daily",
              "Environment": "dev",
              "ManagedBy": "terraform",
              "Name": "hall-of-fire",
              "Project": "imladris"
            },
            "throughput": 250,
            "timeouts": null,
            "type": "gp3"
          },
          "sensitive_attributes": [],
          "private": "eyJlMmJmYjczMC1lY2FhLTExZTYtOGY4OC0zNDM2M2JjN2M0YzAiOnsiY3JlYXRlIjozMDAwMDAwMDAwMDAsImRlbGV0ZSI6NjAwMDAwMDAwMDAwLCJ1cGRhdGUiOjMwMDAwMDAwMDAwMH19",
          "dependencies": [
            "data.aws_availability_zones.available"
          ]
        }
      ]
    },
    {
      "mode": "managed",
      "type": "aws_iam_instance_profile",
      "name": "imladris",
      "provider": "provider[\"registry.terraform.io/hashicorp/aws\"]",
      "instances": [
        {
          "schema_version": 0,
          "attributes": {
            "arn": "arn:aws:iam::IMLADRIS_ACCOUNT_ID:instance-profile/imladris-instance-profile",
            "create_date": "2026-01-13T18:24:22Z",
            "id": "imladris-instance-profile",
            "name": "imladris-instance-profile",
            "name_prefix": "",
            "path": "/",
            "role": "imladris-instance-role",
            "tags": {},
            "tags_all": {
              "Environment": "dev",
              "ManagedBy": "terraform",
              "Project": "aws-devbox"
            },
            "unique_id": "AIPA3FL3YJIDKFLUJM6GV"
          },
          "sensitive_attributes": [],
          "private": "bnVsbA==",
          "dependencies": [
            "aws_iam_role.imladris_instance"
          ]
        }
      ]
    },
    {
      "mode": "managed",
      "type": "aws_iam_role",
      "name": "dlm",
      "provider": "provider[\"registry.terraform.io/hashicorp/aws\"]",
      "instances": [
        {
          "schema_version": 0,
          "attributes": {
            "arn": "arn:aws:iam::IMLADRIS_ACCOUNT_ID:role/imladris-dlm-role",
            "assume_role_policy": "{\"Statement\":[{\"Action\":\"sts:AssumeRole\",\"Effect\":\"Allow\",\"Principal\":{\"Service\":\"dlm.amazonaws.com\"}}],\"Version\":\"2012-10-17\"}",
            "create_date": "2026-01-13T18:24:22Z",
            "description": "",
            "force_detach_policies": false,
            "id": "imladris-dlm-role",
            "inline_policy": [],
            "managed_policy_arns": [
              "arn:aws:iam::aws:policy/service-role/AWSDataLifecycleManagerServiceRole"
            ],
            "max_session_duration": 3600,
            "name": "imladris-dlm-role",
            "name_prefix": "",
            "path": "/",
            "permissions_boundary": "",
            "tags": {},
            "tags_all": {
              "Environment": "dev",
              "ManagedBy": "terraform",
              "Project": "aws-devbox"
            },
            "unique_id": "AROA3FL3YJIDIWIG2GAZK"
          },
          "sensitive_attributes": [],
          "private": "bnVsbA=="
        }
      ]
    },
    {
      "mode": "managed",
      "type": "aws_iam_role",
      "name": "imladris_instance",
      "provider": "provider[\"registry.terraform.io/hashicorp/aws\"]",
      "instances": [
        {
          "schema_version": 0,
          "attributes": {
            "arn": "arn:aws:iam::IMLADRIS_ACCOUNT_ID:role/imladris-instance-role",
            "assume_role_policy": "{\"Statement\":[{\"Action\":\"sts:AssumeRole\",\"Effect\":\"Allow\",\"Principal\":{\"Service\":\"ec2.amazonaws.com\"}}],\"Version\":\"2012-10-17\"}",
            "create_date": "2026-01-13T18:24:22Z",
            "description": "",
            "force_detach_policies": false,
            "id": "imladris-instance-role",
            "inline_policy": [
              {
                "name": "imladris-ebs-attach",
                "policy": "{\"Version\":\"2012-10-17\",\"Statement\":[{\"Action\":[\"ec2:AttachVolume\",\"ec2:DetachVolume\"],\"Condition\":{\"StringEquals\":{\"ec2:ResourceTag/Project\":\"imladris\"}},\"Effect\":\"Allow\",\"Resource\":[\"arn:aws:ec2:us-east-1:IMLADRIS_ACCOUNT_ID:volume/*\",\"arn:aws:ec2:us-east-1:IMLADRIS_ACCOUNT_ID:instance/*\"]},{\"Action\":[\"ec2:DescribeVolumes\",\"ec2:DescribeInstances\"],\"Effect\":\"Allow\",\"Resource\":\"*\"}]}"
              }
            ],
            "managed_policy_arns": [],
            "max_session_duration": 3600,
            "name": "imladris-instance-role",
            "name_prefix": "",
            "path": "/",
            "permissions_boundary": "",
            "tags": {},
            "tags_all": {
              "Environment": "dev",
              "ManagedBy": "terraform",
              "Project": "aws-devbox"
            },
            "unique_id": "AROA3FL3YJIDMIDM5SL6J"
          },
          "sensitive_attributes": [],
          "private": "bnVsbA=="
        }
      ]
    },
    {
      "mode": "managed",
      "type": "aws_iam_role_policy",
      "name": "imladris_ebs",
      "provider": "provider[\"registry.terraform.io/hashicorp/aws\"]",
      "instances": [
        {
          "schema_version": 0,
          "attributes": {
            "id": "imladris-instance-role:imladris-ebs-attach",
            "name": "imladris-ebs-attach",
            "name_prefix": "",
            "policy": "{\"Version\":\"2012-10-17\",\"Statement\":[{\"Action\":[\"ec2:AttachVolume\",\"ec2:DetachVolume\"],\"Condition\":{\"StringEquals\":{\"ec2:ResourceTag/Project\":\"imladris\"}},\"Effect\":\"Allow\",\"Resource\":[\"arn:aws:ec2:us-east-1:IMLADRIS_ACCOUNT_ID:volume/*\",\"arn:aws:ec2:us-east-1:IMLADRIS_ACCOUNT_ID:instance/*\"]},{\"Action\":[\"ec2:DescribeVolumes\",\"ec2:DescribeInstances\"],\"Effect\":\"Allow\",\"Resource\":\"*\"}]}",
            "role": "imladris-instance-role"
          },
          "sensitive_attributes": [],
          "private": "bnVsbA==",
          "dependencies": [
            "aws_iam_role.imladris_instance",
            "data.aws_caller_identity.current"
          ]
        }
      ]
    },
    {
      "mode": "managed",
      "type": "aws_iam_role_policy_attachment",
      "name": "dlm",
      "provider": "provider[\"registry.terraform.io/hashicorp/aws\"]",
      "instances": [
        {
          "schema_version": 0,
          "attributes": {
            "id": "imladris-dlm-role-20260113182422997500000002",
            "policy_arn": "arn:aws:iam::aws:policy/service-role/AWSDataLifecycleManagerServiceRole",
            "role": "imladris-dlm-role"
          },
          "sensitive_attributes": [],
          "private": "bnVsbA==",
          "dependencies": [
            "aws_iam_role.dlm"
          ]
        }
      ]
    },
    {
      "mode": "managed",
      "type": "aws_instance",
      "name": "imladris",
      "provider": "provider[\"registry.terraform.io/hashicorp/aws\"]",
      "instances": [
        {
          "schema_version": 1,
          "attributes": {
            "ami": "ami-0071c8c431eea0edb",
            "arn": "arn:aws:ec2:us-east-1:IMLADRIS_ACCOUNT_ID:instance/i-0c20e698a5a3ea342",
            "associate_public_ip_address": true,
            "availability_zone": "us-east-1a",
            "capacity_reservation_specification": [
              {
                "capacity_reservation_preference": "open",
                "capacity_reservation_target": []
              }
            ],
            "cpu_core_count": 2,
            "cpu_options": [
              {
                "amd_sev_snp": "",
                "core_count": 2,
                "threads_per_core": 1
              }
            ],
            "cpu_threads_per_core": 1,
            "credit_specification": [
              {
                "cpu_credits": "unlimited"
              }
            ],
            "disable_api_stop": false,
            "disable_api_termination": false,
            "ebs_block_device": [],
            "ebs_optimized": false,
            "enable_primary_ipv6": null,
            "enclave_options": [
              {
                "enabled": false
              }
            ],
            "ephemeral_block_device": [],
            "get_password_data": false,
            "hibernation": false,
            "host_id": "",
            "host_resource_group_arn": null,
            "iam_instance_profile": "imladris-instance-profile",
            "id": "i-0c20e698a5a3ea342",
            "instance_initiated_shutdown_behavior": "stop",
            "instance_lifecycle": "",
            "instance_market_options": [],
            "instance_state": "running",
            "instance_type": "t4g.large",
            "ipv6_address_count": 0,
            "ipv6_addresses": [],
            "key_name": "",
            "launch_template": [],
            "maintenance_options": [
              {
                "auto_recovery": "default"
              }
            ],
            "metadata_options": [
              {
                "http_endpoint": "enabled",
                "http_protocol_ipv6": "disabled",
                "http_put_response_hop_limit": 2,
                "http_tokens": "required",
                "instance_metadata_tags": "disabled"
              }
            ],
            "monitoring": false,
            "network_interface": [],
            "outpost_arn": "",
            "password_data": "",
            "placement_group": "",
            "placement_partition_number": 0,
            "primary_network_interface_id": "eni-0b78d292c88b4d4a1",
            "private_dns": "ip-10-0-1-21.ec2.internal",
            "private_dns_name_options": [
              {
                "enable_resource_name_dns_a_record": false,
                "enable_resource_name_dns_aaaa_record": false,
                "hostname_type": "ip-name"
              }
            ],
            "private_ip": "10.0.1.21",
            "public_dns": "ec2-3-227-245-111.compute-1.amazonaws.com",
            "public_ip": "3.227.245.111",
            "root_block_device": [
              {
                "delete_on_termination": true,
                "device_name": "/dev/sda1",
                "encrypted": true,
                "iops": 3000,
                "kms_key_id": "arn:aws:kms:us-east-1:IMLADRIS_ACCOUNT_ID:key/3651efa1-e0b7-42c7-bd0b-618c8ea7c4f8",
                "tags": {
                  "Backup": "false",
                  "Name": "imladris-root",
                  "Project": "imladris"
                },
                "tags_all": {
                  "Backup": "false",
                  "Environment": "dev",
                  "ManagedBy": "terraform",
                  "Name": "imladris-root",
                  "Project": "imladris"
                },
                "throughput": 250,
                "volume_id": "vol-00e63235ff247f33c",
                "volume_size": 50,
                "volume_type": "gp3"
              }
            ],
            "secondary_private_ips": [],
            "security_groups": [],
            "source_dest_check": true,
            "spot_instance_request_id": "",
            "subnet_id": "subnet-00389d37c0f8d2b2b",
            "tags": {
              "Name": "imladris",
              "Project": "imladris"
            },
            "tags_all": {
              "Environment": "dev",
              "ManagedBy": "terraform",
              "Name": "imladris",
              "Project": "imladris"
            },
            "tenancy": "default",
            "timeouts": null,
            "user_data": null,
            "user_data_base64": "H4sIAAAAAAAA/8x863bbRpLwfz5FBeZElJMmLeVy8jFmJrRERRzrNiQd51vbw9MEmmRHQDeMbvDiyPsC+3N/zJ99un2SPX0B0AAhmc7Ye5bHskSgqrq6urpuXcCjLzozyjozLJaNR3BKVs/4BmacSyETHIPwExpLQHBFN/AVLHlEUIQZXpAESEAl5azxCMZbIUmEQrIiIQgi0xg4C7c/QipIAjH2b/GCCDCIAcy2JUKNR41HMCFJguc8iUCSKA6xJLDCCcWzkIhu4xGIJQlDf0n8WwioUJd745Pjo+++bTTIhvjwE/zUkoRAZ4WTTsgXHTU0CrDE7ZAv4A5CvlBMIwn5HUACjn/qBGTV8TkTPCSHcPzTl0eNxsn54OT5zfXwajI9G14Met4uWRQnfJEQIbzGWX94MTidjieDm3HP8xqNR9D7lJ/GIzgnYUwSOEuZr2QuPvkQjZAvWofwBxB/ycF71WwFag0OvvrLefcvl92/jA8O30DzsfcjvFegU5H6PhFCoygBe//9X//p3idJwhP37j9L2Lc0dm7+8z+g+Rha6mpMgkMN1hCSxNOAM6IBFwmJAb0F7x/No6YHXrOyRF62kiwNQ4Uf4eS2QDezah558NNPNch6wCRlUzWoQmgAAITcxyFoPhiOSE/jB8TsCcpZz2seexpSLOlcwrH+m84hZx28Zo7u/QhySZiGMdSNHMBrOjS9/H5CZJoweKIvzKnlaAHeWOJEUrbowi4inYPX/Lk6VC6LEj9lTsx61jFDQkFKsHpty5DQIhsqwecB6ULzr4cF8fLmaLpfoY4ZO+2jbNrvP8d2MgYLxtpUtRLOpTFeX4OP2YGEGQHKSkbq8NPvOG0op0KzkuvckgupBOJLbUlR9h08GoU4SKgwopI0ImqHZnDq+zu9wv2IJNTHnVPCViTxGhr8EYxIxFcExuNLwAvClE1fE2ULYYJpKHwcqpvn2nAbnWY4hsRg4Qi/4wwJESGD7Gw2uLsDmaRGRcxsNFOSx5pGu4q8e0GQZEV9sgdVa/s/BWErlyHzE4KFWnAu6XwLayz9JREw5wnMaUjshUSYzaANyVy0LXg7wpupcgpTi9f77vjb4x9+0IamQ6TfEVvhy7DtczbPJqNmguKMg0vKaKQMjVHK3F22fk+FhPUSywMBjJCABJop5YpzD32oieBYogWRkMZKJ/Sl08GzYf9qeja6vpoMrk57jDPKJEmwL6laUYtBmZA4DAFt4XW+B/00CWGh9nOyjaVx6D5GPkkknVMfSyJgwdJ4ASl7R2P4/W02l34qOTJcGAkK4qcJldsSm86gKcNSEhaQAKXxIsEBERospEL6S8wWxMjdxxKsQHEs1Y+WaDvofPekjsbTpweD67ODxovi3gtzr9vthyFfkwBdJ3RBmbA7z0tnKZNpl/FZSFDGt/dj4/2P9VRSyc/oZqiEmqSxJMFpfLsATymXV49i9iB6wVJBAnRKYnWf+ZSIB9HUSBGW1EcjohYevDkOhYIeXJ8pA2ksScD9W5LkloTOwedRhFkAaAXmJnzpOsmqOwLv1EDhMCE42GbrRIKHvZJWFzQX4wtYShmLbqezILJthmz7PII7EEsNqnZKxANA+JeMJSP2+/TDACGfRzEXBMVhuqCsmLPMbJc77S/ciecQD8y9ZgI5muK/Yxlqi2UxlTnNlP4kJJiBCnrDAAKiLI4o3LW+S9kiAyjMrQVtt9tGvtcXp9PTwa/Dk8G412wZpgSgFDwpbskW4ZiiW8GPfvh2M+EXR0cnV5PRBfr9WGyPJ0ejzaW/uHl7+7dosvjt7/4v8Q15mb79RvzS9Zyd7WXzwzFtl+eIY9pZHeuJMyI7qGPZc9Hv4Pe3gBI4aNubr94ogZCQ+LLVzn3VHQgVo4g1lctW4bgOD+EO2jQ4qLPHh0aaymYYGUyHp8oJNx2p/AgBrygsCYmKhawsu9DMkb3K8gpAv8Hp4GIwGXxame4nV8Ngx+Gv5OJUdGYkUChsGgNCOJVLdEu2vYxh/V2ePb86+f/Pn/+QcXw8GF2lf18MLn8bTX6Qp+8u1snti9HF38fLv31/tklfPPcA5cFEr1gTQEiIpWNEsMTTFQ/TqNhSj2BMwjnCUmJ/qXYO6Oxp8GwMBhJaCXmb0sQ6qMHJMZyFhCjnRRJitjPzCQxPBRijfmgJn1EWZERmW5B4AWrf2qGoBMlBLqnIaRReO0yVnU+wT8DnzOSisMQsCJU+KD6iNJQ0VtECVX9iRnhaUIIQp0x57IYT7P96ffHicjCd9H/peUschojP0ZwmNj41MHYFr/qXKjFUeiyCuQswGvwyvL5yLgyvxpP+lV515+rk+vngKrMhvxAJw8vT8eoYJL8lzEyASKxFrcRLhDRWReO5BuI3uHkxMSrY7XSOvv9/7ePvvm3b3x2VSwup1VBTdlUXnYP3G8JrgYh/jLLhkIZDUobKDXIWiC588+RJKcUyC2hm6vLyAMEuNDXrLgMP86zwdbLdiUPsk4gw2UnIgnJmhnfk+r/AQ6Y4iAaHuenXFQk6z12m0VwSZL7oFSACRmqriByxI3ij9n1xebMK5vCm1hmrlbd7o0r+foecbxDjQvsvx3ByMYTVseKGcQlxQoQK4VtOSJmNoqkrMR/W+lK8Fh+KIOy4agsWQ+cerlD+/svx9ORiOH0xuugVxnMt/JDaMB6vhbGf+iIiG4JCytINarZS7WVQdNh+R+Oqnddu3Gs6A3iAOHRkFFtaq2OFl6OZGBa93QUBFOiLOWgG0ckjFOSE3Ho5IkDJvIZUdqWyTiMiky2EnMf1CwEtbdJ2LJ04dCzJZf+3aX8yGVzeTMa9b5wb9mLvyAy3Xqp85hU07XVAIYGmi600sepjf93hSYWoUSxzOp0SDZtyOgZeuYyykW9FKreZEcArTEOV0h1WFMRaYmsx1Se/0mu2lCYS/9hWY2YEGfKi4pYRMuYCvKYxVVW/jdCchpIkArwr5RglXnTVH1//isOUiF6zcAieBRESy1RkADn/u5TfpiTZZuITr568aZs/h8EuLE9lnEqQZCPLVjaHM7bkHXjNXA5eZktK13rgXXFGvB2jUrFYdkHIhgopYJZKoGLHzkBLckgF8AQw43JJktx/HpYI5/rWPzkfnE4NPyWIyr39F3GvhfzoxaxD312xP4ZBN1u1r8cSS9LV/3/dtwKa8G4/3xgaZWjlMwze149i1/p3wdk9a10j0Ml1vTAn171my1Y3KxL2nHC9YBc6HVCbd3vwwOBa2RyCk2utV03H4dbrF1SNRlWfqvGct4M+Swi+LV0loVF+VmVpLw6ckQM6n5NEWbBs+C6UKNZTmiiGI7zV9qoacSJYY6pTEOUkE2XOKVuUPF72ESEhMTRbrcz8PobvDg93wDKj7QB+BUc1gD5nkrKUVIQlSP00rriJ2+3Gn/OUBaBSNGWRu+Dujh0CpSgj+9j0HxyHlg9mFE6JxQ5XmCi1EnkQXlIp13H0rY8p3I5rCjPTYe5aw/Hxxt/gIRqUTWgVzIn8qpugCmrSPPCaTpZQOZvQKluxyi8xlToAqJkulPz8y/5w0vv+Sc1ddWdw2ivfylz+FzVx6Jdflm6YSNRcbRpigEJpAgT1vRIcZB+j1sc71y0/zVbLEvsKjmu0WKvLS7uHnBhIciuMdrsNLctQJ2fmsKykRf6cff508O0wVhyLlILxzKTYu/M0DLd77pn7tmd2qLIbbOlKP/BUevdtvh2aRh8Go9H1aHpyfTroNf/a2Hu8OaahcvzugU5B6tCrqm4eUFB5IHbtY8sKjXEIOVuQpC7ky9fLiUzlbmR6v7EfWburK0YVAws2if2zNvkeM/egmS7UUYfAOARzdo2UH5kRoLLQooCImEoCekXEv5w4fkBnWwGRxJckADyXJNEeixJx+IGM0lGZM6Mg+f4seRVDtLxyNl2wJ1f5AV9ecxIxl1OT5iSVw9fxyWh4MxlPn/XHgyJPTPC6vaBymc5SQRLlBgmTOlkURC6DeScrb3UiLCRJOuacUrhFmvP+1enFYDS96U/Oe14nFUlH39DtEIojRLPKPuUMWfZcCpPLm6ml0vN0eqfRLGRbLPOzt1O+ZiHHASgAcOmChTZ+eEUSc75COSsKyBm2Uu97CeTKTeflPNiV4P3zUtyqLNlrOrOqHiM/gl8Vg1udz9nOkJDzWwEhWVBJIywJtGZYUB8EZlRujdaLQ9d15yf545vrCQyvJoPR6MXNRPvn8vDKFZX8a45aqdXsj/gPp9+lilVjX6JVlbLXdBXH2zGr+eYbq5XKVjewS6h2HQvsOrtVnBoTnu+3EiVXRTJTjSAV2nniMJxh/7bMVRIBmlem0ajYtqIecWZpdMFPiFpPs5zZ8HSezyUbndcyVZixL8zwJbHVF7xO1IhqIlaF3Hm3ssk5hsqcCVZJP316YC8cNNzuJhMJySQleRST7xUBKILjvSuBirOiHIh1S84DhbE1DsMade9ClirCmoahyi4kSSLKsLLOgnP2RTFX46eOjksHb+bidw3tbeyk3fv+MuIBfLXZ0doGlI9UzdFzYH8/ZCbsgfrTpwfjwUhFuAeNVy8YlW8ap05jzODkGLTa5jMcujbr3FBr9JWz6DEi1zy5bUucLIhsNF6NzSBvGpNtTHqCRnFIGoMN8XXnS29fW90YEX0M1cPhGm9F9nVM/N53jQFb0YQzFfH0vPHVeDq5vhmeTPujq57XaLyyZcw3jZeYSRI82/b0YQJS/iZj1ArACNNpUcAk4gwlRG2Syj3CdPcCQoyv4X7GP0vPyxXdZFVhbPv2Pu0Q1pszunEPY1/pIiqjm/o9r7j6iONma6XGRML59eVA5wuKdoaaOEdR6yVhkKRMH75iAQnntq5NNjFPDIVeR13O6L4QRDu3U5LvRNsrJJwhEEQ8IZCQUPcnapMeEEEXzJbTT4YdbM/srSN/VJyM67hFByvOKHYQJSeUD1SEAE5VXQlsRfHDLObRgDFvKE645HDQ00wcAEIyFKuj9jEgMZ4DKo69s4PuoKDeFgVvcOf4VbHUhhMVx/WIceRzNqdJpGLVPxo13uyqWC3XX9zTAPY+D6EeXBGzrwTMQ3xLBMy2EJA5TkNpsfP0WsnXbFAVv87UIirNa0V4A988yTIFt7a+xlROfZ4yaTNr40e+cHY1Fch21SD0NqVEusOYdLqgojObb55Ucmlr3vPvrVaB8dVXO0mFPpjZj4GaBMGuhMPkPA/ptYm8vxsv10gHmQojxTzcHTCRJsTsS1Gkeyo3619cwDuxBMpW3MQLAlpUH+Yq5WacIbdLaTw+z86fRHZkrB3WO7EkbKXIC54mvmkqVjqoiOteYQEzMlfbFLMtmMr1nIbEMUtzbZZ0Z6/6HSdcAYiOVR09jr3YDjrFhNtiuWPL9ILkUWYJ1itxvFsJcmM17ZJ/KiE8fXrwb+PzwdWvB9aGI8jOTigDC6RV+wHZNbKE8uBPT/mgNOf2v0KpMacNM6dqyAteP1BBslIdi62U0pHHTuhqlKIfCg44CAroDF2JJuQLyqxafMySZTQ+YtEyFLVsN6Prs+HFwC7c/8E1sAx+1CrYC3UpRJ7QL3lEprZx1u0i0Vu1RNaeblYr89qoh5mFcM3x1fC3qWW75xkm1Apn9Cj7Fzb17mENAOxiPAyqco22+i/x2ypfSWNkDBFidFOy+ZkV8pqZTGtrXKUZN3fEDztHJnZBSt7CHh06tHYHc5M/3Xqq9pNaLMlBpQ0Q0IT40rYHQxFH2RLKg3KfUdZtFilzKd9tVzirBHsnIWcmLFtyISEhMXcUYjS4uZ6eDkc9r6PUrmPaCTsKSrjBVqUy5JUS1ECfERhCu4IRacABpbZTEaLbgCaAYvCarYAmpju7QHcS1Aqi7qjVk6kJBiv8tRWwQ7UiE+tiLWG+ZgJ87C+JXSOeUCKg5UTG+vxqiVfE5vX6UD4qh8X3zbMk2LYeRweD5esmIxNLnOi7NgHlawZoZEl2LeUagnXEqrEfAZz4SyqJL9XkdYO2CvjAJmSFUpxfTk+ur86Gv/RsV6+z3J7TP6JPNTc/fD/9/tvdZd8hgjY/fF9diFFafk5ASdTOUj/81NKFvex4nyvzelhEUSObnZQoiDWV/lJPr5nzUET0rq4qQes+wlKcVllHZYwA+eDV7tvXe2zc13rnvnYqLwGUeMhvKLVIqiJBKJsTQmbB2o+KmZlHrhSyd2/SUCsfHbN+bWonjJAAIsxSHKrx780mPktm/YzKNU4CwmBM/IRIAZeW1ZOL4edKs2drcU+r9+zDXVoK5ORi+Ccy7/rn8J58863JngPlgWue5dOBacxtyjcjIV872/XZy/H018FoPLy+6nlH7SftJ26dvT86OX9g+2JlFOr27ydnVn0UM71sTJSyW8bXzDamLVha490+IxvGct3HRXF0k8m41Gzn+J5ZpsAdEdx2EhISLJQJsJXezmwt0Kr5h7NM7/W15h+Kj/eofMs05dUWLzK9qxAzts4Qcw1dR0bxjnUrnW7YWemzi9la5H19tqevfDEye6NSPyxXSis3Z7ZhzxTRM2J2L9jTELeakempGgehFUnEw6Xh0pFBJp18N3ah2SpROnz4ibwKgT3qK5/rAbuTEKcBgRMeEPgSLk9uYEwSNYnPZQ59PeDU54Hbt551wbrsKCvJ53PqUxxqzoThTFfVZimDVtmFZ3WHyZIIFYEQdqCyFOXq4tuF+BoEhzXJ46yMyiLkMxyG29IefHGVnTeWoh2VhljHa7QuZeX4dKNU3SLXHp7kGpAy3eRrmnuwhBwNEOjna9U2dMVh+b5fP2o3skMh37CVsMPlOK8QLuBnzOQy4TH1EaYds2xILdu9zr84b6a7y/lw3bDKdt265/w/guvsdj/jsaQg84RH8HPEAxLqM+eN1HVVn4fOGl+e3EzHg5Eybb1WzpxXi9YxlFFEIp44HSQPQ+v4TNf+9sUwpv4joEO8N7QISyeODwPHXMhFQsTexN+GVJK9qadxTCTJTuk/jDBL8IogQZQ331v6RO4PLMjblDBJcYjkkrJbyhb7okoa7T3xBeeLUAXI8d6SJSuSlCq9HwbfqilY/p2ntQyEsohe8w9H+1/9/Oa9t9tNDuDsx6ZBLnXm7GdGPIvq3fvQcFH/KDnZqitwN7gTBn8Wr2hfrzE23SjQ4qkUNCDA57ayq+R58eL5uPPs5Rh4TJKsAPaZvGZWbZjaBhm3WGeZxPoBLqiUJ3QVBlrK1SgfeSAgJongTKVfJOZuxe5Tt/CYUK62NjGjLA8dK9dLYWRWV8g6GfJZmRRTt8HZ8XZDzlJDTYaJKKMya6IpXdyXgM4Pdijoq/uSSIiQPCE7ROz1D5BRAb07i+z7B9AEESoyRWLLfKS1KiOwe6dRjrVLcqrMeYf7nJ86urBnrUkpSKbfhgooKvYoLchzr4+Y889ZT4R5yqium6IO2kRM9zQNFJ1xKnMsPYcp9QkXFtkBp0kuteGwE25xFm5V5KgAzdMd7nZ8J5bTGMvlh2LQd3n/mikfqxA0w63LtfvO4Ys9gCs/cJbD2jOXzVmJoot4d5e9sKW4n79OoXyK4y/NMbQL6jxRnrudsRaTILoIx+hGyaELBZLNq8qVFCXBB54az4durZfUXyrwwz1Gt+95MAy4qHW1g+eExKaCh0Xe4FUmrrjMY/6v4ZaQ2DZRaSQtMM/J9oxqRVwGuWY5rUDqOjx9enB5PTk9KPf6ArT1/4+LP+0fj7O/c/gCZjqd3k2n0x0cgMeNKumOfsYc4HXdOA0X18BC506Dvr6f7nTamU7Vf3fT1+qP14aVKl0zgzvNrvvR7FSp3ul//4D8x1yo0mznsIrN7MfC1lC8u7ub2h8L1a7M/XEBWfxk9B47gyqZO+TUCtyVJO2MrQT5GhWfjhVosZha1Opap/iVCz0H69jfrzvuLwOXDdfJBfu69rsiZ0CHcAkX0IdTGMEQxgCAAGCMmS9TnGxVzHShnFrDFlsDmG27Na8pa8AJZ3O66Gqq//7BgyFdBW8oLHN03m3ot/Ls1p8BoB/H4RZ0x8sCnLeVlB1b/hkyqlIB+o7oIM+2TJcQjO/LPucEh3JpmmgbDbUjP09ceokpg8GG+OnnaQyLMGVOY/cCvP2xvQLJhs/P8rfTtdRyD8yDBocOYN85JuoCTqLvv3Xuntu3IHShfBj40YxpLMlTf1nzSjFzN3unGHg2Y8+W1rOvoNLG2Ct0BNy3QlVImHehFCROy98rJAx0hUT+cgmD5U3K3yskcugqI8VLIjzNyM6DBp7LSAFdlYnT+O+B7XR2OyK9kkwc6AohfQxWfHaazLzStLIDqwLfbVhQjJT3e7FEu+0NFUJOGVJLZqcOWpqRA12hU03MvFz78wulKVXhK+Rma1GSzzPzaP6O6uRHS9WF0jFEgX/qBp/ejvKqqxUKKqxwAL0L3ZITESHwguxQUNCNP28tisdF3dfN3dd1zqM4JJLYZyHnmIZpQkS3jFtbdwevsEW+JfNFHmr9KfbfG2up3+LX+B8AAAD//wEAAP//PJBoXJ1TAAA=",
            "user_data_replace_on_change": false,
            "volume_tags": null,
            "vpc_security_group_ids": [
              "sg-0f110cd582aeffee5"
            ]
          },
          "sensitive_attributes": [
            [
              {
                "type": "get_attr",
                "value": "user_data_base64"
              }
            ]
          ],
          "private": "eyJlMmJmYjczMC1lY2FhLTExZTYtOGY4OC0zNDM2M2JjN2M0YzAiOnsiY3JlYXRlIjo2MDAwMDAwMDAwMDAsImRlbGV0ZSI6MTIwMDAwMDAwMDAwMCwicmVhZCI6OTAwMDAwMDAwMDAwLCJ1cGRhdGUiOjYwMDAwMDAwMDAwMH0sInNjaGVtYV92ZXJzaW9uIjoiMSJ9",
          "dependencies": [
            "aws_iam_instance_profile.imladris",
            "aws_iam_role.imladris_instance",
            "aws_security_group.imladris",
            "aws_subnet.imladris",
            "aws_vpc.imladris",
            "data.aws_ami.ubuntu",
            "data.aws_availability_zones.available"
          ]
        }
      ]
    },
    {
      "mode": "managed",
      "type": "aws_internet_gateway",
      "name": "imladris",
      "provider": "provider[\"registry.terraform.io/hashicorp/aws\"]",
      "instances": [
        {
          "schema_version": 0,
          "attributes": {
            "arn": "arn:aws:ec2:us-east-1:IMLADRIS_ACCOUNT_ID:internet-gateway/igw-02a4fa1a8b0c92724",
            "id": "igw-02a4fa1a8b0c92724",
            "owner_id": "IMLADRIS_ACCOUNT_ID",
            "tags": {
              "Name": "imladris-igw"
            },
            "tags_all": {
              "Environment": "dev",
              "ManagedBy": "terraform",
              "Name": "imladris-igw",
              "Project": "aws-devbox"
            },
            "timeouts": null,
            "vpc_id": "vpc-022aa33630b5dfcdd"
          },
          "sensitive_attributes": [],
          "private": "eyJlMmJmYjczMC1lY2FhLTExZTYtOGY4OC0zNDM2M2JjN2M0YzAiOnsiY3JlYXRlIjoxMjAwMDAwMDAwMDAwLCJkZWxldGUiOjEyMDAwMDAwMDAwMDAsInVwZGF0ZSI6MTIwMDAwMDAwMDAwMH19",
          "dependencies": [
            "aws_vpc.imladris"
          ]
        }
      ]
    },
    {
      "mode": "managed",
      "type": "aws_route_table",
      "name": "imladris",
      "provider": "provider[\"registry.terraform.io/hashicorp/aws\"]",
      "instances": [
        {
          "schema_version": 0,
          "attributes": {
            "arn": "arn:aws:ec2:us-east-1:IMLADRIS_ACCOUNT_ID:route-table/rtb-0ff6a913c98b42391",
            "id": "rtb-0ff6a913c98b42391",
            "owner_id": "IMLADRIS_ACCOUNT_ID",
            "propagating_vgws": [],
            "route": [
              {
                "carrier_gateway_id": "",
                "cidr_block": "0.0.0.0/0",
                "core_network_arn": "",
                "destination_prefix_list_id": "",
                "egress_only_gateway_id": "",
                "gateway_id": "igw-02a4fa1a8b0c92724",
                "ipv6_cidr_block": "",
                "local_gateway_id": "",
                "nat_gateway_id": "",
                "network_interface_id": "",
                "transit_gateway_id": "",
                "vpc_endpoint_id": "",
                "vpc_peering_connection_id": ""
              }
            ],
            "tags": {
              "Name": "imladris-rt"
            },
            "tags_all": {
              "Environment": "dev",
              "ManagedBy": "terraform",
              "Name": "imladris-rt",
              "Project": "aws-devbox"
            },
            "timeouts": null,
            "vpc_id": "vpc-022aa33630b5dfcdd"
          },
          "sensitive_attributes": [],
          "private": "eyJlMmJmYjczMC1lY2FhLTExZTYtOGY4OC0zNDM2M2JjN2M0YzAiOnsiY3JlYXRlIjozMDAwMDAwMDAwMDAsImRlbGV0ZSI6MzAwMDAwMDAwMDAwLCJ1cGRhdGUiOjEyMDAwMDAwMDAwMH19",
          "dependencies": [
            "aws_internet_gateway.imladris",
            "aws_vpc.imladris"
          ]
        }
      ]
    },
    {
      "mode": "managed",
      "type": "aws_route_table_association",
      "name": "imladris",
      "provider": "provider[\"registry.terraform.io/hashicorp/aws\"]",
      "instances": [
        {
          "schema_version": 0,
          "attributes": {
            "gateway_id": "",
            "id": "rtbassoc-03cc36662c23f5f1b",
            "route_table_id": "rtb-0ff6a913c98b42391",
            "subnet_id": "subnet-00389d37c0f8d2b2b",
            "timeouts": null
          },
          "sensitive_attributes": [],
          "private": "eyJlMmJmYjczMC1lY2FhLTExZTYtOGY4OC0zNDM2M2JjN2M0YzAiOnsiY3JlYXRlIjozMDAwMDAwMDAwMDAsImRlbGV0ZSI6MzAwMDAwMDAwMDAwLCJ1cGRhdGUiOjEyMDAwMDAwMDAwMH19",
          "dependencies": [
            "aws_internet_gateway.imladris",
            "aws_route_table.imladris",
            "aws_subnet.imladris",
            "aws_vpc.imladris",
            "data.aws_availability_zones.available"
          ]
        }
      ]
    },
    {
      "mode": "managed",
      "type": "aws_security_group",
      "name": "imladris",
      "provider": "provider[\"registry.terraform.io/hashicorp/aws\"]",
      "instances": [
        {
          "schema_version": 1,
          "attributes": {
            "arn": "arn:aws:ec2:us-east-1:IMLADRIS_ACCOUNT_ID:security-group/sg-0f110cd582aeffee5",
            "description": "Security group for imladris - no public ingress, Tailscale handles access",
            "egress": [
              {
                "cidr_blocks": [
                  "0.0.0.0/0"
                ],
                "description": "",
                "from_port": 0,
                "ipv6_cidr_blocks": [],
                "prefix_list_ids": [],
                "protocol": "-1",
                "security_groups": [],
                "self": false,
                "to_port": 0
              }
            ],
            "id": "sg-0f110cd582aeffee5",
            "ingress": [],
            "name": "imladris-sg",
            "name_prefix": "",
            "owner_id": "IMLADRIS_ACCOUNT_ID",
            "revoke_rules_on_delete": false,
            "tags": {
              "Name": "imladris-sg"
            },
            "tags_all": {
              "Environment": "dev",
              "ManagedBy": "terraform",
              "Name": "imladris-sg",
              "Project": "aws-devbox"
            },
            "timeouts": null,
            "vpc_id": "vpc-022aa33630b5dfcdd"
          },
          "sensitive_attributes": [],
          "private": "eyJlMmJmYjczMC1lY2FhLTExZTYtOGY4OC0zNDM2M2JjN2M0YzAiOnsiY3JlYXRlIjo2MDAwMDAwMDAwMDAsImRlbGV0ZSI6OTAwMDAwMDAwMDAwfSwic2NoZW1hX3ZlcnNpb24iOiIxIn0=",
          "dependencies": [
            "aws_vpc.imladris"
          ]
        }
      ]
    },
    {
      "mode": "managed",
      "type": "aws_subnet",
      "name": "imladris",
      "provider": "provider[\"registry.terraform.io/hashicorp/aws\"]",
      "instances": [
        {
          "schema_version": 1,
          "attributes": {
            "arn": "arn:aws:ec2:us-east-1:IMLADRIS_ACCOUNT_ID:subnet/subnet-00389d37c0f8d2b2b",
            "assign_ipv6_address_on_creation": false,
            "availability_zone": "us-east-1a",
            "availability_zone_id": "use1-az1",
            "cidr_block": "10.0.1.0/24",
            "customer_owned_ipv4_pool": "",
            "enable_dns64": false,
            "enable_lni_at_device_index": 0,
            "enable_resource_name_dns_a_record_on_launch": false,
            "enable_resource_name_dns_aaaa_record_on_launch": false,
            "id": "subnet-00389d37c0f8d2b2b",
            "ipv6_cidr_block": "",
            "ipv6_cidr_block_association_id": "",
            "ipv6_native": false,
            "map_customer_owned_ip_on_launch": false,
            "map_public_ip_on_launch": true,
            "outpost_arn": "",
            "owner_id": "IMLADRIS_ACCOUNT_ID",
            "private_dns_hostname_type_on_launch": "ip-name",
            "tags": {
              "Name": "imladris-subnet"
            },
            "tags_all": {
              "Environment": "dev",
              "ManagedBy": "terraform",
              "Name": "imladris-subnet",
              "Project": "aws-devbox"
            },
            "timeouts": null,
            "vpc_id": "vpc-022aa33630b5dfcdd"
          },
          "sensitive_attributes": [],
          "private": "eyJlMmJmYjczMC1lY2FhLTExZTYtOGY4OC0zNDM2M2JjN2M0YzAiOnsiY3JlYXRlIjo2MDAwMDAwMDAwMDAsImRlbGV0ZSI6MTIwMDAwMDAwMDAwMH0sInNjaGVtYV92ZXJzaW9uIjoiMSJ9",
          "dependencies": [
            "aws_vpc.imladris",
            "data.aws_availability_zones.available"
          ]
        }
      ]
    },
    {
      "mode": "managed",
      "type": "aws_vpc",
      "name": "imladris",
      "provider": "provider[\"registry.terraform.io/hashicorp/aws\"]",
      "instances": [
        {
          "schema_version": 1,
          "attributes": {
            "arn": "arn:aws:ec2:us-east-1:IMLADRIS_ACCOUNT_ID:vpc/vpc-022aa33630b5dfcdd",
            "assign_generated_ipv6_cidr_block": false,
            "cidr_block": "10.0.0.0/16",
            "default_network_acl_id": "acl-0330c6666e1a128e4",
            "default_route_table_id": "rtb-0dbbfeef855eca600",
            "default_security_group_id": "sg-040437de14f12ae0b",
            "dhcp_options_id": "dopt-037ca9a336b984d3f",
            "enable_dns_hostnames": true,
            "enable_dns_support": true,
            "enable_network_address_usage_metrics": false,
            "id": "vpc-022aa33630b5dfcdd",
            "instance_tenancy": "default",
            "ipv4_ipam_pool_id": null,
            "ipv4_netmask_length": null,
            "ipv6_association_id": "",
            "ipv6_cidr_block": "",
            "ipv6_cidr_block_network_border_group": "",
            "ipv6_ipam_pool_id": "",
            "ipv6_netmask_length": 0,
            "main_route_table_id": "rtb-0dbbfeef855eca600",
            "owner_id": "IMLADRIS_ACCOUNT_ID",
            "tags": {
              "Name": "imladris-vpc"
            },
            "tags_all": {
              "Environment": "dev",
              "ManagedBy": "terraform",
              "Name": "imladris-vpc",
              "Project": "aws-devbox"
            }
          },
          "sensitive_attributes": [],
          "private": "eyJzY2hlbWFfdmVyc2lvbiI6IjEifQ=="
        }
      ]
    }
  ],
  "check_results": [
    {
      "object_kind": "var",
      "config_addr": "var.volume_iops",
      "status": "pass",
      "objects": [
        {
          "object_addr": "var.volume_iops",
          "status": "pass"
        }
      ]
    },
    {
      "object_kind": "var",
      "config_addr": "var.volume_throughput",
      "status": "pass",
      "objects": [
        {
          "object_addr": "var.volume_throughput",
          "status": "pass"
        }
      ]
    },
    {
      "object_kind": "var",
      "config_addr": "var.volume_size",
      "status": "pass",
      "objects": [
        {
          "object_addr": "var.volume_size",
          "status": "pass"
        }
      ]
    },
    {
      "object_kind": "var",
      "config_addr": "var.architecture",
      "status": "pass",
      "objects": [
        {
          "object_addr": "var.architecture",
          "status": "pass"
        }
      ]
    },
    {
      "object_kind": "var",
      "config_addr": "var.instance_type",
      "status": "pass",
      "objects": [
        {
          "object_addr": "var.instance_type",
          "status": "pass"
        }
      ]
    },
    {
      "object_kind": "var",
      "config_addr": "var.data_volume_size",
      "status": "pass",
      "objects": [
        {
          "object_addr": "var.data_volume_size",
          "status": "pass"
        }
      ]
    }
  ]
}
