{
  "dependencies": {
    "windmill-client": "latest"
  }
}
//bun.lock
{
  "lockfileVersion": 1,
  "configVersion": 1,
  "workspaces": {
    "": {
      "dependencies": {
        "windmill-client": "latest",
      },
    },
  },
  "packages": {
    "windmill-client": ["windmill-client@1.653.0", "", {}, "sha512-FJnRiHqpRZMo1RJsdV+MoNy+mn7GHa6a7eNDBpGiMo0IFq8v77xduzpXxQAyFYEzm926ifp2OAnIH9mporfoHg=="],
  }
}
