{
  "dependencies": {
    "@aws-sdk/client-bedrock-runtime": "latest"
  }
}
//bun.lock
{
  "lockfileVersion": 1,
  "configVersion": 1,
  "workspaces": {
    "": {
      "dependencies": {
        "@aws-sdk/client-bedrock-runtime": "latest",
      },
    },
  },
  "packages": {
    "@aws-crypto/crc32": ["@aws-crypto/crc32@5.2.0", "", { "dependencies": { "@aws-crypto/util": "^5.2.0", "@aws-sdk/types": "^3.222.0", "tslib": "^2.6.2" } }, "sha512-nLbCWqQNgUiwwtFsen1AdzAtvuLRsQS8rYgMuxCrdKf9kOssamGLuPwyTY9wyYblNr9+1XM8v6zoDTPPSIeANg=="],

    "@aws-crypto/sha256-browser": ["@aws-crypto/sha256-browser@5.2.0", "", { "dependencies": { "@aws-crypto/sha256-js": "^5.2.0", "@aws-crypto/supports-web-crypto": "^5.2.0", "@aws-crypto/util": "^5.2.0", "@aws-sdk/types": "^3.222.0", "@aws-sdk/util-locate-window": "^3.0.0", "@smithy/util-utf8": "^2.0.0", "tslib": "^2.6.2" } }, "sha512-AXfN/lGotSQwu6HNcEsIASo7kWXZ5HYWvfOmSNKDsEqC4OashTp8alTmaz+F7TC2L083SFv5RdB+qU3Vs1kZqw=="],

    "@aws-crypto/sha256-js": ["@aws-crypto/sha256-js@5.2.0", "", { "dependencies": { "@aws-crypto/util": "^5.2.0", "@aws-sdk/types": "^3.222.0", "tslib": "^2.6.2" } }, "sha512-FFQQyu7edu4ufvIZ+OadFpHHOt+eSTBaYaki44c+akjg7qZg9oOQeLlk77F6tSYqjDAFClrHJk9tMf0HdVyOvA=="],

    "@aws-crypto/supports-web-crypto": ["@aws-crypto/supports-web-crypto@5.2.0", "", { "dependencies": { "tslib": "^2.6.2" } }, "sha512-iAvUotm021kM33eCdNfwIN//F77/IADDSs58i+MDaOqFrVjZo9bAal0NK7HurRuWLLpF1iLX7gbWrjHjeo+YFg=="],

    "@aws-crypto/util": ["@aws-crypto/util@5.2.0", "", { "dependencies": { "@aws-sdk/types": "^3.222.0", "@smithy/util-utf8": "^2.0.0", "tslib": "^2.6.2" } }, "sha512-4RkU9EsI6ZpBve5fseQlGNUWKMa1RLPQ1dnjnQoe07ldfIzcsGb5hC5W0Dm7u423KWzawlrpbjXBrXCEv9zazQ=="],

    "@aws-sdk/client-bedrock-runtime": ["@aws-sdk/client-bedrock-runtime@3.1001.0", "", { "dependencies": { "@aws-crypto/sha256-browser": "5.2.0", "@aws-crypto/sha256-js": "5.2.0", "@aws-sdk/core": "^3.973.16", "@aws-sdk/credential-provider-node": "^3.972.15", "@aws-sdk/eventstream-handler-node": "^3.972.9", "@aws-sdk/middleware-eventstream": "^3.972.6", "@aws-sdk/middleware-host-header": "^3.972.6", "@aws-sdk/middleware-logger": "^3.972.6", "@aws-sdk/middleware-recursion-detection": "^3.972.6", "@aws-sdk/middleware-user-agent": "^3.972.16", "@aws-sdk/middleware-websocket": "^3.972.11", "@aws-sdk/region-config-resolver": "^3.972.6", "@aws-sdk/token-providers": "3.1001.0", "@aws-sdk/types": "^3.973.4", "@aws-sdk/util-endpoints": "^3.996.3", "@aws-sdk/util-user-agent-browser": "^3.972.6", "@aws-sdk/util-user-agent-node": "^3.973.1", "@smithy/config-resolver": "^4.4.9", "@smithy/core": "^3.23.7", "@smithy/eventstream-serde-browser": "^4.2.10", "@smithy/eventstream-serde-config-resolver": "^4.3.10", "@smithy/eventstream-serde-node": "^4.2.10", "@smithy/fetch-http-handler": "^5.3.12", "@smithy/hash-node": "^4.2.10", "@smithy/invalid-dependency": "^4.2.10", "@smithy/middleware-content-length": "^4.2.10", "@smithy/middleware-endpoint": "^4.4.21", "@smithy/middleware-retry": "^4.4.38", "@smithy/middleware-serde": "^4.2.11", "@smithy/middleware-stack": "^4.2.10", "@smithy/node-config-provider": "^4.3.10", "@smithy/node-http-handler": "^4.4.13", "@smithy/protocol-http": "^5.3.10", "@smithy/smithy-client": "^4.12.1", "@smithy/types": "^4.13.0", "@smithy/url-parser": "^4.2.10", "@smithy/util-base64": "^4.3.1", "@smithy/util-body-length-browser": "^4.2.1", "@smithy/util-body-length-node": "^4.2.2", "@smithy/util-defaults-mode-browser": "^4.3.37", "@smithy/util-defaults-mode-node": "^4.2.40", "@smithy/util-endpoints": "^3.3.1", "@smithy/util-middleware": "^4.2.10", "@smithy/util-retry": "^4.2.10", "@smithy/util-stream": "^4.5.16", "@smithy/util-utf8": "^4.2.1", "tslib": "^2.6.2" } }, "sha512-wmrVqR0QvzvDejVnwf4jOJCobzOC89MU/B3zeI6PeFygc2XOScalmlDZ6WhW5nklR1DOvRRq0SuKPG3iRebdPA=="],

    "@aws-sdk/core": ["@aws-sdk/core@3.973.16", "", { "dependencies": { "@aws-sdk/types": "^3.973.4", "@aws-sdk/xml-builder": "^3.972.9", "@smithy/core": "^3.23.7", "@smithy/node-config-provider": "^4.3.10", "@smithy/property-provider": "^4.2.10", "@smithy/protocol-http": "^5.3.10", "@smithy/signature-v4": "^5.3.10", "@smithy/smithy-client": "^4.12.1", "@smithy/types": "^4.13.0", "@smithy/util-base64": "^4.3.1", "@smithy/util-middleware": "^4.2.10", "@smithy/util-utf8": "^4.2.1", "tslib": "^2.6.2" } }, "sha512-Nasoyb5K4jfvncTKQyA13q55xHoz9as01NVYP05B0Kzux/X5UhMn3qXsZDyWOSXkfSCAIrMBKmVVWbI0vUapdQ=="],

    "@aws-sdk/credential-provider-env": ["@aws-sdk/credential-provider-env@3.972.14", "", { "dependencies": { "@aws-sdk/core": "^3.973.16", "@aws-sdk/types": "^3.973.4", "@smithy/property-provider": "^4.2.10", "@smithy/types": "^4.13.0", "tslib": "^2.6.2" } }, "sha512-PvnBY9rwBuLh9MEsAng28DG+WKl+txerKgf4BU9IPAqYI7FBIo1x6q/utLf4KLyQYgSy1TLQnbQuXx5xfBGASg=="],

    "@aws-sdk/credential-provider-http": ["@aws-sdk/credential-provider-http@3.972.16", "", { "dependencies": { "@aws-sdk/core": "^3.973.16", "@aws-sdk/types": "^3.973.4", "@smithy/fetch-http-handler": "^5.3.12", "@smithy/node-http-handler": "^4.4.13", "@smithy/property-provider": "^4.2.10", "@smithy/protocol-http": "^5.3.10", "@smithy/smithy-client": "^4.12.1", "@smithy/types": "^4.13.0", "@smithy/util-stream": "^4.5.16", "tslib": "^2.6.2" } }, "sha512-m/QAcvw5OahqGPjeAnKtgfWgjLxeWOYj7JSmxKK6PLyKp2S/t2TAHI6EELEzXnIz28RMgbQLukJkVAqPASVAGQ=="],

    "@aws-sdk/credential-provider-ini": ["@aws-sdk/credential-provider-ini@3.972.14", "", { "dependencies": { "@aws-sdk/core": "^3.973.16", "@aws-sdk/credential-provider-env": "^3.972.14", "@aws-sdk/credential-provider-http": "^3.972.16", "@aws-sdk/credential-provider-login": "^3.972.14", "@aws-sdk/credential-provider-process": "^3.972.14", "@aws-sdk/credential-provider-sso": "^3.972.14", "@aws-sdk/credential-provider-web-identity": "^3.972.14", "@aws-sdk/nested-clients": "^3.996.4", "@aws-sdk/types": "^3.973.4", "@smithy/credential-provider-imds": "^4.2.10", "@smithy/property-provider": "^4.2.10", "@smithy/shared-ini-file-loader": "^4.4.5", "@smithy/types": "^4.13.0", "tslib": "^2.6.2" } }, "sha512-EGA7ufqNpZKZcD0RwM6gRDEQgwAf19wQ99R1ptdWYDJAnpcMcWiFyT0RIrgiZFLD28CwJmYjnra75hChnEveWA=="],

    "@aws-sdk/credential-provider-login": ["@aws-sdk/credential-provider-login@3.972.14", "", { "dependencies": { "@aws-sdk/core": "^3.973.16", "@aws-sdk/nested-clients": "^3.996.4", "@aws-sdk/types": "^3.973.4", "@smithy/property-provider": "^4.2.10", "@smithy/protocol-http": "^5.3.10", "@smithy/shared-ini-file-loader": "^4.4.5", "@smithy/types": "^4.13.0", "tslib": "^2.6.2" } }, "sha512-P2kujQHAoV7irCTv6EGyReKFofkHCjIK+F0ZYf5UxeLeecrCwtrDkHoO2Vjsv/eRUumaKblD8czuk3CLlzwGDw=="],

    "@aws-sdk/credential-provider-node": ["@aws-sdk/credential-provider-node@3.972.15", "", { "dependencies": { "@aws-sdk/credential-provider-env": "^3.972.14", "@aws-sdk/credential-provider-http": "^3.972.16", "@aws-sdk/credential-provider-ini": "^3.972.14", "@aws-sdk/credential-provider-process": "^3.972.14", "@aws-sdk/credential-provider-sso": "^3.972.14", "@aws-sdk/credential-provider-web-identity": "^3.972.14", "@aws-sdk/types": "^3.973.4", "@smithy/credential-provider-imds": "^4.2.10", "@smithy/property-provider": "^4.2.10", "@smithy/shared-ini-file-loader": "^4.4.5", "@smithy/types": "^4.13.0", "tslib": "^2.6.2" } }, "sha512-59NBJgTcQ2FC94T+SWkN5UQgViFtrLnkswSKhG5xbjPAotOXnkEF2Bf0bfUV1F3VaXzqAPZJoZ3bpg4rr8XD5Q=="],

    "@aws-sdk/credential-provider-process": ["@aws-sdk/credential-provider-process@3.972.14", "", { "dependencies": { "@aws-sdk/core": "^3.973.16", "@aws-sdk/types": "^3.973.4", "@smithy/property-provider": "^4.2.10", "@smithy/shared-ini-file-loader": "^4.4.5", "@smithy/types": "^4.13.0", "tslib": "^2.6.2" } }, "sha512-KAF5LBkJInUPaR9dJDw8LqmbPDRTLyXyRoWVGcJQ+DcN9rxVKBRzAK+O4dTIvQtQ7xaIDZ2kY7zUmDlz6CCXdw=="],

    "@aws-sdk/credential-provider-sso": ["@aws-sdk/credential-provider-sso@3.972.14", "", { "dependencies": { "@aws-sdk/core": "^3.973.16", "@aws-sdk/nested-clients": "^3.996.4", "@aws-sdk/token-providers": "3.1001.0", "@aws-sdk/types": "^3.973.4", "@smithy/property-provider": "^4.2.10", "@smithy/shared-ini-file-loader": "^4.4.5", "@smithy/types": "^4.13.0", "tslib": "^2.6.2" } }, "sha512-LQzIYrNABnZzkyuIguFa3VVOox9UxPpRW6PL+QYtRHaGl1Ux/+Zi54tAVK31VdeBKPKU3cxqeu8dbOgNqy+naw=="],

    "@aws-sdk/credential-provider-web-identity": ["@aws-sdk/credential-provider-web-identity@3.972.14", "", { "dependencies": { "@aws-sdk/core": "^3.973.16", "@aws-sdk/nested-clients": "^3.996.4", "@aws-sdk/types": "^3.973.4", "@smithy/property-provider": "^4.2.10", "@smithy/shared-ini-file-loader": "^4.4.5", "@smithy/types": "^4.13.0", "tslib": "^2.6.2" } }, "sha512-rOwB3vXHHHnGvAOjTgQETxVAsWjgF61XlbGd/ulvYo7EpdXs8cbIHE3PGih9tTj/65ZOegSqZGFqLaKntaI9Kw=="],

    "@aws-sdk/eventstream-handler-node": ["@aws-sdk/eventstream-handler-node@3.972.9", "", { "dependencies": { "@aws-sdk/types": "^3.973.4", "@smithy/eventstream-codec": "^4.2.10", "@smithy/types": "^4.13.0", "tslib": "^2.6.2" } }, "sha512-mKPiiVssgFDWkAXdEDh8+wpr2pFSX/fBn2onXXnrfIAYbdZhYb4WilKbZ3SJMUnQi+Y48jZMam5J0RrgARluaA=="],

    "@aws-sdk/middleware-eventstream": ["@aws-sdk/middleware-eventstream@3.972.6", "", { "dependencies": { "@aws-sdk/types": "^3.973.4", "@smithy/protocol-http": "^5.3.10", "@smithy/types": "^4.13.0", "tslib": "^2.6.2" } }, "sha512-mB2+3G/oxRC+y9WRk0KCdradE2rSfxxJpcOSmAm+vDh3ex3WQHVLZ1catNIe1j5NQ+3FLBsNMRPVGkZ43PRpjw=="],

    "@aws-sdk/middleware-host-header": ["@aws-sdk/middleware-host-header@3.972.6", "", { "dependencies": { "@aws-sdk/types": "^3.973.4", "@smithy/protocol-http": "^5.3.10", "@smithy/types": "^4.13.0", "tslib": "^2.6.2" } }, "sha512-5XHwjPH1lHB+1q4bfC7T8Z5zZrZXfaLcjSMwTd1HPSPrCmPFMbg3UQ5vgNWcVj0xoX4HWqTGkSf2byrjlnRg5w=="],

    "@aws-sdk/middleware-logger": ["@aws-sdk/middleware-logger@3.972.6", "", { "dependencies": { "@aws-sdk/types": "^3.973.4", "@smithy/types": "^4.13.0", "tslib": "^2.6.2" } }, "sha512-iFnaMFMQdljAPrvsCVKYltPt2j40LQqukAbXvW7v0aL5I+1GO7bZ/W8m12WxW3gwyK5p5u1WlHg8TSAizC5cZw=="],

    "@aws-sdk/middleware-recursion-detection": ["@aws-sdk/middleware-recursion-detection@3.972.6", "", { "dependencies": { "@aws-sdk/types": "^3.973.4", "@aws/lambda-invoke-store": "^0.2.2", "@smithy/protocol-http": "^5.3.10", "@smithy/types": "^4.13.0", "tslib": "^2.6.2" } }, "sha512-dY4v3of5EEMvik6+UDwQ96KfUFDk8m1oZDdkSc5lwi4o7rFrjnv0A+yTV+gu230iybQZnKgDLg/rt2P3H+Vscw=="],

    "@aws-sdk/middleware-user-agent": ["@aws-sdk/middleware-user-agent@3.972.16", "", { "dependencies": { "@aws-sdk/core": "^3.973.16", "@aws-sdk/types": "^3.973.4", "@aws-sdk/util-endpoints": "^3.996.3", "@smithy/core": "^3.23.7", "@smithy/protocol-http": "^5.3.10", "@smithy/types": "^4.13.0", "tslib": "^2.6.2" } }, "sha512-AmVxtxn8ZkNJbuPu3KKfW9IkJgTgcEtgSwbo0NVcAb31iGvLgHXj2nbbyrUDfh2fx8otXmqL+qw1lRaTi+V3vA=="],

    "@aws-sdk/middleware-websocket": ["@aws-sdk/middleware-websocket@3.972.11", "", { "dependencies": { "@aws-sdk/types": "^3.973.4", "@aws-sdk/util-format-url": "^3.972.6", "@smithy/eventstream-codec": "^4.2.10", "@smithy/eventstream-serde-browser": "^4.2.10", "@smithy/fetch-http-handler": "^5.3.12", "@smithy/protocol-http": "^5.3.10", "@smithy/signature-v4": "^5.3.10", "@smithy/types": "^4.13.0", "@smithy/util-base64": "^4.3.1", "@smithy/util-hex-encoding": "^4.2.1", "@smithy/util-utf8": "^4.2.1", "tslib": "^2.6.2" } }, "sha512-cWf+8iUUnitgFuUu/ryK2uVfx7f5ezdhGwsjLLEEC1Nk716Ld2Hw4LA8iipyVcQI3EarvK6ExY2dSBET/0PYng=="],

    "@aws-sdk/nested-clients": ["@aws-sdk/nested-clients@3.996.4", "", { "dependencies": { "@aws-crypto/sha256-browser": "5.2.0", "@aws-crypto/sha256-js": "5.2.0", "@aws-sdk/core": "^3.973.16", "@aws-sdk/middleware-host-header": "^3.972.6", "@aws-sdk/middleware-logger": "^3.972.6", "@aws-sdk/middleware-recursion-detection": "^3.972.6", "@aws-sdk/middleware-user-agent": "^3.972.16", "@aws-sdk/region-config-resolver": "^3.972.6", "@aws-sdk/types": "^3.973.4", "@aws-sdk/util-endpoints": "^3.996.3", "@aws-sdk/util-user-agent-browser": "^3.972.6", "@aws-sdk/util-user-agent-node": "^3.973.1", "@smithy/config-resolver": "^4.4.9", "@smithy/core": "^3.23.7", "@smithy/fetch-http-handler": "^5.3.12", "@smithy/hash-node": "^4.2.10", "@smithy/invalid-dependency": "^4.2.10", "@smithy/middleware-content-length": "^4.2.10", "@smithy/middleware-endpoint": "^4.4.21", "@smithy/middleware-retry": "^4.4.38", "@smithy/middleware-serde": "^4.2.11", "@smithy/middleware-stack": "^4.2.10", "@smithy/node-config-provider": "^4.3.10", "@smithy/node-http-handler": "^4.4.13", "@smithy/protocol-http": "^5.3.10", "@smithy/smithy-client": "^4.12.1", "@smithy/types": "^4.13.0", "@smithy/url-parser": "^4.2.10", "@smithy/util-base64": "^4.3.1", "@smithy/util-body-length-browser": "^4.2.1", "@smithy/util-body-length-node": "^4.2.2", "@smithy/util-defaults-mode-browser": "^4.3.37", "@smithy/util-defaults-mode-node": "^4.2.40", "@smithy/util-endpoints": "^3.3.1", "@smithy/util-middleware": "^4.2.10", "@smithy/util-retry": "^4.2.10", "@smithy/util-utf8": "^4.2.1", "tslib": "^2.6.2" } }, "sha512-NowB1HfOnWC4kwZOnTg8E8rSL0U+RSjSa++UtEV4ipoH6JOjMLnHyGilqwl+Pe1f0Al6v9yMkSJ/8Ot0f578CQ=="],

    "@aws-sdk/region-config-resolver": ["@aws-sdk/region-config-resolver@3.972.6", "", { "dependencies": { "@aws-sdk/types": "^3.973.4", "@smithy/config-resolver": "^4.4.9", "@smithy/node-config-provider": "^4.3.10", "@smithy/types": "^4.13.0", "tslib": "^2.6.2" } }, "sha512-Aa5PusHLXAqLTX1UKDvI3pHQJtIsF7Q+3turCHqfz/1F61/zDMWfbTC8evjhrrYVAtz9Vsv3SJ/waSUeu7B6gw=="],

    "@aws-sdk/token-providers": ["@aws-sdk/token-providers@3.1001.0", "", { "dependencies": { "@aws-sdk/core": "^3.973.16", "@aws-sdk/nested-clients": "^3.996.4", "@aws-sdk/types": "^3.973.4", "@smithy/property-provider": "^4.2.10", "@smithy/shared-ini-file-loader": "^4.4.5", "@smithy/types": "^4.13.0", "tslib": "^2.6.2" } }, "sha512-09XAq/uIYgeZhohuGRrR/R+ek3+ljFNdzWCXdqb9rlIERDjSfNiLjTtpHgSK1xTPmC5G4yWoEAyMfTXiggS6wA=="],

    "@aws-sdk/types": ["@aws-sdk/types@3.973.4", "", { "dependencies": { "@smithy/types": "^4.13.0", "tslib": "^2.6.2" } }, "sha512-RW60aH26Bsc016Y9B98hC0Plx6fK5P2v/iQYwMzrSjiDh1qRMUCP6KrXHYEHe3uFvKiOC93Z9zk4BJsUi6Tj1Q=="],

    "@aws-sdk/util-endpoints": ["@aws-sdk/util-endpoints@3.996.3", "", { "dependencies": { "@aws-sdk/types": "^3.973.4", "@smithy/types": "^4.13.0", "@smithy/url-parser": "^4.2.10", "@smithy/util-endpoints": "^3.3.1", "tslib": "^2.6.2" } }, "sha512-yWIQSNiCjykLL+ezN5A+DfBb1gfXTytBxm57e64lYmwxDHNmInYHRJYYRAGWG1o77vKEiWaw4ui28e3yb1k5aQ=="],

    "@aws-sdk/util-format-url": ["@aws-sdk/util-format-url@3.972.6", "", { "dependencies": { "@aws-sdk/types": "^3.973.4", "@smithy/querystring-builder": "^4.2.10", "@smithy/types": "^4.13.0", "tslib": "^2.6.2" } }, "sha512-0YNVNgFyziCejXJx0rzxPiD2rkxTWco4c9wiMF6n37Tb9aQvIF8+t7GyEyIFCwQHZ0VMQaAl+nCZHOYz5I5EKw=="],

    "@aws-sdk/util-locate-window": ["@aws-sdk/util-locate-window@3.965.4", "", { "dependencies": { "tslib": "^2.6.2" } }, "sha512-H1onv5SkgPBK2P6JR2MjGgbOnttoNzSPIRoeZTNPZYyaplwGg50zS3amXvXqF0/qfXpWEC9rLWU564QTB9bSog=="],

    "@aws-sdk/util-user-agent-browser": ["@aws-sdk/util-user-agent-browser@3.972.6", "", { "dependencies": { "@aws-sdk/types": "^3.973.4", "@smithy/types": "^4.13.0", "bowser": "^2.11.0", "tslib": "^2.6.2" } }, "sha512-Fwr/llD6GOrFgQnKaI2glhohdGuBDfHfora6iG9qsBBBR8xv1SdCSwbtf5CWlUdCw5X7g76G/9Hf0Inh0EmoxA=="],

    "@aws-sdk/util-user-agent-node": ["@aws-sdk/util-user-agent-node@3.973.1", "", { "dependencies": { "@aws-sdk/middleware-user-agent": "^3.972.16", "@aws-sdk/types": "^3.973.4", "@smithy/node-config-provider": "^4.3.10", "@smithy/types": "^4.13.0", "tslib": "^2.6.2" }, "peerDependencies": { "aws-crt": ">=1.0.0" }, "optionalPeers": ["aws-crt"] }, "sha512-kmgbDqT7aCBEVrqESM2JUjbf0zhDUQ7wnt3q1RuVS+3mglrcfVb2bwkbmf38npOyyPGtQPV5dWN3m+sSFAVAgQ=="],

    "@aws-sdk/xml-builder": ["@aws-sdk/xml-builder@3.972.9", "", { "dependencies": { "@smithy/types": "^4.13.0", "fast-xml-parser": "5.4.1", "tslib": "^2.6.2" } }, "sha512-ItnlMgSqkPrUfJs7EsvU/01zw5UeIb2tNPhD09LBLHbg+g+HDiKibSLwpkuz/ZIlz4F2IMn+5XgE4AK/pfPuog=="],

    "@aws/lambda-invoke-store": ["@aws/lambda-invoke-store@0.2.3", "", {}, "sha512-oLvsaPMTBejkkmHhjf09xTgk71mOqyr/409NKhRIL08If7AhVfUsJhVsx386uJaqNd42v9kWamQ9lFbkoC2dYw=="],

    "@smithy/abort-controller": ["@smithy/abort-controller@4.2.10", "", { "dependencies": { "@smithy/types": "^4.13.0", "tslib": "^2.6.2" } }, "sha512-qocxM/X4XGATqQtUkbE9SPUB6wekBi+FyJOMbPj0AhvyvFGYEmOlz6VB22iMePCQsFmMIvFSeViDvA7mZJG47g=="],

    "@smithy/config-resolver": ["@smithy/config-resolver@4.4.9", "", { "dependencies": { "@smithy/node-config-provider": "^4.3.10", "@smithy/types": "^4.13.0", "@smithy/util-config-provider": "^4.2.1", "@smithy/util-endpoints": "^3.3.1", "@smithy/util-middleware": "^4.2.10", "tslib": "^2.6.2" } }, "sha512-ejQvXqlcU30h7liR9fXtj7PIAau1t/sFbJpgWPfiYDs7zd16jpH0IsSXKcba2jF6ChTXvIjACs27kNMc5xxE2Q=="],

    "@smithy/core": ["@smithy/core@3.23.7", "", { "dependencies": { "@smithy/middleware-serde": "^4.2.11", "@smithy/protocol-http": "^5.3.10", "@smithy/types": "^4.13.0", "@smithy/util-base64": "^4.3.1", "@smithy/util-body-length-browser": "^4.2.1", "@smithy/util-middleware": "^4.2.10", "@smithy/util-stream": "^4.5.16", "@smithy/util-utf8": "^4.2.1", "@smithy/uuid": "^1.1.1", "tslib": "^2.6.2" } }, "sha512-/+ldRdtiO5Cb26afAZOG1FZM0x7D4AYdjpyOv2OScJw+4C7X+OLdRnNKF5UyUE0VpPgSKr3rnF/kvprRA4h2kg=="],

    "@smithy/credential-provider-imds": ["@smithy/credential-provider-imds@4.2.10", "", { "dependencies": { "@smithy/node-config-provider": "^4.3.10", "@smithy/property-provider": "^4.2.10", "@smithy/types": "^4.13.0", "@smithy/url-parser": "^4.2.10", "tslib": "^2.6.2" } }, "sha512-3bsMLJJLTZGZqVGGeBVFfLzuRulVsGTj12BzRKODTHqUABpIr0jMN1vN3+u6r2OfyhAQ2pXaMZWX/swBK5I6PQ=="],

    "@smithy/eventstream-codec": ["@smithy/eventstream-codec@4.2.10", "", { "dependencies": { "@aws-crypto/crc32": "5.2.0", "@smithy/types": "^4.13.0", "@smithy/util-hex-encoding": "^4.2.1", "tslib": "^2.6.2" } }, "sha512-A4ynrsFFfSXUHicfTcRehytppFBcY3HQxEGYiyGktPIOye3Ot7fxpiy4VR42WmtGI4Wfo6OXt/c1Ky1nUFxYYQ=="],

    "@smithy/eventstream-serde-browser": ["@smithy/eventstream-serde-browser@4.2.10", "", { "dependencies": { "@smithy/eventstream-serde-universal": "^4.2.10", "@smithy/types": "^4.13.0", "tslib": "^2.6.2" } }, "sha512-0xupsu9yj9oDVuQ50YCTS9nuSYhGlrwqdaKQel9y2Fz7LU9fNErVlw9N0o4pm4qqvWEGbSTI4HKc6XJfB30MVw=="],

    "@smithy/eventstream-serde-config-resolver": ["@smithy/eventstream-serde-config-resolver@4.3.10", "", { "dependencies": { "@smithy/types": "^4.13.0", "tslib": "^2.6.2" } }, "sha512-8kn6sinrduk0yaYHMJDsNuiFpXwQwibR7n/4CDUqn4UgaG+SeBHu5jHGFdU9BLFAM7Q4/gvr9RYxBHz9/jKrhA=="],

    "@smithy/eventstream-serde-node": ["@smithy/eventstream-serde-node@4.2.10", "", { "dependencies": { "@smithy/eventstream-serde-universal": "^4.2.10", "@smithy/types": "^4.13.0", "tslib": "^2.6.2" } }, "sha512-uUrxPGgIffnYfvIOUmBM5i+USdEBRTdh7mLPttjphgtooxQ8CtdO1p6K5+Q4BBAZvKlvtJ9jWyrWpBJYzBKsyQ=="],

    "@smithy/eventstream-serde-universal": ["@smithy/eventstream-serde-universal@4.2.10", "", { "dependencies": { "@smithy/eventstream-codec": "^4.2.10", "@smithy/types": "^4.13.0", "tslib": "^2.6.2" } }, "sha512-aArqzOEvcs2dK+xQVCgLbpJQGfZihw8SD4ymhkwNTtwKbnrzdhJsFDKuMQnam2kF69WzgJYOU5eJlCx+CA32bw=="],

    "@smithy/fetch-http-handler": ["@smithy/fetch-http-handler@5.3.12", "", { "dependencies": { "@smithy/protocol-http": "^5.3.10", "@smithy/querystring-builder": "^4.2.10", "@smithy/types": "^4.13.0", "@smithy/util-base64": "^4.3.1", "tslib": "^2.6.2" } }, "sha512-muS5tFw+A/uo+U+yig06vk1776UFM+aAp9hFM8efI4ZcHhTcgv6NTeK4x7ltHeMPBwnhEjcf0MULTyxNkSNxDw=="],

    "@smithy/hash-node": ["@smithy/hash-node@4.2.10", "", { "dependencies": { "@smithy/types": "^4.13.0", "@smithy/util-buffer-from": "^4.2.1", "@smithy/util-utf8": "^4.2.1", "tslib": "^2.6.2" } }, "sha512-1VzIOI5CcsvMDvP3iv1vG/RfLJVVVc67dCRyLSB2Hn9SWCZrDO3zvcIzj3BfEtqRW5kcMg5KAeVf1K3dR6nD3w=="],

    "@smithy/invalid-dependency": ["@smithy/invalid-dependency@4.2.10", "", { "dependencies": { "@smithy/types": "^4.13.0", "tslib": "^2.6.2" } }, "sha512-vy9KPNSFUU0ajFYk0sDZIYiUlAWGEAhRfehIr5ZkdFrRFTAuXEPUd41USuqHU6vvLX4r6Q9X7MKBco5+Il0Org=="],

    "@smithy/is-array-buffer": ["@smithy/is-array-buffer@4.2.1", "", { "dependencies": { "tslib": "^2.6.2" } }, "sha512-Yfu664Qbf1B4IYIsYgKoABt010daZjkaCRvdU/sPnZG6TtHOB0md0RjNdLGzxe5UIdn9js4ftPICzmkRa9RJ4Q=="],

    "@smithy/middleware-content-length": ["@smithy/middleware-content-length@4.2.10", "", { "dependencies": { "@smithy/protocol-http": "^5.3.10", "@smithy/types": "^4.13.0", "tslib": "^2.6.2" } }, "sha512-TQZ9kX5c6XbjhaEBpvhSvMEZ0klBs1CFtOdPFwATZSbC9UeQfKHPLPN9Y+I6wZGMOavlYTOlHEPDrt42PMSH9w=="],

    "@smithy/middleware-endpoint": ["@smithy/middleware-endpoint@4.4.21", "", { "dependencies": { "@smithy/core": "^3.23.7", "@smithy/middleware-serde": "^4.2.11", "@smithy/node-config-provider": "^4.3.10", "@smithy/shared-ini-file-loader": "^4.4.5", "@smithy/types": "^4.13.0", "@smithy/url-parser": "^4.2.10", "@smithy/util-middleware": "^4.2.10", "tslib": "^2.6.2" } }, "sha512-CoVGZaqIC0tEjz0ga3ciwCMA5fd/4lIOwO2wx0fH+cTi1zxSFZnMJbIiIF9G1d4vRSDyTupDrpS3FKBBJGkRZg=="],

    "@smithy/middleware-retry": ["@smithy/middleware-retry@4.4.38", "", { "dependencies": { "@smithy/node-config-provider": "^4.3.10", "@smithy/protocol-http": "^5.3.10", "@smithy/service-error-classification": "^4.2.10", "@smithy/smithy-client": "^4.12.1", "@smithy/types": "^4.13.0", "@smithy/util-middleware": "^4.2.10", "@smithy/util-retry": "^4.2.10", "@smithy/uuid": "^1.1.1", "tslib": "^2.6.2" } }, "sha512-WdHvdhjE6Fj78vxFwDKFDwlqGOGRUWrwGeuENUbTVE46Su9mnQM+dXHtbnCaQvwuSYrRsjpe8zUsFpwUp/azlA=="],

    "@smithy/middleware-serde": ["@smithy/middleware-serde@4.2.11", "", { "dependencies": { "@smithy/protocol-http": "^5.3.10", "@smithy/types": "^4.13.0", "tslib": "^2.6.2" } }, "sha512-STQdONGPwbbC7cusL60s7vOa6He6A9w2jWhoapL0mgVjmR19pr26slV+yoSP76SIssMTX/95e5nOZ6UQv6jolg=="],

    "@smithy/middleware-stack": ["@smithy/middleware-stack@4.2.10", "", { "dependencies": { "@smithy/types": "^4.13.0", "tslib": "^2.6.2" } }, "sha512-pmts/WovNcE/tlyHa8z/groPeOtqtEpp61q3W0nW1nDJuMq/x+hWa/OVQBtgU0tBqupeXq0VBOLA4UZwE8I0YA=="],

    "@smithy/node-config-provider": ["@smithy/node-config-provider@4.3.10", "", { "dependencies": { "@smithy/property-provider": "^4.2.10", "@smithy/shared-ini-file-loader": "^4.4.5", "@smithy/types": "^4.13.0", "tslib": "^2.6.2" } }, "sha512-UALRbJtVX34AdP2VECKVlnNgidLHA2A7YgcJzwSBg1hzmnO/bZBHl/LDQQyYifzUwp1UOODnl9JJ3KNawpUJ9w=="],

    "@smithy/node-http-handler": ["@smithy/node-http-handler@4.4.13", "", { "dependencies": { "@smithy/abort-controller": "^4.2.10", "@smithy/protocol-http": "^5.3.10", "@smithy/querystring-builder": "^4.2.10", "@smithy/types": "^4.13.0", "tslib": "^2.6.2" } }, "sha512-o8CP8w6tlUA0lk+Qfwm6Ed0jCWk3bEY6iBOJjdBaowbXKCSClk8zIHQvUL6RUZMvuNafF27cbRCMYqw6O1v4aA=="],

    "@smithy/property-provider": ["@smithy/property-provider@4.2.10", "", { "dependencies": { "@smithy/types": "^4.13.0", "tslib": "^2.6.2" } }, "sha512-5jm60P0CU7tom0eNrZ7YrkgBaoLFXzmqB0wVS+4uK8PPGmosSrLNf6rRd50UBvukztawZ7zyA8TxlrKpF5z9jw=="],

    "@smithy/protocol-http": ["@smithy/protocol-http@5.3.10", "", { "dependencies": { "@smithy/types": "^4.13.0", "tslib": "^2.6.2" } }, "sha512-2NzVWpYY0tRdfeCJLsgrR89KE3NTWT2wGulhNUxYlRmtRmPwLQwKzhrfVaiNlA9ZpJvbW7cjTVChYKgnkqXj1A=="],

    "@smithy/querystring-builder": ["@smithy/querystring-builder@4.2.10", "", { "dependencies": { "@smithy/types": "^4.13.0", "@smithy/util-uri-escape": "^4.2.1", "tslib": "^2.6.2" } }, "sha512-HeN7kEvuzO2DmAzLukE9UryiUvejD3tMp9a1D1NJETerIfKobBUCLfviP6QEk500166eD2IATaXM59qgUI+YDA=="],

    "@smithy/querystring-parser": ["@smithy/querystring-parser@4.2.10", "", { "dependencies": { "@smithy/types": "^4.13.0", "tslib": "^2.6.2" } }, "sha512-4Mh18J26+ao1oX5wXJfWlTT+Q1OpDR8ssiC9PDOuEgVBGloqg18Fw7h5Ct8DyT9NBYwJgtJ2nLjKKFU6RP1G1Q=="],

    "@smithy/service-error-classification": ["@smithy/service-error-classification@4.2.10", "", { "dependencies": { "@smithy/types": "^4.13.0" } }, "sha512-0R/+/Il5y8nB/By90o8hy/bWVYptbIfvoTYad0igYQO5RefhNCDmNzqxaMx7K1t/QWo0d6UynqpqN5cCQt1MCg=="],

    "@smithy/shared-ini-file-loader": ["@smithy/shared-ini-file-loader@4.4.5", "", { "dependencies": { "@smithy/types": "^4.13.0", "tslib": "^2.6.2" } }, "sha512-pHgASxl50rrtOztgQCPmOXFjRW+mCd7ALr/3uXNzRrRoGV5G2+78GOsQ3HlQuBVHCh9o6xqMNvlIKZjWn4Euug=="],

    "@smithy/signature-v4": ["@smithy/signature-v4@5.3.10", "", { "dependencies": { "@smithy/is-array-buffer": "^4.2.1", "@smithy/protocol-http": "^5.3.10", "@smithy/types": "^4.13.0", "@smithy/util-hex-encoding": "^4.2.1", "@smithy/util-middleware": "^4.2.10", "@smithy/util-uri-escape": "^4.2.1", "@smithy/util-utf8": "^4.2.1", "tslib": "^2.6.2" } }, "sha512-Wab3wW8468WqTKIxI+aZe3JYO52/RYT/8sDOdzkUhjnLakLe9qoQqIcfih/qxcF4qWEFoWBszY0mj5uxffaVXA=="],

    "@smithy/smithy-client": ["@smithy/smithy-client@4.12.1", "", { "dependencies": { "@smithy/core": "^3.23.7", "@smithy/middleware-endpoint": "^4.4.21", "@smithy/middleware-stack": "^4.2.10", "@smithy/protocol-http": "^5.3.10", "@smithy/types": "^4.13.0", "@smithy/util-stream": "^4.5.16", "tslib": "^2.6.2" } }, "sha512-Xf9UFHlAihewfkmLNZ6I/Ek6kcYBKoU3cbRS9Z4q++9GWoW0YFbAHs7wMbuXm+nGuKHZ5OKheZMuDdaWPv8DJw=="],

    "@smithy/types": ["@smithy/types@4.13.0", "", { "dependencies": { "tslib": "^2.6.2" } }, "sha512-COuLsZILbbQsdrwKQpkkpyep7lCsByxwj7m0Mg5v66/ZTyenlfBc40/QFQ5chO0YN/PNEH1Bi3fGtfXPnYNeDw=="],

    "@smithy/url-parser": ["@smithy/url-parser@4.2.10", "", { "dependencies": { "@smithy/querystring-parser": "^4.2.10", "@smithy/types": "^4.13.0", "tslib": "^2.6.2" } }, "sha512-uypjF7fCDsRk26u3qHmFI/ePL7bxxB9vKkE+2WKEciHhz+4QtbzWiHRVNRJwU3cKhrYDYQE3b0MRFtqfLYdA4A=="],

    "@smithy/util-base64": ["@smithy/util-base64@4.3.1", "", { "dependencies": { "@smithy/util-buffer-from": "^4.2.1", "@smithy/util-utf8": "^4.2.1", "tslib": "^2.6.2" } }, "sha512-BKGuawX4Doq/bI/uEmg+Zyc36rJKWuin3py89PquXBIBqmbnJwBBsmKhdHfNEp0+A4TDgLmT/3MSKZ1SxHcR6w=="],

    "@smithy/util-body-length-browser": ["@smithy/util-body-length-browser@4.2.1", "", { "dependencies": { "tslib": "^2.6.2" } }, "sha512-SiJeLiozrAoCrgDBUgsVbmqHmMgg/2bA15AzcbcW+zan7SuyAVHN4xTSbq0GlebAIwlcaX32xacnrG488/J/6g=="],

    "@smithy/util-body-length-node": ["@smithy/util-body-length-node@4.2.2", "", { "dependencies": { "tslib": "^2.6.2" } }, "sha512-4rHqBvxtJEBvsZcFQSPQqXP2b/yy/YlB66KlcEgcH2WNoOKCKB03DSLzXmOsXjbl8dJ4OEYTn31knhdznwk7zw=="],

    "@smithy/util-buffer-from": ["@smithy/util-buffer-from@4.2.1", "", { "dependencies": { "@smithy/is-array-buffer": "^4.2.1", "tslib": "^2.6.2" } }, "sha512-/swhmt1qTiVkaejlmMPPDgZhEaWb/HWMGRBheaxwuVkusp/z+ErJyQxO6kaXumOciZSWlmq6Z5mNylCd33X7Ig=="],

    "@smithy/util-config-provider": ["@smithy/util-config-provider@4.2.1", "", { "dependencies": { "tslib": "^2.6.2" } }, "sha512-462id/00U8JWFw6qBuTSWfN5TxOHvDu4WliI97qOIOnuC/g+NDAknTU8eoGXEPlLkRVgWEr03jJBLV4o2FL8+A=="],

    "@smithy/util-defaults-mode-browser": ["@smithy/util-defaults-mode-browser@4.3.37", "", { "dependencies": { "@smithy/property-provider": "^4.2.10", "@smithy/smithy-client": "^4.12.1", "@smithy/types": "^4.13.0", "tslib": "^2.6.2" } }, "sha512-JlPZhV1kQCGNJgofRTU6E8kHrjCKsb6cps8gco8QDVaFl7biFYzHg0p1x89ytIWyVyCkY3nOpO8tJPM47Vqlww=="],

    "@smithy/util-defaults-mode-node": ["@smithy/util-defaults-mode-node@4.2.40", "", { "dependencies": { "@smithy/config-resolver": "^4.4.9", "@smithy/credential-provider-imds": "^4.2.10", "@smithy/node-config-provider": "^4.3.10", "@smithy/property-provider": "^4.2.10", "@smithy/smithy-client": "^4.12.1", "@smithy/types": "^4.13.0", "tslib": "^2.6.2" } }, "sha512-BM5cPEsyxHdYYO4Da77E94lenhaVPNUzBTyCGDkcw/n/mE8Q1cfHwr+n/w2bNPuUsPC30WaW5/hGKWOTKqw8kw=="],

    "@smithy/util-endpoints": ["@smithy/util-endpoints@3.3.1", "", { "dependencies": { "@smithy/node-config-provider": "^4.3.10", "@smithy/types": "^4.13.0", "tslib": "^2.6.2" } }, "sha512-xyctc4klmjmieQiF9I1wssBWleRV0RhJ2DpO8+8yzi2LO1Z+4IWOZNGZGNj4+hq9kdo+nyfrRLmQTzc16Op2Vg=="],

    "@smithy/util-hex-encoding": ["@smithy/util-hex-encoding@4.2.1", "", { "dependencies": { "tslib": "^2.6.2" } }, "sha512-c1hHtkgAWmE35/50gmdKajgGAKV3ePJ7t6UtEmpfCWJmQE9BQAQPz0URUVI89eSkcDqCtzqllxzG28IQoZPvwA=="],

    "@smithy/util-middleware": ["@smithy/util-middleware@4.2.10", "", { "dependencies": { "@smithy/types": "^4.13.0", "tslib": "^2.6.2" } }, "sha512-LxaQIWLp4y0r72eA8mwPNQ9va4h5KeLM0I3M/HV9klmFaY2kN766wf5vsTzmaOpNNb7GgXAd9a25P3h8T49PSA=="],

    "@smithy/util-retry": ["@smithy/util-retry@4.2.10", "", { "dependencies": { "@smithy/service-error-classification": "^4.2.10", "@smithy/types": "^4.13.0", "tslib": "^2.6.2" } }, "sha512-HrBzistfpyE5uqTwiyLsFHscgnwB0kgv8vySp7q5kZ0Eltn/tjosaSGGDj/jJ9ys7pWzIP/icE2d+7vMKXLv7A=="],

    "@smithy/util-stream": ["@smithy/util-stream@4.5.16", "", { "dependencies": { "@smithy/fetch-http-handler": "^5.3.12", "@smithy/node-http-handler": "^4.4.13", "@smithy/types": "^4.13.0", "@smithy/util-base64": "^4.3.1", "@smithy/util-buffer-from": "^4.2.1", "@smithy/util-hex-encoding": "^4.2.1", "@smithy/util-utf8": "^4.2.1", "tslib": "^2.6.2" } }, "sha512-c7awZV6cxY0czgDDSr+Bz0XfRtg8AwW2BWhrHhLJISrpmwv8QzA2qzTllWyMVNdy1+UJr9vCm29hzuh3l8TTFw=="],

    "@smithy/util-uri-escape": ["@smithy/util-uri-escape@4.2.1", "", { "dependencies": { "tslib": "^2.6.2" } }, "sha512-YmiUDn2eo2IOiWYYvGQkgX5ZkBSiTQu4FlDo5jNPpAxng2t6Sjb6WutnZV9l6VR4eJul1ABmCrnWBC9hKHQa6Q=="],

    "@smithy/util-utf8": ["@smithy/util-utf8@4.2.1", "", { "dependencies": { "@smithy/util-buffer-from": "^4.2.1", "tslib": "^2.6.2" } }, "sha512-DSIwNaWtmzrNQHv8g7DBGR9mulSit65KSj5ymGEIAknmIN8IpbZefEep10LaMG/P/xquwbmJ1h9ectz8z6mV6g=="],

    "@smithy/uuid": ["@smithy/uuid@1.1.1", "", { "dependencies": { "tslib": "^2.6.2" } }, "sha512-dSfDCeihDmZlV2oyr0yWPTUfh07suS+R5OB+FZGiv/hHyK3hrFBW5rR1UYjfa57vBsrP9lciFkRPzebaV1Qujw=="],

    "bowser": ["bowser@2.14.1", "", {}, "sha512-tzPjzCxygAKWFOJP011oxFHs57HzIhOEracIgAePE4pqB3LikALKnSzUyU4MGs9/iCEUuHlAJTjTc5M+u7YEGg=="],

    "fast-xml-builder": ["fast-xml-builder@1.0.0", "", {}, "sha512-fpZuDogrAgnyt9oDDz+5DBz0zgPdPZz6D4IR7iESxRXElrlGTRkHJ9eEt+SACRJwT0FNFrt71DFQIUFBJfX/uQ=="],

    "fast-xml-parser": ["fast-xml-parser@5.4.1", "", { "dependencies": { "fast-xml-builder": "^1.0.0", "strnum": "^2.1.2" }, "bin": { "fxparser": "src/cli/cli.js" } }, "sha512-BQ30U1mKkvXQXXkAGcuyUA/GA26oEB7NzOtsxCDtyu62sjGw5QraKFhx2Em3WQNjPw9PG6MQ9yuIIgkSDfGu5A=="],

    "strnum": ["strnum@2.2.0", "", {}, "sha512-Y7Bj8XyJxnPAORMZj/xltsfo55uOiyHcU2tnAVzHUnSJR/KsEX+9RoDeXEnsXtl/CX4fAcrt64gZ13aGaWPeBg=="],

    "tslib": ["tslib@2.8.1", "", {}, "sha512-oJFu94HQb+KVduSUQL7wnpmqnfmLsOA/nAh6b6EH0wCEoK0/mPeXU6c3wKDV83MkOuHPRHtSXKKU99IBazS/2w=="],

    "@aws-crypto/sha256-browser/@smithy/util-utf8": ["@smithy/util-utf8@2.3.0", "", { "dependencies": { "@smithy/util-buffer-from": "^2.2.0", "tslib": "^2.6.2" } }, "sha512-R8Rdn8Hy72KKcebgLiv8jQcQkXoLMOGGv5uI1/k0l+snqkOzQ1R0ChUBCxWMlBsFMekWjq0wRudIweFs7sKT5A=="],

    "@aws-crypto/util/@smithy/util-utf8": ["@smithy/util-utf8@2.3.0", "", { "dependencies": { "@smithy/util-buffer-from": "^2.2.0", "tslib": "^2.6.2" } }, "sha512-R8Rdn8Hy72KKcebgLiv8jQcQkXoLMOGGv5uI1/k0l+snqkOzQ1R0ChUBCxWMlBsFMekWjq0wRudIweFs7sKT5A=="],

    "@aws-crypto/sha256-browser/@smithy/util-utf8/@smithy/util-buffer-from": ["@smithy/util-buffer-from@2.2.0", "", { "dependencies": { "@smithy/is-array-buffer": "^2.2.0", "tslib": "^2.6.2" } }, "sha512-IJdWBbTcMQ6DA0gdNhh/BwrLkDR+ADW5Kr1aZmd4k3DIF6ezMV4R2NIAmT08wQJ3yUK82thHWmC/TnK/wpMMIA=="],

    "@aws-crypto/util/@smithy/util-utf8/@smithy/util-buffer-from": ["@smithy/util-buffer-from@2.2.0", "", { "dependencies": { "@smithy/is-array-buffer": "^2.2.0", "tslib": "^2.6.2" } }, "sha512-IJdWBbTcMQ6DA0gdNhh/BwrLkDR+ADW5Kr1aZmd4k3DIF6ezMV4R2NIAmT08wQJ3yUK82thHWmC/TnK/wpMMIA=="],

    "@aws-crypto/sha256-browser/@smithy/util-utf8/@smithy/util-buffer-from/@smithy/is-array-buffer": ["@smithy/is-array-buffer@2.2.0", "", { "dependencies": { "tslib": "^2.6.2" } }, "sha512-GGP3O9QFD24uGeAXYUjwSTXARoqpZykHadOmA8G5vfJPK0/DC67qa//0qvqrJzL1xc8WQWX7/yc7fwudjPHPhA=="],

    "@aws-crypto/util/@smithy/util-utf8/@smithy/util-buffer-from/@smithy/is-array-buffer": ["@smithy/is-array-buffer@2.2.0", "", { "dependencies": { "tslib": "^2.6.2" } }, "sha512-GGP3O9QFD24uGeAXYUjwSTXARoqpZykHadOmA8G5vfJPK0/DC67qa//0qvqrJzL1xc8WQWX7/yc7fwudjPHPhA=="],
  }
}
