{"dependencies":{"telegram":"latest","@aws-sdk/client-bedrock-runtime":"latest"}}
//bun.lock
{
  "lockfileVersion": 1,
  "configVersion": 1,
  "workspaces": {
    "": {
      "dependencies": {
        "@aws-sdk/client-bedrock-runtime": "latest",
        "telegram": "latest",
      },
    },
  },
  "packages": {
    "@aws-crypto/crc32": ["@aws-crypto/crc32@5.2.0", "", { "dependencies": { "@aws-crypto/util": "^5.2.0", "@aws-sdk/types": "^3.222.0", "tslib": "^2.6.2" } }, "sha512-nLbCWqQNgUiwwtFsen1AdzAtvuLRsQS8rYgMuxCrdKf9kOssamGLuPwyTY9wyYblNr9+1XM8v6zoDTPPSIeANg=="],

    "@aws-crypto/sha256-browser": ["@aws-crypto/sha256-browser@5.2.0", "", { "dependencies": { "@aws-crypto/sha256-js": "^5.2.0", "@aws-crypto/supports-web-crypto": "^5.2.0", "@aws-crypto/util": "^5.2.0", "@aws-sdk/types": "^3.222.0", "@aws-sdk/util-locate-window": "^3.0.0", "@smithy/util-utf8": "^2.0.0", "tslib": "^2.6.2" } }, "sha512-AXfN/lGotSQwu6HNcEsIASo7kWXZ5HYWvfOmSNKDsEqC4OashTp8alTmaz+F7TC2L083SFv5RdB+qU3Vs1kZqw=="],

    "@aws-crypto/sha256-js": ["@aws-crypto/sha256-js@5.2.0", "", { "dependencies": { "@aws-crypto/util": "^5.2.0", "@aws-sdk/types": "^3.222.0", "tslib": "^2.6.2" } }, "sha512-FFQQyu7edu4ufvIZ+OadFpHHOt+eSTBaYaki44c+akjg7qZg9oOQeLlk77F6tSYqjDAFClrHJk9tMf0HdVyOvA=="],

    "@aws-crypto/supports-web-crypto": ["@aws-crypto/supports-web-crypto@5.2.0", "", { "dependencies": { "tslib": "^2.6.2" } }, "sha512-iAvUotm021kM33eCdNfwIN//F77/IADDSs58i+MDaOqFrVjZo9bAal0NK7HurRuWLLpF1iLX7gbWrjHjeo+YFg=="],

    "@aws-crypto/util": ["@aws-crypto/util@5.2.0", "", { "dependencies": { "@aws-sdk/types": "^3.222.0", "@smithy/util-utf8": "^2.0.0", "tslib": "^2.6.2" } }, "sha512-4RkU9EsI6ZpBve5fseQlGNUWKMa1RLPQ1dnjnQoe07ldfIzcsGb5hC5W0Dm7u423KWzawlrpbjXBrXCEv9zazQ=="],

    "@aws-sdk/client-bedrock-runtime": ["@aws-sdk/client-bedrock-runtime@3.1016.0", "", { "dependencies": { "@aws-crypto/sha256-browser": "5.2.0", "@aws-crypto/sha256-js": "5.2.0", "@aws-sdk/core": "^3.973.24", "@aws-sdk/credential-provider-node": "^3.972.25", "@aws-sdk/eventstream-handler-node": "^3.972.11", "@aws-sdk/middleware-eventstream": "^3.972.8", "@aws-sdk/middleware-host-header": "^3.972.8", "@aws-sdk/middleware-logger": "^3.972.8", "@aws-sdk/middleware-recursion-detection": "^3.972.8", "@aws-sdk/middleware-user-agent": "^3.972.25", "@aws-sdk/middleware-websocket": "^3.972.13", "@aws-sdk/region-config-resolver": "^3.972.9", "@aws-sdk/token-providers": "3.1016.0", "@aws-sdk/types": "^3.973.6", "@aws-sdk/util-endpoints": "^3.996.5", "@aws-sdk/util-user-agent-browser": "^3.972.8", "@aws-sdk/util-user-agent-node": "^3.973.11", "@smithy/config-resolver": "^4.4.13", "@smithy/core": "^3.23.12", "@smithy/eventstream-serde-browser": "^4.2.12", "@smithy/eventstream-serde-config-resolver": "^4.3.12", "@smithy/eventstream-serde-node": "^4.2.12", "@smithy/fetch-http-handler": "^5.3.15", "@smithy/hash-node": "^4.2.12", "@smithy/invalid-dependency": "^4.2.12", "@smithy/middleware-content-length": "^4.2.12", "@smithy/middleware-endpoint": "^4.4.27", "@smithy/middleware-retry": "^4.4.44", "@smithy/middleware-serde": "^4.2.15", "@smithy/middleware-stack": "^4.2.12", "@smithy/node-config-provider": "^4.3.12", "@smithy/node-http-handler": "^4.5.0", "@smithy/protocol-http": "^5.3.12", "@smithy/smithy-client": "^4.12.7", "@smithy/types": "^4.13.1", "@smithy/url-parser": "^4.2.12", "@smithy/util-base64": "^4.3.2", "@smithy/util-body-length-browser": "^4.2.2", "@smithy/util-body-length-node": "^4.2.3", "@smithy/util-defaults-mode-browser": "^4.3.43", "@smithy/util-defaults-mode-node": "^4.2.47", "@smithy/util-endpoints": "^3.3.3", "@smithy/util-middleware": "^4.2.12", "@smithy/util-retry": "^4.2.12", "@smithy/util-stream": "^4.5.20", "@smithy/util-utf8": "^4.2.2", "tslib": "^2.6.2" } }, "sha512-8loKng/2wYZhdFRRgvNHP5hkpx5IkEzM0S4YeM5ssnhaA6fVp7GvTO8AAfvrDRMJO0DkYxESZA7sxmFlU14UWw=="],

    "@aws-sdk/core": ["@aws-sdk/core@3.973.24", "", { "dependencies": { "@aws-sdk/types": "^3.973.6", "@aws-sdk/xml-builder": "^3.972.15", "@smithy/core": "^3.23.12", "@smithy/node-config-provider": "^4.3.12", "@smithy/property-provider": "^4.2.12", "@smithy/protocol-http": "^5.3.12", "@smithy/signature-v4": "^5.3.12", "@smithy/smithy-client": "^4.12.7", "@smithy/types": "^4.13.1", "@smithy/util-base64": "^4.3.2", "@smithy/util-middleware": "^4.2.12", "@smithy/util-utf8": "^4.2.2", "tslib": "^2.6.2" } }, "sha512-vvf82RYQu2GidWAuQq+uIzaPz9V0gSCXVqdVzRosgl5rXcspXOpSD3wFreGGW6AYymPr97Z69kjVnLePBxloDw=="],

    "@aws-sdk/credential-provider-env": ["@aws-sdk/credential-provider-env@3.972.22", "", { "dependencies": { "@aws-sdk/core": "^3.973.24", "@aws-sdk/types": "^3.973.6", "@smithy/property-provider": "^4.2.12", "@smithy/types": "^4.13.1", "tslib": "^2.6.2" } }, "sha512-cXp0VTDWT76p3hyK5D51yIKEfpf6/zsUvMfaB8CkyqadJxMQ8SbEeVroregmDlZbtG31wkj9ei0WnftmieggLg=="],

    "@aws-sdk/credential-provider-http": ["@aws-sdk/credential-provider-http@3.972.24", "", { "dependencies": { "@aws-sdk/core": "^3.973.24", "@aws-sdk/types": "^3.973.6", "@smithy/fetch-http-handler": "^5.3.15", "@smithy/node-http-handler": "^4.5.0", "@smithy/property-provider": "^4.2.12", "@smithy/protocol-http": "^5.3.12", "@smithy/smithy-client": "^4.12.7", "@smithy/types": "^4.13.1", "@smithy/util-stream": "^4.5.20", "tslib": "^2.6.2" } }, "sha512-h694K7+tRuepSRJr09wTvQfaEnjzsKZ5s7fbESrVds02GT/QzViJ94/HCNwM7bUfFxqpPXHxulZfL6Cou0dwPg=="],

    "@aws-sdk/credential-provider-ini": ["@aws-sdk/credential-provider-ini@3.972.24", "", { "dependencies": { "@aws-sdk/core": "^3.973.24", "@aws-sdk/credential-provider-env": "^3.972.22", "@aws-sdk/credential-provider-http": "^3.972.24", "@aws-sdk/credential-provider-login": "^3.972.24", "@aws-sdk/credential-provider-process": "^3.972.22", "@aws-sdk/credential-provider-sso": "^3.972.24", "@aws-sdk/credential-provider-web-identity": "^3.972.24", "@aws-sdk/nested-clients": "^3.996.14", "@aws-sdk/types": "^3.973.6", "@smithy/credential-provider-imds": "^4.2.12", "@smithy/property-provider": "^4.2.12", "@smithy/shared-ini-file-loader": "^4.4.7", "@smithy/types": "^4.13.1", "tslib": "^2.6.2" } }, "sha512-O46fFmv0RDFWiWEA9/e6oW92BnsyAXuEgTTasxHligjn2RCr9L/DK773m/NoFaL3ZdNAUz8WxgxunleMnHAkeQ=="],

    "@aws-sdk/credential-provider-login": ["@aws-sdk/credential-provider-login@3.972.24", "", { "dependencies": { "@aws-sdk/core": "^3.973.24", "@aws-sdk/nested-clients": "^3.996.14", "@aws-sdk/types": "^3.973.6", "@smithy/property-provider": "^4.2.12", "@smithy/protocol-http": "^5.3.12", "@smithy/shared-ini-file-loader": "^4.4.7", "@smithy/types": "^4.13.1", "tslib": "^2.6.2" } }, "sha512-sIk8oa6AzDoUhxsR11svZESqvzGuXesw62Rl2oW6wguZx8i9cdGCvkFg+h5K7iucUZP8wyWibUbJMc+J66cu5g=="],

    "@aws-sdk/credential-provider-node": ["@aws-sdk/credential-provider-node@3.972.25", "", { "dependencies": { "@aws-sdk/credential-provider-env": "^3.972.22", "@aws-sdk/credential-provider-http": "^3.972.24", "@aws-sdk/credential-provider-ini": "^3.972.24", "@aws-sdk/credential-provider-process": "^3.972.22", "@aws-sdk/credential-provider-sso": "^3.972.24", "@aws-sdk/credential-provider-web-identity": "^3.972.24", "@aws-sdk/types": "^3.973.6", "@smithy/credential-provider-imds": "^4.2.12", "@smithy/property-provider": "^4.2.12", "@smithy/shared-ini-file-loader": "^4.4.7", "@smithy/types": "^4.13.1", "tslib": "^2.6.2" } }, "sha512-m7dR0Dsva2P+VUpL+VkC0WwiDby5pgmWXkRVDB5rlwv0jXJrQJf7YMtCoM8Wjk0H9jPeCYOxOXXcIgp/qp5Alg=="],

    "@aws-sdk/credential-provider-process": ["@aws-sdk/credential-provider-process@3.972.22", "", { "dependencies": { "@aws-sdk/core": "^3.973.24", "@aws-sdk/types": "^3.973.6", "@smithy/property-provider": "^4.2.12", "@smithy/shared-ini-file-loader": "^4.4.7", "@smithy/types": "^4.13.1", "tslib": "^2.6.2" } }, "sha512-Os32s8/4gTZjBk5BtoS/cuTILaj+K72d0dVG7TCJX/fC4598cxwLDmf1AEHEpER5oL3K//yETjvFaz0V8oO5Xw=="],

    "@aws-sdk/credential-provider-sso": ["@aws-sdk/credential-provider-sso@3.972.24", "", { "dependencies": { "@aws-sdk/core": "^3.973.24", "@aws-sdk/nested-clients": "^3.996.14", "@aws-sdk/token-providers": "3.1015.0", "@aws-sdk/types": "^3.973.6", "@smithy/property-provider": "^4.2.12", "@smithy/shared-ini-file-loader": "^4.4.7", "@smithy/types": "^4.13.1", "tslib": "^2.6.2" } }, "sha512-PaFv7snEfypU2yXkpvfyWgddEbDLtgVe51wdZlinhc2doubBjUzJZZpgwuF2Jenl1FBydMhNpMjD6SBUM3qdSA=="],

    "@aws-sdk/credential-provider-web-identity": ["@aws-sdk/credential-provider-web-identity@3.972.24", "", { "dependencies": { "@aws-sdk/core": "^3.973.24", "@aws-sdk/nested-clients": "^3.996.14", "@aws-sdk/types": "^3.973.6", "@smithy/property-provider": "^4.2.12", "@smithy/shared-ini-file-loader": "^4.4.7", "@smithy/types": "^4.13.1", "tslib": "^2.6.2" } }, "sha512-J6H4R1nvr3uBTqD/EeIPAskrBtET4WFfNhpFySr2xW7bVZOXpQfPjrLSIx65jcNjBmLXzWq8QFLdVoGxiGG/SA=="],

    "@aws-sdk/eventstream-handler-node": ["@aws-sdk/eventstream-handler-node@3.972.11", "", { "dependencies": { "@aws-sdk/types": "^3.973.6", "@smithy/eventstream-codec": "^4.2.12", "@smithy/types": "^4.13.1", "tslib": "^2.6.2" } }, "sha512-2IrLrOruRr1NhTK0vguBL1gCWv1pu4bf4KaqpsA+/vCJpFEbvXFawn71GvCzk1wyjnDUsemtKypqoKGv4cSGbA=="],

    "@aws-sdk/middleware-eventstream": ["@aws-sdk/middleware-eventstream@3.972.8", "", { "dependencies": { "@aws-sdk/types": "^3.973.6", "@smithy/protocol-http": "^5.3.12", "@smithy/types": "^4.13.1", "tslib": "^2.6.2" } }, "sha512-r+oP+tbCxgqXVC3pu3MUVePgSY0ILMjA+aEwOosS77m3/DRbtvHrHwqvMcw+cjANMeGzJ+i0ar+n77KXpRA8RQ=="],

    "@aws-sdk/middleware-host-header": ["@aws-sdk/middleware-host-header@3.972.8", "", { "dependencies": { "@aws-sdk/types": "^3.973.6", "@smithy/protocol-http": "^5.3.12", "@smithy/types": "^4.13.1", "tslib": "^2.6.2" } }, "sha512-wAr2REfKsqoKQ+OkNqvOShnBoh+nkPurDKW7uAeVSu6kUECnWlSJiPvnoqxGlfousEY/v9LfS9sNc46hjSYDIQ=="],

    "@aws-sdk/middleware-logger": ["@aws-sdk/middleware-logger@3.972.8", "", { "dependencies": { "@aws-sdk/types": "^3.973.6", "@smithy/types": "^4.13.1", "tslib": "^2.6.2" } }, "sha512-CWl5UCM57WUFaFi5kB7IBY1UmOeLvNZAZ2/OZ5l20ldiJ3TiIz1pC65gYj8X0BCPWkeR1E32mpsCk1L1I4n+lA=="],

    "@aws-sdk/middleware-recursion-detection": ["@aws-sdk/middleware-recursion-detection@3.972.8", "", { "dependencies": { "@aws-sdk/types": "^3.973.6", "@aws/lambda-invoke-store": "^0.2.2", "@smithy/protocol-http": "^5.3.12", "@smithy/types": "^4.13.1", "tslib": "^2.6.2" } }, "sha512-BnnvYs2ZEpdlmZ2PNlV2ZyQ8j8AEkMTjN79y/YA475ER1ByFYrkVR85qmhni8oeTaJcDqbx364wDpitDAA/wCA=="],

    "@aws-sdk/middleware-user-agent": ["@aws-sdk/middleware-user-agent@3.972.25", "", { "dependencies": { "@aws-sdk/core": "^3.973.24", "@aws-sdk/types": "^3.973.6", "@aws-sdk/util-endpoints": "^3.996.5", "@smithy/core": "^3.23.12", "@smithy/protocol-http": "^5.3.12", "@smithy/types": "^4.13.1", "@smithy/util-retry": "^4.2.12", "tslib": "^2.6.2" } }, "sha512-QxiMPofvOt8SwSynTOmuZfvvPM1S9QfkESBxB22NMHTRXCJhR5BygLl8IXfC4jELiisQgwsgUby21GtXfX3f/g=="],

    "@aws-sdk/middleware-websocket": ["@aws-sdk/middleware-websocket@3.972.13", "", { "dependencies": { "@aws-sdk/types": "^3.973.6", "@aws-sdk/util-format-url": "^3.972.8", "@smithy/eventstream-codec": "^4.2.12", "@smithy/eventstream-serde-browser": "^4.2.12", "@smithy/fetch-http-handler": "^5.3.15", "@smithy/protocol-http": "^5.3.12", "@smithy/signature-v4": "^5.3.12", "@smithy/types": "^4.13.1", "@smithy/util-base64": "^4.3.2", "@smithy/util-hex-encoding": "^4.2.2", "@smithy/util-utf8": "^4.2.2", "tslib": "^2.6.2" } }, "sha512-Gp6EWIqHX5wmsOR5ZxWyyzEU8P0xBdSxkm6VHEwXwBqScKZ7QWRoj6ZmHpr+S44EYb5tuzGya4ottsogSu2W3A=="],

    "@aws-sdk/nested-clients": ["@aws-sdk/nested-clients@3.996.14", "", { "dependencies": { "@aws-crypto/sha256-browser": "5.2.0", "@aws-crypto/sha256-js": "5.2.0", "@aws-sdk/core": "^3.973.24", "@aws-sdk/middleware-host-header": "^3.972.8", "@aws-sdk/middleware-logger": "^3.972.8", "@aws-sdk/middleware-recursion-detection": "^3.972.8", "@aws-sdk/middleware-user-agent": "^3.972.25", "@aws-sdk/region-config-resolver": "^3.972.9", "@aws-sdk/types": "^3.973.6", "@aws-sdk/util-endpoints": "^3.996.5", "@aws-sdk/util-user-agent-browser": "^3.972.8", "@aws-sdk/util-user-agent-node": "^3.973.11", "@smithy/config-resolver": "^4.4.13", "@smithy/core": "^3.23.12", "@smithy/fetch-http-handler": "^5.3.15", "@smithy/hash-node": "^4.2.12", "@smithy/invalid-dependency": "^4.2.12", "@smithy/middleware-content-length": "^4.2.12", "@smithy/middleware-endpoint": "^4.4.27", "@smithy/middleware-retry": "^4.4.44", "@smithy/middleware-serde": "^4.2.15", "@smithy/middleware-stack": "^4.2.12", "@smithy/node-config-provider": "^4.3.12", "@smithy/node-http-handler": "^4.5.0", "@smithy/protocol-http": "^5.3.12", "@smithy/smithy-client": "^4.12.7", "@smithy/types": "^4.13.1", "@smithy/url-parser": "^4.2.12", "@smithy/util-base64": "^4.3.2", "@smithy/util-body-length-browser": "^4.2.2", "@smithy/util-body-length-node": "^4.2.3", "@smithy/util-defaults-mode-browser": "^4.3.43", "@smithy/util-defaults-mode-node": "^4.2.47", "@smithy/util-endpoints": "^3.3.3", "@smithy/util-middleware": "^4.2.12", "@smithy/util-retry": "^4.2.12", "@smithy/util-utf8": "^4.2.2", "tslib": "^2.6.2" } }, "sha512-fSESKvh1VbfjtV3QMnRkCPZWkUbQof6T/DOpiLp33yP2wA+rbwwnZeG3XT3Ekljgw2I8X4XaQPnw+zSR8yxJ5Q=="],

    "@aws-sdk/region-config-resolver": ["@aws-sdk/region-config-resolver@3.972.9", "", { "dependencies": { "@aws-sdk/types": "^3.973.6", "@smithy/config-resolver": "^4.4.13", "@smithy/node-config-provider": "^4.3.12", "@smithy/types": "^4.13.1", "tslib": "^2.6.2" } }, "sha512-eQ+dFU05ZRC/lC2XpYlYSPlXtX3VT8sn5toxN2Fv7EXlMoA2p9V7vUBKqHunfD4TRLpxUq8Y8Ol/nCqiv327Ng=="],

    "@aws-sdk/token-providers": ["@aws-sdk/token-providers@3.1016.0", "", { "dependencies": { "@aws-sdk/core": "^3.973.24", "@aws-sdk/nested-clients": "^3.996.14", "@aws-sdk/types": "^3.973.6", "@smithy/property-provider": "^4.2.12", "@smithy/shared-ini-file-loader": "^4.4.7", "@smithy/types": "^4.13.1", "tslib": "^2.6.2" } }, "sha512-KrNDd96OeS5To21DX8Zzb9MmANNm+fn+xO+ZkxLoJ6gl/xD5s8elYdQsCT5lOBLALHgqihVZtVHKMMPC+yib6w=="],

    "@aws-sdk/types": ["@aws-sdk/types@3.973.6", "", { "dependencies": { "@smithy/types": "^4.13.1", "tslib": "^2.6.2" } }, "sha512-Atfcy4E++beKtwJHiDln2Nby8W/mam64opFPTiHEqgsthqeydFS1pY+OUlN1ouNOmf8ArPU/6cDS65anOP3KQw=="],

    "@aws-sdk/util-endpoints": ["@aws-sdk/util-endpoints@3.996.5", "", { "dependencies": { "@aws-sdk/types": "^3.973.6", "@smithy/types": "^4.13.1", "@smithy/url-parser": "^4.2.12", "@smithy/util-endpoints": "^3.3.3", "tslib": "^2.6.2" } }, "sha512-Uh93L5sXFNbyR5sEPMzUU8tJ++Ku97EY4udmC01nB8Zu+xfBPwpIwJ6F7snqQeq8h2pf+8SGN5/NoytfKgYPIw=="],

    "@aws-sdk/util-format-url": ["@aws-sdk/util-format-url@3.972.8", "", { "dependencies": { "@aws-sdk/types": "^3.973.6", "@smithy/querystring-builder": "^4.2.12", "@smithy/types": "^4.13.1", "tslib": "^2.6.2" } }, "sha512-J6DS9oocrgxM8xlUTTmQOuwRF6rnAGEujAN9SAzllcrQmwn5iJ58ogxy3SEhD0Q7JZvlA5jvIXBkpQRqEqlE9A=="],

    "@aws-sdk/util-locate-window": ["@aws-sdk/util-locate-window@3.965.5", "", { "dependencies": { "tslib": "^2.6.2" } }, "sha512-WhlJNNINQB+9qtLtZJcpQdgZw3SCDCpXdUJP7cToGwHbCWCnRckGlc6Bx/OhWwIYFNAn+FIydY8SZ0QmVu3xTQ=="],

    "@aws-sdk/util-user-agent-browser": ["@aws-sdk/util-user-agent-browser@3.972.8", "", { "dependencies": { "@aws-sdk/types": "^3.973.6", "@smithy/types": "^4.13.1", "bowser": "^2.11.0", "tslib": "^2.6.2" } }, "sha512-B3KGXJviV2u6Cdw2SDY2aDhoJkVfY/Q/Trwk2CMSkikE1Oi6gRzxhvhIfiRpHfmIsAhV4EA54TVEX8K6CbHbkA=="],

    "@aws-sdk/util-user-agent-node": ["@aws-sdk/util-user-agent-node@3.973.11", "", { "dependencies": { "@aws-sdk/middleware-user-agent": "^3.972.25", "@aws-sdk/types": "^3.973.6", "@smithy/node-config-provider": "^4.3.12", "@smithy/types": "^4.13.1", "@smithy/util-config-provider": "^4.2.2", "tslib": "^2.6.2" }, "peerDependencies": { "aws-crt": ">=1.0.0" }, "optionalPeers": ["aws-crt"] }, "sha512-1qdXbXo2s5MMLpUvw00284LsbhtlQ4ul7Zzdn5n+7p4WVgCMLqhxImpHIrjSoc72E/fyc4Wq8dLtUld2Gsh+lA=="],

    "@aws-sdk/xml-builder": ["@aws-sdk/xml-builder@3.972.15", "", { "dependencies": { "@smithy/types": "^4.13.1", "fast-xml-parser": "5.5.8", "tslib": "^2.6.2" } }, "sha512-PxMRlCFNiQnke9YR29vjFQwz4jq+6Q04rOVFeTDR2K7Qpv9h9FOWOxG+zJjageimYbWqE3bTuLjmryWHAWbvaA=="],

    "@aws/lambda-invoke-store": ["@aws/lambda-invoke-store@0.2.4", "", {}, "sha512-iY8yvjE0y651BixKNPgmv1WrQc+GZ142sb0z4gYnChDDY2YqI4P/jsSopBWrKfAt7LOJAkOXt7rC/hms+WclQQ=="],

    "@cryptography/aes": ["@cryptography/aes@0.1.1", "", {}, "sha512-PcYz4FDGblO6tM2kSC+VzhhK62vml6k6/YAkiWtyPvrgJVfnDRoHGDtKn5UiaRRUrvUTTocBpvc2rRgTCqxjsg=="],

    "@smithy/abort-controller": ["@smithy/abort-controller@4.2.12", "", { "dependencies": { "@smithy/types": "^4.13.1", "tslib": "^2.6.2" } }, "sha512-xolrFw6b+2iYGl6EcOL7IJY71vvyZ0DJ3mcKtpykqPe2uscwtzDZJa1uVQXyP7w9Dd+kGwYnPbMsJrGISKiY/Q=="],

    "@smithy/config-resolver": ["@smithy/config-resolver@4.4.13", "", { "dependencies": { "@smithy/node-config-provider": "^4.3.12", "@smithy/types": "^4.13.1", "@smithy/util-config-provider": "^4.2.2", "@smithy/util-endpoints": "^3.3.3", "@smithy/util-middleware": "^4.2.12", "tslib": "^2.6.2" } }, "sha512-iIzMC5NmOUP6WL6o8iPBjFhUhBZ9pPjpUpQYWMUFQqKyXXzOftbfK8zcQCz/jFV1Psmf05BK5ypx4K2r4Tnwdg=="],

    "@smithy/core": ["@smithy/core@3.23.12", "", { "dependencies": { "@smithy/protocol-http": "^5.3.12", "@smithy/types": "^4.13.1", "@smithy/url-parser": "^4.2.12", "@smithy/util-base64": "^4.3.2", "@smithy/util-body-length-browser": "^4.2.2", "@smithy/util-middleware": "^4.2.12", "@smithy/util-stream": "^4.5.20", "@smithy/util-utf8": "^4.2.2", "@smithy/uuid": "^1.1.2", "tslib": "^2.6.2" } }, "sha512-o9VycsYNtgC+Dy3I0yrwCqv9CWicDnke0L7EVOrZtJpjb2t0EjaEofmMrYc0T1Kn3yk32zm6cspxF9u9Bj7e5w=="],

    "@smithy/credential-provider-imds": ["@smithy/credential-provider-imds@4.2.12", "", { "dependencies": { "@smithy/node-config-provider": "^4.3.12", "@smithy/property-provider": "^4.2.12", "@smithy/types": "^4.13.1", "@smithy/url-parser": "^4.2.12", "tslib": "^2.6.2" } }, "sha512-cr2lR792vNZcYMriSIj+Um3x9KWrjcu98kn234xA6reOAFMmbRpQMOv8KPgEmLLtx3eldU6c5wALKFqNOhugmg=="],

    "@smithy/eventstream-codec": ["@smithy/eventstream-codec@4.2.12", "", { "dependencies": { "@aws-crypto/crc32": "5.2.0", "@smithy/types": "^4.13.1", "@smithy/util-hex-encoding": "^4.2.2", "tslib": "^2.6.2" } }, "sha512-FE3bZdEl62ojmy8x4FHqxq2+BuOHlcxiH5vaZ6aqHJr3AIZzwF5jfx8dEiU/X0a8RboyNDjmXjlbr8AdEyLgiA=="],

    "@smithy/eventstream-serde-browser": ["@smithy/eventstream-serde-browser@4.2.12", "", { "dependencies": { "@smithy/eventstream-serde-universal": "^4.2.12", "@smithy/types": "^4.13.1", "tslib": "^2.6.2" } }, "sha512-XUSuMxlTxV5pp4VpqZf6Sa3vT/Q75FVkLSpSSE3KkWBvAQWeuWt1msTv8fJfgA4/jcJhrbrbMzN1AC/hvPmm5A=="],

    "@smithy/eventstream-serde-config-resolver": ["@smithy/eventstream-serde-config-resolver@4.3.12", "", { "dependencies": { "@smithy/types": "^4.13.1", "tslib": "^2.6.2" } }, "sha512-7epsAZ3QvfHkngz6RXQYseyZYHlmWXSTPOfPmXkiS+zA6TBNo1awUaMFL9vxyXlGdoELmCZyZe1nQE+imbmV+Q=="],

    "@smithy/eventstream-serde-node": ["@smithy/eventstream-serde-node@4.2.12", "", { "dependencies": { "@smithy/eventstream-serde-universal": "^4.2.12", "@smithy/types": "^4.13.1", "tslib": "^2.6.2" } }, "sha512-D1pFuExo31854eAvg89KMn9Oab/wEeJR6Buy32B49A9Ogdtx5fwZPqBHUlDzaCDpycTFk2+fSQgX689Qsk7UGA=="],

    "@smithy/eventstream-serde-universal": ["@smithy/eventstream-serde-universal@4.2.12", "", { "dependencies": { "@smithy/eventstream-codec": "^4.2.12", "@smithy/types": "^4.13.1", "tslib": "^2.6.2" } }, "sha512-+yNuTiyBACxOJUTvbsNsSOfH9G9oKbaJE1lNL3YHpGcuucl6rPZMi3nrpehpVOVR2E07YqFFmtwpImtpzlouHQ=="],

    "@smithy/fetch-http-handler": ["@smithy/fetch-http-handler@5.3.15", "", { "dependencies": { "@smithy/protocol-http": "^5.3.12", "@smithy/querystring-builder": "^4.2.12", "@smithy/types": "^4.13.1", "@smithy/util-base64": "^4.3.2", "tslib": "^2.6.2" } }, "sha512-T4jFU5N/yiIfrtrsb9uOQn7RdELdM/7HbyLNr6uO/mpkj1ctiVs7CihVr51w4LyQlXWDpXFn4BElf1WmQvZu/A=="],

    "@smithy/hash-node": ["@smithy/hash-node@4.2.12", "", { "dependencies": { "@smithy/types": "^4.13.1", "@smithy/util-buffer-from": "^4.2.2", "@smithy/util-utf8": "^4.2.2", "tslib": "^2.6.2" } }, "sha512-QhBYbGrbxTkZ43QoTPrK72DoYviDeg6YKDrHTMJbbC+A0sml3kSjzFtXP7BtbyJnXojLfTQldGdUR0RGD8dA3w=="],

    "@smithy/invalid-dependency": ["@smithy/invalid-dependency@4.2.12", "", { "dependencies": { "@smithy/types": "^4.13.1", "tslib": "^2.6.2" } }, "sha512-/4F1zb7Z8LOu1PalTdESFHR0RbPwHd3FcaG1sI3UEIriQTWakysgJr65lc1jj6QY5ye7aFsisajotH6UhWfm/g=="],

    "@smithy/is-array-buffer": ["@smithy/is-array-buffer@4.2.2", "", { "dependencies": { "tslib": "^2.6.2" } }, "sha512-n6rQ4N8Jj4YTQO3YFrlgZuwKodf4zUFs7EJIWH86pSCWBaAtAGBFfCM7Wx6D2bBJ2xqFNxGBSrUWswT3M0VJow=="],

    "@smithy/middleware-content-length": ["@smithy/middleware-content-length@4.2.12", "", { "dependencies": { "@smithy/protocol-http": "^5.3.12", "@smithy/types": "^4.13.1", "tslib": "^2.6.2" } }, "sha512-YE58Yz+cvFInWI/wOTrB+DbvUVz/pLn5mC5MvOV4fdRUc6qGwygyngcucRQjAhiCEbmfLOXX0gntSIcgMvAjmA=="],

    "@smithy/middleware-endpoint": ["@smithy/middleware-endpoint@4.4.27", "", { "dependencies": { "@smithy/core": "^3.23.12", "@smithy/middleware-serde": "^4.2.15", "@smithy/node-config-provider": "^4.3.12", "@smithy/shared-ini-file-loader": "^4.4.7", "@smithy/types": "^4.13.1", "@smithy/url-parser": "^4.2.12", "@smithy/util-middleware": "^4.2.12", "tslib": "^2.6.2" } }, "sha512-T3TFfUgXQlpcg+UdzcAISdZpj4Z+XECZ/cefgA6wLBd6V4lRi0svN2hBouN/be9dXQ31X4sLWz3fAQDf+nt6BA=="],

    "@smithy/middleware-retry": ["@smithy/middleware-retry@4.4.44", "", { "dependencies": { "@smithy/node-config-provider": "^4.3.12", "@smithy/protocol-http": "^5.3.12", "@smithy/service-error-classification": "^4.2.12", "@smithy/smithy-client": "^4.12.7", "@smithy/types": "^4.13.1", "@smithy/util-middleware": "^4.2.12", "@smithy/util-retry": "^4.2.12", "@smithy/uuid": "^1.1.2", "tslib": "^2.6.2" } }, "sha512-Y1Rav7m5CFRPQyM4CI0koD/bXjyjJu3EQxZZhtLGD88WIrBrQ7kqXM96ncd6rYnojwOo/u9MXu57JrEvu/nLrA=="],

    "@smithy/middleware-serde": ["@smithy/middleware-serde@4.2.15", "", { "dependencies": { "@smithy/core": "^3.23.12", "@smithy/protocol-http": "^5.3.12", "@smithy/types": "^4.13.1", "tslib": "^2.6.2" } }, "sha512-ExYhcltZSli0pgAKOpQQe1DLFBLryeZ22605y/YS+mQpdNWekum9Ujb/jMKfJKgjtz1AZldtwA/wCYuKJgjjlg=="],

    "@smithy/middleware-stack": ["@smithy/middleware-stack@4.2.12", "", { "dependencies": { "@smithy/types": "^4.13.1", "tslib": "^2.6.2" } }, "sha512-kruC5gRHwsCOuyCd4ouQxYjgRAym2uDlCvQ5acuMtRrcdfg7mFBg6blaxcJ09STpt3ziEkis6bhg1uwrWU7txw=="],

    "@smithy/node-config-provider": ["@smithy/node-config-provider@4.3.12", "", { "dependencies": { "@smithy/property-provider": "^4.2.12", "@smithy/shared-ini-file-loader": "^4.4.7", "@smithy/types": "^4.13.1", "tslib": "^2.6.2" } }, "sha512-tr2oKX2xMcO+rBOjobSwVAkV05SIfUKz8iI53rzxEmgW3GOOPOv0UioSDk+J8OpRQnpnhsO3Af6IEBabQBVmiw=="],

    "@smithy/node-http-handler": ["@smithy/node-http-handler@4.5.0", "", { "dependencies": { "@smithy/abort-controller": "^4.2.12", "@smithy/protocol-http": "^5.3.12", "@smithy/querystring-builder": "^4.2.12", "@smithy/types": "^4.13.1", "tslib": "^2.6.2" } }, "sha512-Rnq9vQWiR1+/I6NZZMNzJHV6pZYyEHt2ZnuV3MG8z2NNenC4i/8Kzttz7CjZiHSmsN5frhXhg17z3Zqjjhmz1A=="],

    "@smithy/property-provider": ["@smithy/property-provider@4.2.12", "", { "dependencies": { "@smithy/types": "^4.13.1", "tslib": "^2.6.2" } }, "sha512-jqve46eYU1v7pZ5BM+fmkbq3DerkSluPr5EhvOcHxygxzD05ByDRppRwRPPpFrsFo5yDtCYLKu+kreHKVrvc7A=="],

    "@smithy/protocol-http": ["@smithy/protocol-http@5.3.12", "", { "dependencies": { "@smithy/types": "^4.13.1", "tslib": "^2.6.2" } }, "sha512-fit0GZK9I1xoRlR4jXmbLhoN0OdEpa96ul8M65XdmXnxXkuMxM0Y8HDT0Fh0Xb4I85MBvBClOzgSrV1X2s1Hxw=="],

    "@smithy/querystring-builder": ["@smithy/querystring-builder@4.2.12", "", { "dependencies": { "@smithy/types": "^4.13.1", "@smithy/util-uri-escape": "^4.2.2", "tslib": "^2.6.2" } }, "sha512-6wTZjGABQufekycfDGMEB84BgtdOE/rCVTov+EDXQ8NHKTUNIp/j27IliwP7tjIU9LR+sSzyGBOXjeEtVgzCHg=="],

    "@smithy/querystring-parser": ["@smithy/querystring-parser@4.2.12", "", { "dependencies": { "@smithy/types": "^4.13.1", "tslib": "^2.6.2" } }, "sha512-P2OdvrgiAKpkPNKlKUtWbNZKB1XjPxM086NeVhK+W+wI46pIKdWBe5QyXvhUm3MEcyS/rkLvY8rZzyUdmyDZBw=="],

    "@smithy/service-error-classification": ["@smithy/service-error-classification@4.2.12", "", { "dependencies": { "@smithy/types": "^4.13.1" } }, "sha512-LlP29oSQN0Tw0b6D0Xo6BIikBswuIiGYbRACy5ujw/JgWSzTdYj46U83ssf6Ux0GyNJVivs2uReU8pt7Eu9okQ=="],

    "@smithy/shared-ini-file-loader": ["@smithy/shared-ini-file-loader@4.4.7", "", { "dependencies": { "@smithy/types": "^4.13.1", "tslib": "^2.6.2" } }, "sha512-HrOKWsUb+otTeo1HxVWeEb99t5ER1XrBi/xka2Wv6NVmTbuCUC1dvlrksdvxFtODLBjsC+PHK+fuy2x/7Ynyiw=="],

    "@smithy/signature-v4": ["@smithy/signature-v4@5.3.12", "", { "dependencies": { "@smithy/is-array-buffer": "^4.2.2", "@smithy/protocol-http": "^5.3.12", "@smithy/types": "^4.13.1", "@smithy/util-hex-encoding": "^4.2.2", "@smithy/util-middleware": "^4.2.12", "@smithy/util-uri-escape": "^4.2.2", "@smithy/util-utf8": "^4.2.2", "tslib": "^2.6.2" } }, "sha512-B/FBwO3MVOL00DaRSXfXfa/TRXRheagt/q5A2NM13u7q+sHS59EOVGQNfG7DkmVtdQm5m3vOosoKAXSqn/OEgw=="],

    "@smithy/smithy-client": ["@smithy/smithy-client@4.12.7", "", { "dependencies": { "@smithy/core": "^3.23.12", "@smithy/middleware-endpoint": "^4.4.27", "@smithy/middleware-stack": "^4.2.12", "@smithy/protocol-http": "^5.3.12", "@smithy/types": "^4.13.1", "@smithy/util-stream": "^4.5.20", "tslib": "^2.6.2" } }, "sha512-q3gqnwml60G44FECaEEsdQMplYhDMZYCtYhMCzadCnRnnHIobZJjegmdoUo6ieLQlPUzvrMdIJUpx6DoPmzANQ=="],

    "@smithy/types": ["@smithy/types@4.13.1", "", { "dependencies": { "tslib": "^2.6.2" } }, "sha512-787F3yzE2UiJIQ+wYW1CVg2odHjmaWLGksnKQHUrK/lYZSEcy1msuLVvxaR/sI2/aDe9U+TBuLsXnr3vod1g0g=="],

    "@smithy/url-parser": ["@smithy/url-parser@4.2.12", "", { "dependencies": { "@smithy/querystring-parser": "^4.2.12", "@smithy/types": "^4.13.1", "tslib": "^2.6.2" } }, "sha512-wOPKPEpso+doCZGIlr+e1lVI6+9VAKfL4kZWFgzVgGWY2hZxshNKod4l2LXS3PRC9otH/JRSjtEHqQ/7eLciRA=="],

    "@smithy/util-base64": ["@smithy/util-base64@4.3.2", "", { "dependencies": { "@smithy/util-buffer-from": "^4.2.2", "@smithy/util-utf8": "^4.2.2", "tslib": "^2.6.2" } }, "sha512-XRH6b0H/5A3SgblmMa5ErXQ2XKhfbQB+Fm/oyLZ2O2kCUrwgg55bU0RekmzAhuwOjA9qdN5VU2BprOvGGUkOOQ=="],

    "@smithy/util-body-length-browser": ["@smithy/util-body-length-browser@4.2.2", "", { "dependencies": { "tslib": "^2.6.2" } }, "sha512-JKCrLNOup3OOgmzeaKQwi4ZCTWlYR5H4Gm1r2uTMVBXoemo1UEghk5vtMi1xSu2ymgKVGW631e2fp9/R610ZjQ=="],

    "@smithy/util-body-length-node": ["@smithy/util-body-length-node@4.2.3", "", { "dependencies": { "tslib": "^2.6.2" } }, "sha512-ZkJGvqBzMHVHE7r/hcuCxlTY8pQr1kMtdsVPs7ex4mMU+EAbcXppfo5NmyxMYi2XU49eqaz56j2gsk4dHHPG/g=="],

    "@smithy/util-buffer-from": ["@smithy/util-buffer-from@4.2.2", "", { "dependencies": { "@smithy/is-array-buffer": "^4.2.2", "tslib": "^2.6.2" } }, "sha512-FDXD7cvUoFWwN6vtQfEta540Y/YBe5JneK3SoZg9bThSoOAC/eGeYEua6RkBgKjGa/sz6Y+DuBZj3+YEY21y4Q=="],

    "@smithy/util-config-provider": ["@smithy/util-config-provider@4.2.2", "", { "dependencies": { "tslib": "^2.6.2" } }, "sha512-dWU03V3XUprJwaUIFVv4iOnS1FC9HnMHDfUrlNDSh4315v0cWyaIErP8KiqGVbf5z+JupoVpNM7ZB3jFiTejvQ=="],

    "@smithy/util-defaults-mode-browser": ["@smithy/util-defaults-mode-browser@4.3.43", "", { "dependencies": { "@smithy/property-provider": "^4.2.12", "@smithy/smithy-client": "^4.12.7", "@smithy/types": "^4.13.1", "tslib": "^2.6.2" } }, "sha512-Qd/0wCKMaXxev/z00TvNzGCH2jlKKKxXP1aDxB6oKwSQthe3Og2dMhSayGCnsma1bK/kQX1+X7SMP99t6FgiiQ=="],

    "@smithy/util-defaults-mode-node": ["@smithy/util-defaults-mode-node@4.2.47", "", { "dependencies": { "@smithy/config-resolver": "^4.4.13", "@smithy/credential-provider-imds": "^4.2.12", "@smithy/node-config-provider": "^4.3.12", "@smithy/property-provider": "^4.2.12", "@smithy/smithy-client": "^4.12.7", "@smithy/types": "^4.13.1", "tslib": "^2.6.2" } }, "sha512-qSRbYp1EQ7th+sPFuVcVO05AE0QH635hycdEXlpzIahqHHf2Fyd/Zl+8v0XYMJ3cgDVPa0lkMefU7oNUjAP+DQ=="],

    "@smithy/util-endpoints": ["@smithy/util-endpoints@3.3.3", "", { "dependencies": { "@smithy/node-config-provider": "^4.3.12", "@smithy/types": "^4.13.1", "tslib": "^2.6.2" } }, "sha512-VACQVe50j0HZPjpwWcjyT51KUQ4AnsvEaQ2lKHOSL4mNLD0G9BjEniQ+yCt1qqfKfiAHRAts26ud7hBjamrwig=="],

    "@smithy/util-hex-encoding": ["@smithy/util-hex-encoding@4.2.2", "", { "dependencies": { "tslib": "^2.6.2" } }, "sha512-Qcz3W5vuHK4sLQdyT93k/rfrUwdJ8/HZ+nMUOyGdpeGA1Wxt65zYwi3oEl9kOM+RswvYq90fzkNDahPS8K0OIg=="],

    "@smithy/util-middleware": ["@smithy/util-middleware@4.2.12", "", { "dependencies": { "@smithy/types": "^4.13.1", "tslib": "^2.6.2" } }, "sha512-Er805uFUOvgc0l8nv0e0su0VFISoxhJ/AwOn3gL2NWNY2LUEldP5WtVcRYSQBcjg0y9NfG8JYrCJaYDpupBHJQ=="],

    "@smithy/util-retry": ["@smithy/util-retry@4.2.12", "", { "dependencies": { "@smithy/service-error-classification": "^4.2.12", "@smithy/types": "^4.13.1", "tslib": "^2.6.2" } }, "sha512-1zopLDUEOwumjcHdJ1mwBHddubYF8GMQvstVCLC54Y46rqoHwlIU+8ZzUeaBcD+WCJHyDGSeZ2ml9YSe9aqcoQ=="],

    "@smithy/util-stream": ["@smithy/util-stream@4.5.20", "", { "dependencies": { "@smithy/fetch-http-handler": "^5.3.15", "@smithy/node-http-handler": "^4.5.0", "@smithy/types": "^4.13.1", "@smithy/util-base64": "^4.3.2", "@smithy/util-buffer-from": "^4.2.2", "@smithy/util-hex-encoding": "^4.2.2", "@smithy/util-utf8": "^4.2.2", "tslib": "^2.6.2" } }, "sha512-4yXLm5n/B5SRBR2p8cZ90Sbv4zL4NKsgxdzCzp/83cXw2KxLEumt5p+GAVyRNZgQOSrzXn9ARpO0lUe8XSlSDw=="],

    "@smithy/util-uri-escape": ["@smithy/util-uri-escape@4.2.2", "", { "dependencies": { "tslib": "^2.6.2" } }, "sha512-2kAStBlvq+lTXHyAZYfJRb/DfS3rsinLiwb+69SstC9Vb0s9vNWkRwpnj918Pfi85mzi42sOqdV72OLxWAISnw=="],

    "@smithy/util-utf8": ["@smithy/util-utf8@4.2.2", "", { "dependencies": { "@smithy/util-buffer-from": "^4.2.2", "tslib": "^2.6.2" } }, "sha512-75MeYpjdWRe8M5E3AW0O4Cx3UadweS+cwdXjwYGBW5h/gxxnbeZ877sLPX/ZJA9GVTlL/qG0dXP29JWFCD1Ayw=="],

    "@smithy/uuid": ["@smithy/uuid@1.1.2", "", { "dependencies": { "tslib": "^2.6.2" } }, "sha512-O/IEdcCUKkubz60tFbGA7ceITTAJsty+lBjNoorP4Z6XRqaFb/OjQjZODophEcuq68nKm6/0r+6/lLQ+XVpk8g=="],

    "async-mutex": ["async-mutex@0.3.2", "", { "dependencies": { "tslib": "^2.3.1" } }, "sha512-HuTK7E7MT7jZEh1P9GtRW9+aTWiDWWi9InbZ5hjxrnRa39KS4BW04+xLBhYNS2aXhHUIKZSw3gj4Pn1pj+qGAA=="],

    "base64-js": ["base64-js@1.5.1", "", {}, "sha512-AKpaYlHn8t4SVbOHCy+b5+KKgvR4vrsD8vbvrbiQJps7fKDTkjkDry6ji0rUJjC0kzbNePLwzxq8iypo41qeWA=="],

    "big-integer": ["big-integer@1.6.52", "", {}, "sha512-QxD8cf2eVqJOOz63z6JIN9BzvVs/dlySa5HGSBH5xtR8dPteIRQnBxxKqkNTiT6jbDTF6jAfrd4oMcND9RGbQg=="],

    "bowser": ["bowser@2.14.1", "", {}, "sha512-tzPjzCxygAKWFOJP011oxFHs57HzIhOEracIgAePE4pqB3LikALKnSzUyU4MGs9/iCEUuHlAJTjTc5M+u7YEGg=="],

    "buffer": ["buffer@6.0.3", "", { "dependencies": { "base64-js": "^1.3.1", "ieee754": "^1.2.1" } }, "sha512-FTiCpNxtwiZZHEZbcbTIcZjERVICn9yq/pDFkTl95/AxzD1naBctN7YO68riM/gLSDY7sdrMby8hofADYuuqOA=="],

    "bufferutil": ["bufferutil@4.1.0", "", { "dependencies": { "node-gyp-build": "^4.3.0" } }, "sha512-ZMANVnAixE6AWWnPzlW2KpUrxhm9woycYvPOo67jWHyFowASTEd9s+QN1EIMsSDtwhIxN4sWE1jotpuDUIgyIw=="],

    "d": ["d@1.0.2", "", { "dependencies": { "es5-ext": "^0.10.64", "type": "^2.7.2" } }, "sha512-MOqHvMWF9/9MX6nza0KgvFH4HpMU0EF5uUDXqX/BtxtU8NfB0QzRtJ8Oe/6SuS4kbhyzVJwjd97EA4PKrzJ8bw=="],

    "debug": ["debug@2.6.9", "", { "dependencies": { "ms": "2.0.0" } }, "sha512-bC7ElrdJaJnPbAP+1EotYvqZsb3ecl5wi6Bfi6BJTUcNowp6cvspg0jXznRTKDjm/E7AdgFBVeAPVMNcKGsHMA=="],

    "dom-serializer": ["dom-serializer@1.4.1", "", { "dependencies": { "domelementtype": "^2.0.1", "domhandler": "^4.2.0", "entities": "^2.0.0" } }, "sha512-VHwB3KfrcOOkelEG2ZOfxqLZdfkil8PtJi4P8N2MMXucZq2yLp75ClViUlOVwyoHEDjYU433Aq+5zWP61+RGag=="],

    "domelementtype": ["domelementtype@2.3.0", "", {}, "sha512-OLETBj6w0OsagBwdXnPdN0cnMfF9opN69co+7ZrbfPGrdpPVNBUj02spi6B1N7wChLQiPn4CSH/zJvXw56gmHw=="],

    "domhandler": ["domhandler@4.3.1", "", { "dependencies": { "domelementtype": "^2.2.0" } }, "sha512-GrwoxYN+uWlzO8uhUXRl0P+kHE4GtVPfYzVLcUxPL7KNdHKj66vvlhiweIHqYYXWlw+T8iLMp42Lm67ghw4WMQ=="],

    "domutils": ["domutils@2.8.0", "", { "dependencies": { "dom-serializer": "^1.0.1", "domelementtype": "^2.2.0", "domhandler": "^4.2.0" } }, "sha512-w96Cjofp72M5IIhpjgobBimYEfoPjx1Vx0BSX9P30WBdZW2WIKU0T1Bd0kz2eNZ9ikjKgHbEyKx8BB6H1L3h3A=="],

    "entities": ["entities@2.2.0", "", {}, "sha512-p92if5Nz619I0w+akJrLZH0MX0Pb5DX39XOwQTtXSdQQOaYH03S1uIQp4mhOZtAXrxq4ViO67YTiLBo2638o9A=="],

    "es5-ext": ["es5-ext@0.10.64", "", { "dependencies": { "es6-iterator": "^2.0.3", "es6-symbol": "^3.1.3", "esniff": "^2.0.1", "next-tick": "^1.1.0" } }, "sha512-p2snDhiLaXe6dahss1LddxqEm+SkuDvV8dnIQG0MWjyHpcMNfXKPE+/Cc0y+PhxJX3A4xGNeFCj5oc0BUh6deg=="],

    "es6-iterator": ["es6-iterator@2.0.3", "", { "dependencies": { "d": "1", "es5-ext": "^0.10.35", "es6-symbol": "^3.1.1" } }, "sha512-zw4SRzoUkd+cl+ZoE15A9o1oQd920Bb0iOJMQkQhl3jNc03YqVjAhG7scf9C5KWRU/R13Orf588uCC6525o02g=="],

    "es6-symbol": ["es6-symbol@3.1.4", "", { "dependencies": { "d": "^1.0.2", "ext": "^1.7.0" } }, "sha512-U9bFFjX8tFiATgtkJ1zg25+KviIXpgRvRHS8sau3GfhVzThRQrOeksPeT0BWW2MNZs1OEWJ1DPXOQMn0KKRkvg=="],

    "esniff": ["esniff@2.0.1", "", { "dependencies": { "d": "^1.0.1", "es5-ext": "^0.10.62", "event-emitter": "^0.3.5", "type": "^2.7.2" } }, "sha512-kTUIGKQ/mDPFoJ0oVfcmyJn4iBDRptjNVIzwIFR7tqWXdVI9xfA2RMwY/gbSpJG3lkdWNEjLap/NqVHZiJsdfg=="],

    "event-emitter": ["event-emitter@0.3.5", "", { "dependencies": { "d": "1", "es5-ext": "~0.10.14" } }, "sha512-D9rRn9y7kLPnJ+hMq7S/nhvoKwwvVJahBi2BPmx3bvbsEdK3W9ii8cBSGjP+72/LnM4n6fo3+dkCX5FeTQruXA=="],

    "ext": ["ext@1.7.0", "", { "dependencies": { "type": "^2.7.2" } }, "sha512-6hxeJYaL110a9b5TEJSj0gojyHQAmA2ch5Os+ySCiA1QGdS697XWY1pzsrSjqA9LDEEgdB/KypIlR59RcLuHYw=="],

    "fast-xml-builder": ["fast-xml-builder@1.1.4", "", { "dependencies": { "path-expression-matcher": "^1.1.3" } }, "sha512-f2jhpN4Eccy0/Uz9csxh3Nu6q4ErKxf0XIsasomfOihuSUa3/xw6w8dnOtCDgEItQFJG8KyXPzQXzcODDrrbOg=="],

    "fast-xml-parser": ["fast-xml-parser@5.5.8", "", { "dependencies": { "fast-xml-builder": "^1.1.4", "path-expression-matcher": "^1.2.0", "strnum": "^2.2.0" }, "bin": { "fxparser": "src/cli/cli.js" } }, "sha512-Z7Fh2nVQSb2d+poDViM063ix2ZGt9jmY1nWhPfHBOK2Hgnb/OW3P4Et3P/81SEej0J7QbWtJqxO05h8QYfK7LQ=="],

    "graceful-fs": ["graceful-fs@4.2.11", "", {}, "sha512-RbJ5/jmFcNNCcDV5o9eTnBLJ/HszWV0P73bc+Ff4nS/rJj+YaS6IGyiOL0VoBYX+l1Wrl3k63h/KrH+nhJ0XvQ=="],

    "htmlparser2": ["htmlparser2@6.1.0", "", { "dependencies": { "domelementtype": "^2.0.1", "domhandler": "^4.0.0", "domutils": "^2.5.2", "entities": "^2.0.0" } }, "sha512-gyyPk6rgonLFEDGoeRgQNaEUvdJ4ktTmmUh/h2t7s+M8oPpIPxgNACWa+6ESR57kXstwqPiCut0V8NRpcwgU7A=="],

    "ieee754": ["ieee754@1.2.1", "", {}, "sha512-dcyqhDvX1C46lXZcVqCpK+FtMRQVdIMN6/Df5js2zouUsqG7I6sFxitIC+7KYK29KdXOLHdu9zL4sFnoVQnqaA=="],

    "imurmurhash": ["imurmurhash@0.1.4", "", {}, "sha512-JmXMZ6wuvDmLiHEml9ykzqO6lwFbof0GG4IkcGaENdCRDDmMVnny7s5HsIgHCbaq0w2MyPhDqkhTUgS2LU2PHA=="],

    "ip-address": ["ip-address@10.1.0", "", {}, "sha512-XXADHxXmvT9+CRxhXg56LJovE+bmWnEWB78LB83VZTprKTmaC5QfruXocxzTZ2Kl0DNwKuBdlIhjL8LeY8Sf8Q=="],

    "is-typedarray": ["is-typedarray@1.0.0", "", {}, "sha512-cyA56iCMHAh5CdzjJIa4aohJyeO1YbwLi3Jc35MmRU6poroFjIGZzUzupGiRPOjgHg9TLu43xbpwXk523fMxKA=="],

    "mime": ["mime@3.0.0", "", { "bin": { "mime": "cli.js" } }, "sha512-jSCU7/VB1loIWBZe14aEYHU/+1UMEHoaO7qxCOVJOw9GgH72VAWppxNcjU+x9a2k3GSIBXNKxXQFqRvvZ7vr3A=="],

    "ms": ["ms@2.0.0", "", {}, "sha512-Tpp60P6IUJDTuOq/5Z8cdskzJujfwqfOTkrwIwj7IRISpnkJnT6SyJ4PCPnGMoFjC9ddhal5KVIYtAt97ix05A=="],

    "next-tick": ["next-tick@1.1.0", "", {}, "sha512-CXdUiJembsNjuToQvxayPZF9Vqht7hewsvy2sOWafLvi2awflj9mOC6bHIg50orX8IJvWKY9wYQ/zB2kogPslQ=="],

    "node-gyp-build": ["node-gyp-build@4.8.4", "", { "bin": { "node-gyp-build": "bin.js", "node-gyp-build-optional": "optional.js", "node-gyp-build-test": "build-test.js" } }, "sha512-LA4ZjwlnUblHVgq0oBF3Jl/6h/Nvs5fzBLwdEF4nuxnFdsfajde4WfxtJr3CaiH+F6ewcIB/q4jQ4UzPyid+CQ=="],

    "node-localstorage": ["node-localstorage@2.2.1", "", { "dependencies": { "write-file-atomic": "^1.1.4" } }, "sha512-vv8fJuOUCCvSPjDjBLlMqYMHob4aGjkmrkaE42/mZr0VT+ZAU10jRF8oTnX9+pgU9/vYJ8P7YT3Vd6ajkmzSCw=="],

    "pako": ["pako@2.1.0", "", {}, "sha512-w+eufiZ1WuJYgPXbV/PO3NCMEc3xqylkKHzp8bxp1uW4qaSNQUkwmLLEc3kKsfz8lpV1F8Ht3U1Cm+9Srog2ug=="],

    "path-browserify": ["path-browserify@1.0.1", "", {}, "sha512-b7uo2UCUOYZcnF/3ID0lulOJi/bafxa1xPe7ZPsammBSpjSWQkjNxlt635YGS2MiR9GjvuXCtz2emr3jbsz98g=="],

    "path-expression-matcher": ["path-expression-matcher@1.2.0", "", {}, "sha512-DwmPWeFn+tq7TiyJ2CxezCAirXjFxvaiD03npak3cRjlP9+OjTmSy1EpIrEbh+l6JgUundniloMLDQ/6VTdhLQ=="],

    "real-cancellable-promise": ["real-cancellable-promise@1.2.3", "", {}, "sha512-hBI5Gy/55VEeeMtImMgEirD7eq5UmqJf1J8dFZtbJZA/3rB0pYFZ7PayMGueb6v4UtUtpKpP+05L0VwyE1hI9Q=="],

    "slide": ["slide@1.1.6", "", {}, "sha512-NwrtjCg+lZoqhFU8fOwl4ay2ei8PaqCBOUV3/ektPY9trO1yQ1oXEfmHAhKArUVUr/hOHvy5f6AdP17dCM0zMw=="],

    "smart-buffer": ["smart-buffer@4.2.0", "", {}, "sha512-94hK0Hh8rPqQl2xXc3HsaBoOXKV20MToPkcXvwbISWLEs+64sBq5kFgn2kJDHb1Pry9yrP0dxrCI9RRci7RXKg=="],

    "socks": ["socks@2.8.7", "", { "dependencies": { "ip-address": "^10.0.1", "smart-buffer": "^4.2.0" } }, "sha512-HLpt+uLy/pxB+bum/9DzAgiKS8CX1EvbWxI4zlmgGCExImLdiad2iCwXT5Z4c9c3Eq8rP2318mPW2c+QbtjK8A=="],

    "store2": ["store2@2.14.4", "", {}, "sha512-srTItn1GOvyvOycgxjAnPA63FZNwy0PTyUBFMHRM+hVFltAeoh0LmNBz9SZqUS9mMqGk8rfyWyXn3GH5ReJ8Zw=="],

    "strnum": ["strnum@2.2.2", "", {}, "sha512-DnR90I+jtXNSTXWdwrEy9FakW7UX+qUZg28gj5fk2vxxl7uS/3bpI4fjFYVmdK9etptYBPNkpahuQnEwhwECqA=="],

    "telegram": ["telegram@2.26.22", "", { "dependencies": { "@cryptography/aes": "^0.1.1", "async-mutex": "^0.3.0", "big-integer": "^1.6.48", "buffer": "^6.0.3", "htmlparser2": "^6.1.0", "mime": "^3.0.0", "node-localstorage": "^2.2.1", "pako": "^2.0.3", "path-browserify": "^1.0.1", "real-cancellable-promise": "^1.1.1", "socks": "^2.6.2", "store2": "^2.13.0", "ts-custom-error": "^3.2.0", "websocket": "^1.0.34" }, "optionalDependencies": { "bufferutil": "^4.0.3", "utf-8-validate": "^5.0.5" } }, "sha512-EIj7Yrjiu0Yosa3FZ/7EyPg9s6UiTi/zDQrFmR/2Mg7pIUU+XjAit1n1u9OU9h2oRnRM5M+67/fxzQluZpaJJg=="],

    "ts-custom-error": ["ts-custom-error@3.3.1", "", {}, "sha512-5OX1tzOjxWEgsr/YEUWSuPrQ00deKLh6D7OTWcvNHm12/7QPyRh8SYpyWvA4IZv8H/+GQWQEh/kwo95Q9OVW1A=="],

    "tslib": ["tslib@2.8.1", "", {}, "sha512-oJFu94HQb+KVduSUQL7wnpmqnfmLsOA/nAh6b6EH0wCEoK0/mPeXU6c3wKDV83MkOuHPRHtSXKKU99IBazS/2w=="],

    "type": ["type@2.7.3", "", {}, "sha512-8j+1QmAbPvLZow5Qpi6NCaN8FB60p/6x8/vfNqOk/hC+HuvFZhL4+WfekuhQLiqFZXOgQdrs3B+XxEmCc6b3FQ=="],

    "typedarray-to-buffer": ["typedarray-to-buffer@3.1.5", "", { "dependencies": { "is-typedarray": "^1.0.0" } }, "sha512-zdu8XMNEDepKKR+XYOXAVPtWui0ly0NtohUscw+UmaHiAWT8hrV1rr//H6V+0DvJ3OQ19S979M0laLfX8rm82Q=="],

    "utf-8-validate": ["utf-8-validate@5.0.10", "", { "dependencies": { "node-gyp-build": "^4.3.0" } }, "sha512-Z6czzLq4u8fPOyx7TU6X3dvUZVvoJmxSQ+IcrlmagKhilxlhZgxPK6C5Jqbkw1IDUmFTM+cz9QDnnLTwDz/2gQ=="],

    "websocket": ["websocket@1.0.35", "", { "dependencies": { "bufferutil": "^4.0.1", "debug": "^2.2.0", "es5-ext": "^0.10.63", "typedarray-to-buffer": "^3.1.5", "utf-8-validate": "^5.0.2", "yaeti": "^0.0.6" } }, "sha512-/REy6amwPZl44DDzvRCkaI1q1bIiQB0mEFQLUrhz3z2EK91cp3n72rAjUlrTP0zV22HJIUOVHQGPxhFRjxjt+Q=="],

    "write-file-atomic": ["write-file-atomic@1.3.4", "", { "dependencies": { "graceful-fs": "^4.1.11", "imurmurhash": "^0.1.4", "slide": "^1.1.5" } }, "sha512-SdrHoC/yVBPpV0Xq/mUZQIpW2sWXAShb/V4pomcJXh92RuaO+f3UTWItiR3Px+pLnV2PvC2/bfn5cwr5X6Vfxw=="],

    "yaeti": ["yaeti@0.0.6", "", {}, "sha512-MvQa//+KcZCUkBTIC9blM+CU9J2GzuTytsOUwf2lidtvkx/6gnEp1QvJv34t9vdjhFmha/mUiNDbN0D0mJWdug=="],

    "@aws-crypto/sha256-browser/@smithy/util-utf8": ["@smithy/util-utf8@2.3.0", "", { "dependencies": { "@smithy/util-buffer-from": "^2.2.0", "tslib": "^2.6.2" } }, "sha512-R8Rdn8Hy72KKcebgLiv8jQcQkXoLMOGGv5uI1/k0l+snqkOzQ1R0ChUBCxWMlBsFMekWjq0wRudIweFs7sKT5A=="],

    "@aws-crypto/util/@smithy/util-utf8": ["@smithy/util-utf8@2.3.0", "", { "dependencies": { "@smithy/util-buffer-from": "^2.2.0", "tslib": "^2.6.2" } }, "sha512-R8Rdn8Hy72KKcebgLiv8jQcQkXoLMOGGv5uI1/k0l+snqkOzQ1R0ChUBCxWMlBsFMekWjq0wRudIweFs7sKT5A=="],

    "@aws-sdk/credential-provider-sso/@aws-sdk/token-providers": ["@aws-sdk/token-providers@3.1015.0", "", { "dependencies": { "@aws-sdk/core": "^3.973.24", "@aws-sdk/nested-clients": "^3.996.14", "@aws-sdk/types": "^3.973.6", "@smithy/property-provider": "^4.2.12", "@smithy/shared-ini-file-loader": "^4.4.7", "@smithy/types": "^4.13.1", "tslib": "^2.6.2" } }, "sha512-3OSD4y110nisRhHzFOjoEeHU4GQL4KpzkX9PxzWaiZe0Yg2+thZKM0Pn9DjYwezH5JYfh/K++xK/SE0IHGrmCQ=="],

    "@aws-crypto/sha256-browser/@smithy/util-utf8/@smithy/util-buffer-from": ["@smithy/util-buffer-from@2.2.0", "", { "dependencies": { "@smithy/is-array-buffer": "^2.2.0", "tslib": "^2.6.2" } }, "sha512-IJdWBbTcMQ6DA0gdNhh/BwrLkDR+ADW5Kr1aZmd4k3DIF6ezMV4R2NIAmT08wQJ3yUK82thHWmC/TnK/wpMMIA=="],

    "@aws-crypto/util/@smithy/util-utf8/@smithy/util-buffer-from": ["@smithy/util-buffer-from@2.2.0", "", { "dependencies": { "@smithy/is-array-buffer": "^2.2.0", "tslib": "^2.6.2" } }, "sha512-IJdWBbTcMQ6DA0gdNhh/BwrLkDR+ADW5Kr1aZmd4k3DIF6ezMV4R2NIAmT08wQJ3yUK82thHWmC/TnK/wpMMIA=="],

    "@aws-crypto/sha256-browser/@smithy/util-utf8/@smithy/util-buffer-from/@smithy/is-array-buffer": ["@smithy/is-array-buffer@2.2.0", "", { "dependencies": { "tslib": "^2.6.2" } }, "sha512-GGP3O9QFD24uGeAXYUjwSTXARoqpZykHadOmA8G5vfJPK0/DC67qa//0qvqrJzL1xc8WQWX7/yc7fwudjPHPhA=="],

    "@aws-crypto/util/@smithy/util-utf8/@smithy/util-buffer-from/@smithy/is-array-buffer": ["@smithy/is-array-buffer@2.2.0", "", { "dependencies": { "tslib": "^2.6.2" } }, "sha512-GGP3O9QFD24uGeAXYUjwSTXARoqpZykHadOmA8G5vfJPK0/DC67qa//0qvqrJzL1xc8WQWX7/yc7fwudjPHPhA=="],
  }
}
